{
  "version": 4,
  "terraform_version": "1.5.7",
  "serial": 647,
  "lineage": "19c0be75-ab07-0077-e8b4-e353cec17311",
  "outputs": {
    "bastion_id": {
      "value": "i-0b856be862e708e9b",
      "type": "string"
    },
    "bastion_private_ip": {
      "value": "10.0.101.21",
      "type": "string"
    },
    "bastion_private_key_path": {
      "value": "./bastion-key.pem",
      "type": "string",
      "sensitive": true
    },
    "bastion_public_ip": {
      "value": "3.21.105.7",
      "type": "string"
    },
    "bastion_security_group_id": {
      "value": "sg-0eaad2e7fd3d312c0",
      "type": "string"
    },
    "private_subnets": {
      "value": [
        "subnet-045f9e4ec3ab99545",
        "subnet-0bd190032fcb6a1ea"
      ],
      "type": [
        "tuple",
        [
          "string",
          "string"
        ]
      ]
    },
    "public_subnets": {
      "value": [
        "subnet-063b329cf6ad17db4",
        "subnet-0375755c17cc96b75"
      ],
      "type": [
        "tuple",
        [
          "string",
          "string"
        ]
      ]
    },
    "vpc_id": {
      "value": "vpc-0e696ce754d21a264",
      "type": "string"
    },
    "worker_instance_ids": {
      "value": [
        "i-0f3a61235852d2f75",
        "i-0ac6e6c2b93485dca",
        "i-03f8dd084eb07671f",
        "i-00c16c9184b4a4709",
        "i-061e049c7cf9b19ff"
      ],
      "type": [
        "tuple",
        [
          "string",
          "string",
          "string",
          "string",
          "string"
        ]
      ]
    },
    "worker_private_ips": {
      "value": [
        "10.0.1.154",
        "10.0.1.215",
        "10.0.1.36",
        "10.0.1.167",
        "10.0.1.230"
      ],
      "type": [
        "tuple",
        [
          "string",
          "string",
          "string",
          "string",
          "string"
        ]
      ]
    },
    "worker_security_group_id": {
      "value": "sg-07bee34660e04e49a",
      "type": "string"
    }
  },
  "resources": [
    {
      "mode": "managed",
      "type": "aws_key_pair",
      "name": "bastion_key",
      "provider": "provider[\"registry.terraform.io/hashicorp/aws\"]",
      "instances": [
        {
          "schema_version": 1,
          "attributes": {
            "arn": "arn:aws:ec2:us-east-2:050752615223:key-pair/bastion-key",
            "fingerprint": "37:08:73:28:b4:26:4f:41:98:97:13:fd:2f:60:bd:f2",
            "id": "bastion-key",
            "key_name": "bastion-key",
            "key_name_prefix": "",
            "key_pair_id": "key-0efa53a301da2aff2",
            "key_type": "rsa",
            "public_key": "ssh-rsa AAAAB3NzaC1yc2EAAAADAQABAAABAQDdQHwdCgwPJ7YMiH+pj5HSGPX0J2aQ2UcmiT2eMwv5Bggfqzk67XLI5EDUExF8M0e41ubPYOYtVi6o6/HxzDZMmeVfTqy7W16HmUEoxxutCNGVuF+tiIIXnsVACocJ9YE6gYhjiABNv4T/+qe0jns0VLprFMUPTvbYnuTUfFmhSr/UDMFFlBjwQCoz1Q+SySPYIdcnO2Y8aVTikL3hn1kKtqLT1LR3XxvhqOBORClkIRess9HLYAMhx8KqXiPMohQt5faWulmmSF+E38gYF8giFQbYKuQMdPROQ4Rr3i5dfPrHz+84u/O8nKlgPs/Zz4QhfShiTFfZhSbZgRiOcMGF",
            "tags": null,
            "tags_all": {}
          },
          "sensitive_attributes": [],
          "private": "eyJzY2hlbWFfdmVyc2lvbiI6IjEifQ==",
          "dependencies": [
            "tls_private_key.bastion_key"
          ]
        }
      ]
    },
    {
      "mode": "managed",
      "type": "local_file",
      "name": "bastion_private_key",
      "provider": "provider[\"registry.terraform.io/hashicorp/local\"]",
      "instances": [
        {
          "schema_version": 0,
          "attributes": {
            "content": "-----BEGIN RSA PRIVATE KEY-----\nMIIEowIBAAKCAQEA3UB8HQoMDye2DIh/qY+R0hj19CdmkNlHJok9njML+QYIH6s5\nOu1yyORA1BMRfDNHuNbmz2DmLVYuqOvx8cw2TJnlX06su1teh5lBKMcbrQjRlbhf\nrYiCF57FQAqHCfWBOoGIY4gATb+E//qntI57NFS6axTFD0722J7k1HxZoUq/1AzB\nRZQY8EAqM9UPkskj2CHXJztmPGlU4pC94Z9ZCrai09S0d18b4ajgTkQpZCEXrLPR\ny2ADIcfCql4jzKIULeX2lrpZpkhfhN/IGBfIIhUG2CrkDHT0TkOEa94uXXz6x8/v\nOLvzvJypYD7P2c+EIX0oYkxX2YUm2YEYjnDBhQIDAQABAoIBAQDAqSJqdxFBMSdJ\niqMAF9C2zp192cFqaImYePF7DKBkXGg+i27ubU4CuR/qjCAxssXFovyhoJNO7zj6\nR1sLXvP5iBlAANZQ36NVGJKw25CyAHfglAhcp/4Aa3T/6yrj9TBurdUCNq9tBFTg\nQng+tcN7MjySeieOyQgSYWqJzS6PT1U9/eFkPiEb78yqGCyo1Lva6nBvpin4fNBz\n1iBJccAhFJWP4PUpolAMBcZAWdwsKYStPsMmChBK3fTWZrNmDeFcBxf2BzuZjI0i\ncHCo2o9Zj/frvXj/c3aqQ/7XcgxrfjyCI1V8vvGmWADp8k7MAtkKPaa6zu2+7eJr\nCNEI2T+BAoGBAOZCn5CwkLn5bXuU9sSNVEXyEXajRs1isMo2kgyvzOW+ksXRsiut\noW4MdxCu7+cGyKBkIDOR4qI94yxu2FQqomB8adm4e3tCcloiBPIN+m0aC2aOct6R\nwWXgR8U+9yax56EdH8vJc9ljwZxCfMKyIGYsRmLRJ7XPUB4dRsYpMAk5AoGBAPX8\nEZdH+91QJES+0muHyrkwFq2XZQGAx8WBdQwGzWa00b3yMJRVALnzvoOISgdycIZB\nAcoXxLq2ErP2mpBJ8b6YKhxqHmtnjLW0HSjKBiLCkDtNn8/zHkHEZ8L/98owWnpE\ntz7n5V3z04lGzF2V2Yx3j7s2JOZOe955ZEYBzLatAoGAHiGZv9VbGvsI2KMlp5LW\n9FA4+M1k9ntzpwJ9GivnJClMC5blOdH+zefTrNs3iYPZvSNdE2KDxbdTgvz+UgVC\nOl4Ne/AoOHj5fdH107cAjkZaN5FsdrOcGzi+K5GRxf6B0RN+laxG/KuRKmGI8fFd\nTAF/NG8qQyBd25L5L/Uz1AECgYAKamT4SeUBRv5yJr5ULUjJNJ8RNKLjQGe1Fjk1\njCgwXCGxcErcTQkd1pNPkHrJ+++Fz8TaoM0Etubt1dhPmcHxtxG5aEjndVgA7aJ6\ncqt111UyHaRRstKqKD3YhOwiFJAQM06rDDirFML1QhkvMUQn7XwZij5fvh0Cm5NC\nX5sidQKBgGNPVKk2gIgOliyKd22uYoZsV+WB6+CuzMMVXmHUVb9xhHkx/5VJbLOt\nU38ZJzYa92ZcJOI+Rms7slAXlC59voO/yyiZYaD5Gk3MLcdqfMyv1atfx/eUkTLa\nv0Px1yyib6pUkszgx4RpOmcwstW9yPU6sdnXZGL7YxKaZNYBa0/v\n-----END RSA PRIVATE KEY-----\n",
            "content_base64": null,
            "content_base64sha256": "0+rfQVM2uQxMuL4GNFKDALBhixe05uh2CypLDvCpHko=",
            "content_base64sha512": "n6m1qEnw3wibYOexjaastGW9o+BLqDQst8dhU1oMO3USBk7t/bGv9w0OQMG3EgKSTNeIC7zP6shxWjirvI/LXA==",
            "content_md5": "7c04aedfd55885d616c6faf8e239fd69",
            "content_sha1": "848272a2d920712a6e4ff7c43d9002db52ab56ab",
            "content_sha256": "d3eadf415336b90c4cb8be0634528300b0618b17b4e6e8760b2a4b0ef0a91e4a",
            "content_sha512": "9fa9b5a849f0df089b60e7b18da6acb465bda3e04ba8342cb7c761535a0c3b7512064eedfdb1aff70d0e40c1b71202924cd7880bbccfeac8715a38abbc8fcb5c",
            "directory_permission": "0777",
            "file_permission": "0600",
            "filename": "./bastion-key.pem",
            "id": "848272a2d920712a6e4ff7c43d9002db52ab56ab",
            "sensitive_content": null,
            "source": null
          },
          "sensitive_attributes": [
            [
              {
                "type": "get_attr",
                "value": "content"
              }
            ]
          ],
          "dependencies": [
            "tls_private_key.bastion_key"
          ]
        }
      ]
    },
    {
      "mode": "managed",
      "type": "tls_private_key",
      "name": "bastion_key",
      "provider": "provider[\"registry.terraform.io/hashicorp/tls\"]",
      "instances": [
        {
          "schema_version": 1,
          "attributes": {
            "algorithm": "RSA",
            "ecdsa_curve": "P224",
            "id": "c3bea376bb2f3eff4f97ef2d6bcdfe47466d2f54",
            "private_key_openssh": "-----BEGIN OPENSSH PRIVATE KEY-----\nb3BlbnNzaC1rZXktdjEAAAAABG5vbmUAAAAEbm9uZQAAAAAAAAABAAABFwAAAAdz\nc2gtcnNhAAAAAwEAAQAAAQEA3UB8HQoMDye2DIh/qY+R0hj19CdmkNlHJok9njML\n+QYIH6s5Ou1yyORA1BMRfDNHuNbmz2DmLVYuqOvx8cw2TJnlX06su1teh5lBKMcb\nrQjRlbhfrYiCF57FQAqHCfWBOoGIY4gATb+E//qntI57NFS6axTFD0722J7k1HxZ\noUq/1AzBRZQY8EAqM9UPkskj2CHXJztmPGlU4pC94Z9ZCrai09S0d18b4ajgTkQp\nZCEXrLPRy2ADIcfCql4jzKIULeX2lrpZpkhfhN/IGBfIIhUG2CrkDHT0TkOEa94u\nXXz6x8/vOLvzvJypYD7P2c+EIX0oYkxX2YUm2YEYjnDBhQAAA7i+az+Fvms/hQAA\nAAdzc2gtcnNhAAABAQDdQHwdCgwPJ7YMiH+pj5HSGPX0J2aQ2UcmiT2eMwv5Bggf\nqzk67XLI5EDUExF8M0e41ubPYOYtVi6o6/HxzDZMmeVfTqy7W16HmUEoxxutCNGV\nuF+tiIIXnsVACocJ9YE6gYhjiABNv4T/+qe0jns0VLprFMUPTvbYnuTUfFmhSr/U\nDMFFlBjwQCoz1Q+SySPYIdcnO2Y8aVTikL3hn1kKtqLT1LR3XxvhqOBORClkIRes\ns9HLYAMhx8KqXiPMohQt5faWulmmSF+E38gYF8giFQbYKuQMdPROQ4Rr3i5dfPrH\nz+84u/O8nKlgPs/Zz4QhfShiTFfZhSbZgRiOcMGFAAAAAwEAAQAAAQEAwKkiancR\nQTEnSYqjABfQts6dfdnBamiJmHjxewygZFxoPotu7m1OArkf6owgMbLFxaL8oaCT\nTu84+kdbC17z+YgZQADWUN+jVRiSsNuQsgB34JQIXKf+AGt0/+sq4/Uwbq3VAjav\nbQRU4EJ4PrXDezI8knonjskIEmFqic0uj09VPf3hZD4hG+/MqhgsqNS72upwb6Yp\n+HzQc9YgSXHAIRSVj+D1KaJQDAXGQFncLCmErT7DJgoQSt301mazZg3hXAcX9gc7\nmYyNInBwqNqPWY/36714/3N2qkP+13IMa348giNVfL7xplgA6fJOzALZCj2mus7t\nvu3iawjRCNk/gQAAAIBjT1SpNoCIDpYsindtrmKGbFflgevgrszDFV5h1FW/cYR5\nMf+VSWyzrVN/GSc2GvdmXCTiPkZrO7JQF5Qufb6Dv8somWGg+RpNzC3HanzMr9Wr\nX8f3lJEy2r9D8dcsom+qVJLM4MeEaTpnMLLVvcj1OrHZ12Ri+2MSmmTWAWtP7wAA\nAIEA5kKfkLCQuflte5T2xI1URfIRdqNGzWKwyjaSDK/M5b6SxdGyK62hbgx3EK7v\n5wbIoGQgM5Hioj3jLG7YVCqiYHxp2bh7e0JyWiIE8g36bRoLZo5y3pHBZeBHxT73\nJrHnoR0fy8lz2WPBnEJ8wrIgZixGYtEntc9QHh1GxikwCTkAAACBAPX8EZdH+91Q\nJES+0muHyrkwFq2XZQGAx8WBdQwGzWa00b3yMJRVALnzvoOISgdycIZBAcoXxLq2\nErP2mpBJ8b6YKhxqHmtnjLW0HSjKBiLCkDtNn8/zHkHEZ8L/98owWnpEtz7n5V3z\n04lGzF2V2Yx3j7s2JOZOe955ZEYBzLatAAAAAAEC\n-----END OPENSSH PRIVATE KEY-----\n",
            "private_key_pem": "-----BEGIN RSA PRIVATE KEY-----\nMIIEowIBAAKCAQEA3UB8HQoMDye2DIh/qY+R0hj19CdmkNlHJok9njML+QYIH6s5\nOu1yyORA1BMRfDNHuNbmz2DmLVYuqOvx8cw2TJnlX06su1teh5lBKMcbrQjRlbhf\nrYiCF57FQAqHCfWBOoGIY4gATb+E//qntI57NFS6axTFD0722J7k1HxZoUq/1AzB\nRZQY8EAqM9UPkskj2CHXJztmPGlU4pC94Z9ZCrai09S0d18b4ajgTkQpZCEXrLPR\ny2ADIcfCql4jzKIULeX2lrpZpkhfhN/IGBfIIhUG2CrkDHT0TkOEa94uXXz6x8/v\nOLvzvJypYD7P2c+EIX0oYkxX2YUm2YEYjnDBhQIDAQABAoIBAQDAqSJqdxFBMSdJ\niqMAF9C2zp192cFqaImYePF7DKBkXGg+i27ubU4CuR/qjCAxssXFovyhoJNO7zj6\nR1sLXvP5iBlAANZQ36NVGJKw25CyAHfglAhcp/4Aa3T/6yrj9TBurdUCNq9tBFTg\nQng+tcN7MjySeieOyQgSYWqJzS6PT1U9/eFkPiEb78yqGCyo1Lva6nBvpin4fNBz\n1iBJccAhFJWP4PUpolAMBcZAWdwsKYStPsMmChBK3fTWZrNmDeFcBxf2BzuZjI0i\ncHCo2o9Zj/frvXj/c3aqQ/7XcgxrfjyCI1V8vvGmWADp8k7MAtkKPaa6zu2+7eJr\nCNEI2T+BAoGBAOZCn5CwkLn5bXuU9sSNVEXyEXajRs1isMo2kgyvzOW+ksXRsiut\noW4MdxCu7+cGyKBkIDOR4qI94yxu2FQqomB8adm4e3tCcloiBPIN+m0aC2aOct6R\nwWXgR8U+9yax56EdH8vJc9ljwZxCfMKyIGYsRmLRJ7XPUB4dRsYpMAk5AoGBAPX8\nEZdH+91QJES+0muHyrkwFq2XZQGAx8WBdQwGzWa00b3yMJRVALnzvoOISgdycIZB\nAcoXxLq2ErP2mpBJ8b6YKhxqHmtnjLW0HSjKBiLCkDtNn8/zHkHEZ8L/98owWnpE\ntz7n5V3z04lGzF2V2Yx3j7s2JOZOe955ZEYBzLatAoGAHiGZv9VbGvsI2KMlp5LW\n9FA4+M1k9ntzpwJ9GivnJClMC5blOdH+zefTrNs3iYPZvSNdE2KDxbdTgvz+UgVC\nOl4Ne/AoOHj5fdH107cAjkZaN5FsdrOcGzi+K5GRxf6B0RN+laxG/KuRKmGI8fFd\nTAF/NG8qQyBd25L5L/Uz1AECgYAKamT4SeUBRv5yJr5ULUjJNJ8RNKLjQGe1Fjk1\njCgwXCGxcErcTQkd1pNPkHrJ+++Fz8TaoM0Etubt1dhPmcHxtxG5aEjndVgA7aJ6\ncqt111UyHaRRstKqKD3YhOwiFJAQM06rDDirFML1QhkvMUQn7XwZij5fvh0Cm5NC\nX5sidQKBgGNPVKk2gIgOliyKd22uYoZsV+WB6+CuzMMVXmHUVb9xhHkx/5VJbLOt\nU38ZJzYa92ZcJOI+Rms7slAXlC59voO/yyiZYaD5Gk3MLcdqfMyv1atfx/eUkTLa\nv0Px1yyib6pUkszgx4RpOmcwstW9yPU6sdnXZGL7YxKaZNYBa0/v\n-----END RSA PRIVATE KEY-----\n",
            "private_key_pem_pkcs8": "-----BEGIN PRIVATE KEY-----\nMIIEvQIBADANBgkqhkiG9w0BAQEFAASCBKcwggSjAgEAAoIBAQDdQHwdCgwPJ7YM\niH+pj5HSGPX0J2aQ2UcmiT2eMwv5Bggfqzk67XLI5EDUExF8M0e41ubPYOYtVi6o\n6/HxzDZMmeVfTqy7W16HmUEoxxutCNGVuF+tiIIXnsVACocJ9YE6gYhjiABNv4T/\n+qe0jns0VLprFMUPTvbYnuTUfFmhSr/UDMFFlBjwQCoz1Q+SySPYIdcnO2Y8aVTi\nkL3hn1kKtqLT1LR3XxvhqOBORClkIRess9HLYAMhx8KqXiPMohQt5faWulmmSF+E\n38gYF8giFQbYKuQMdPROQ4Rr3i5dfPrHz+84u/O8nKlgPs/Zz4QhfShiTFfZhSbZ\ngRiOcMGFAgMBAAECggEBAMCpImp3EUExJ0mKowAX0LbOnX3ZwWpoiZh48XsMoGRc\naD6Lbu5tTgK5H+qMIDGyxcWi/KGgk07vOPpHWwte8/mIGUAA1lDfo1UYkrDbkLIA\nd+CUCFyn/gBrdP/rKuP1MG6t1QI2r20EVOBCeD61w3syPJJ6J47JCBJhaonNLo9P\nVT394WQ+IRvvzKoYLKjUu9rqcG+mKfh80HPWIElxwCEUlY/g9SmiUAwFxkBZ3Cwp\nhK0+wyYKEErd9NZms2YN4VwHF/YHO5mMjSJwcKjaj1mP9+u9eP9zdqpD/tdyDGt+\nPIIjVXy+8aZYAOnyTswC2Qo9prrO7b7t4msI0QjZP4ECgYEA5kKfkLCQuflte5T2\nxI1URfIRdqNGzWKwyjaSDK/M5b6SxdGyK62hbgx3EK7v5wbIoGQgM5Hioj3jLG7Y\nVCqiYHxp2bh7e0JyWiIE8g36bRoLZo5y3pHBZeBHxT73JrHnoR0fy8lz2WPBnEJ8\nwrIgZixGYtEntc9QHh1GxikwCTkCgYEA9fwRl0f73VAkRL7Sa4fKuTAWrZdlAYDH\nxYF1DAbNZrTRvfIwlFUAufO+g4hKB3JwhkEByhfEurYSs/aakEnxvpgqHGoea2eM\ntbQdKMoGIsKQO02fz/MeQcRnwv/3yjBaekS3PuflXfPTiUbMXZXZjHePuzYk5k57\n3nlkRgHMtq0CgYAeIZm/1Vsa+wjYoyWnktb0UDj4zWT2e3OnAn0aK+ckKUwLluU5\n0f7N59Os2zeJg9m9I10TYoPFt1OC/P5SBUI6Xg178Cg4ePl90fXTtwCORlo3kWx2\ns5wbOL4rkZHF/oHRE36VrEb8q5EqYYjx8V1MAX80bypDIF3bkvkv9TPUAQKBgApq\nZPhJ5QFG/nImvlQtSMk0nxE0ouNAZ7UWOTWMKDBcIbFwStxNCR3Wk0+Qesn774XP\nxNqgzQS25u3V2E+ZwfG3EbloSOd1WADtonpyq3XXVTIdpFGy0qooPdiE7CIUkBAz\nTqsMOKsUwvVCGS8xRCftfBmKPl++HQKbk0JfmyJ1AoGAY09UqTaAiA6WLIp3ba5i\nhmxX5YHr4K7MwxVeYdRVv3GEeTH/lUlss61TfxknNhr3Zlwk4j5GazuyUBeULn2+\ng7/LKJlhoPkaTcwtx2p8zK/Vq1/H95SRMtq/Q/HXLKJvqlSSzODHhGk6ZzCy1b3I\n9Tqx2ddkYvtjEppk1gFrT+8=\n-----END PRIVATE KEY-----\n",
            "public_key_fingerprint_md5": "37:32:c8:17:ab:29:bd:6c:d0:84:e1:b6:4b:11:67:88",
            "public_key_fingerprint_sha256": "SHA256:CNtpsfcnno7qQNy/XrtdqzBXGQWV1NFra/EgGierUfs",
            "public_key_openssh": "ssh-rsa AAAAB3NzaC1yc2EAAAADAQABAAABAQDdQHwdCgwPJ7YMiH+pj5HSGPX0J2aQ2UcmiT2eMwv5Bggfqzk67XLI5EDUExF8M0e41ubPYOYtVi6o6/HxzDZMmeVfTqy7W16HmUEoxxutCNGVuF+tiIIXnsVACocJ9YE6gYhjiABNv4T/+qe0jns0VLprFMUPTvbYnuTUfFmhSr/UDMFFlBjwQCoz1Q+SySPYIdcnO2Y8aVTikL3hn1kKtqLT1LR3XxvhqOBORClkIRess9HLYAMhx8KqXiPMohQt5faWulmmSF+E38gYF8giFQbYKuQMdPROQ4Rr3i5dfPrHz+84u/O8nKlgPs/Zz4QhfShiTFfZhSbZgRiOcMGF\n",
            "public_key_pem": "-----BEGIN PUBLIC KEY-----\nMIIBIjANBgkqhkiG9w0BAQEFAAOCAQ8AMIIBCgKCAQEA3UB8HQoMDye2DIh/qY+R\n0hj19CdmkNlHJok9njML+QYIH6s5Ou1yyORA1BMRfDNHuNbmz2DmLVYuqOvx8cw2\nTJnlX06su1teh5lBKMcbrQjRlbhfrYiCF57FQAqHCfWBOoGIY4gATb+E//qntI57\nNFS6axTFD0722J7k1HxZoUq/1AzBRZQY8EAqM9UPkskj2CHXJztmPGlU4pC94Z9Z\nCrai09S0d18b4ajgTkQpZCEXrLPRy2ADIcfCql4jzKIULeX2lrpZpkhfhN/IGBfI\nIhUG2CrkDHT0TkOEa94uXXz6x8/vOLvzvJypYD7P2c+EIX0oYkxX2YUm2YEYjnDB\nhQIDAQAB\n-----END PUBLIC KEY-----\n",
            "rsa_bits": 2048
          },
          "sensitive_attributes": []
        }
      ]
    },
    {
      "module": "module.bastion.module.bastion",
      "mode": "data",
      "type": "aws_partition",
      "name": "current",
      "provider": "provider[\"registry.terraform.io/hashicorp/aws\"]",
      "instances": [
        {
          "schema_version": 0,
          "attributes": {
            "dns_suffix": "amazonaws.com",
            "id": "aws",
            "partition": "aws",
            "reverse_dns_prefix": "com.amazonaws"
          },
          "sensitive_attributes": []
        }
      ]
    },
    {
      "module": "module.bastion.module.bastion",
      "mode": "managed",
      "type": "aws_instance",
      "name": "this",
      "provider": "provider[\"registry.terraform.io/hashicorp/aws\"]",
      "instances": [
        {
          "index_key": 0,
          "schema_version": 1,
          "attributes": {
            "ami": "ami-0c55b159cbfafe1f0",
            "arn": "arn:aws:ec2:us-east-2:050752615223:instance/i-0b856be862e708e9b",
            "associate_public_ip_address": true,
            "availability_zone": "us-east-2a",
            "capacity_reservation_specification": [
              {
                "capacity_reservation_preference": "open",
                "capacity_reservation_target": []
              }
            ],
            "cpu_core_count": 1,
            "cpu_options": [
              {
                "amd_sev_snp": "",
                "core_count": 1,
                "threads_per_core": 1
              }
            ],
            "cpu_threads_per_core": 1,
            "credit_specification": [
              {
                "cpu_credits": "standard"
              }
            ],
            "disable_api_stop": false,
            "disable_api_termination": false,
            "ebs_block_device": [],
            "ebs_optimized": false,
            "enable_primary_ipv6": null,
            "enclave_options": [
              {
                "enabled": false
              }
            ],
            "ephemeral_block_device": [],
            "get_password_data": false,
            "hibernation": false,
            "host_id": "",
            "host_resource_group_arn": null,
            "iam_instance_profile": "",
            "id": "i-0b856be862e708e9b",
            "instance_initiated_shutdown_behavior": "stop",
            "instance_lifecycle": "",
            "instance_market_options": [],
            "instance_state": "running",
            "instance_type": "t2.micro",
            "ipv6_address_count": 0,
            "ipv6_addresses": [],
            "key_name": "bastion-key",
            "launch_template": [],
            "maintenance_options": [
              {
                "auto_recovery": "default"
              }
            ],
            "metadata_options": [
              {
                "http_endpoint": "enabled",
                "http_protocol_ipv6": "disabled",
                "http_put_response_hop_limit": 1,
                "http_tokens": "optional",
                "instance_metadata_tags": "disabled"
              }
            ],
            "monitoring": false,
            "network_interface": [],
            "outpost_arn": "",
            "password_data": "",
            "placement_group": "",
            "placement_partition_number": 0,
            "primary_network_interface_id": "eni-0eb195d519214a7a7",
            "private_dns": "ip-10-0-101-21.us-east-2.compute.internal",
            "private_dns_name_options": [
              {
                "enable_resource_name_dns_a_record": false,
                "enable_resource_name_dns_aaaa_record": false,
                "hostname_type": "ip-name"
              }
            ],
            "private_ip": "10.0.101.21",
            "public_dns": "ec2-3-21-105-7.us-east-2.compute.amazonaws.com",
            "public_ip": "3.21.105.7",
            "root_block_device": [
              {
                "delete_on_termination": true,
                "device_name": "/dev/sda1",
                "encrypted": false,
                "iops": 100,
                "kms_key_id": "",
                "tags": {},
                "tags_all": {},
                "throughput": 0,
                "volume_id": "vol-08555c7d992ce3116",
                "volume_size": 8,
                "volume_type": "gp2"
              }
            ],
            "secondary_private_ips": [],
            "security_groups": [],
            "source_dest_check": true,
            "spot_instance_request_id": "",
            "subnet_id": "subnet-063b329cf6ad17db4",
            "tags": {
              "Name": "bastion-host"
            },
            "tags_all": {
              "Name": "bastion-host"
            },
            "tenancy": "default",
            "timeouts": {
              "create": null,
              "delete": null,
              "read": null,
              "update": null
            },
            "user_data": null,
            "user_data_base64": null,
            "user_data_replace_on_change": false,
            "volume_tags": {
              "Name": "bastion-host"
            },
            "vpc_security_group_ids": [
              "sg-0eaad2e7fd3d312c0"
            ]
          },
          "sensitive_attributes": [],
          "private": "eyJlMmJmYjczMC1lY2FhLTExZTYtOGY4OC0zNDM2M2JjN2M0YzAiOnsiY3JlYXRlIjo2MDAwMDAwMDAwMDAsImRlbGV0ZSI6MTIwMDAwMDAwMDAwMCwicmVhZCI6OTAwMDAwMDAwMDAwLCJ1cGRhdGUiOjYwMDAwMDAwMDAwMH0sInNjaGVtYV92ZXJzaW9uIjoiMSJ9",
          "dependencies": [
            "aws_key_pair.bastion_key",
            "module.bastion.module.bastion.aws_iam_instance_profile.this",
            "module.bastion.module.bastion.data.aws_ssm_parameter.this",
            "module.security_groups.module.bastion_sg.aws_security_group.this",
            "module.security_groups.module.bastion_sg.aws_security_group.this_name_prefix",
            "module.vpc.module.vpc.aws_subnet.public",
            "module.vpc.module.vpc.aws_vpc.this",
            "module.vpc.module.vpc.aws_vpc_ipv4_cidr_block_association.this",
            "tls_private_key.bastion_key"
          ]
        }
      ]
    },
    {
      "module": "module.security_groups",
      "mode": "data",
      "type": "http",
      "name": "my_ip",
      "provider": "provider[\"registry.terraform.io/hashicorp/http\"]",
      "instances": [
        {
          "schema_version": 0,
          "attributes": {
            "body": "208.184.176.210",
            "ca_cert_pem": null,
            "id": "https://ifconfig.me",
            "insecure": null,
            "method": null,
            "request_body": null,
            "request_headers": null,
            "request_timeout_ms": null,
            "response_body": "208.184.176.210",
            "response_body_base64": "MjA4LjE4NC4xNzYuMjEw",
            "response_headers": {
              "Access-Control-Allow-Origin": "*",
              "Alt-Svc": "h3=\":443\"; ma=2592000,h3-29=\":443\"; ma=2592000",
              "Content-Length": "15",
              "Content-Type": "text/plain",
              "Date": "Wed, 12 Feb 2025 20:09:53 GMT",
              "Via": "1.1 google"
            },
            "retry": null,
            "status_code": 200,
            "url": "https://ifconfig.me"
          },
          "sensitive_attributes": []
        }
      ]
    },
    {
      "module": "module.security_groups.module.bastion_sg",
      "mode": "managed",
      "type": "aws_security_group",
      "name": "this_name_prefix",
      "provider": "provider[\"registry.terraform.io/hashicorp/aws\"]",
      "instances": [
        {
          "index_key": 0,
          "schema_version": 1,
          "attributes": {
            "arn": "arn:aws:ec2:us-east-2:050752615223:security-group/sg-0eaad2e7fd3d312c0",
            "description": "Security Group managed by Terraform",
            "egress": [],
            "id": "sg-0eaad2e7fd3d312c0",
            "ingress": [],
            "name": "bastion-sg-20250212201011425000000005",
            "name_prefix": "bastion-sg-",
            "owner_id": "050752615223",
            "revoke_rules_on_delete": false,
            "tags": {
              "Name": "bastion-sg"
            },
            "tags_all": {
              "Name": "bastion-sg"
            },
            "timeouts": {
              "create": "10m",
              "delete": "15m"
            },
            "vpc_id": "vpc-0e696ce754d21a264"
          },
          "sensitive_attributes": [],
          "private": "eyJlMmJmYjczMC1lY2FhLTExZTYtOGY4OC0zNDM2M2JjN2M0YzAiOnsiY3JlYXRlIjo2MDAwMDAwMDAwMDAsImRlbGV0ZSI6OTAwMDAwMDAwMDAwfSwic2NoZW1hX3ZlcnNpb24iOiIxIn0=",
          "dependencies": [
            "module.vpc.module.vpc.aws_vpc.this"
          ],
          "create_before_destroy": true
        }
      ]
    },
    {
      "module": "module.security_groups.module.bastion_sg",
      "mode": "managed",
      "type": "aws_security_group_rule",
      "name": "egress_with_cidr_blocks",
      "provider": "provider[\"registry.terraform.io/hashicorp/aws\"]",
      "instances": [
        {
          "index_key": 0,
          "schema_version": 2,
          "attributes": {
            "cidr_blocks": [
              "0.0.0.0/0"
            ],
            "description": "Egress Rule",
            "from_port": 0,
            "id": "sgrule-961669746",
            "ipv6_cidr_blocks": null,
            "prefix_list_ids": null,
            "protocol": "-1",
            "security_group_id": "sg-0eaad2e7fd3d312c0",
            "security_group_rule_id": "sgr-0b239c13b2cfa39b1",
            "self": false,
            "source_security_group_id": null,
            "timeouts": null,
            "to_port": 0,
            "type": "egress"
          },
          "sensitive_attributes": [],
          "private": "eyJlMmJmYjczMC1lY2FhLTExZTYtOGY4OC0zNDM2M2JjN2M0YzAiOnsiY3JlYXRlIjozMDAwMDAwMDAwMDB9LCJzY2hlbWFfdmVyc2lvbiI6IjIifQ==",
          "dependencies": [
            "module.security_groups.module.bastion_sg.aws_security_group.this",
            "module.security_groups.module.bastion_sg.aws_security_group.this_name_prefix",
            "module.vpc.module.vpc.aws_vpc.this"
          ]
        }
      ]
    },
    {
      "module": "module.security_groups.module.bastion_sg",
      "mode": "managed",
      "type": "aws_security_group_rule",
      "name": "ingress_with_cidr_blocks",
      "provider": "provider[\"registry.terraform.io/hashicorp/aws\"]",
      "instances": [
        {
          "index_key": 0,
          "schema_version": 2,
          "attributes": {
            "cidr_blocks": [
              "208.184.176.210/32"
            ],
            "description": "Allow SSH from my IP",
            "from_port": 22,
            "id": "sgrule-3826938390",
            "ipv6_cidr_blocks": null,
            "prefix_list_ids": null,
            "protocol": "tcp",
            "security_group_id": "sg-0eaad2e7fd3d312c0",
            "security_group_rule_id": "sgr-075e5d485146df564",
            "self": false,
            "source_security_group_id": null,
            "timeouts": null,
            "to_port": 22,
            "type": "ingress"
          },
          "sensitive_attributes": [],
          "private": "eyJlMmJmYjczMC1lY2FhLTExZTYtOGY4OC0zNDM2M2JjN2M0YzAiOnsiY3JlYXRlIjozMDAwMDAwMDAwMDB9LCJzY2hlbWFfdmVyc2lvbiI6IjIifQ==",
          "dependencies": [
            "module.security_groups.data.http.my_ip",
            "module.security_groups.module.bastion_sg.aws_security_group.this",
            "module.security_groups.module.bastion_sg.aws_security_group.this_name_prefix",
            "module.vpc.module.vpc.aws_vpc.this"
          ]
        }
      ]
    },
    {
      "module": "module.security_groups.module.worker_sg",
      "mode": "managed",
      "type": "aws_security_group",
      "name": "this_name_prefix",
      "provider": "provider[\"registry.terraform.io/hashicorp/aws\"]",
      "instances": [
        {
          "index_key": 0,
          "schema_version": 1,
          "attributes": {
            "arn": "arn:aws:ec2:us-east-2:050752615223:security-group/sg-07bee34660e04e49a",
            "description": "Security Group managed by Terraform",
            "egress": [],
            "id": "sg-07bee34660e04e49a",
            "ingress": [],
            "name": "worker-sg-20250212201011362700000004",
            "name_prefix": "worker-sg-",
            "owner_id": "050752615223",
            "revoke_rules_on_delete": false,
            "tags": {
              "Name": "worker-sg"
            },
            "tags_all": {
              "Name": "worker-sg"
            },
            "timeouts": {
              "create": "10m",
              "delete": "15m"
            },
            "vpc_id": "vpc-0e696ce754d21a264"
          },
          "sensitive_attributes": [],
          "private": "eyJlMmJmYjczMC1lY2FhLTExZTYtOGY4OC0zNDM2M2JjN2M0YzAiOnsiY3JlYXRlIjo2MDAwMDAwMDAwMDAsImRlbGV0ZSI6OTAwMDAwMDAwMDAwfSwic2NoZW1hX3ZlcnNpb24iOiIxIn0=",
          "dependencies": [
            "module.vpc.module.vpc.aws_vpc.this"
          ],
          "create_before_destroy": true
        }
      ]
    },
    {
      "module": "module.security_groups.module.worker_sg",
      "mode": "managed",
      "type": "aws_security_group_rule",
      "name": "egress_with_cidr_blocks",
      "provider": "provider[\"registry.terraform.io/hashicorp/aws\"]",
      "instances": [
        {
          "index_key": 0,
          "schema_version": 2,
          "attributes": {
            "cidr_blocks": [
              "0.0.0.0/0"
            ],
            "description": "Egress Rule",
            "from_port": 0,
            "id": "sgrule-2000162518",
            "ipv6_cidr_blocks": null,
            "prefix_list_ids": null,
            "protocol": "-1",
            "security_group_id": "sg-07bee34660e04e49a",
            "security_group_rule_id": "sgr-0618c0dbe660667b7",
            "self": false,
            "source_security_group_id": null,
            "timeouts": null,
            "to_port": 0,
            "type": "egress"
          },
          "sensitive_attributes": [],
          "private": "eyJlMmJmYjczMC1lY2FhLTExZTYtOGY4OC0zNDM2M2JjN2M0YzAiOnsiY3JlYXRlIjozMDAwMDAwMDAwMDB9LCJzY2hlbWFfdmVyc2lvbiI6IjIifQ==",
          "dependencies": [
            "module.security_groups.module.worker_sg.aws_security_group.this",
            "module.security_groups.module.worker_sg.aws_security_group.this_name_prefix",
            "module.vpc.module.vpc.aws_vpc.this"
          ]
        }
      ]
    },
    {
      "module": "module.security_groups.module.worker_sg",
      "mode": "managed",
      "type": "aws_security_group_rule",
      "name": "ingress_with_source_security_group_id",
      "provider": "provider[\"registry.terraform.io/hashicorp/aws\"]",
      "instances": [
        {
          "index_key": 0,
          "schema_version": 2,
          "attributes": {
            "cidr_blocks": null,
            "description": "Ingress Rule",
            "from_port": 22,
            "id": "sgrule-2985357030",
            "ipv6_cidr_blocks": null,
            "prefix_list_ids": [],
            "protocol": "tcp",
            "security_group_id": "sg-07bee34660e04e49a",
            "security_group_rule_id": "sgr-08bea56a4f150d0ea",
            "self": false,
            "source_security_group_id": "sg-0eaad2e7fd3d312c0",
            "timeouts": null,
            "to_port": 22,
            "type": "ingress"
          },
          "sensitive_attributes": [],
          "private": "eyJlMmJmYjczMC1lY2FhLTExZTYtOGY4OC0zNDM2M2JjN2M0YzAiOnsiY3JlYXRlIjozMDAwMDAwMDAwMDB9LCJzY2hlbWFfdmVyc2lvbiI6IjIifQ==",
          "dependencies": [
            "module.security_groups.module.bastion_sg.aws_security_group.this",
            "module.security_groups.module.bastion_sg.aws_security_group.this_name_prefix",
            "module.security_groups.module.worker_sg.aws_security_group.this",
            "module.security_groups.module.worker_sg.aws_security_group.this_name_prefix",
            "module.vpc.module.vpc.aws_vpc.this"
          ]
        }
      ]
    },
    {
      "module": "module.vpc.module.vpc",
      "mode": "managed",
      "type": "aws_default_network_acl",
      "name": "this",
      "provider": "provider[\"registry.terraform.io/hashicorp/aws\"]",
      "instances": [
        {
          "index_key": 0,
          "schema_version": 0,
          "attributes": {
            "arn": "arn:aws:ec2:us-east-2:050752615223:network-acl/acl-0d993e47523cab5ea",
            "default_network_acl_id": "acl-0d993e47523cab5ea",
            "egress": [
              {
                "action": "allow",
                "cidr_block": "",
                "from_port": 0,
                "icmp_code": null,
                "icmp_type": null,
                "ipv6_cidr_block": "::/0",
                "protocol": "-1",
                "rule_no": 101,
                "to_port": 0
              },
              {
                "action": "allow",
                "cidr_block": "0.0.0.0/0",
                "from_port": 0,
                "icmp_code": null,
                "icmp_type": null,
                "ipv6_cidr_block": "",
                "protocol": "-1",
                "rule_no": 100,
                "to_port": 0
              }
            ],
            "id": "acl-0d993e47523cab5ea",
            "ingress": [
              {
                "action": "allow",
                "cidr_block": "",
                "from_port": 0,
                "icmp_code": null,
                "icmp_type": null,
                "ipv6_cidr_block": "::/0",
                "protocol": "-1",
                "rule_no": 101,
                "to_port": 0
              },
              {
                "action": "allow",
                "cidr_block": "0.0.0.0/0",
                "from_port": 0,
                "icmp_code": null,
                "icmp_type": null,
                "ipv6_cidr_block": "",
                "protocol": "-1",
                "rule_no": 100,
                "to_port": 0
              }
            ],
            "owner_id": "050752615223",
            "subnet_ids": [
              "subnet-0375755c17cc96b75",
              "subnet-045f9e4ec3ab99545",
              "subnet-063b329cf6ad17db4"
            ],
            "tags": {
              "Name": "console-scale-testing-vpc"
            },
            "tags_all": {
              "Name": "console-scale-testing-vpc"
            },
            "vpc_id": "vpc-0e696ce754d21a264"
          },
          "sensitive_attributes": [],
          "private": "bnVsbA==",
          "dependencies": [
            "module.vpc.module.vpc.aws_vpc.this"
          ]
        }
      ]
    },
    {
      "module": "module.vpc.module.vpc",
      "mode": "managed",
      "type": "aws_default_route_table",
      "name": "default",
      "provider": "provider[\"registry.terraform.io/hashicorp/aws\"]",
      "instances": [
        {
          "index_key": 0,
          "schema_version": 0,
          "attributes": {
            "arn": "arn:aws:ec2:us-east-2:050752615223:route-table/rtb-0d5feb4683359c2cb",
            "default_route_table_id": "rtb-0d5feb4683359c2cb",
            "id": "rtb-0d5feb4683359c2cb",
            "owner_id": "050752615223",
            "propagating_vgws": null,
            "route": [],
            "tags": {
              "Name": "console-scale-testing-vpc"
            },
            "tags_all": {
              "Name": "console-scale-testing-vpc"
            },
            "timeouts": {
              "create": "5m",
              "update": "5m"
            },
            "vpc_id": "vpc-0e696ce754d21a264"
          },
          "sensitive_attributes": [],
          "private": "eyJlMmJmYjczMC1lY2FhLTExZTYtOGY4OC0zNDM2M2JjN2M0YzAiOnsiY3JlYXRlIjozMDAwMDAwMDAwMDAsInVwZGF0ZSI6MzAwMDAwMDAwMDAwfX0=",
          "dependencies": [
            "module.vpc.module.vpc.aws_vpc.this"
          ]
        }
      ]
    },
    {
      "module": "module.vpc.module.vpc",
      "mode": "managed",
      "type": "aws_default_security_group",
      "name": "this",
      "provider": "provider[\"registry.terraform.io/hashicorp/aws\"]",
      "instances": [
        {
          "index_key": 0,
          "schema_version": 1,
          "attributes": {
            "arn": "arn:aws:ec2:us-east-2:050752615223:security-group/sg-0f89efb4a1147b252",
            "description": "default VPC security group",
            "egress": [],
            "id": "sg-0f89efb4a1147b252",
            "ingress": [],
            "name": "default",
            "name_prefix": "",
            "owner_id": "050752615223",
            "revoke_rules_on_delete": false,
            "tags": {
              "Name": "console-scale-testing-vpc"
            },
            "tags_all": {
              "Name": "console-scale-testing-vpc"
            },
            "vpc_id": "vpc-0e696ce754d21a264"
          },
          "sensitive_attributes": [],
          "private": "eyJzY2hlbWFfdmVyc2lvbiI6IjEifQ==",
          "dependencies": [
            "module.vpc.module.vpc.aws_vpc.this"
          ]
        }
      ]
    },
    {
      "module": "module.vpc.module.vpc",
      "mode": "managed",
      "type": "aws_eip",
      "name": "nat",
      "provider": "provider[\"registry.terraform.io/hashicorp/aws\"]",
      "instances": [
        {
          "index_key": 0,
          "schema_version": 0,
          "attributes": {
            "address": null,
            "allocation_id": "eipalloc-0bb9966c16d13f37d",
            "arn": "arn:aws:ec2:us-east-2:050752615223:elastic-ip/eipalloc-0bb9966c16d13f37d",
            "associate_with_private_ip": null,
            "association_id": "",
            "carrier_ip": "",
            "customer_owned_ip": "",
            "customer_owned_ipv4_pool": "",
            "domain": "vpc",
            "id": "eipalloc-0bb9966c16d13f37d",
            "instance": "",
            "ipam_pool_id": null,
            "network_border_group": "us-east-2",
            "network_interface": "",
            "private_dns": null,
            "private_ip": "",
            "ptr_record": "",
            "public_dns": "ec2-3-129-180-49.us-east-2.compute.amazonaws.com",
            "public_ip": "3.129.180.49",
            "public_ipv4_pool": "amazon",
            "tags": {
              "Name": "console-scale-testing-vpc"
            },
            "tags_all": {
              "Name": "console-scale-testing-vpc"
            },
            "timeouts": null,
            "vpc": true
          },
          "sensitive_attributes": [],
          "private": "eyJlMmJmYjczMC1lY2FhLTExZTYtOGY4OC0zNDM2M2JjN2M0YzAiOnsiZGVsZXRlIjoxODAwMDAwMDAwMDAsInJlYWQiOjkwMDAwMDAwMDAwMCwidXBkYXRlIjozMDAwMDAwMDAwMDB9fQ==",
          "dependencies": [
            "module.vpc.module.vpc.aws_internet_gateway.this",
            "module.vpc.module.vpc.aws_vpc.this",
            "module.vpc.module.vpc.aws_vpc_ipv4_cidr_block_association.this"
          ]
        },
        {
          "index_key": 1,
          "schema_version": 0,
          "attributes": {
            "address": null,
            "allocation_id": "eipalloc-090ea818dcc52dfee",
            "arn": "arn:aws:ec2:us-east-2:050752615223:elastic-ip/eipalloc-090ea818dcc52dfee",
            "associate_with_private_ip": null,
            "association_id": "",
            "carrier_ip": "",
            "customer_owned_ip": "",
            "customer_owned_ipv4_pool": "",
            "domain": "vpc",
            "id": "eipalloc-090ea818dcc52dfee",
            "instance": "",
            "ipam_pool_id": null,
            "network_border_group": "us-east-2",
            "network_interface": "",
            "private_dns": null,
            "private_ip": "",
            "ptr_record": "",
            "public_dns": "ec2-3-140-171-175.us-east-2.compute.amazonaws.com",
            "public_ip": "3.140.171.175",
            "public_ipv4_pool": "amazon",
            "tags": {
              "Name": "console-scale-testing-vpc"
            },
            "tags_all": {
              "Name": "console-scale-testing-vpc"
            },
            "timeouts": null,
            "vpc": true
          },
          "sensitive_attributes": [],
          "private": "eyJlMmJmYjczMC1lY2FhLTExZTYtOGY4OC0zNDM2M2JjN2M0YzAiOnsiZGVsZXRlIjoxODAwMDAwMDAwMDAsInJlYWQiOjkwMDAwMDAwMDAwMCwidXBkYXRlIjozMDAwMDAwMDAwMDB9fQ==",
          "dependencies": [
            "module.vpc.module.vpc.aws_internet_gateway.this",
            "module.vpc.module.vpc.aws_vpc.this",
            "module.vpc.module.vpc.aws_vpc_ipv4_cidr_block_association.this"
          ]
        }
      ]
    },
    {
      "module": "module.vpc.module.vpc",
      "mode": "managed",
      "type": "aws_internet_gateway",
      "name": "this",
      "provider": "provider[\"registry.terraform.io/hashicorp/aws\"]",
      "instances": [
        {
          "index_key": 0,
          "schema_version": 0,
          "attributes": {
            "arn": "arn:aws:ec2:us-east-2:050752615223:internet-gateway/igw-020204a7a63c6868b",
            "id": "igw-020204a7a63c6868b",
            "owner_id": "050752615223",
            "tags": {
              "Name": "console-scale-testing-vpc"
            },
            "tags_all": {
              "Name": "console-scale-testing-vpc"
            },
            "timeouts": null,
            "vpc_id": "vpc-0e696ce754d21a264"
          },
          "sensitive_attributes": [],
          "private": "eyJlMmJmYjczMC1lY2FhLTExZTYtOGY4OC0zNDM2M2JjN2M0YzAiOnsiY3JlYXRlIjoxMjAwMDAwMDAwMDAwLCJkZWxldGUiOjEyMDAwMDAwMDAwMDAsInVwZGF0ZSI6MTIwMDAwMDAwMDAwMH19",
          "dependencies": [
            "module.vpc.module.vpc.aws_vpc.this",
            "module.vpc.module.vpc.aws_vpc_ipv4_cidr_block_association.this"
          ]
        }
      ]
    },
    {
      "module": "module.vpc.module.vpc",
      "mode": "managed",
      "type": "aws_nat_gateway",
      "name": "this",
      "provider": "provider[\"registry.terraform.io/hashicorp/aws\"]",
      "instances": [
        {
          "index_key": 0,
          "schema_version": 0,
          "attributes": {
            "allocation_id": "eipalloc-0bb9966c16d13f37d",
            "association_id": "eipassoc-00d80cf53092659e8",
            "connectivity_type": "public",
            "id": "nat-03214049ff67b56fe",
            "network_interface_id": "eni-08cdfb3a481deb0eb",
            "private_ip": "10.0.101.22",
            "public_ip": "3.129.180.49",
            "secondary_allocation_ids": null,
            "secondary_private_ip_address_count": 0,
            "secondary_private_ip_addresses": [],
            "subnet_id": "subnet-063b329cf6ad17db4",
            "tags": {
              "Name": "console-scale-testing-vpc"
            },
            "tags_all": {
              "Name": "console-scale-testing-vpc"
            },
            "timeouts": null
          },
          "sensitive_attributes": [],
          "private": "eyJlMmJmYjczMC1lY2FhLTExZTYtOGY4OC0zNDM2M2JjN2M0YzAiOnsiY3JlYXRlIjo2MDAwMDAwMDAwMDAsImRlbGV0ZSI6MTgwMDAwMDAwMDAwMCwidXBkYXRlIjo2MDAwMDAwMDAwMDB9fQ==",
          "dependencies": [
            "module.vpc.module.vpc.aws_eip.nat",
            "module.vpc.module.vpc.aws_internet_gateway.this",
            "module.vpc.module.vpc.aws_subnet.public",
            "module.vpc.module.vpc.aws_vpc.this",
            "module.vpc.module.vpc.aws_vpc_ipv4_cidr_block_association.this"
          ]
        },
        {
          "index_key": 1,
          "schema_version": 0,
          "attributes": {
            "allocation_id": "eipalloc-090ea818dcc52dfee",
            "association_id": "eipassoc-0c3f61e6853928d99",
            "connectivity_type": "public",
            "id": "nat-058cc832d3e7325e8",
            "network_interface_id": "eni-06815355c89b94801",
            "private_ip": "10.0.102.76",
            "public_ip": "3.140.171.175",
            "secondary_allocation_ids": null,
            "secondary_private_ip_address_count": 0,
            "secondary_private_ip_addresses": [],
            "subnet_id": "subnet-0375755c17cc96b75",
            "tags": {
              "Name": "console-scale-testing-vpc"
            },
            "tags_all": {
              "Name": "console-scale-testing-vpc"
            },
            "timeouts": null
          },
          "sensitive_attributes": [],
          "private": "eyJlMmJmYjczMC1lY2FhLTExZTYtOGY4OC0zNDM2M2JjN2M0YzAiOnsiY3JlYXRlIjo2MDAwMDAwMDAwMDAsImRlbGV0ZSI6MTgwMDAwMDAwMDAwMCwidXBkYXRlIjo2MDAwMDAwMDAwMDB9fQ==",
          "dependencies": [
            "module.vpc.module.vpc.aws_eip.nat",
            "module.vpc.module.vpc.aws_internet_gateway.this",
            "module.vpc.module.vpc.aws_subnet.public",
            "module.vpc.module.vpc.aws_vpc.this",
            "module.vpc.module.vpc.aws_vpc_ipv4_cidr_block_association.this"
          ]
        }
      ]
    },
    {
      "module": "module.vpc.module.vpc",
      "mode": "managed",
      "type": "aws_route",
      "name": "private_nat_gateway",
      "provider": "provider[\"registry.terraform.io/hashicorp/aws\"]",
      "instances": [
        {
          "index_key": 0,
          "schema_version": 0,
          "attributes": {
            "carrier_gateway_id": "",
            "core_network_arn": "",
            "destination_cidr_block": "0.0.0.0/0",
            "destination_ipv6_cidr_block": "",
            "destination_prefix_list_id": "",
            "egress_only_gateway_id": "",
            "gateway_id": "",
            "id": "r-rtb-075981348f49642901080289494",
            "instance_id": "",
            "instance_owner_id": "",
            "local_gateway_id": "",
            "nat_gateway_id": "nat-03214049ff67b56fe",
            "network_interface_id": "",
            "origin": "CreateRoute",
            "route_table_id": "rtb-075981348f4964290",
            "state": "active",
            "timeouts": {
              "create": "5m",
              "delete": null,
              "update": null
            },
            "transit_gateway_id": "",
            "vpc_endpoint_id": "",
            "vpc_peering_connection_id": ""
          },
          "sensitive_attributes": [],
          "private": "eyJlMmJmYjczMC1lY2FhLTExZTYtOGY4OC0zNDM2M2JjN2M0YzAiOnsiY3JlYXRlIjozMDAwMDAwMDAwMDAsImRlbGV0ZSI6MzAwMDAwMDAwMDAwLCJ1cGRhdGUiOjEyMDAwMDAwMDAwMH19",
          "dependencies": [
            "module.vpc.module.vpc.aws_eip.nat",
            "module.vpc.module.vpc.aws_internet_gateway.this",
            "module.vpc.module.vpc.aws_nat_gateway.this",
            "module.vpc.module.vpc.aws_route_table.private",
            "module.vpc.module.vpc.aws_subnet.public",
            "module.vpc.module.vpc.aws_vpc.this",
            "module.vpc.module.vpc.aws_vpc_ipv4_cidr_block_association.this"
          ]
        },
        {
          "index_key": 1,
          "schema_version": 0,
          "attributes": {
            "carrier_gateway_id": "",
            "core_network_arn": "",
            "destination_cidr_block": "0.0.0.0/0",
            "destination_ipv6_cidr_block": "",
            "destination_prefix_list_id": "",
            "egress_only_gateway_id": "",
            "gateway_id": "",
            "id": "r-rtb-0d267980cfad74c4d1080289494",
            "instance_id": "",
            "instance_owner_id": "",
            "local_gateway_id": "",
            "nat_gateway_id": "nat-058cc832d3e7325e8",
            "network_interface_id": "",
            "origin": "CreateRoute",
            "route_table_id": "rtb-0d267980cfad74c4d",
            "state": "active",
            "timeouts": {
              "create": "5m",
              "delete": null,
              "update": null
            },
            "transit_gateway_id": "",
            "vpc_endpoint_id": "",
            "vpc_peering_connection_id": ""
          },
          "sensitive_attributes": [],
          "private": "eyJlMmJmYjczMC1lY2FhLTExZTYtOGY4OC0zNDM2M2JjN2M0YzAiOnsiY3JlYXRlIjozMDAwMDAwMDAwMDAsImRlbGV0ZSI6MzAwMDAwMDAwMDAwLCJ1cGRhdGUiOjEyMDAwMDAwMDAwMH19",
          "dependencies": [
            "module.vpc.module.vpc.aws_eip.nat",
            "module.vpc.module.vpc.aws_internet_gateway.this",
            "module.vpc.module.vpc.aws_nat_gateway.this",
            "module.vpc.module.vpc.aws_route_table.private",
            "module.vpc.module.vpc.aws_subnet.public",
            "module.vpc.module.vpc.aws_vpc.this",
            "module.vpc.module.vpc.aws_vpc_ipv4_cidr_block_association.this"
          ]
        }
      ]
    },
    {
      "module": "module.vpc.module.vpc",
      "mode": "managed",
      "type": "aws_route",
      "name": "public_internet_gateway",
      "provider": "provider[\"registry.terraform.io/hashicorp/aws\"]",
      "instances": [
        {
          "index_key": 0,
          "schema_version": 0,
          "attributes": {
            "carrier_gateway_id": "",
            "core_network_arn": "",
            "destination_cidr_block": "0.0.0.0/0",
            "destination_ipv6_cidr_block": "",
            "destination_prefix_list_id": "",
            "egress_only_gateway_id": "",
            "gateway_id": "igw-020204a7a63c6868b",
            "id": "r-rtb-06962e963b09a14d11080289494",
            "instance_id": "",
            "instance_owner_id": "",
            "local_gateway_id": "",
            "nat_gateway_id": "",
            "network_interface_id": "",
            "origin": "CreateRoute",
            "route_table_id": "rtb-06962e963b09a14d1",
            "state": "active",
            "timeouts": {
              "create": "5m",
              "delete": null,
              "update": null
            },
            "transit_gateway_id": "",
            "vpc_endpoint_id": "",
            "vpc_peering_connection_id": ""
          },
          "sensitive_attributes": [],
          "private": "eyJlMmJmYjczMC1lY2FhLTExZTYtOGY4OC0zNDM2M2JjN2M0YzAiOnsiY3JlYXRlIjozMDAwMDAwMDAwMDAsImRlbGV0ZSI6MzAwMDAwMDAwMDAwLCJ1cGRhdGUiOjEyMDAwMDAwMDAwMH19",
          "dependencies": [
            "module.vpc.module.vpc.aws_internet_gateway.this",
            "module.vpc.module.vpc.aws_route_table.public",
            "module.vpc.module.vpc.aws_vpc.this",
            "module.vpc.module.vpc.aws_vpc_ipv4_cidr_block_association.this"
          ]
        }
      ]
    },
    {
      "module": "module.vpc.module.vpc",
      "mode": "managed",
      "type": "aws_route_table",
      "name": "private",
      "provider": "provider[\"registry.terraform.io/hashicorp/aws\"]",
      "instances": [
        {
          "index_key": 0,
          "schema_version": 0,
          "attributes": {
            "arn": "arn:aws:ec2:us-east-2:050752615223:route-table/rtb-075981348f4964290",
            "id": "rtb-075981348f4964290",
            "owner_id": "050752615223",
            "propagating_vgws": [],
            "route": [],
            "tags": {
              "Name": "console-scale-testing-vpc"
            },
            "tags_all": {
              "Name": "console-scale-testing-vpc"
            },
            "timeouts": null,
            "vpc_id": "vpc-0e696ce754d21a264"
          },
          "sensitive_attributes": [],
          "private": "eyJlMmJmYjczMC1lY2FhLTExZTYtOGY4OC0zNDM2M2JjN2M0YzAiOnsiY3JlYXRlIjozMDAwMDAwMDAwMDAsImRlbGV0ZSI6MzAwMDAwMDAwMDAwLCJ1cGRhdGUiOjEyMDAwMDAwMDAwMH19",
          "dependencies": [
            "module.vpc.module.vpc.aws_vpc.this",
            "module.vpc.module.vpc.aws_vpc_ipv4_cidr_block_association.this"
          ]
        },
        {
          "index_key": 1,
          "schema_version": 0,
          "attributes": {
            "arn": "arn:aws:ec2:us-east-2:050752615223:route-table/rtb-0d267980cfad74c4d",
            "id": "rtb-0d267980cfad74c4d",
            "owner_id": "050752615223",
            "propagating_vgws": [],
            "route": [],
            "tags": {
              "Name": "console-scale-testing-vpc"
            },
            "tags_all": {
              "Name": "console-scale-testing-vpc"
            },
            "timeouts": null,
            "vpc_id": "vpc-0e696ce754d21a264"
          },
          "sensitive_attributes": [],
          "private": "eyJlMmJmYjczMC1lY2FhLTExZTYtOGY4OC0zNDM2M2JjN2M0YzAiOnsiY3JlYXRlIjozMDAwMDAwMDAwMDAsImRlbGV0ZSI6MzAwMDAwMDAwMDAwLCJ1cGRhdGUiOjEyMDAwMDAwMDAwMH19",
          "dependencies": [
            "module.vpc.module.vpc.aws_vpc.this",
            "module.vpc.module.vpc.aws_vpc_ipv4_cidr_block_association.this"
          ]
        }
      ]
    },
    {
      "module": "module.vpc.module.vpc",
      "mode": "managed",
      "type": "aws_route_table",
      "name": "public",
      "provider": "provider[\"registry.terraform.io/hashicorp/aws\"]",
      "instances": [
        {
          "index_key": 0,
          "schema_version": 0,
          "attributes": {
            "arn": "arn:aws:ec2:us-east-2:050752615223:route-table/rtb-06962e963b09a14d1",
            "id": "rtb-06962e963b09a14d1",
            "owner_id": "050752615223",
            "propagating_vgws": [],
            "route": [],
            "tags": {
              "Name": "console-scale-testing-vpc"
            },
            "tags_all": {
              "Name": "console-scale-testing-vpc"
            },
            "timeouts": null,
            "vpc_id": "vpc-0e696ce754d21a264"
          },
          "sensitive_attributes": [],
          "private": "eyJlMmJmYjczMC1lY2FhLTExZTYtOGY4OC0zNDM2M2JjN2M0YzAiOnsiY3JlYXRlIjozMDAwMDAwMDAwMDAsImRlbGV0ZSI6MzAwMDAwMDAwMDAwLCJ1cGRhdGUiOjEyMDAwMDAwMDAwMH19",
          "dependencies": [
            "module.vpc.module.vpc.aws_vpc.this",
            "module.vpc.module.vpc.aws_vpc_ipv4_cidr_block_association.this"
          ]
        }
      ]
    },
    {
      "module": "module.vpc.module.vpc",
      "mode": "managed",
      "type": "aws_route_table_association",
      "name": "private",
      "provider": "provider[\"registry.terraform.io/hashicorp/aws\"]",
      "instances": [
        {
          "index_key": 0,
          "schema_version": 0,
          "attributes": {
            "gateway_id": "",
            "id": "rtbassoc-0c122a274e5be039f",
            "route_table_id": "rtb-075981348f4964290",
            "subnet_id": "subnet-045f9e4ec3ab99545",
            "timeouts": null
          },
          "sensitive_attributes": [],
          "private": "eyJlMmJmYjczMC1lY2FhLTExZTYtOGY4OC0zNDM2M2JjN2M0YzAiOnsiY3JlYXRlIjozMDAwMDAwMDAwMDAsImRlbGV0ZSI6MzAwMDAwMDAwMDAwLCJ1cGRhdGUiOjEyMDAwMDAwMDAwMH19",
          "dependencies": [
            "module.vpc.module.vpc.aws_route_table.private",
            "module.vpc.module.vpc.aws_subnet.private",
            "module.vpc.module.vpc.aws_vpc.this",
            "module.vpc.module.vpc.aws_vpc_ipv4_cidr_block_association.this"
          ]
        },
        {
          "index_key": 1,
          "schema_version": 0,
          "attributes": {
            "gateway_id": "",
            "id": "rtbassoc-0d4468f2e0176dc88",
            "route_table_id": "rtb-0d267980cfad74c4d",
            "subnet_id": "subnet-0bd190032fcb6a1ea",
            "timeouts": null
          },
          "sensitive_attributes": [],
          "private": "eyJlMmJmYjczMC1lY2FhLTExZTYtOGY4OC0zNDM2M2JjN2M0YzAiOnsiY3JlYXRlIjozMDAwMDAwMDAwMDAsImRlbGV0ZSI6MzAwMDAwMDAwMDAwLCJ1cGRhdGUiOjEyMDAwMDAwMDAwMH19",
          "dependencies": [
            "module.vpc.module.vpc.aws_route_table.private",
            "module.vpc.module.vpc.aws_subnet.private",
            "module.vpc.module.vpc.aws_vpc.this",
            "module.vpc.module.vpc.aws_vpc_ipv4_cidr_block_association.this"
          ]
        }
      ]
    },
    {
      "module": "module.vpc.module.vpc",
      "mode": "managed",
      "type": "aws_route_table_association",
      "name": "public",
      "provider": "provider[\"registry.terraform.io/hashicorp/aws\"]",
      "instances": [
        {
          "index_key": 0,
          "schema_version": 0,
          "attributes": {
            "gateway_id": "",
            "id": "rtbassoc-06555343a7c3ada18",
            "route_table_id": "rtb-06962e963b09a14d1",
            "subnet_id": "subnet-063b329cf6ad17db4",
            "timeouts": null
          },
          "sensitive_attributes": [],
          "private": "eyJlMmJmYjczMC1lY2FhLTExZTYtOGY4OC0zNDM2M2JjN2M0YzAiOnsiY3JlYXRlIjozMDAwMDAwMDAwMDAsImRlbGV0ZSI6MzAwMDAwMDAwMDAwLCJ1cGRhdGUiOjEyMDAwMDAwMDAwMH19",
          "dependencies": [
            "module.vpc.module.vpc.aws_route_table.public",
            "module.vpc.module.vpc.aws_subnet.public",
            "module.vpc.module.vpc.aws_vpc.this",
            "module.vpc.module.vpc.aws_vpc_ipv4_cidr_block_association.this"
          ]
        },
        {
          "index_key": 1,
          "schema_version": 0,
          "attributes": {
            "gateway_id": "",
            "id": "rtbassoc-032ca91d27cdf9a96",
            "route_table_id": "rtb-06962e963b09a14d1",
            "subnet_id": "subnet-0375755c17cc96b75",
            "timeouts": null
          },
          "sensitive_attributes": [],
          "private": "eyJlMmJmYjczMC1lY2FhLTExZTYtOGY4OC0zNDM2M2JjN2M0YzAiOnsiY3JlYXRlIjozMDAwMDAwMDAwMDAsImRlbGV0ZSI6MzAwMDAwMDAwMDAwLCJ1cGRhdGUiOjEyMDAwMDAwMDAwMH19",
          "dependencies": [
            "module.vpc.module.vpc.aws_route_table.public",
            "module.vpc.module.vpc.aws_subnet.public",
            "module.vpc.module.vpc.aws_vpc.this",
            "module.vpc.module.vpc.aws_vpc_ipv4_cidr_block_association.this"
          ]
        }
      ]
    },
    {
      "module": "module.vpc.module.vpc",
      "mode": "managed",
      "type": "aws_subnet",
      "name": "private",
      "provider": "provider[\"registry.terraform.io/hashicorp/aws\"]",
      "instances": [
        {
          "index_key": 0,
          "schema_version": 1,
          "attributes": {
            "arn": "arn:aws:ec2:us-east-2:050752615223:subnet/subnet-045f9e4ec3ab99545",
            "assign_ipv6_address_on_creation": false,
            "availability_zone": "us-east-2a",
            "availability_zone_id": "use2-az1",
            "cidr_block": "10.0.1.0/24",
            "customer_owned_ipv4_pool": "",
            "enable_dns64": false,
            "enable_lni_at_device_index": 0,
            "enable_resource_name_dns_a_record_on_launch": false,
            "enable_resource_name_dns_aaaa_record_on_launch": false,
            "id": "subnet-045f9e4ec3ab99545",
            "ipv6_cidr_block": "",
            "ipv6_cidr_block_association_id": "",
            "ipv6_native": false,
            "map_customer_owned_ip_on_launch": false,
            "map_public_ip_on_launch": false,
            "outpost_arn": "",
            "owner_id": "050752615223",
            "private_dns_hostname_type_on_launch": "ip-name",
            "tags": {
              "Name": "console-scale-testing-vpc"
            },
            "tags_all": {
              "Name": "console-scale-testing-vpc"
            },
            "timeouts": null,
            "vpc_id": "vpc-0e696ce754d21a264"
          },
          "sensitive_attributes": [],
          "private": "eyJlMmJmYjczMC1lY2FhLTExZTYtOGY4OC0zNDM2M2JjN2M0YzAiOnsiY3JlYXRlIjo2MDAwMDAwMDAwMDAsImRlbGV0ZSI6MTIwMDAwMDAwMDAwMH0sInNjaGVtYV92ZXJzaW9uIjoiMSJ9",
          "dependencies": [
            "module.vpc.module.vpc.aws_vpc.this",
            "module.vpc.module.vpc.aws_vpc_ipv4_cidr_block_association.this"
          ]
        },
        {
          "index_key": 1,
          "schema_version": 1,
          "attributes": {
            "arn": "arn:aws:ec2:us-east-2:050752615223:subnet/subnet-0bd190032fcb6a1ea",
            "assign_ipv6_address_on_creation": false,
            "availability_zone": "us-east-2b",
            "availability_zone_id": "use2-az2",
            "cidr_block": "10.0.2.0/24",
            "customer_owned_ipv4_pool": "",
            "enable_dns64": false,
            "enable_lni_at_device_index": 0,
            "enable_resource_name_dns_a_record_on_launch": false,
            "enable_resource_name_dns_aaaa_record_on_launch": false,
            "id": "subnet-0bd190032fcb6a1ea",
            "ipv6_cidr_block": "",
            "ipv6_cidr_block_association_id": "",
            "ipv6_native": false,
            "map_customer_owned_ip_on_launch": false,
            "map_public_ip_on_launch": false,
            "outpost_arn": "",
            "owner_id": "050752615223",
            "private_dns_hostname_type_on_launch": "ip-name",
            "tags": {
              "Name": "console-scale-testing-vpc"
            },
            "tags_all": {
              "Name": "console-scale-testing-vpc"
            },
            "timeouts": null,
            "vpc_id": "vpc-0e696ce754d21a264"
          },
          "sensitive_attributes": [],
          "private": "eyJlMmJmYjczMC1lY2FhLTExZTYtOGY4OC0zNDM2M2JjN2M0YzAiOnsiY3JlYXRlIjo2MDAwMDAwMDAwMDAsImRlbGV0ZSI6MTIwMDAwMDAwMDAwMH0sInNjaGVtYV92ZXJzaW9uIjoiMSJ9",
          "dependencies": [
            "module.vpc.module.vpc.aws_vpc.this",
            "module.vpc.module.vpc.aws_vpc_ipv4_cidr_block_association.this"
          ]
        }
      ]
    },
    {
      "module": "module.vpc.module.vpc",
      "mode": "managed",
      "type": "aws_subnet",
      "name": "public",
      "provider": "provider[\"registry.terraform.io/hashicorp/aws\"]",
      "instances": [
        {
          "index_key": 0,
          "schema_version": 1,
          "attributes": {
            "arn": "arn:aws:ec2:us-east-2:050752615223:subnet/subnet-063b329cf6ad17db4",
            "assign_ipv6_address_on_creation": false,
            "availability_zone": "us-east-2a",
            "availability_zone_id": "use2-az1",
            "cidr_block": "10.0.101.0/24",
            "customer_owned_ipv4_pool": "",
            "enable_dns64": false,
            "enable_lni_at_device_index": 0,
            "enable_resource_name_dns_a_record_on_launch": false,
            "enable_resource_name_dns_aaaa_record_on_launch": false,
            "id": "subnet-063b329cf6ad17db4",
            "ipv6_cidr_block": "",
            "ipv6_cidr_block_association_id": "",
            "ipv6_native": false,
            "map_customer_owned_ip_on_launch": false,
            "map_public_ip_on_launch": false,
            "outpost_arn": "",
            "owner_id": "050752615223",
            "private_dns_hostname_type_on_launch": "ip-name",
            "tags": {
              "Name": "console-scale-testing-vpc"
            },
            "tags_all": {
              "Name": "console-scale-testing-vpc"
            },
            "timeouts": null,
            "vpc_id": "vpc-0e696ce754d21a264"
          },
          "sensitive_attributes": [],
          "private": "eyJlMmJmYjczMC1lY2FhLTExZTYtOGY4OC0zNDM2M2JjN2M0YzAiOnsiY3JlYXRlIjo2MDAwMDAwMDAwMDAsImRlbGV0ZSI6MTIwMDAwMDAwMDAwMH0sInNjaGVtYV92ZXJzaW9uIjoiMSJ9",
          "dependencies": [
            "module.vpc.module.vpc.aws_vpc.this",
            "module.vpc.module.vpc.aws_vpc_ipv4_cidr_block_association.this"
          ]
        },
        {
          "index_key": 1,
          "schema_version": 1,
          "attributes": {
            "arn": "arn:aws:ec2:us-east-2:050752615223:subnet/subnet-0375755c17cc96b75",
            "assign_ipv6_address_on_creation": false,
            "availability_zone": "us-east-2b",
            "availability_zone_id": "use2-az2",
            "cidr_block": "10.0.102.0/24",
            "customer_owned_ipv4_pool": "",
            "enable_dns64": false,
            "enable_lni_at_device_index": 0,
            "enable_resource_name_dns_a_record_on_launch": false,
            "enable_resource_name_dns_aaaa_record_on_launch": false,
            "id": "subnet-0375755c17cc96b75",
            "ipv6_cidr_block": "",
            "ipv6_cidr_block_association_id": "",
            "ipv6_native": false,
            "map_customer_owned_ip_on_launch": false,
            "map_public_ip_on_launch": false,
            "outpost_arn": "",
            "owner_id": "050752615223",
            "private_dns_hostname_type_on_launch": "ip-name",
            "tags": {
              "Name": "console-scale-testing-vpc"
            },
            "tags_all": {
              "Name": "console-scale-testing-vpc"
            },
            "timeouts": null,
            "vpc_id": "vpc-0e696ce754d21a264"
          },
          "sensitive_attributes": [],
          "private": "eyJlMmJmYjczMC1lY2FhLTExZTYtOGY4OC0zNDM2M2JjN2M0YzAiOnsiY3JlYXRlIjo2MDAwMDAwMDAwMDAsImRlbGV0ZSI6MTIwMDAwMDAwMDAwMH0sInNjaGVtYV92ZXJzaW9uIjoiMSJ9",
          "dependencies": [
            "module.vpc.module.vpc.aws_vpc.this",
            "module.vpc.module.vpc.aws_vpc_ipv4_cidr_block_association.this"
          ]
        }
      ]
    },
    {
      "module": "module.vpc.module.vpc",
      "mode": "managed",
      "type": "aws_vpc",
      "name": "this",
      "provider": "provider[\"registry.terraform.io/hashicorp/aws\"]",
      "instances": [
        {
          "index_key": 0,
          "schema_version": 1,
          "attributes": {
            "arn": "arn:aws:ec2:us-east-2:050752615223:vpc/vpc-0e696ce754d21a264",
            "assign_generated_ipv6_cidr_block": false,
            "cidr_block": "10.0.0.0/16",
            "default_network_acl_id": "acl-0d993e47523cab5ea",
            "default_route_table_id": "rtb-0d5feb4683359c2cb",
            "default_security_group_id": "sg-0f89efb4a1147b252",
            "dhcp_options_id": "dopt-0343c400d033b7204",
            "enable_dns_hostnames": true,
            "enable_dns_support": true,
            "enable_network_address_usage_metrics": false,
            "id": "vpc-0e696ce754d21a264",
            "instance_tenancy": "default",
            "ipv4_ipam_pool_id": null,
            "ipv4_netmask_length": null,
            "ipv6_association_id": "",
            "ipv6_cidr_block": "",
            "ipv6_cidr_block_network_border_group": "",
            "ipv6_ipam_pool_id": "",
            "ipv6_netmask_length": 0,
            "main_route_table_id": "rtb-0d5feb4683359c2cb",
            "owner_id": "050752615223",
            "tags": {
              "Name": "console-scale-testing-vpc"
            },
            "tags_all": {
              "Name": "console-scale-testing-vpc"
            }
          },
          "sensitive_attributes": [],
          "private": "eyJzY2hlbWFfdmVyc2lvbiI6IjEifQ==",
          "create_before_destroy": true
        }
      ]
    },
    {
      "module": "module.workers.module.worker_nodes[0]",
      "mode": "data",
      "type": "aws_partition",
      "name": "current",
      "provider": "provider[\"registry.terraform.io/hashicorp/aws\"]",
      "instances": [
        {
          "schema_version": 0,
          "attributes": {
            "dns_suffix": "amazonaws.com",
            "id": "aws",
            "partition": "aws",
            "reverse_dns_prefix": "com.amazonaws"
          },
          "sensitive_attributes": []
        }
      ]
    },
    {
      "module": "module.workers.module.worker_nodes[0]",
      "mode": "managed",
      "type": "aws_instance",
      "name": "this",
      "provider": "provider[\"registry.terraform.io/hashicorp/aws\"]",
      "instances": [
        {
          "index_key": 0,
          "schema_version": 1,
          "attributes": {
            "ami": "ami-0c55b159cbfafe1f0",
            "arn": "arn:aws:ec2:us-east-2:050752615223:instance/i-0f3a61235852d2f75",
            "associate_public_ip_address": false,
            "availability_zone": "us-east-2a",
            "capacity_reservation_specification": [
              {
                "capacity_reservation_preference": "open",
                "capacity_reservation_target": []
              }
            ],
            "cpu_core_count": 1,
            "cpu_options": [
              {
                "amd_sev_snp": "",
                "core_count": 1,
                "threads_per_core": 1
              }
            ],
            "cpu_threads_per_core": 1,
            "credit_specification": [
              {
                "cpu_credits": "standard"
              }
            ],
            "disable_api_stop": false,
            "disable_api_termination": false,
            "ebs_block_device": [],
            "ebs_optimized": false,
            "enable_primary_ipv6": null,
            "enclave_options": [
              {
                "enabled": false
              }
            ],
            "ephemeral_block_device": [],
            "get_password_data": false,
            "hibernation": false,
            "host_id": "",
            "host_resource_group_arn": null,
            "iam_instance_profile": "",
            "id": "i-0f3a61235852d2f75",
            "instance_initiated_shutdown_behavior": "stop",
            "instance_lifecycle": "",
            "instance_market_options": [],
            "instance_state": "running",
            "instance_type": "t2.nano",
            "ipv6_address_count": 0,
            "ipv6_addresses": [],
            "key_name": "bastion-key",
            "launch_template": [],
            "maintenance_options": [
              {
                "auto_recovery": "default"
              }
            ],
            "metadata_options": [
              {
                "http_endpoint": "enabled",
                "http_protocol_ipv6": "disabled",
                "http_put_response_hop_limit": 1,
                "http_tokens": "optional",
                "instance_metadata_tags": "disabled"
              }
            ],
            "monitoring": false,
            "network_interface": [],
            "outpost_arn": "",
            "password_data": "",
            "placement_group": "",
            "placement_partition_number": 0,
            "primary_network_interface_id": "eni-071942becefba64ca",
            "private_dns": "ip-10-0-1-154.us-east-2.compute.internal",
            "private_dns_name_options": [
              {
                "enable_resource_name_dns_a_record": false,
                "enable_resource_name_dns_aaaa_record": false,
                "hostname_type": "ip-name"
              }
            ],
            "private_ip": "10.0.1.154",
            "public_dns": "",
            "public_ip": "",
            "root_block_device": [
              {
                "delete_on_termination": true,
                "device_name": "/dev/sda1",
                "encrypted": false,
                "iops": 100,
                "kms_key_id": "",
                "tags": {},
                "tags_all": {},
                "throughput": 0,
                "volume_id": "vol-0d7ed30ac036232e0",
                "volume_size": 8,
                "volume_type": "gp2"
              }
            ],
            "secondary_private_ips": [],
            "security_groups": [],
            "source_dest_check": true,
            "spot_instance_request_id": "",
            "subnet_id": "subnet-045f9e4ec3ab99545",
            "tags": {
              "Name": "worker-node"
            },
            "tags_all": {
              "Name": "worker-node"
            },
            "tenancy": "default",
            "timeouts": {
              "create": null,
              "delete": null,
              "read": null,
              "update": null
            },
            "user_data": "a6e1c896cc45565f03f0b10821156dd97cb5ffe4",
            "user_data_base64": null,
            "user_data_replace_on_change": false,
            "volume_tags": {
              "Name": "worker-node"
            },
            "vpc_security_group_ids": [
              "sg-07bee34660e04e49a"
            ]
          },
          "sensitive_attributes": [],
          "private": "eyJlMmJmYjczMC1lY2FhLTExZTYtOGY4OC0zNDM2M2JjN2M0YzAiOnsiY3JlYXRlIjo2MDAwMDAwMDAwMDAsImRlbGV0ZSI6MTIwMDAwMDAwMDAwMCwicmVhZCI6OTAwMDAwMDAwMDAwLCJ1cGRhdGUiOjYwMDAwMDAwMDAwMH0sInNjaGVtYV92ZXJzaW9uIjoiMSJ9",
          "dependencies": [
            "aws_key_pair.bastion_key",
            "module.security_groups.module.worker_sg.aws_security_group.this",
            "module.security_groups.module.worker_sg.aws_security_group.this_name_prefix",
            "module.vpc.module.vpc.aws_subnet.private",
            "module.vpc.module.vpc.aws_vpc.this",
            "module.vpc.module.vpc.aws_vpc_ipv4_cidr_block_association.this",
            "module.workers.module.worker_nodes.aws_iam_instance_profile.this",
            "module.workers.module.worker_nodes.data.aws_ssm_parameter.this",
            "tls_private_key.bastion_key"
          ]
        }
      ]
    },
    {
      "module": "module.workers.module.worker_nodes[1]",
      "mode": "data",
      "type": "aws_partition",
      "name": "current",
      "provider": "provider[\"registry.terraform.io/hashicorp/aws\"]",
      "instances": [
        {
          "schema_version": 0,
          "attributes": {
            "dns_suffix": "amazonaws.com",
            "id": "aws",
            "partition": "aws",
            "reverse_dns_prefix": "com.amazonaws"
          },
          "sensitive_attributes": []
        }
      ]
    },
    {
      "module": "module.workers.module.worker_nodes[1]",
      "mode": "managed",
      "type": "aws_instance",
      "name": "this",
      "provider": "provider[\"registry.terraform.io/hashicorp/aws\"]",
      "instances": [
        {
          "index_key": 0,
          "schema_version": 1,
          "attributes": {
            "ami": "ami-0c55b159cbfafe1f0",
            "arn": "arn:aws:ec2:us-east-2:050752615223:instance/i-0ac6e6c2b93485dca",
            "associate_public_ip_address": false,
            "availability_zone": "us-east-2a",
            "capacity_reservation_specification": [
              {
                "capacity_reservation_preference": "open",
                "capacity_reservation_target": []
              }
            ],
            "cpu_core_count": 1,
            "cpu_options": [
              {
                "amd_sev_snp": "",
                "core_count": 1,
                "threads_per_core": 1
              }
            ],
            "cpu_threads_per_core": 1,
            "credit_specification": [
              {
                "cpu_credits": "standard"
              }
            ],
            "disable_api_stop": false,
            "disable_api_termination": false,
            "ebs_block_device": [],
            "ebs_optimized": false,
            "enable_primary_ipv6": null,
            "enclave_options": [
              {
                "enabled": false
              }
            ],
            "ephemeral_block_device": [],
            "get_password_data": false,
            "hibernation": false,
            "host_id": "",
            "host_resource_group_arn": null,
            "iam_instance_profile": "",
            "id": "i-0ac6e6c2b93485dca",
            "instance_initiated_shutdown_behavior": "stop",
            "instance_lifecycle": "",
            "instance_market_options": [],
            "instance_state": "running",
            "instance_type": "t2.nano",
            "ipv6_address_count": 0,
            "ipv6_addresses": [],
            "key_name": "bastion-key",
            "launch_template": [],
            "maintenance_options": [
              {
                "auto_recovery": "default"
              }
            ],
            "metadata_options": [
              {
                "http_endpoint": "enabled",
                "http_protocol_ipv6": "disabled",
                "http_put_response_hop_limit": 1,
                "http_tokens": "optional",
                "instance_metadata_tags": "disabled"
              }
            ],
            "monitoring": false,
            "network_interface": [],
            "outpost_arn": "",
            "password_data": "",
            "placement_group": "",
            "placement_partition_number": 0,
            "primary_network_interface_id": "eni-0cad1e555815c52aa",
            "private_dns": "ip-10-0-1-215.us-east-2.compute.internal",
            "private_dns_name_options": [
              {
                "enable_resource_name_dns_a_record": false,
                "enable_resource_name_dns_aaaa_record": false,
                "hostname_type": "ip-name"
              }
            ],
            "private_ip": "10.0.1.215",
            "public_dns": "",
            "public_ip": "",
            "root_block_device": [
              {
                "delete_on_termination": true,
                "device_name": "/dev/sda1",
                "encrypted": false,
                "iops": 100,
                "kms_key_id": "",
                "tags": {},
                "tags_all": {},
                "throughput": 0,
                "volume_id": "vol-0ef952a4675752eb5",
                "volume_size": 8,
                "volume_type": "gp2"
              }
            ],
            "secondary_private_ips": [],
            "security_groups": [],
            "source_dest_check": true,
            "spot_instance_request_id": "",
            "subnet_id": "subnet-045f9e4ec3ab99545",
            "tags": {
              "Name": "worker-node"
            },
            "tags_all": {
              "Name": "worker-node"
            },
            "tenancy": "default",
            "timeouts": {
              "create": null,
              "delete": null,
              "read": null,
              "update": null
            },
            "user_data": "a6e1c896cc45565f03f0b10821156dd97cb5ffe4",
            "user_data_base64": null,
            "user_data_replace_on_change": false,
            "volume_tags": {
              "Name": "worker-node"
            },
            "vpc_security_group_ids": [
              "sg-07bee34660e04e49a"
            ]
          },
          "sensitive_attributes": [],
          "private": "eyJlMmJmYjczMC1lY2FhLTExZTYtOGY4OC0zNDM2M2JjN2M0YzAiOnsiY3JlYXRlIjo2MDAwMDAwMDAwMDAsImRlbGV0ZSI6MTIwMDAwMDAwMDAwMCwicmVhZCI6OTAwMDAwMDAwMDAwLCJ1cGRhdGUiOjYwMDAwMDAwMDAwMH0sInNjaGVtYV92ZXJzaW9uIjoiMSJ9",
          "dependencies": [
            "aws_key_pair.bastion_key",
            "module.security_groups.module.worker_sg.aws_security_group.this",
            "module.security_groups.module.worker_sg.aws_security_group.this_name_prefix",
            "module.vpc.module.vpc.aws_subnet.private",
            "module.vpc.module.vpc.aws_vpc.this",
            "module.vpc.module.vpc.aws_vpc_ipv4_cidr_block_association.this",
            "module.workers.module.worker_nodes.aws_iam_instance_profile.this",
            "module.workers.module.worker_nodes.data.aws_ssm_parameter.this",
            "tls_private_key.bastion_key"
          ]
        }
      ]
    },
    {
      "module": "module.workers.module.worker_nodes[2]",
      "mode": "data",
      "type": "aws_partition",
      "name": "current",
      "provider": "provider[\"registry.terraform.io/hashicorp/aws\"]",
      "instances": [
        {
          "schema_version": 0,
          "attributes": {
            "dns_suffix": "amazonaws.com",
            "id": "aws",
            "partition": "aws",
            "reverse_dns_prefix": "com.amazonaws"
          },
          "sensitive_attributes": []
        }
      ]
    },
    {
      "module": "module.workers.module.worker_nodes[2]",
      "mode": "managed",
      "type": "aws_instance",
      "name": "this",
      "provider": "provider[\"registry.terraform.io/hashicorp/aws\"]",
      "instances": [
        {
          "index_key": 0,
          "schema_version": 1,
          "attributes": {
            "ami": "ami-0c55b159cbfafe1f0",
            "arn": "arn:aws:ec2:us-east-2:050752615223:instance/i-03f8dd084eb07671f",
            "associate_public_ip_address": false,
            "availability_zone": "us-east-2a",
            "capacity_reservation_specification": [
              {
                "capacity_reservation_preference": "open",
                "capacity_reservation_target": []
              }
            ],
            "cpu_core_count": 1,
            "cpu_options": [
              {
                "amd_sev_snp": "",
                "core_count": 1,
                "threads_per_core": 1
              }
            ],
            "cpu_threads_per_core": 1,
            "credit_specification": [
              {
                "cpu_credits": "standard"
              }
            ],
            "disable_api_stop": false,
            "disable_api_termination": false,
            "ebs_block_device": [],
            "ebs_optimized": false,
            "enable_primary_ipv6": null,
            "enclave_options": [
              {
                "enabled": false
              }
            ],
            "ephemeral_block_device": [],
            "get_password_data": false,
            "hibernation": false,
            "host_id": "",
            "host_resource_group_arn": null,
            "iam_instance_profile": "",
            "id": "i-03f8dd084eb07671f",
            "instance_initiated_shutdown_behavior": "stop",
            "instance_lifecycle": "",
            "instance_market_options": [],
            "instance_state": "running",
            "instance_type": "t2.nano",
            "ipv6_address_count": 0,
            "ipv6_addresses": [],
            "key_name": "bastion-key",
            "launch_template": [],
            "maintenance_options": [
              {
                "auto_recovery": "default"
              }
            ],
            "metadata_options": [
              {
                "http_endpoint": "enabled",
                "http_protocol_ipv6": "disabled",
                "http_put_response_hop_limit": 1,
                "http_tokens": "optional",
                "instance_metadata_tags": "disabled"
              }
            ],
            "monitoring": false,
            "network_interface": [],
            "outpost_arn": "",
            "password_data": "",
            "placement_group": "",
            "placement_partition_number": 0,
            "primary_network_interface_id": "eni-0002aec0ae26f41e1",
            "private_dns": "ip-10-0-1-36.us-east-2.compute.internal",
            "private_dns_name_options": [
              {
                "enable_resource_name_dns_a_record": false,
                "enable_resource_name_dns_aaaa_record": false,
                "hostname_type": "ip-name"
              }
            ],
            "private_ip": "10.0.1.36",
            "public_dns": "",
            "public_ip": "",
            "root_block_device": [
              {
                "delete_on_termination": true,
                "device_name": "/dev/sda1",
                "encrypted": false,
                "iops": 100,
                "kms_key_id": "",
                "tags": {},
                "tags_all": {},
                "throughput": 0,
                "volume_id": "vol-03607ad9a00f60485",
                "volume_size": 8,
                "volume_type": "gp2"
              }
            ],
            "secondary_private_ips": [],
            "security_groups": [],
            "source_dest_check": true,
            "spot_instance_request_id": "",
            "subnet_id": "subnet-045f9e4ec3ab99545",
            "tags": {
              "Name": "worker-node"
            },
            "tags_all": {
              "Name": "worker-node"
            },
            "tenancy": "default",
            "timeouts": {
              "create": null,
              "delete": null,
              "read": null,
              "update": null
            },
            "user_data": "a6e1c896cc45565f03f0b10821156dd97cb5ffe4",
            "user_data_base64": null,
            "user_data_replace_on_change": false,
            "volume_tags": {
              "Name": "worker-node"
            },
            "vpc_security_group_ids": [
              "sg-07bee34660e04e49a"
            ]
          },
          "sensitive_attributes": [],
          "private": "eyJlMmJmYjczMC1lY2FhLTExZTYtOGY4OC0zNDM2M2JjN2M0YzAiOnsiY3JlYXRlIjo2MDAwMDAwMDAwMDAsImRlbGV0ZSI6MTIwMDAwMDAwMDAwMCwicmVhZCI6OTAwMDAwMDAwMDAwLCJ1cGRhdGUiOjYwMDAwMDAwMDAwMH0sInNjaGVtYV92ZXJzaW9uIjoiMSJ9",
          "dependencies": [
            "aws_key_pair.bastion_key",
            "module.security_groups.module.worker_sg.aws_security_group.this",
            "module.security_groups.module.worker_sg.aws_security_group.this_name_prefix",
            "module.vpc.module.vpc.aws_subnet.private",
            "module.vpc.module.vpc.aws_vpc.this",
            "module.vpc.module.vpc.aws_vpc_ipv4_cidr_block_association.this",
            "module.workers.module.worker_nodes.aws_iam_instance_profile.this",
            "module.workers.module.worker_nodes.data.aws_ssm_parameter.this",
            "tls_private_key.bastion_key"
          ]
        }
      ]
    },
    {
      "module": "module.workers.module.worker_nodes[3]",
      "mode": "data",
      "type": "aws_partition",
      "name": "current",
      "provider": "provider[\"registry.terraform.io/hashicorp/aws\"]",
      "instances": [
        {
          "schema_version": 0,
          "attributes": {
            "dns_suffix": "amazonaws.com",
            "id": "aws",
            "partition": "aws",
            "reverse_dns_prefix": "com.amazonaws"
          },
          "sensitive_attributes": []
        }
      ]
    },
    {
      "module": "module.workers.module.worker_nodes[3]",
      "mode": "managed",
      "type": "aws_instance",
      "name": "this",
      "provider": "provider[\"registry.terraform.io/hashicorp/aws\"]",
      "instances": [
        {
          "index_key": 0,
          "schema_version": 1,
          "attributes": {
            "ami": "ami-0c55b159cbfafe1f0",
            "arn": "arn:aws:ec2:us-east-2:050752615223:instance/i-00c16c9184b4a4709",
            "associate_public_ip_address": false,
            "availability_zone": "us-east-2a",
            "capacity_reservation_specification": [
              {
                "capacity_reservation_preference": "open",
                "capacity_reservation_target": []
              }
            ],
            "cpu_core_count": 1,
            "cpu_options": [
              {
                "amd_sev_snp": "",
                "core_count": 1,
                "threads_per_core": 1
              }
            ],
            "cpu_threads_per_core": 1,
            "credit_specification": [
              {
                "cpu_credits": "standard"
              }
            ],
            "disable_api_stop": false,
            "disable_api_termination": false,
            "ebs_block_device": [],
            "ebs_optimized": false,
            "enable_primary_ipv6": null,
            "enclave_options": [
              {
                "enabled": false
              }
            ],
            "ephemeral_block_device": [],
            "get_password_data": false,
            "hibernation": false,
            "host_id": "",
            "host_resource_group_arn": null,
            "iam_instance_profile": "",
            "id": "i-00c16c9184b4a4709",
            "instance_initiated_shutdown_behavior": "stop",
            "instance_lifecycle": "",
            "instance_market_options": [],
            "instance_state": "running",
            "instance_type": "t2.nano",
            "ipv6_address_count": 0,
            "ipv6_addresses": [],
            "key_name": "bastion-key",
            "launch_template": [],
            "maintenance_options": [
              {
                "auto_recovery": "default"
              }
            ],
            "metadata_options": [
              {
                "http_endpoint": "enabled",
                "http_protocol_ipv6": "disabled",
                "http_put_response_hop_limit": 1,
                "http_tokens": "optional",
                "instance_metadata_tags": "disabled"
              }
            ],
            "monitoring": false,
            "network_interface": [],
            "outpost_arn": "",
            "password_data": "",
            "placement_group": "",
            "placement_partition_number": 0,
            "primary_network_interface_id": "eni-0b2450d4bc06cd450",
            "private_dns": "ip-10-0-1-167.us-east-2.compute.internal",
            "private_dns_name_options": [
              {
                "enable_resource_name_dns_a_record": false,
                "enable_resource_name_dns_aaaa_record": false,
                "hostname_type": "ip-name"
              }
            ],
            "private_ip": "10.0.1.167",
            "public_dns": "",
            "public_ip": "",
            "root_block_device": [
              {
                "delete_on_termination": true,
                "device_name": "/dev/sda1",
                "encrypted": false,
                "iops": 100,
                "kms_key_id": "",
                "tags": {},
                "tags_all": {},
                "throughput": 0,
                "volume_id": "vol-05add520bd8b6add4",
                "volume_size": 8,
                "volume_type": "gp2"
              }
            ],
            "secondary_private_ips": [],
            "security_groups": [],
            "source_dest_check": true,
            "spot_instance_request_id": "",
            "subnet_id": "subnet-045f9e4ec3ab99545",
            "tags": {
              "Name": "worker-node"
            },
            "tags_all": {
              "Name": "worker-node"
            },
            "tenancy": "default",
            "timeouts": {
              "create": null,
              "delete": null,
              "read": null,
              "update": null
            },
            "user_data": "a6e1c896cc45565f03f0b10821156dd97cb5ffe4",
            "user_data_base64": null,
            "user_data_replace_on_change": false,
            "volume_tags": {
              "Name": "worker-node"
            },
            "vpc_security_group_ids": [
              "sg-07bee34660e04e49a"
            ]
          },
          "sensitive_attributes": [],
          "private": "eyJlMmJmYjczMC1lY2FhLTExZTYtOGY4OC0zNDM2M2JjN2M0YzAiOnsiY3JlYXRlIjo2MDAwMDAwMDAwMDAsImRlbGV0ZSI6MTIwMDAwMDAwMDAwMCwicmVhZCI6OTAwMDAwMDAwMDAwLCJ1cGRhdGUiOjYwMDAwMDAwMDAwMH0sInNjaGVtYV92ZXJzaW9uIjoiMSJ9",
          "dependencies": [
            "aws_key_pair.bastion_key",
            "module.security_groups.module.worker_sg.aws_security_group.this",
            "module.security_groups.module.worker_sg.aws_security_group.this_name_prefix",
            "module.vpc.module.vpc.aws_subnet.private",
            "module.vpc.module.vpc.aws_vpc.this",
            "module.vpc.module.vpc.aws_vpc_ipv4_cidr_block_association.this",
            "module.workers.module.worker_nodes.aws_iam_instance_profile.this",
            "module.workers.module.worker_nodes.data.aws_ssm_parameter.this",
            "tls_private_key.bastion_key"
          ]
        }
      ]
    },
    {
      "module": "module.workers.module.worker_nodes[4]",
      "mode": "data",
      "type": "aws_partition",
      "name": "current",
      "provider": "provider[\"registry.terraform.io/hashicorp/aws\"]",
      "instances": [
        {
          "schema_version": 0,
          "attributes": {
            "dns_suffix": "amazonaws.com",
            "id": "aws",
            "partition": "aws",
            "reverse_dns_prefix": "com.amazonaws"
          },
          "sensitive_attributes": []
        }
      ]
    },
    {
      "module": "module.workers.module.worker_nodes[4]",
      "mode": "managed",
      "type": "aws_instance",
      "name": "this",
      "provider": "provider[\"registry.terraform.io/hashicorp/aws\"]",
      "instances": [
        {
          "index_key": 0,
          "schema_version": 1,
          "attributes": {
            "ami": "ami-0c55b159cbfafe1f0",
            "arn": "arn:aws:ec2:us-east-2:050752615223:instance/i-061e049c7cf9b19ff",
            "associate_public_ip_address": false,
            "availability_zone": "us-east-2a",
            "capacity_reservation_specification": [
              {
                "capacity_reservation_preference": "open",
                "capacity_reservation_target": []
              }
            ],
            "cpu_core_count": 1,
            "cpu_options": [
              {
                "amd_sev_snp": "",
                "core_count": 1,
                "threads_per_core": 1
              }
            ],
            "cpu_threads_per_core": 1,
            "credit_specification": [
              {
                "cpu_credits": "standard"
              }
            ],
            "disable_api_stop": false,
            "disable_api_termination": false,
            "ebs_block_device": [],
            "ebs_optimized": false,
            "enable_primary_ipv6": null,
            "enclave_options": [
              {
                "enabled": false
              }
            ],
            "ephemeral_block_device": [],
            "get_password_data": false,
            "hibernation": false,
            "host_id": "",
            "host_resource_group_arn": null,
            "iam_instance_profile": "",
            "id": "i-061e049c7cf9b19ff",
            "instance_initiated_shutdown_behavior": "stop",
            "instance_lifecycle": "",
            "instance_market_options": [],
            "instance_state": "running",
            "instance_type": "t2.nano",
            "ipv6_address_count": 0,
            "ipv6_addresses": [],
            "key_name": "bastion-key",
            "launch_template": [],
            "maintenance_options": [
              {
                "auto_recovery": "default"
              }
            ],
            "metadata_options": [
              {
                "http_endpoint": "enabled",
                "http_protocol_ipv6": "disabled",
                "http_put_response_hop_limit": 1,
                "http_tokens": "optional",
                "instance_metadata_tags": "disabled"
              }
            ],
            "monitoring": false,
            "network_interface": [],
            "outpost_arn": "",
            "password_data": "",
            "placement_group": "",
            "placement_partition_number": 0,
            "primary_network_interface_id": "eni-04baf5a6bfd1cd5d1",
            "private_dns": "ip-10-0-1-230.us-east-2.compute.internal",
            "private_dns_name_options": [
              {
                "enable_resource_name_dns_a_record": false,
                "enable_resource_name_dns_aaaa_record": false,
                "hostname_type": "ip-name"
              }
            ],
            "private_ip": "10.0.1.230",
            "public_dns": "",
            "public_ip": "",
            "root_block_device": [
              {
                "delete_on_termination": true,
                "device_name": "/dev/sda1",
                "encrypted": false,
                "iops": 100,
                "kms_key_id": "",
                "tags": {},
                "tags_all": {},
                "throughput": 0,
                "volume_id": "vol-0ec5f7bfc91d95977",
                "volume_size": 8,
                "volume_type": "gp2"
              }
            ],
            "secondary_private_ips": [],
            "security_groups": [],
            "source_dest_check": true,
            "spot_instance_request_id": "",
            "subnet_id": "subnet-045f9e4ec3ab99545",
            "tags": {
              "Name": "worker-node"
            },
            "tags_all": {
              "Name": "worker-node"
            },
            "tenancy": "default",
            "timeouts": {
              "create": null,
              "delete": null,
              "read": null,
              "update": null
            },
            "user_data": "a6e1c896cc45565f03f0b10821156dd97cb5ffe4",
            "user_data_base64": null,
            "user_data_replace_on_change": false,
            "volume_tags": {
              "Name": "worker-node"
            },
            "vpc_security_group_ids": [
              "sg-07bee34660e04e49a"
            ]
          },
          "sensitive_attributes": [],
          "private": "eyJlMmJmYjczMC1lY2FhLTExZTYtOGY4OC0zNDM2M2JjN2M0YzAiOnsiY3JlYXRlIjo2MDAwMDAwMDAwMDAsImRlbGV0ZSI6MTIwMDAwMDAwMDAwMCwicmVhZCI6OTAwMDAwMDAwMDAwLCJ1cGRhdGUiOjYwMDAwMDAwMDAwMH0sInNjaGVtYV92ZXJzaW9uIjoiMSJ9",
          "dependencies": [
            "aws_key_pair.bastion_key",
            "module.security_groups.module.worker_sg.aws_security_group.this",
            "module.security_groups.module.worker_sg.aws_security_group.this_name_prefix",
            "module.vpc.module.vpc.aws_subnet.private",
            "module.vpc.module.vpc.aws_vpc.this",
            "module.vpc.module.vpc.aws_vpc_ipv4_cidr_block_association.this",
            "module.workers.module.worker_nodes.aws_iam_instance_profile.this",
            "module.workers.module.worker_nodes.data.aws_ssm_parameter.this",
            "tls_private_key.bastion_key"
          ]
        }
      ]
    }
  ],
  "check_results": null
}
