{
  "version": 4,
  "terraform_version": "1.5.7",
  "serial": 987,
  "lineage": "19c0be75-ab07-0077-e8b4-e353cec17311",
  "outputs": {
    "bastion_id": {
      "value": "i-0d8b2415a9f6bb739",
      "type": "string"
    },
    "bastion_private_ip": {
      "value": "10.0.101.149",
      "type": "string"
    },
    "bastion_private_key_path": {
      "value": "./bastion-key.pem",
      "type": "string",
      "sensitive": true
    },
    "bastion_public_ip": {
      "value": "3.22.68.16",
      "type": "string"
    },
    "bastion_security_group_id": {
      "value": "sg-046fe43dc52f4f017",
      "type": "string"
    },
    "private_subnets": {
      "value": [
        "subnet-039dd2ffae3a7be77",
        "subnet-08a59be02c1cf0eae"
      ],
      "type": [
        "tuple",
        [
          "string",
          "string"
        ]
      ]
    },
    "public_subnets": {
      "value": [
        "subnet-0515d15be7523c315",
        "subnet-07539af0699324d8c"
      ],
      "type": [
        "tuple",
        [
          "string",
          "string"
        ]
      ]
    },
    "vpc_id": {
      "value": "vpc-04c1eff82b8d89134",
      "type": "string"
    },
    "worker_instance_ids": {
      "value": [
        "i-092eb3ea855fd1882",
        "i-0abf4cb78b1c8b9f7",
        "i-04b200961180e207b",
        "i-0064f034f2f92e169",
        "i-0a38f61c57e06f99f"
      ],
      "type": [
        "tuple",
        [
          "string",
          "string",
          "string",
          "string",
          "string"
        ]
      ]
    },
    "worker_private_ips": {
      "value": [
        "10.0.1.75",
        "10.0.1.94",
        "10.0.1.106",
        "10.0.1.211",
        "10.0.1.46"
      ],
      "type": [
        "tuple",
        [
          "string",
          "string",
          "string",
          "string",
          "string"
        ]
      ]
    },
    "worker_security_group_id": {
      "value": "sg-047efd29cdfa25da8",
      "type": "string"
    }
  },
  "resources": [
    {
      "mode": "managed",
      "type": "aws_key_pair",
      "name": "bastion_key",
      "provider": "provider[\"registry.terraform.io/hashicorp/aws\"]",
      "instances": [
        {
          "schema_version": 1,
          "attributes": {
            "arn": "arn:aws:ec2:us-east-2:050752615223:key-pair/bastion-key",
            "fingerprint": "7e:b3:c4:73:67:36:f9:2e:fc:7c:1f:1c:6e:b2:56:78",
            "id": "bastion-key",
            "key_name": "bastion-key",
            "key_name_prefix": "",
            "key_pair_id": "key-02b1e1730f2f67c94",
            "key_type": "rsa",
            "public_key": "ssh-rsa AAAAB3NzaC1yc2EAAAADAQABAAABAQDkvE7BTw36A4hWTuxAJ61Y6OHx9PSWpamn8VjhDayVNmggjIuVkWZB/kMV7p63WHNabp7NfClfNmOXBvpUD26jSa/sKhjw0MV9aVvUEFtlQXZv0OGTkMGPjzMFua7bceWYS0ROXzGZimVT8Nyf3kkaYNbwIMMLaqsflG+Lbg5/n9Dmehe/zfPtpXLz4drTZD4ESZgl81tBvZU3ZBUwIgK0pp7Ho0qdeIrPHd4kioEoBFb3teqJGryRFuWKtGW0ZNSHzIstL9nkutvQfyETf6JEtOHCDuWflKsSGaWFrVu8js9drE+3NkZSzgJtUVSvmDnUGOUS3rTB9kSFDPF4wPFl",
            "tags": null,
            "tags_all": {}
          },
          "sensitive_attributes": [],
          "private": "eyJzY2hlbWFfdmVyc2lvbiI6IjEifQ==",
          "dependencies": [
            "tls_private_key.bastion_key"
          ]
        }
      ]
    },
    {
      "mode": "managed",
      "type": "local_file",
      "name": "bastion_private_key",
      "provider": "provider[\"registry.terraform.io/hashicorp/local\"]",
      "instances": [
        {
          "schema_version": 0,
          "attributes": {
            "content": "-----BEGIN RSA PRIVATE KEY-----\nMIIEowIBAAKCAQEA5LxOwU8N+gOIVk7sQCetWOjh8fT0lqWpp/FY4Q2slTZoIIyL\nlZFmQf5DFe6et1hzWm6ezXwpXzZjlwb6VA9uo0mv7CoY8NDFfWlb1BBbZUF2b9Dh\nk5DBj48zBbmu23HlmEtETl8xmYplU/Dcn95JGmDW8CDDC2qrH5Rvi24Of5/Q5noX\nv83z7aVy8+Ha02Q+BEmYJfNbQb2VN2QVMCICtKaex6NKnXiKzx3eJIqBKARW97Xq\niRq8kRblirRltGTUh8yLLS/Z5Lrb0H8hE3+iRLThwg7ln5SrEhmlha1bvI7PXaxP\ntzZGUs4CbVFUr5g51BjlEt60wfZEhQzxeMDxZQIDAQABAoIBAHPV3ThONbDIOzIi\nM8hlj4b4IPxsZbUo3hsbwTvvtde2vtLE+idbg+KlxgmEV0JYe8pvPOKpHzaFj7e7\nI+iQDCKLPZkm1IyX3XuecI+bXP2RQk5sBOC7LRrrlRYwK5ocOv5+F3BtCuxLxvbU\ngpY/dtvx8MeYf833TgPnIvoEWTlNm8yGHE7a6wIyai7oAPcj6GCcBXsGV3hTumj7\nZB/5K8cgfjplq/OQQKc5R1/tTH0toeeBoq3DT6yz2Au+C9fsze4Xw7njHR8+nO5I\n/a0MBUSxxSgwO9X2++CJMJ1n470pHNGIpIuwipas0MXKpXiwB9SlmBdqGfh/8fzb\nlVxubKECgYEA6/prg2h/JIfdnuyB/B3jkIauODImtRtpx524Q80QOUNoJpCXBPyq\nZxB3rua6RJaUwtpANlIoOO0a4BKAiTVzh9v+GU/oqLKUfgaQjWQCfpFfaAtZRmav\nwYOOF3i+1IKd3U6TfaT6vtI5IiOoriM+fYt4e/pF6R+wYQgpJ6VK0xkCgYEA+CSS\n343+fdfKAB+ze/QHR709STxsJJMravSy0iPdFUkxp6c9dyGEY+DCIh6PrhEtME9y\nN1DzAyCk+EpgZtQEMNOYMKxkTW6QMV488gExBW15LJhwZtfuMVlgTAblXw3331Fx\nradY6FG2ObRY6E1pvJ4sMdxA4gN2ZPllI/EJRi0CgYAeBcQ7+cWDTk3h9FEtVFgp\ngRkVSTwneo9guC5DYgmYX30WuvqbxdGgPzYa6Hv2UfonOEFHJ/i6FWB/9Zqo2kYS\nmOihK8t7+wxtZERr2LeAhtpOkHMRQ+tEgYpIbjJJMz0GdQLKz3yfXnuqXkMNtKo0\nqtPvYg4W9NMp5THnO15jsQKBgQCbbIUWQ2Eov3WF2FVaiUHaHFz7tz3hNtEWIAi1\neMMsZvkUErt8F+FNkeTm7A+Arr+IJ+rZXPmpdtP9tNBm99tcHdyQeBonKd5lHaq8\nxiRHSwd/+EdHE27dOCcJ17Ppct1T4jZ613vnn+6sfBrH/l0BSG1UGaoGJrcMje1c\nssflTQKBgCkzE+IP+AWgRYU1RKOpH3ni+98Ja2bUk8RIOiRUgHU32SKhh2vha8s5\nGMFIFFoQhanfWh3F2wYwWyrkgrIHShjaj1TmrYjRvXsWwT2hzQx4GD3y2b+QTRHe\n5rmKXp58yoNZd0J3JaB4HMJCaIJQ0JTOUAFashNJAF+ebuJqUwoP\n-----END RSA PRIVATE KEY-----\n",
            "content_base64": null,
            "content_base64sha256": "x/cjmtAAy/rvAK6UvMLQpWZw59rZD4VNMhKCn5fsTvI=",
            "content_base64sha512": "D0SElJZ21H+PK98XOG6uQLSdcSG4BULTnLz8TJPLGoWvKe3aPdEk54ORYeL6FaPC4fnYPWgrLskU9N7Hs146Ew==",
            "content_md5": "ca882241bf0eafd080e1a5e996fb73c3",
            "content_sha1": "46891bdaf0d7e64b4f919a6ac1269538af42fad0",
            "content_sha256": "c7f7239ad000cbfaef00ae94bcc2d0a56670e7dad90f854d3212829f97ec4ef2",
            "content_sha512": "0f4484949676d47f8f2bdf17386eae40b49d7121b80542d39cbcfc4c93cb1a85af29edda3dd124e7839161e2fa15a3c2e1f9d83d682b2ec914f4dec7b35e3a13",
            "directory_permission": "0777",
            "file_permission": "0600",
            "filename": "./bastion-key.pem",
            "id": "46891bdaf0d7e64b4f919a6ac1269538af42fad0",
            "sensitive_content": null,
            "source": null
          },
          "sensitive_attributes": [
            [
              {
                "type": "get_attr",
                "value": "content"
              }
            ]
          ],
          "dependencies": [
            "tls_private_key.bastion_key"
          ]
        }
      ]
    },
    {
      "mode": "managed",
      "type": "tls_private_key",
      "name": "bastion_key",
      "provider": "provider[\"registry.terraform.io/hashicorp/tls\"]",
      "instances": [
        {
          "schema_version": 1,
          "attributes": {
            "algorithm": "RSA",
            "ecdsa_curve": "P224",
            "id": "d0f7b86dee95f6a5ffd02ac13590a56f6cabeb09",
            "private_key_openssh": "-----BEGIN OPENSSH PRIVATE KEY-----\nb3BlbnNzaC1rZXktdjEAAAAABG5vbmUAAAAEbm9uZQAAAAAAAAABAAABFwAAAAdz\nc2gtcnNhAAAAAwEAAQAAAQEA5LxOwU8N+gOIVk7sQCetWOjh8fT0lqWpp/FY4Q2s\nlTZoIIyLlZFmQf5DFe6et1hzWm6ezXwpXzZjlwb6VA9uo0mv7CoY8NDFfWlb1BBb\nZUF2b9Dhk5DBj48zBbmu23HlmEtETl8xmYplU/Dcn95JGmDW8CDDC2qrH5Rvi24O\nf5/Q5noXv83z7aVy8+Ha02Q+BEmYJfNbQb2VN2QVMCICtKaex6NKnXiKzx3eJIqB\nKARW97XqiRq8kRblirRltGTUh8yLLS/Z5Lrb0H8hE3+iRLThwg7ln5SrEhmlha1b\nvI7PXaxPtzZGUs4CbVFUr5g51BjlEt60wfZEhQzxeMDxZQAAA7hxjzZlcY82ZQAA\nAAdzc2gtcnNhAAABAQDkvE7BTw36A4hWTuxAJ61Y6OHx9PSWpamn8VjhDayVNmgg\njIuVkWZB/kMV7p63WHNabp7NfClfNmOXBvpUD26jSa/sKhjw0MV9aVvUEFtlQXZv\n0OGTkMGPjzMFua7bceWYS0ROXzGZimVT8Nyf3kkaYNbwIMMLaqsflG+Lbg5/n9Dm\nehe/zfPtpXLz4drTZD4ESZgl81tBvZU3ZBUwIgK0pp7Ho0qdeIrPHd4kioEoBFb3\nteqJGryRFuWKtGW0ZNSHzIstL9nkutvQfyETf6JEtOHCDuWflKsSGaWFrVu8js9d\nrE+3NkZSzgJtUVSvmDnUGOUS3rTB9kSFDPF4wPFlAAAAAwEAAQAAAQBz1d04TjWw\nyDsyIjPIZY+G+CD8bGW1KN4bG8E777XXtr7SxPonW4PipcYJhFdCWHvKbzziqR82\nhY+3uyPokAwiiz2ZJtSMl917nnCPm1z9kUJObATguy0a65UWMCuaHDr+fhdwbQrs\nS8b21IKWP3bb8fDHmH/N904D5yL6BFk5TZvMhhxO2usCMmou6AD3I+hgnAV7Bld4\nU7po+2Qf+SvHIH46ZavzkECnOUdf7Ux9LaHngaKtw0+ss9gLvgvX7M3uF8O54x0f\nPpzuSP2tDAVEscUoMDvV9vvgiTCdZ+O9KRzRiKSLsIqWrNDFyqV4sAfUpZgXahn4\nf/H825VcbmyhAAAAgCkzE+IP+AWgRYU1RKOpH3ni+98Ja2bUk8RIOiRUgHU32SKh\nh2vha8s5GMFIFFoQhanfWh3F2wYwWyrkgrIHShjaj1TmrYjRvXsWwT2hzQx4GD3y\n2b+QTRHe5rmKXp58yoNZd0J3JaB4HMJCaIJQ0JTOUAFashNJAF+ebuJqUwoPAAAA\ngQDr+muDaH8kh92e7IH8HeOQhq44Mia1G2nHnbhDzRA5Q2gmkJcE/KpnEHeu5rpE\nlpTC2kA2Uig47RrgEoCJNXOH2/4ZT+iospR+BpCNZAJ+kV9oC1lGZq/Bg44XeL7U\ngp3dTpN9pPq+0jkiI6iuIz59i3h7+kXpH7BhCCknpUrTGQAAAIEA+CSS343+fdfK\nAB+ze/QHR709STxsJJMravSy0iPdFUkxp6c9dyGEY+DCIh6PrhEtME9yN1DzAyCk\n+EpgZtQEMNOYMKxkTW6QMV488gExBW15LJhwZtfuMVlgTAblXw3331FxradY6FG2\nObRY6E1pvJ4sMdxA4gN2ZPllI/EJRi0AAAAAAQID\n-----END OPENSSH PRIVATE KEY-----\n",
            "private_key_pem": "-----BEGIN RSA PRIVATE KEY-----\nMIIEowIBAAKCAQEA5LxOwU8N+gOIVk7sQCetWOjh8fT0lqWpp/FY4Q2slTZoIIyL\nlZFmQf5DFe6et1hzWm6ezXwpXzZjlwb6VA9uo0mv7CoY8NDFfWlb1BBbZUF2b9Dh\nk5DBj48zBbmu23HlmEtETl8xmYplU/Dcn95JGmDW8CDDC2qrH5Rvi24Of5/Q5noX\nv83z7aVy8+Ha02Q+BEmYJfNbQb2VN2QVMCICtKaex6NKnXiKzx3eJIqBKARW97Xq\niRq8kRblirRltGTUh8yLLS/Z5Lrb0H8hE3+iRLThwg7ln5SrEhmlha1bvI7PXaxP\ntzZGUs4CbVFUr5g51BjlEt60wfZEhQzxeMDxZQIDAQABAoIBAHPV3ThONbDIOzIi\nM8hlj4b4IPxsZbUo3hsbwTvvtde2vtLE+idbg+KlxgmEV0JYe8pvPOKpHzaFj7e7\nI+iQDCKLPZkm1IyX3XuecI+bXP2RQk5sBOC7LRrrlRYwK5ocOv5+F3BtCuxLxvbU\ngpY/dtvx8MeYf833TgPnIvoEWTlNm8yGHE7a6wIyai7oAPcj6GCcBXsGV3hTumj7\nZB/5K8cgfjplq/OQQKc5R1/tTH0toeeBoq3DT6yz2Au+C9fsze4Xw7njHR8+nO5I\n/a0MBUSxxSgwO9X2++CJMJ1n470pHNGIpIuwipas0MXKpXiwB9SlmBdqGfh/8fzb\nlVxubKECgYEA6/prg2h/JIfdnuyB/B3jkIauODImtRtpx524Q80QOUNoJpCXBPyq\nZxB3rua6RJaUwtpANlIoOO0a4BKAiTVzh9v+GU/oqLKUfgaQjWQCfpFfaAtZRmav\nwYOOF3i+1IKd3U6TfaT6vtI5IiOoriM+fYt4e/pF6R+wYQgpJ6VK0xkCgYEA+CSS\n343+fdfKAB+ze/QHR709STxsJJMravSy0iPdFUkxp6c9dyGEY+DCIh6PrhEtME9y\nN1DzAyCk+EpgZtQEMNOYMKxkTW6QMV488gExBW15LJhwZtfuMVlgTAblXw3331Fx\nradY6FG2ObRY6E1pvJ4sMdxA4gN2ZPllI/EJRi0CgYAeBcQ7+cWDTk3h9FEtVFgp\ngRkVSTwneo9guC5DYgmYX30WuvqbxdGgPzYa6Hv2UfonOEFHJ/i6FWB/9Zqo2kYS\nmOihK8t7+wxtZERr2LeAhtpOkHMRQ+tEgYpIbjJJMz0GdQLKz3yfXnuqXkMNtKo0\nqtPvYg4W9NMp5THnO15jsQKBgQCbbIUWQ2Eov3WF2FVaiUHaHFz7tz3hNtEWIAi1\neMMsZvkUErt8F+FNkeTm7A+Arr+IJ+rZXPmpdtP9tNBm99tcHdyQeBonKd5lHaq8\nxiRHSwd/+EdHE27dOCcJ17Ppct1T4jZ613vnn+6sfBrH/l0BSG1UGaoGJrcMje1c\nssflTQKBgCkzE+IP+AWgRYU1RKOpH3ni+98Ja2bUk8RIOiRUgHU32SKhh2vha8s5\nGMFIFFoQhanfWh3F2wYwWyrkgrIHShjaj1TmrYjRvXsWwT2hzQx4GD3y2b+QTRHe\n5rmKXp58yoNZd0J3JaB4HMJCaIJQ0JTOUAFashNJAF+ebuJqUwoP\n-----END RSA PRIVATE KEY-----\n",
            "private_key_pem_pkcs8": "-----BEGIN PRIVATE KEY-----\nMIIEvQIBADANBgkqhkiG9w0BAQEFAASCBKcwggSjAgEAAoIBAQDkvE7BTw36A4hW\nTuxAJ61Y6OHx9PSWpamn8VjhDayVNmggjIuVkWZB/kMV7p63WHNabp7NfClfNmOX\nBvpUD26jSa/sKhjw0MV9aVvUEFtlQXZv0OGTkMGPjzMFua7bceWYS0ROXzGZimVT\n8Nyf3kkaYNbwIMMLaqsflG+Lbg5/n9Dmehe/zfPtpXLz4drTZD4ESZgl81tBvZU3\nZBUwIgK0pp7Ho0qdeIrPHd4kioEoBFb3teqJGryRFuWKtGW0ZNSHzIstL9nkutvQ\nfyETf6JEtOHCDuWflKsSGaWFrVu8js9drE+3NkZSzgJtUVSvmDnUGOUS3rTB9kSF\nDPF4wPFlAgMBAAECggEAc9XdOE41sMg7MiIzyGWPhvgg/GxltSjeGxvBO++117a+\n0sT6J1uD4qXGCYRXQlh7ym884qkfNoWPt7sj6JAMIos9mSbUjJfde55wj5tc/ZFC\nTmwE4LstGuuVFjArmhw6/n4XcG0K7EvG9tSClj922/Hwx5h/zfdOA+ci+gRZOU2b\nzIYcTtrrAjJqLugA9yPoYJwFewZXeFO6aPtkH/krxyB+OmWr85BApzlHX+1MfS2h\n54GircNPrLPYC74L1+zN7hfDueMdHz6c7kj9rQwFRLHFKDA71fb74IkwnWfjvSkc\n0Yiki7CKlqzQxcqleLAH1KWYF2oZ+H/x/NuVXG5soQKBgQDr+muDaH8kh92e7IH8\nHeOQhq44Mia1G2nHnbhDzRA5Q2gmkJcE/KpnEHeu5rpElpTC2kA2Uig47RrgEoCJ\nNXOH2/4ZT+iospR+BpCNZAJ+kV9oC1lGZq/Bg44XeL7Ugp3dTpN9pPq+0jkiI6iu\nIz59i3h7+kXpH7BhCCknpUrTGQKBgQD4JJLfjf5918oAH7N79AdHvT1JPGwkkytq\n9LLSI90VSTGnpz13IYRj4MIiHo+uES0wT3I3UPMDIKT4SmBm1AQw05gwrGRNbpAx\nXjzyATEFbXksmHBm1+4xWWBMBuVfDfffUXGtp1joUbY5tFjoTWm8niwx3EDiA3Zk\n+WUj8QlGLQKBgB4FxDv5xYNOTeH0US1UWCmBGRVJPCd6j2C4LkNiCZhffRa6+pvF\n0aA/Nhroe/ZR+ic4QUcn+LoVYH/1mqjaRhKY6KEry3v7DG1kRGvYt4CG2k6QcxFD\n60SBikhuMkkzPQZ1AsrPfJ9ee6peQw20qjSq0+9iDhb00ynlMec7XmOxAoGBAJts\nhRZDYSi/dYXYVVqJQdocXPu3PeE20RYgCLV4wyxm+RQSu3wX4U2R5ObsD4Cuv4gn\n6tlc+al20/200Gb321wd3JB4Gicp3mUdqrzGJEdLB3/4R0cTbt04JwnXs+ly3VPi\nNnrXe+ef7qx8Gsf+XQFIbVQZqgYmtwyN7Vyyx+VNAoGAKTMT4g/4BaBFhTVEo6kf\neeL73wlrZtSTxEg6JFSAdTfZIqGHa+FryzkYwUgUWhCFqd9aHcXbBjBbKuSCsgdK\nGNqPVOatiNG9exbBPaHNDHgYPfLZv5BNEd7muYpennzKg1l3QncloHgcwkJoglDQ\nlM5QAVqyE0kAX55u4mpTCg8=\n-----END PRIVATE KEY-----\n",
            "public_key_fingerprint_md5": "48:11:91:a0:8d:10:64:a9:1b:20:8e:bb:30:37:1b:50",
            "public_key_fingerprint_sha256": "SHA256:ykjeLcCpD8rB8hvR8zE4806U9aRRt1Hnrbe4z2iTXZw",
            "public_key_openssh": "ssh-rsa AAAAB3NzaC1yc2EAAAADAQABAAABAQDkvE7BTw36A4hWTuxAJ61Y6OHx9PSWpamn8VjhDayVNmggjIuVkWZB/kMV7p63WHNabp7NfClfNmOXBvpUD26jSa/sKhjw0MV9aVvUEFtlQXZv0OGTkMGPjzMFua7bceWYS0ROXzGZimVT8Nyf3kkaYNbwIMMLaqsflG+Lbg5/n9Dmehe/zfPtpXLz4drTZD4ESZgl81tBvZU3ZBUwIgK0pp7Ho0qdeIrPHd4kioEoBFb3teqJGryRFuWKtGW0ZNSHzIstL9nkutvQfyETf6JEtOHCDuWflKsSGaWFrVu8js9drE+3NkZSzgJtUVSvmDnUGOUS3rTB9kSFDPF4wPFl\n",
            "public_key_pem": "-----BEGIN PUBLIC KEY-----\nMIIBIjANBgkqhkiG9w0BAQEFAAOCAQ8AMIIBCgKCAQEA5LxOwU8N+gOIVk7sQCet\nWOjh8fT0lqWpp/FY4Q2slTZoIIyLlZFmQf5DFe6et1hzWm6ezXwpXzZjlwb6VA9u\no0mv7CoY8NDFfWlb1BBbZUF2b9Dhk5DBj48zBbmu23HlmEtETl8xmYplU/Dcn95J\nGmDW8CDDC2qrH5Rvi24Of5/Q5noXv83z7aVy8+Ha02Q+BEmYJfNbQb2VN2QVMCIC\ntKaex6NKnXiKzx3eJIqBKARW97XqiRq8kRblirRltGTUh8yLLS/Z5Lrb0H8hE3+i\nRLThwg7ln5SrEhmlha1bvI7PXaxPtzZGUs4CbVFUr5g51BjlEt60wfZEhQzxeMDx\nZQIDAQAB\n-----END PUBLIC KEY-----\n",
            "rsa_bits": 2048
          },
          "sensitive_attributes": []
        }
      ]
    },
    {
      "module": "module.bastion.module.bastion",
      "mode": "data",
      "type": "aws_partition",
      "name": "current",
      "provider": "provider[\"registry.terraform.io/hashicorp/aws\"]",
      "instances": [
        {
          "schema_version": 0,
          "attributes": {
            "dns_suffix": "amazonaws.com",
            "id": "aws",
            "partition": "aws",
            "reverse_dns_prefix": "com.amazonaws"
          },
          "sensitive_attributes": []
        }
      ]
    },
    {
      "module": "module.bastion.module.bastion",
      "mode": "managed",
      "type": "aws_instance",
      "name": "this",
      "provider": "provider[\"registry.terraform.io/hashicorp/aws\"]",
      "instances": [
        {
          "index_key": 0,
          "schema_version": 1,
          "attributes": {
            "ami": "ami-0c55b159cbfafe1f0",
            "arn": "arn:aws:ec2:us-east-2:050752615223:instance/i-0d8b2415a9f6bb739",
            "associate_public_ip_address": true,
            "availability_zone": "us-east-2a",
            "capacity_reservation_specification": [
              {
                "capacity_reservation_preference": "open",
                "capacity_reservation_target": []
              }
            ],
            "cpu_core_count": 1,
            "cpu_options": [
              {
                "amd_sev_snp": "",
                "core_count": 1,
                "threads_per_core": 1
              }
            ],
            "cpu_threads_per_core": 1,
            "credit_specification": [
              {
                "cpu_credits": "standard"
              }
            ],
            "disable_api_stop": false,
            "disable_api_termination": false,
            "ebs_block_device": [],
            "ebs_optimized": false,
            "enable_primary_ipv6": null,
            "enclave_options": [
              {
                "enabled": false
              }
            ],
            "ephemeral_block_device": [],
            "get_password_data": false,
            "hibernation": false,
            "host_id": "",
            "host_resource_group_arn": null,
            "iam_instance_profile": "",
            "id": "i-0d8b2415a9f6bb739",
            "instance_initiated_shutdown_behavior": "stop",
            "instance_lifecycle": "",
            "instance_market_options": [],
            "instance_state": "running",
            "instance_type": "t2.micro",
            "ipv6_address_count": 0,
            "ipv6_addresses": [],
            "key_name": "bastion-key",
            "launch_template": [],
            "maintenance_options": [
              {
                "auto_recovery": "default"
              }
            ],
            "metadata_options": [
              {
                "http_endpoint": "enabled",
                "http_protocol_ipv6": "disabled",
                "http_put_response_hop_limit": 1,
                "http_tokens": "optional",
                "instance_metadata_tags": "disabled"
              }
            ],
            "monitoring": false,
            "network_interface": [],
            "outpost_arn": "",
            "password_data": "",
            "placement_group": "",
            "placement_partition_number": 0,
            "primary_network_interface_id": "eni-080d0b1b14a205bc7",
            "private_dns": "ip-10-0-101-149.us-east-2.compute.internal",
            "private_dns_name_options": [
              {
                "enable_resource_name_dns_a_record": false,
                "enable_resource_name_dns_aaaa_record": false,
                "hostname_type": "ip-name"
              }
            ],
            "private_ip": "10.0.101.149",
            "public_dns": "ec2-3-22-68-16.us-east-2.compute.amazonaws.com",
            "public_ip": "3.22.68.16",
            "root_block_device": [
              {
                "delete_on_termination": true,
                "device_name": "/dev/sda1",
                "encrypted": false,
                "iops": 100,
                "kms_key_id": "",
                "tags": {},
                "tags_all": {},
                "throughput": 0,
                "volume_id": "vol-05c42d381b59749ed",
                "volume_size": 8,
                "volume_type": "gp2"
              }
            ],
            "secondary_private_ips": [],
            "security_groups": [],
            "source_dest_check": true,
            "spot_instance_request_id": "",
            "subnet_id": "subnet-0515d15be7523c315",
            "tags": {
              "Name": "bastion-host"
            },
            "tags_all": {
              "Name": "bastion-host"
            },
            "tenancy": "default",
            "timeouts": {
              "create": null,
              "delete": null,
              "read": null,
              "update": null
            },
            "user_data": null,
            "user_data_base64": null,
            "user_data_replace_on_change": false,
            "volume_tags": {
              "Name": "bastion-host"
            },
            "vpc_security_group_ids": [
              "sg-046fe43dc52f4f017"
            ]
          },
          "sensitive_attributes": [],
          "private": "eyJlMmJmYjczMC1lY2FhLTExZTYtOGY4OC0zNDM2M2JjN2M0YzAiOnsiY3JlYXRlIjo2MDAwMDAwMDAwMDAsImRlbGV0ZSI6MTIwMDAwMDAwMDAwMCwicmVhZCI6OTAwMDAwMDAwMDAwLCJ1cGRhdGUiOjYwMDAwMDAwMDAwMH0sInNjaGVtYV92ZXJzaW9uIjoiMSJ9",
          "dependencies": [
            "aws_key_pair.bastion_key",
            "module.bastion.module.bastion.aws_iam_instance_profile.this",
            "module.bastion.module.bastion.data.aws_ssm_parameter.this",
            "module.security_groups.module.bastion_sg.aws_security_group.this",
            "module.security_groups.module.bastion_sg.aws_security_group.this_name_prefix",
            "module.vpc.module.vpc.aws_subnet.public",
            "module.vpc.module.vpc.aws_vpc.this",
            "module.vpc.module.vpc.aws_vpc_ipv4_cidr_block_association.this",
            "tls_private_key.bastion_key"
          ]
        }
      ]
    },
    {
      "module": "module.security_groups",
      "mode": "data",
      "type": "http",
      "name": "my_ip",
      "provider": "provider[\"registry.terraform.io/hashicorp/http\"]",
      "instances": [
        {
          "schema_version": 0,
          "attributes": {
            "body": "208.184.176.210",
            "ca_cert_pem": null,
            "id": "https://ifconfig.me",
            "insecure": null,
            "method": null,
            "request_body": null,
            "request_headers": null,
            "request_timeout_ms": null,
            "response_body": "208.184.176.210",
            "response_body_base64": "MjA4LjE4NC4xNzYuMjEw",
            "response_headers": {
              "Access-Control-Allow-Origin": "*",
              "Alt-Svc": "h3=\":443\"; ma=2592000,h3-29=\":443\"; ma=2592000",
              "Content-Length": "15",
              "Content-Type": "text/plain",
              "Date": "Wed, 12 Feb 2025 21:21:14 GMT",
              "Via": "1.1 google"
            },
            "retry": null,
            "status_code": 200,
            "url": "https://ifconfig.me"
          },
          "sensitive_attributes": []
        }
      ]
    },
    {
      "module": "module.security_groups.module.bastion_sg",
      "mode": "managed",
      "type": "aws_security_group",
      "name": "this_name_prefix",
      "provider": "provider[\"registry.terraform.io/hashicorp/aws\"]",
      "instances": [
        {
          "index_key": 0,
          "schema_version": 1,
          "attributes": {
            "arn": "arn:aws:ec2:us-east-2:050752615223:security-group/sg-046fe43dc52f4f017",
            "description": "Security Group managed by Terraform",
            "egress": [],
            "id": "sg-046fe43dc52f4f017",
            "ingress": [],
            "name": "bastion-sg-20250212212133180700000005",
            "name_prefix": "bastion-sg-",
            "owner_id": "050752615223",
            "revoke_rules_on_delete": false,
            "tags": {
              "Name": "bastion-sg"
            },
            "tags_all": {
              "Name": "bastion-sg"
            },
            "timeouts": {
              "create": "10m",
              "delete": "15m"
            },
            "vpc_id": "vpc-04c1eff82b8d89134"
          },
          "sensitive_attributes": [],
          "private": "eyJlMmJmYjczMC1lY2FhLTExZTYtOGY4OC0zNDM2M2JjN2M0YzAiOnsiY3JlYXRlIjo2MDAwMDAwMDAwMDAsImRlbGV0ZSI6OTAwMDAwMDAwMDAwfSwic2NoZW1hX3ZlcnNpb24iOiIxIn0=",
          "dependencies": [
            "module.vpc.module.vpc.aws_vpc.this"
          ],
          "create_before_destroy": true
        }
      ]
    },
    {
      "module": "module.security_groups.module.bastion_sg",
      "mode": "managed",
      "type": "aws_security_group_rule",
      "name": "egress_with_cidr_blocks",
      "provider": "provider[\"registry.terraform.io/hashicorp/aws\"]",
      "instances": [
        {
          "index_key": 0,
          "schema_version": 2,
          "attributes": {
            "cidr_blocks": [
              "0.0.0.0/0"
            ],
            "description": "Egress Rule",
            "from_port": 0,
            "id": "sgrule-1720142420",
            "ipv6_cidr_blocks": null,
            "prefix_list_ids": null,
            "protocol": "-1",
            "security_group_id": "sg-046fe43dc52f4f017",
            "security_group_rule_id": "sgr-064859cc286e72ecb",
            "self": false,
            "source_security_group_id": null,
            "timeouts": null,
            "to_port": 0,
            "type": "egress"
          },
          "sensitive_attributes": [],
          "private": "eyJlMmJmYjczMC1lY2FhLTExZTYtOGY4OC0zNDM2M2JjN2M0YzAiOnsiY3JlYXRlIjozMDAwMDAwMDAwMDB9LCJzY2hlbWFfdmVyc2lvbiI6IjIifQ==",
          "dependencies": [
            "module.security_groups.module.bastion_sg.aws_security_group.this",
            "module.security_groups.module.bastion_sg.aws_security_group.this_name_prefix",
            "module.vpc.module.vpc.aws_vpc.this"
          ]
        }
      ]
    },
    {
      "module": "module.security_groups.module.bastion_sg",
      "mode": "managed",
      "type": "aws_security_group_rule",
      "name": "ingress_with_cidr_blocks",
      "provider": "provider[\"registry.terraform.io/hashicorp/aws\"]",
      "instances": [
        {
          "index_key": 0,
          "schema_version": 2,
          "attributes": {
            "cidr_blocks": [
              "208.184.176.210/32"
            ],
            "description": "Allow SSH from my IP",
            "from_port": 22,
            "id": "sgrule-3040140925",
            "ipv6_cidr_blocks": null,
            "prefix_list_ids": null,
            "protocol": "tcp",
            "security_group_id": "sg-046fe43dc52f4f017",
            "security_group_rule_id": "sgr-0645f270a5c797337",
            "self": false,
            "source_security_group_id": null,
            "timeouts": null,
            "to_port": 22,
            "type": "ingress"
          },
          "sensitive_attributes": [],
          "private": "eyJlMmJmYjczMC1lY2FhLTExZTYtOGY4OC0zNDM2M2JjN2M0YzAiOnsiY3JlYXRlIjozMDAwMDAwMDAwMDB9LCJzY2hlbWFfdmVyc2lvbiI6IjIifQ==",
          "dependencies": [
            "module.security_groups.data.http.my_ip",
            "module.security_groups.module.bastion_sg.aws_security_group.this",
            "module.security_groups.module.bastion_sg.aws_security_group.this_name_prefix",
            "module.vpc.module.vpc.aws_vpc.this"
          ]
        }
      ]
    },
    {
      "module": "module.security_groups.module.worker_sg",
      "mode": "managed",
      "type": "aws_security_group",
      "name": "this_name_prefix",
      "provider": "provider[\"registry.terraform.io/hashicorp/aws\"]",
      "instances": [
        {
          "index_key": 0,
          "schema_version": 1,
          "attributes": {
            "arn": "arn:aws:ec2:us-east-2:050752615223:security-group/sg-047efd29cdfa25da8",
            "description": "Security Group managed by Terraform",
            "egress": [],
            "id": "sg-047efd29cdfa25da8",
            "ingress": [],
            "name": "worker-sg-20250212212133151100000004",
            "name_prefix": "worker-sg-",
            "owner_id": "050752615223",
            "revoke_rules_on_delete": false,
            "tags": {
              "Name": "worker-sg"
            },
            "tags_all": {
              "Name": "worker-sg"
            },
            "timeouts": {
              "create": "10m",
              "delete": "15m"
            },
            "vpc_id": "vpc-04c1eff82b8d89134"
          },
          "sensitive_attributes": [],
          "private": "eyJlMmJmYjczMC1lY2FhLTExZTYtOGY4OC0zNDM2M2JjN2M0YzAiOnsiY3JlYXRlIjo2MDAwMDAwMDAwMDAsImRlbGV0ZSI6OTAwMDAwMDAwMDAwfSwic2NoZW1hX3ZlcnNpb24iOiIxIn0=",
          "dependencies": [
            "module.vpc.module.vpc.aws_vpc.this"
          ],
          "create_before_destroy": true
        }
      ]
    },
    {
      "module": "module.security_groups.module.worker_sg",
      "mode": "managed",
      "type": "aws_security_group_rule",
      "name": "egress_with_cidr_blocks",
      "provider": "provider[\"registry.terraform.io/hashicorp/aws\"]",
      "instances": [
        {
          "index_key": 0,
          "schema_version": 2,
          "attributes": {
            "cidr_blocks": [
              "0.0.0.0/0"
            ],
            "description": "Egress Rule",
            "from_port": 0,
            "id": "sgrule-2140858901",
            "ipv6_cidr_blocks": null,
            "prefix_list_ids": null,
            "protocol": "-1",
            "security_group_id": "sg-047efd29cdfa25da8",
            "security_group_rule_id": "sgr-0ea2a3c1a857127a0",
            "self": false,
            "source_security_group_id": null,
            "timeouts": null,
            "to_port": 0,
            "type": "egress"
          },
          "sensitive_attributes": [],
          "private": "eyJlMmJmYjczMC1lY2FhLTExZTYtOGY4OC0zNDM2M2JjN2M0YzAiOnsiY3JlYXRlIjozMDAwMDAwMDAwMDB9LCJzY2hlbWFfdmVyc2lvbiI6IjIifQ==",
          "dependencies": [
            "module.security_groups.module.worker_sg.aws_security_group.this",
            "module.security_groups.module.worker_sg.aws_security_group.this_name_prefix",
            "module.vpc.module.vpc.aws_vpc.this"
          ]
        }
      ]
    },
    {
      "module": "module.security_groups.module.worker_sg",
      "mode": "managed",
      "type": "aws_security_group_rule",
      "name": "ingress_with_source_security_group_id",
      "provider": "provider[\"registry.terraform.io/hashicorp/aws\"]",
      "instances": [
        {
          "index_key": 0,
          "schema_version": 2,
          "attributes": {
            "cidr_blocks": null,
            "description": "Ingress Rule",
            "from_port": 22,
            "id": "sgrule-3213341203",
            "ipv6_cidr_blocks": null,
            "prefix_list_ids": [],
            "protocol": "tcp",
            "security_group_id": "sg-047efd29cdfa25da8",
            "security_group_rule_id": "sgr-0affc2a2a92589c1a",
            "self": false,
            "source_security_group_id": "sg-046fe43dc52f4f017",
            "timeouts": null,
            "to_port": 22,
            "type": "ingress"
          },
          "sensitive_attributes": [],
          "private": "eyJlMmJmYjczMC1lY2FhLTExZTYtOGY4OC0zNDM2M2JjN2M0YzAiOnsiY3JlYXRlIjozMDAwMDAwMDAwMDB9LCJzY2hlbWFfdmVyc2lvbiI6IjIifQ==",
          "dependencies": [
            "module.security_groups.module.bastion_sg.aws_security_group.this",
            "module.security_groups.module.bastion_sg.aws_security_group.this_name_prefix",
            "module.security_groups.module.worker_sg.aws_security_group.this",
            "module.security_groups.module.worker_sg.aws_security_group.this_name_prefix",
            "module.vpc.module.vpc.aws_vpc.this"
          ]
        }
      ]
    },
    {
      "module": "module.vpc.module.vpc",
      "mode": "managed",
      "type": "aws_default_network_acl",
      "name": "this",
      "provider": "provider[\"registry.terraform.io/hashicorp/aws\"]",
      "instances": [
        {
          "index_key": 0,
          "schema_version": 0,
          "attributes": {
            "arn": "arn:aws:ec2:us-east-2:050752615223:network-acl/acl-04491fa2d512a7b8a",
            "default_network_acl_id": "acl-04491fa2d512a7b8a",
            "egress": [
              {
                "action": "allow",
                "cidr_block": "",
                "from_port": 0,
                "icmp_code": null,
                "icmp_type": null,
                "ipv6_cidr_block": "::/0",
                "protocol": "-1",
                "rule_no": 101,
                "to_port": 0
              },
              {
                "action": "allow",
                "cidr_block": "0.0.0.0/0",
                "from_port": 0,
                "icmp_code": null,
                "icmp_type": null,
                "ipv6_cidr_block": "",
                "protocol": "-1",
                "rule_no": 100,
                "to_port": 0
              }
            ],
            "id": "acl-04491fa2d512a7b8a",
            "ingress": [
              {
                "action": "allow",
                "cidr_block": "",
                "from_port": 0,
                "icmp_code": null,
                "icmp_type": null,
                "ipv6_cidr_block": "::/0",
                "protocol": "-1",
                "rule_no": 101,
                "to_port": 0
              },
              {
                "action": "allow",
                "cidr_block": "0.0.0.0/0",
                "from_port": 0,
                "icmp_code": null,
                "icmp_type": null,
                "ipv6_cidr_block": "",
                "protocol": "-1",
                "rule_no": 100,
                "to_port": 0
              }
            ],
            "owner_id": "050752615223",
            "subnet_ids": [
              "subnet-039dd2ffae3a7be77",
              "subnet-0515d15be7523c315",
              "subnet-07539af0699324d8c",
              "subnet-08a59be02c1cf0eae"
            ],
            "tags": {
              "Name": "console-scale-testing-vpc"
            },
            "tags_all": {
              "Name": "console-scale-testing-vpc"
            },
            "vpc_id": "vpc-04c1eff82b8d89134"
          },
          "sensitive_attributes": [],
          "private": "bnVsbA==",
          "dependencies": [
            "module.vpc.module.vpc.aws_vpc.this"
          ]
        }
      ]
    },
    {
      "module": "module.vpc.module.vpc",
      "mode": "managed",
      "type": "aws_default_route_table",
      "name": "default",
      "provider": "provider[\"registry.terraform.io/hashicorp/aws\"]",
      "instances": [
        {
          "index_key": 0,
          "schema_version": 0,
          "attributes": {
            "arn": "arn:aws:ec2:us-east-2:050752615223:route-table/rtb-01337a2b620d2d489",
            "default_route_table_id": "rtb-01337a2b620d2d489",
            "id": "rtb-01337a2b620d2d489",
            "owner_id": "050752615223",
            "propagating_vgws": null,
            "route": [],
            "tags": {
              "Name": "console-scale-testing-vpc"
            },
            "tags_all": {
              "Name": "console-scale-testing-vpc"
            },
            "timeouts": {
              "create": "5m",
              "update": "5m"
            },
            "vpc_id": "vpc-04c1eff82b8d89134"
          },
          "sensitive_attributes": [],
          "private": "eyJlMmJmYjczMC1lY2FhLTExZTYtOGY4OC0zNDM2M2JjN2M0YzAiOnsiY3JlYXRlIjozMDAwMDAwMDAwMDAsInVwZGF0ZSI6MzAwMDAwMDAwMDAwfX0=",
          "dependencies": [
            "module.vpc.module.vpc.aws_vpc.this"
          ]
        }
      ]
    },
    {
      "module": "module.vpc.module.vpc",
      "mode": "managed",
      "type": "aws_default_security_group",
      "name": "this",
      "provider": "provider[\"registry.terraform.io/hashicorp/aws\"]",
      "instances": [
        {
          "index_key": 0,
          "schema_version": 1,
          "attributes": {
            "arn": "arn:aws:ec2:us-east-2:050752615223:security-group/sg-0ac2ad18fb89b44e6",
            "description": "default VPC security group",
            "egress": [],
            "id": "sg-0ac2ad18fb89b44e6",
            "ingress": [],
            "name": "default",
            "name_prefix": "",
            "owner_id": "050752615223",
            "revoke_rules_on_delete": false,
            "tags": {
              "Name": "console-scale-testing-vpc"
            },
            "tags_all": {
              "Name": "console-scale-testing-vpc"
            },
            "vpc_id": "vpc-04c1eff82b8d89134"
          },
          "sensitive_attributes": [],
          "private": "eyJzY2hlbWFfdmVyc2lvbiI6IjEifQ==",
          "dependencies": [
            "module.vpc.module.vpc.aws_vpc.this"
          ]
        }
      ]
    },
    {
      "module": "module.vpc.module.vpc",
      "mode": "managed",
      "type": "aws_eip",
      "name": "nat",
      "provider": "provider[\"registry.terraform.io/hashicorp/aws\"]",
      "instances": [
        {
          "index_key": 0,
          "schema_version": 0,
          "attributes": {
            "address": null,
            "allocation_id": "eipalloc-00d3c203a9eb2ae78",
            "arn": "arn:aws:ec2:us-east-2:050752615223:elastic-ip/eipalloc-00d3c203a9eb2ae78",
            "associate_with_private_ip": null,
            "association_id": "",
            "carrier_ip": "",
            "customer_owned_ip": "",
            "customer_owned_ipv4_pool": "",
            "domain": "vpc",
            "id": "eipalloc-00d3c203a9eb2ae78",
            "instance": "",
            "ipam_pool_id": null,
            "network_border_group": "us-east-2",
            "network_interface": "",
            "private_dns": null,
            "private_ip": "",
            "ptr_record": "",
            "public_dns": "ec2-3-18-210-22.us-east-2.compute.amazonaws.com",
            "public_ip": "3.18.210.22",
            "public_ipv4_pool": "amazon",
            "tags": {
              "Name": "console-scale-testing-vpc"
            },
            "tags_all": {
              "Name": "console-scale-testing-vpc"
            },
            "timeouts": null,
            "vpc": true
          },
          "sensitive_attributes": [],
          "private": "eyJlMmJmYjczMC1lY2FhLTExZTYtOGY4OC0zNDM2M2JjN2M0YzAiOnsiZGVsZXRlIjoxODAwMDAwMDAwMDAsInJlYWQiOjkwMDAwMDAwMDAwMCwidXBkYXRlIjozMDAwMDAwMDAwMDB9fQ==",
          "dependencies": [
            "module.vpc.module.vpc.aws_internet_gateway.this",
            "module.vpc.module.vpc.aws_vpc.this",
            "module.vpc.module.vpc.aws_vpc_ipv4_cidr_block_association.this"
          ]
        },
        {
          "index_key": 1,
          "schema_version": 0,
          "attributes": {
            "address": null,
            "allocation_id": "eipalloc-07320637f4e8d3678",
            "arn": "arn:aws:ec2:us-east-2:050752615223:elastic-ip/eipalloc-07320637f4e8d3678",
            "associate_with_private_ip": null,
            "association_id": "",
            "carrier_ip": "",
            "customer_owned_ip": "",
            "customer_owned_ipv4_pool": "",
            "domain": "vpc",
            "id": "eipalloc-07320637f4e8d3678",
            "instance": "",
            "ipam_pool_id": null,
            "network_border_group": "us-east-2",
            "network_interface": "",
            "private_dns": null,
            "private_ip": "",
            "ptr_record": "",
            "public_dns": "ec2-3-147-234-223.us-east-2.compute.amazonaws.com",
            "public_ip": "3.147.234.223",
            "public_ipv4_pool": "amazon",
            "tags": {
              "Name": "console-scale-testing-vpc"
            },
            "tags_all": {
              "Name": "console-scale-testing-vpc"
            },
            "timeouts": null,
            "vpc": true
          },
          "sensitive_attributes": [],
          "private": "eyJlMmJmYjczMC1lY2FhLTExZTYtOGY4OC0zNDM2M2JjN2M0YzAiOnsiZGVsZXRlIjoxODAwMDAwMDAwMDAsInJlYWQiOjkwMDAwMDAwMDAwMCwidXBkYXRlIjozMDAwMDAwMDAwMDB9fQ==",
          "dependencies": [
            "module.vpc.module.vpc.aws_internet_gateway.this",
            "module.vpc.module.vpc.aws_vpc.this",
            "module.vpc.module.vpc.aws_vpc_ipv4_cidr_block_association.this"
          ]
        }
      ]
    },
    {
      "module": "module.vpc.module.vpc",
      "mode": "managed",
      "type": "aws_internet_gateway",
      "name": "this",
      "provider": "provider[\"registry.terraform.io/hashicorp/aws\"]",
      "instances": [
        {
          "index_key": 0,
          "schema_version": 0,
          "attributes": {
            "arn": "arn:aws:ec2:us-east-2:050752615223:internet-gateway/igw-016a1608312a7b433",
            "id": "igw-016a1608312a7b433",
            "owner_id": "050752615223",
            "tags": {
              "Name": "console-scale-testing-vpc"
            },
            "tags_all": {
              "Name": "console-scale-testing-vpc"
            },
            "timeouts": null,
            "vpc_id": "vpc-04c1eff82b8d89134"
          },
          "sensitive_attributes": [],
          "private": "eyJlMmJmYjczMC1lY2FhLTExZTYtOGY4OC0zNDM2M2JjN2M0YzAiOnsiY3JlYXRlIjoxMjAwMDAwMDAwMDAwLCJkZWxldGUiOjEyMDAwMDAwMDAwMDAsInVwZGF0ZSI6MTIwMDAwMDAwMDAwMH19",
          "dependencies": [
            "module.vpc.module.vpc.aws_vpc.this",
            "module.vpc.module.vpc.aws_vpc_ipv4_cidr_block_association.this"
          ]
        }
      ]
    },
    {
      "module": "module.vpc.module.vpc",
      "mode": "managed",
      "type": "aws_nat_gateway",
      "name": "this",
      "provider": "provider[\"registry.terraform.io/hashicorp/aws\"]",
      "instances": [
        {
          "index_key": 0,
          "schema_version": 0,
          "attributes": {
            "allocation_id": "eipalloc-00d3c203a9eb2ae78",
            "association_id": "eipassoc-0a7b83ff92e0a3a4f",
            "connectivity_type": "public",
            "id": "nat-0d305213521d8bf32",
            "network_interface_id": "eni-0d94c4145a27aa9f0",
            "private_ip": "10.0.101.244",
            "public_ip": "3.18.210.22",
            "secondary_allocation_ids": null,
            "secondary_private_ip_address_count": 0,
            "secondary_private_ip_addresses": [],
            "subnet_id": "subnet-0515d15be7523c315",
            "tags": {
              "Name": "console-scale-testing-vpc"
            },
            "tags_all": {
              "Name": "console-scale-testing-vpc"
            },
            "timeouts": null
          },
          "sensitive_attributes": [],
          "private": "eyJlMmJmYjczMC1lY2FhLTExZTYtOGY4OC0zNDM2M2JjN2M0YzAiOnsiY3JlYXRlIjo2MDAwMDAwMDAwMDAsImRlbGV0ZSI6MTgwMDAwMDAwMDAwMCwidXBkYXRlIjo2MDAwMDAwMDAwMDB9fQ==",
          "dependencies": [
            "module.vpc.module.vpc.aws_eip.nat",
            "module.vpc.module.vpc.aws_internet_gateway.this",
            "module.vpc.module.vpc.aws_subnet.public",
            "module.vpc.module.vpc.aws_vpc.this",
            "module.vpc.module.vpc.aws_vpc_ipv4_cidr_block_association.this"
          ]
        },
        {
          "index_key": 1,
          "schema_version": 0,
          "attributes": {
            "allocation_id": "eipalloc-07320637f4e8d3678",
            "association_id": "eipassoc-003f79f47e68efe15",
            "connectivity_type": "public",
            "id": "nat-060735b8e867bd591",
            "network_interface_id": "eni-03481cec564564513",
            "private_ip": "10.0.102.82",
            "public_ip": "3.147.234.223",
            "secondary_allocation_ids": null,
            "secondary_private_ip_address_count": 0,
            "secondary_private_ip_addresses": [],
            "subnet_id": "subnet-07539af0699324d8c",
            "tags": {
              "Name": "console-scale-testing-vpc"
            },
            "tags_all": {
              "Name": "console-scale-testing-vpc"
            },
            "timeouts": null
          },
          "sensitive_attributes": [],
          "private": "eyJlMmJmYjczMC1lY2FhLTExZTYtOGY4OC0zNDM2M2JjN2M0YzAiOnsiY3JlYXRlIjo2MDAwMDAwMDAwMDAsImRlbGV0ZSI6MTgwMDAwMDAwMDAwMCwidXBkYXRlIjo2MDAwMDAwMDAwMDB9fQ==",
          "dependencies": [
            "module.vpc.module.vpc.aws_eip.nat",
            "module.vpc.module.vpc.aws_internet_gateway.this",
            "module.vpc.module.vpc.aws_subnet.public",
            "module.vpc.module.vpc.aws_vpc.this",
            "module.vpc.module.vpc.aws_vpc_ipv4_cidr_block_association.this"
          ]
        }
      ]
    },
    {
      "module": "module.vpc.module.vpc",
      "mode": "managed",
      "type": "aws_route",
      "name": "private_nat_gateway",
      "provider": "provider[\"registry.terraform.io/hashicorp/aws\"]",
      "instances": [
        {
          "index_key": 0,
          "schema_version": 0,
          "attributes": {
            "carrier_gateway_id": "",
            "core_network_arn": "",
            "destination_cidr_block": "0.0.0.0/0",
            "destination_ipv6_cidr_block": "",
            "destination_prefix_list_id": "",
            "egress_only_gateway_id": "",
            "gateway_id": "",
            "id": "r-rtb-013b4f7158e83b5d01080289494",
            "instance_id": "",
            "instance_owner_id": "",
            "local_gateway_id": "",
            "nat_gateway_id": "nat-0d305213521d8bf32",
            "network_interface_id": "",
            "origin": "CreateRoute",
            "route_table_id": "rtb-013b4f7158e83b5d0",
            "state": "active",
            "timeouts": {
              "create": "5m",
              "delete": null,
              "update": null
            },
            "transit_gateway_id": "",
            "vpc_endpoint_id": "",
            "vpc_peering_connection_id": ""
          },
          "sensitive_attributes": [],
          "private": "eyJlMmJmYjczMC1lY2FhLTExZTYtOGY4OC0zNDM2M2JjN2M0YzAiOnsiY3JlYXRlIjozMDAwMDAwMDAwMDAsImRlbGV0ZSI6MzAwMDAwMDAwMDAwLCJ1cGRhdGUiOjEyMDAwMDAwMDAwMH19",
          "dependencies": [
            "module.vpc.module.vpc.aws_eip.nat",
            "module.vpc.module.vpc.aws_internet_gateway.this",
            "module.vpc.module.vpc.aws_nat_gateway.this",
            "module.vpc.module.vpc.aws_route_table.private",
            "module.vpc.module.vpc.aws_subnet.public",
            "module.vpc.module.vpc.aws_vpc.this",
            "module.vpc.module.vpc.aws_vpc_ipv4_cidr_block_association.this"
          ]
        },
        {
          "index_key": 1,
          "schema_version": 0,
          "attributes": {
            "carrier_gateway_id": "",
            "core_network_arn": "",
            "destination_cidr_block": "0.0.0.0/0",
            "destination_ipv6_cidr_block": "",
            "destination_prefix_list_id": "",
            "egress_only_gateway_id": "",
            "gateway_id": "",
            "id": "r-rtb-0a01fe00cbd9bad9a1080289494",
            "instance_id": "",
            "instance_owner_id": "",
            "local_gateway_id": "",
            "nat_gateway_id": "nat-060735b8e867bd591",
            "network_interface_id": "",
            "origin": "CreateRoute",
            "route_table_id": "rtb-0a01fe00cbd9bad9a",
            "state": "active",
            "timeouts": {
              "create": "5m",
              "delete": null,
              "update": null
            },
            "transit_gateway_id": "",
            "vpc_endpoint_id": "",
            "vpc_peering_connection_id": ""
          },
          "sensitive_attributes": [],
          "private": "eyJlMmJmYjczMC1lY2FhLTExZTYtOGY4OC0zNDM2M2JjN2M0YzAiOnsiY3JlYXRlIjozMDAwMDAwMDAwMDAsImRlbGV0ZSI6MzAwMDAwMDAwMDAwLCJ1cGRhdGUiOjEyMDAwMDAwMDAwMH19",
          "dependencies": [
            "module.vpc.module.vpc.aws_eip.nat",
            "module.vpc.module.vpc.aws_internet_gateway.this",
            "module.vpc.module.vpc.aws_nat_gateway.this",
            "module.vpc.module.vpc.aws_route_table.private",
            "module.vpc.module.vpc.aws_subnet.public",
            "module.vpc.module.vpc.aws_vpc.this",
            "module.vpc.module.vpc.aws_vpc_ipv4_cidr_block_association.this"
          ]
        }
      ]
    },
    {
      "module": "module.vpc.module.vpc",
      "mode": "managed",
      "type": "aws_route",
      "name": "public_internet_gateway",
      "provider": "provider[\"registry.terraform.io/hashicorp/aws\"]",
      "instances": [
        {
          "index_key": 0,
          "schema_version": 0,
          "attributes": {
            "carrier_gateway_id": "",
            "core_network_arn": "",
            "destination_cidr_block": "0.0.0.0/0",
            "destination_ipv6_cidr_block": "",
            "destination_prefix_list_id": "",
            "egress_only_gateway_id": "",
            "gateway_id": "igw-016a1608312a7b433",
            "id": "r-rtb-03b4887bb9f56d2691080289494",
            "instance_id": "",
            "instance_owner_id": "",
            "local_gateway_id": "",
            "nat_gateway_id": "",
            "network_interface_id": "",
            "origin": "CreateRoute",
            "route_table_id": "rtb-03b4887bb9f56d269",
            "state": "active",
            "timeouts": {
              "create": "5m",
              "delete": null,
              "update": null
            },
            "transit_gateway_id": "",
            "vpc_endpoint_id": "",
            "vpc_peering_connection_id": ""
          },
          "sensitive_attributes": [],
          "private": "eyJlMmJmYjczMC1lY2FhLTExZTYtOGY4OC0zNDM2M2JjN2M0YzAiOnsiY3JlYXRlIjozMDAwMDAwMDAwMDAsImRlbGV0ZSI6MzAwMDAwMDAwMDAwLCJ1cGRhdGUiOjEyMDAwMDAwMDAwMH19",
          "dependencies": [
            "module.vpc.module.vpc.aws_internet_gateway.this",
            "module.vpc.module.vpc.aws_route_table.public",
            "module.vpc.module.vpc.aws_vpc.this",
            "module.vpc.module.vpc.aws_vpc_ipv4_cidr_block_association.this"
          ]
        }
      ]
    },
    {
      "module": "module.vpc.module.vpc",
      "mode": "managed",
      "type": "aws_route_table",
      "name": "private",
      "provider": "provider[\"registry.terraform.io/hashicorp/aws\"]",
      "instances": [
        {
          "index_key": 0,
          "schema_version": 0,
          "attributes": {
            "arn": "arn:aws:ec2:us-east-2:050752615223:route-table/rtb-013b4f7158e83b5d0",
            "id": "rtb-013b4f7158e83b5d0",
            "owner_id": "050752615223",
            "propagating_vgws": [],
            "route": [],
            "tags": {
              "Name": "console-scale-testing-vpc"
            },
            "tags_all": {
              "Name": "console-scale-testing-vpc"
            },
            "timeouts": null,
            "vpc_id": "vpc-04c1eff82b8d89134"
          },
          "sensitive_attributes": [],
          "private": "eyJlMmJmYjczMC1lY2FhLTExZTYtOGY4OC0zNDM2M2JjN2M0YzAiOnsiY3JlYXRlIjozMDAwMDAwMDAwMDAsImRlbGV0ZSI6MzAwMDAwMDAwMDAwLCJ1cGRhdGUiOjEyMDAwMDAwMDAwMH19",
          "dependencies": [
            "module.vpc.module.vpc.aws_vpc.this",
            "module.vpc.module.vpc.aws_vpc_ipv4_cidr_block_association.this"
          ]
        },
        {
          "index_key": 1,
          "schema_version": 0,
          "attributes": {
            "arn": "arn:aws:ec2:us-east-2:050752615223:route-table/rtb-0a01fe00cbd9bad9a",
            "id": "rtb-0a01fe00cbd9bad9a",
            "owner_id": "050752615223",
            "propagating_vgws": [],
            "route": [],
            "tags": {
              "Name": "console-scale-testing-vpc"
            },
            "tags_all": {
              "Name": "console-scale-testing-vpc"
            },
            "timeouts": null,
            "vpc_id": "vpc-04c1eff82b8d89134"
          },
          "sensitive_attributes": [],
          "private": "eyJlMmJmYjczMC1lY2FhLTExZTYtOGY4OC0zNDM2M2JjN2M0YzAiOnsiY3JlYXRlIjozMDAwMDAwMDAwMDAsImRlbGV0ZSI6MzAwMDAwMDAwMDAwLCJ1cGRhdGUiOjEyMDAwMDAwMDAwMH19",
          "dependencies": [
            "module.vpc.module.vpc.aws_vpc.this",
            "module.vpc.module.vpc.aws_vpc_ipv4_cidr_block_association.this"
          ]
        }
      ]
    },
    {
      "module": "module.vpc.module.vpc",
      "mode": "managed",
      "type": "aws_route_table",
      "name": "public",
      "provider": "provider[\"registry.terraform.io/hashicorp/aws\"]",
      "instances": [
        {
          "index_key": 0,
          "schema_version": 0,
          "attributes": {
            "arn": "arn:aws:ec2:us-east-2:050752615223:route-table/rtb-03b4887bb9f56d269",
            "id": "rtb-03b4887bb9f56d269",
            "owner_id": "050752615223",
            "propagating_vgws": [],
            "route": [],
            "tags": {
              "Name": "console-scale-testing-vpc"
            },
            "tags_all": {
              "Name": "console-scale-testing-vpc"
            },
            "timeouts": null,
            "vpc_id": "vpc-04c1eff82b8d89134"
          },
          "sensitive_attributes": [],
          "private": "eyJlMmJmYjczMC1lY2FhLTExZTYtOGY4OC0zNDM2M2JjN2M0YzAiOnsiY3JlYXRlIjozMDAwMDAwMDAwMDAsImRlbGV0ZSI6MzAwMDAwMDAwMDAwLCJ1cGRhdGUiOjEyMDAwMDAwMDAwMH19",
          "dependencies": [
            "module.vpc.module.vpc.aws_vpc.this",
            "module.vpc.module.vpc.aws_vpc_ipv4_cidr_block_association.this"
          ]
        }
      ]
    },
    {
      "module": "module.vpc.module.vpc",
      "mode": "managed",
      "type": "aws_route_table_association",
      "name": "private",
      "provider": "provider[\"registry.terraform.io/hashicorp/aws\"]",
      "instances": [
        {
          "index_key": 0,
          "schema_version": 0,
          "attributes": {
            "gateway_id": "",
            "id": "rtbassoc-0e366d80cfd1c6db3",
            "route_table_id": "rtb-013b4f7158e83b5d0",
            "subnet_id": "subnet-039dd2ffae3a7be77",
            "timeouts": null
          },
          "sensitive_attributes": [],
          "private": "eyJlMmJmYjczMC1lY2FhLTExZTYtOGY4OC0zNDM2M2JjN2M0YzAiOnsiY3JlYXRlIjozMDAwMDAwMDAwMDAsImRlbGV0ZSI6MzAwMDAwMDAwMDAwLCJ1cGRhdGUiOjEyMDAwMDAwMDAwMH19",
          "dependencies": [
            "module.vpc.module.vpc.aws_route_table.private",
            "module.vpc.module.vpc.aws_subnet.private",
            "module.vpc.module.vpc.aws_vpc.this",
            "module.vpc.module.vpc.aws_vpc_ipv4_cidr_block_association.this"
          ]
        },
        {
          "index_key": 1,
          "schema_version": 0,
          "attributes": {
            "gateway_id": "",
            "id": "rtbassoc-03cb0dae82c0aec99",
            "route_table_id": "rtb-0a01fe00cbd9bad9a",
            "subnet_id": "subnet-08a59be02c1cf0eae",
            "timeouts": null
          },
          "sensitive_attributes": [],
          "private": "eyJlMmJmYjczMC1lY2FhLTExZTYtOGY4OC0zNDM2M2JjN2M0YzAiOnsiY3JlYXRlIjozMDAwMDAwMDAwMDAsImRlbGV0ZSI6MzAwMDAwMDAwMDAwLCJ1cGRhdGUiOjEyMDAwMDAwMDAwMH19",
          "dependencies": [
            "module.vpc.module.vpc.aws_route_table.private",
            "module.vpc.module.vpc.aws_subnet.private",
            "module.vpc.module.vpc.aws_vpc.this",
            "module.vpc.module.vpc.aws_vpc_ipv4_cidr_block_association.this"
          ]
        }
      ]
    },
    {
      "module": "module.vpc.module.vpc",
      "mode": "managed",
      "type": "aws_route_table_association",
      "name": "public",
      "provider": "provider[\"registry.terraform.io/hashicorp/aws\"]",
      "instances": [
        {
          "index_key": 0,
          "schema_version": 0,
          "attributes": {
            "gateway_id": "",
            "id": "rtbassoc-04ab29a767f1cb147",
            "route_table_id": "rtb-03b4887bb9f56d269",
            "subnet_id": "subnet-0515d15be7523c315",
            "timeouts": null
          },
          "sensitive_attributes": [],
          "private": "eyJlMmJmYjczMC1lY2FhLTExZTYtOGY4OC0zNDM2M2JjN2M0YzAiOnsiY3JlYXRlIjozMDAwMDAwMDAwMDAsImRlbGV0ZSI6MzAwMDAwMDAwMDAwLCJ1cGRhdGUiOjEyMDAwMDAwMDAwMH19",
          "dependencies": [
            "module.vpc.module.vpc.aws_route_table.public",
            "module.vpc.module.vpc.aws_subnet.public",
            "module.vpc.module.vpc.aws_vpc.this",
            "module.vpc.module.vpc.aws_vpc_ipv4_cidr_block_association.this"
          ]
        },
        {
          "index_key": 1,
          "schema_version": 0,
          "attributes": {
            "gateway_id": "",
            "id": "rtbassoc-0d0962a0d0cd50325",
            "route_table_id": "rtb-03b4887bb9f56d269",
            "subnet_id": "subnet-07539af0699324d8c",
            "timeouts": null
          },
          "sensitive_attributes": [],
          "private": "eyJlMmJmYjczMC1lY2FhLTExZTYtOGY4OC0zNDM2M2JjN2M0YzAiOnsiY3JlYXRlIjozMDAwMDAwMDAwMDAsImRlbGV0ZSI6MzAwMDAwMDAwMDAwLCJ1cGRhdGUiOjEyMDAwMDAwMDAwMH19",
          "dependencies": [
            "module.vpc.module.vpc.aws_route_table.public",
            "module.vpc.module.vpc.aws_subnet.public",
            "module.vpc.module.vpc.aws_vpc.this",
            "module.vpc.module.vpc.aws_vpc_ipv4_cidr_block_association.this"
          ]
        }
      ]
    },
    {
      "module": "module.vpc.module.vpc",
      "mode": "managed",
      "type": "aws_subnet",
      "name": "private",
      "provider": "provider[\"registry.terraform.io/hashicorp/aws\"]",
      "instances": [
        {
          "index_key": 0,
          "schema_version": 1,
          "attributes": {
            "arn": "arn:aws:ec2:us-east-2:050752615223:subnet/subnet-039dd2ffae3a7be77",
            "assign_ipv6_address_on_creation": false,
            "availability_zone": "us-east-2a",
            "availability_zone_id": "use2-az1",
            "cidr_block": "10.0.1.0/24",
            "customer_owned_ipv4_pool": "",
            "enable_dns64": false,
            "enable_lni_at_device_index": 0,
            "enable_resource_name_dns_a_record_on_launch": false,
            "enable_resource_name_dns_aaaa_record_on_launch": false,
            "id": "subnet-039dd2ffae3a7be77",
            "ipv6_cidr_block": "",
            "ipv6_cidr_block_association_id": "",
            "ipv6_native": false,
            "map_customer_owned_ip_on_launch": false,
            "map_public_ip_on_launch": false,
            "outpost_arn": "",
            "owner_id": "050752615223",
            "private_dns_hostname_type_on_launch": "ip-name",
            "tags": {
              "Name": "console-scale-testing-vpc"
            },
            "tags_all": {
              "Name": "console-scale-testing-vpc"
            },
            "timeouts": null,
            "vpc_id": "vpc-04c1eff82b8d89134"
          },
          "sensitive_attributes": [],
          "private": "eyJlMmJmYjczMC1lY2FhLTExZTYtOGY4OC0zNDM2M2JjN2M0YzAiOnsiY3JlYXRlIjo2MDAwMDAwMDAwMDAsImRlbGV0ZSI6MTIwMDAwMDAwMDAwMH0sInNjaGVtYV92ZXJzaW9uIjoiMSJ9",
          "dependencies": [
            "module.vpc.module.vpc.aws_vpc.this",
            "module.vpc.module.vpc.aws_vpc_ipv4_cidr_block_association.this"
          ]
        },
        {
          "index_key": 1,
          "schema_version": 1,
          "attributes": {
            "arn": "arn:aws:ec2:us-east-2:050752615223:subnet/subnet-08a59be02c1cf0eae",
            "assign_ipv6_address_on_creation": false,
            "availability_zone": "us-east-2b",
            "availability_zone_id": "use2-az2",
            "cidr_block": "10.0.2.0/24",
            "customer_owned_ipv4_pool": "",
            "enable_dns64": false,
            "enable_lni_at_device_index": 0,
            "enable_resource_name_dns_a_record_on_launch": false,
            "enable_resource_name_dns_aaaa_record_on_launch": false,
            "id": "subnet-08a59be02c1cf0eae",
            "ipv6_cidr_block": "",
            "ipv6_cidr_block_association_id": "",
            "ipv6_native": false,
            "map_customer_owned_ip_on_launch": false,
            "map_public_ip_on_launch": false,
            "outpost_arn": "",
            "owner_id": "050752615223",
            "private_dns_hostname_type_on_launch": "ip-name",
            "tags": {
              "Name": "console-scale-testing-vpc"
            },
            "tags_all": {
              "Name": "console-scale-testing-vpc"
            },
            "timeouts": null,
            "vpc_id": "vpc-04c1eff82b8d89134"
          },
          "sensitive_attributes": [],
          "private": "eyJlMmJmYjczMC1lY2FhLTExZTYtOGY4OC0zNDM2M2JjN2M0YzAiOnsiY3JlYXRlIjo2MDAwMDAwMDAwMDAsImRlbGV0ZSI6MTIwMDAwMDAwMDAwMH0sInNjaGVtYV92ZXJzaW9uIjoiMSJ9",
          "dependencies": [
            "module.vpc.module.vpc.aws_vpc.this",
            "module.vpc.module.vpc.aws_vpc_ipv4_cidr_block_association.this"
          ]
        }
      ]
    },
    {
      "module": "module.vpc.module.vpc",
      "mode": "managed",
      "type": "aws_subnet",
      "name": "public",
      "provider": "provider[\"registry.terraform.io/hashicorp/aws\"]",
      "instances": [
        {
          "index_key": 0,
          "schema_version": 1,
          "attributes": {
            "arn": "arn:aws:ec2:us-east-2:050752615223:subnet/subnet-0515d15be7523c315",
            "assign_ipv6_address_on_creation": false,
            "availability_zone": "us-east-2a",
            "availability_zone_id": "use2-az1",
            "cidr_block": "10.0.101.0/24",
            "customer_owned_ipv4_pool": "",
            "enable_dns64": false,
            "enable_lni_at_device_index": 0,
            "enable_resource_name_dns_a_record_on_launch": false,
            "enable_resource_name_dns_aaaa_record_on_launch": false,
            "id": "subnet-0515d15be7523c315",
            "ipv6_cidr_block": "",
            "ipv6_cidr_block_association_id": "",
            "ipv6_native": false,
            "map_customer_owned_ip_on_launch": false,
            "map_public_ip_on_launch": false,
            "outpost_arn": "",
            "owner_id": "050752615223",
            "private_dns_hostname_type_on_launch": "ip-name",
            "tags": {
              "Name": "console-scale-testing-vpc"
            },
            "tags_all": {
              "Name": "console-scale-testing-vpc"
            },
            "timeouts": null,
            "vpc_id": "vpc-04c1eff82b8d89134"
          },
          "sensitive_attributes": [],
          "private": "eyJlMmJmYjczMC1lY2FhLTExZTYtOGY4OC0zNDM2M2JjN2M0YzAiOnsiY3JlYXRlIjo2MDAwMDAwMDAwMDAsImRlbGV0ZSI6MTIwMDAwMDAwMDAwMH0sInNjaGVtYV92ZXJzaW9uIjoiMSJ9",
          "dependencies": [
            "module.vpc.module.vpc.aws_vpc.this",
            "module.vpc.module.vpc.aws_vpc_ipv4_cidr_block_association.this"
          ]
        },
        {
          "index_key": 1,
          "schema_version": 1,
          "attributes": {
            "arn": "arn:aws:ec2:us-east-2:050752615223:subnet/subnet-07539af0699324d8c",
            "assign_ipv6_address_on_creation": false,
            "availability_zone": "us-east-2b",
            "availability_zone_id": "use2-az2",
            "cidr_block": "10.0.102.0/24",
            "customer_owned_ipv4_pool": "",
            "enable_dns64": false,
            "enable_lni_at_device_index": 0,
            "enable_resource_name_dns_a_record_on_launch": false,
            "enable_resource_name_dns_aaaa_record_on_launch": false,
            "id": "subnet-07539af0699324d8c",
            "ipv6_cidr_block": "",
            "ipv6_cidr_block_association_id": "",
            "ipv6_native": false,
            "map_customer_owned_ip_on_launch": false,
            "map_public_ip_on_launch": false,
            "outpost_arn": "",
            "owner_id": "050752615223",
            "private_dns_hostname_type_on_launch": "ip-name",
            "tags": {
              "Name": "console-scale-testing-vpc"
            },
            "tags_all": {
              "Name": "console-scale-testing-vpc"
            },
            "timeouts": null,
            "vpc_id": "vpc-04c1eff82b8d89134"
          },
          "sensitive_attributes": [],
          "private": "eyJlMmJmYjczMC1lY2FhLTExZTYtOGY4OC0zNDM2M2JjN2M0YzAiOnsiY3JlYXRlIjo2MDAwMDAwMDAwMDAsImRlbGV0ZSI6MTIwMDAwMDAwMDAwMH0sInNjaGVtYV92ZXJzaW9uIjoiMSJ9",
          "dependencies": [
            "module.vpc.module.vpc.aws_vpc.this",
            "module.vpc.module.vpc.aws_vpc_ipv4_cidr_block_association.this"
          ]
        }
      ]
    },
    {
      "module": "module.vpc.module.vpc",
      "mode": "managed",
      "type": "aws_vpc",
      "name": "this",
      "provider": "provider[\"registry.terraform.io/hashicorp/aws\"]",
      "instances": [
        {
          "index_key": 0,
          "schema_version": 1,
          "attributes": {
            "arn": "arn:aws:ec2:us-east-2:050752615223:vpc/vpc-04c1eff82b8d89134",
            "assign_generated_ipv6_cidr_block": false,
            "cidr_block": "10.0.0.0/16",
            "default_network_acl_id": "acl-04491fa2d512a7b8a",
            "default_route_table_id": "rtb-01337a2b620d2d489",
            "default_security_group_id": "sg-0ac2ad18fb89b44e6",
            "dhcp_options_id": "dopt-0343c400d033b7204",
            "enable_dns_hostnames": true,
            "enable_dns_support": true,
            "enable_network_address_usage_metrics": false,
            "id": "vpc-04c1eff82b8d89134",
            "instance_tenancy": "default",
            "ipv4_ipam_pool_id": null,
            "ipv4_netmask_length": null,
            "ipv6_association_id": "",
            "ipv6_cidr_block": "",
            "ipv6_cidr_block_network_border_group": "",
            "ipv6_ipam_pool_id": "",
            "ipv6_netmask_length": 0,
            "main_route_table_id": "rtb-01337a2b620d2d489",
            "owner_id": "050752615223",
            "tags": {
              "Name": "console-scale-testing-vpc"
            },
            "tags_all": {
              "Name": "console-scale-testing-vpc"
            }
          },
          "sensitive_attributes": [],
          "private": "eyJzY2hlbWFfdmVyc2lvbiI6IjEifQ==",
          "create_before_destroy": true
        }
      ]
    },
    {
      "module": "module.workers.module.worker_nodes[0]",
      "mode": "data",
      "type": "aws_partition",
      "name": "current",
      "provider": "provider[\"registry.terraform.io/hashicorp/aws\"]",
      "instances": [
        {
          "schema_version": 0,
          "attributes": {
            "dns_suffix": "amazonaws.com",
            "id": "aws",
            "partition": "aws",
            "reverse_dns_prefix": "com.amazonaws"
          },
          "sensitive_attributes": []
        }
      ]
    },
    {
      "module": "module.workers.module.worker_nodes[0]",
      "mode": "managed",
      "type": "aws_instance",
      "name": "this",
      "provider": "provider[\"registry.terraform.io/hashicorp/aws\"]",
      "instances": [
        {
          "index_key": 0,
          "schema_version": 1,
          "attributes": {
            "ami": "ami-0c55b159cbfafe1f0",
            "arn": "arn:aws:ec2:us-east-2:050752615223:instance/i-092eb3ea855fd1882",
            "associate_public_ip_address": false,
            "availability_zone": "us-east-2a",
            "capacity_reservation_specification": [
              {
                "capacity_reservation_preference": "open",
                "capacity_reservation_target": []
              }
            ],
            "cpu_core_count": 1,
            "cpu_options": [
              {
                "amd_sev_snp": "",
                "core_count": 1,
                "threads_per_core": 2
              }
            ],
            "cpu_threads_per_core": 2,
            "credit_specification": [
              {
                "cpu_credits": "unlimited"
              }
            ],
            "disable_api_stop": false,
            "disable_api_termination": false,
            "ebs_block_device": [],
            "ebs_optimized": false,
            "enable_primary_ipv6": null,
            "enclave_options": [
              {
                "enabled": false
              }
            ],
            "ephemeral_block_device": [],
            "get_password_data": false,
            "hibernation": false,
            "host_id": "",
            "host_resource_group_arn": null,
            "iam_instance_profile": "",
            "id": "i-092eb3ea855fd1882",
            "instance_initiated_shutdown_behavior": "stop",
            "instance_lifecycle": "",
            "instance_market_options": [],
            "instance_state": "running",
            "instance_type": "t3.medium",
            "ipv6_address_count": 0,
            "ipv6_addresses": [],
            "key_name": "bastion-key",
            "launch_template": [],
            "maintenance_options": [
              {
                "auto_recovery": "default"
              }
            ],
            "metadata_options": [
              {
                "http_endpoint": "enabled",
                "http_protocol_ipv6": "disabled",
                "http_put_response_hop_limit": 1,
                "http_tokens": "optional",
                "instance_metadata_tags": "disabled"
              }
            ],
            "monitoring": false,
            "network_interface": [],
            "outpost_arn": "",
            "password_data": "",
            "placement_group": "",
            "placement_partition_number": 0,
            "primary_network_interface_id": "eni-0b779cfbb3e6d3a87",
            "private_dns": "ip-10-0-1-75.us-east-2.compute.internal",
            "private_dns_name_options": [
              {
                "enable_resource_name_dns_a_record": false,
                "enable_resource_name_dns_aaaa_record": false,
                "hostname_type": "ip-name"
              }
            ],
            "private_ip": "10.0.1.75",
            "public_dns": "",
            "public_ip": "",
            "root_block_device": [
              {
                "delete_on_termination": true,
                "device_name": "/dev/sda1",
                "encrypted": false,
                "iops": 100,
                "kms_key_id": "",
                "tags": {},
                "tags_all": {},
                "throughput": 0,
                "volume_id": "vol-0150c08e7155c9646",
                "volume_size": 8,
                "volume_type": "gp2"
              }
            ],
            "secondary_private_ips": [],
            "security_groups": [],
            "source_dest_check": true,
            "spot_instance_request_id": "",
            "subnet_id": "subnet-039dd2ffae3a7be77",
            "tags": {
              "Name": "worker-node"
            },
            "tags_all": {
              "Name": "worker-node"
            },
            "tenancy": "default",
            "timeouts": {
              "create": null,
              "delete": null,
              "read": null,
              "update": null
            },
            "user_data": "a6e1c896cc45565f03f0b10821156dd97cb5ffe4",
            "user_data_base64": null,
            "user_data_replace_on_change": false,
            "volume_tags": {
              "Name": "worker-node"
            },
            "vpc_security_group_ids": [
              "sg-047efd29cdfa25da8"
            ]
          },
          "sensitive_attributes": [],
          "private": "eyJlMmJmYjczMC1lY2FhLTExZTYtOGY4OC0zNDM2M2JjN2M0YzAiOnsiY3JlYXRlIjo2MDAwMDAwMDAwMDAsImRlbGV0ZSI6MTIwMDAwMDAwMDAwMCwicmVhZCI6OTAwMDAwMDAwMDAwLCJ1cGRhdGUiOjYwMDAwMDAwMDAwMH0sInNjaGVtYV92ZXJzaW9uIjoiMSJ9",
          "dependencies": [
            "aws_key_pair.bastion_key",
            "module.security_groups.module.worker_sg.aws_security_group.this",
            "module.security_groups.module.worker_sg.aws_security_group.this_name_prefix",
            "module.vpc.module.vpc.aws_subnet.private",
            "module.vpc.module.vpc.aws_vpc.this",
            "module.vpc.module.vpc.aws_vpc_ipv4_cidr_block_association.this",
            "module.workers.module.worker_nodes.aws_iam_instance_profile.this",
            "module.workers.module.worker_nodes.data.aws_ssm_parameter.this",
            "tls_private_key.bastion_key"
          ]
        }
      ]
    },
    {
      "module": "module.workers.module.worker_nodes[1]",
      "mode": "data",
      "type": "aws_partition",
      "name": "current",
      "provider": "provider[\"registry.terraform.io/hashicorp/aws\"]",
      "instances": [
        {
          "schema_version": 0,
          "attributes": {
            "dns_suffix": "amazonaws.com",
            "id": "aws",
            "partition": "aws",
            "reverse_dns_prefix": "com.amazonaws"
          },
          "sensitive_attributes": []
        }
      ]
    },
    {
      "module": "module.workers.module.worker_nodes[1]",
      "mode": "managed",
      "type": "aws_instance",
      "name": "this",
      "provider": "provider[\"registry.terraform.io/hashicorp/aws\"]",
      "instances": [
        {
          "index_key": 0,
          "schema_version": 1,
          "attributes": {
            "ami": "ami-0c55b159cbfafe1f0",
            "arn": "arn:aws:ec2:us-east-2:050752615223:instance/i-0abf4cb78b1c8b9f7",
            "associate_public_ip_address": false,
            "availability_zone": "us-east-2a",
            "capacity_reservation_specification": [
              {
                "capacity_reservation_preference": "open",
                "capacity_reservation_target": []
              }
            ],
            "cpu_core_count": 1,
            "cpu_options": [
              {
                "amd_sev_snp": "",
                "core_count": 1,
                "threads_per_core": 2
              }
            ],
            "cpu_threads_per_core": 2,
            "credit_specification": [
              {
                "cpu_credits": "unlimited"
              }
            ],
            "disable_api_stop": false,
            "disable_api_termination": false,
            "ebs_block_device": [],
            "ebs_optimized": false,
            "enable_primary_ipv6": null,
            "enclave_options": [
              {
                "enabled": false
              }
            ],
            "ephemeral_block_device": [],
            "get_password_data": false,
            "hibernation": false,
            "host_id": "",
            "host_resource_group_arn": null,
            "iam_instance_profile": "",
            "id": "i-0abf4cb78b1c8b9f7",
            "instance_initiated_shutdown_behavior": "stop",
            "instance_lifecycle": "",
            "instance_market_options": [],
            "instance_state": "running",
            "instance_type": "t3.medium",
            "ipv6_address_count": 0,
            "ipv6_addresses": [],
            "key_name": "bastion-key",
            "launch_template": [],
            "maintenance_options": [
              {
                "auto_recovery": "default"
              }
            ],
            "metadata_options": [
              {
                "http_endpoint": "enabled",
                "http_protocol_ipv6": "disabled",
                "http_put_response_hop_limit": 1,
                "http_tokens": "optional",
                "instance_metadata_tags": "disabled"
              }
            ],
            "monitoring": false,
            "network_interface": [],
            "outpost_arn": "",
            "password_data": "",
            "placement_group": "",
            "placement_partition_number": 0,
            "primary_network_interface_id": "eni-049ea199765711401",
            "private_dns": "ip-10-0-1-94.us-east-2.compute.internal",
            "private_dns_name_options": [
              {
                "enable_resource_name_dns_a_record": false,
                "enable_resource_name_dns_aaaa_record": false,
                "hostname_type": "ip-name"
              }
            ],
            "private_ip": "10.0.1.94",
            "public_dns": "",
            "public_ip": "",
            "root_block_device": [
              {
                "delete_on_termination": true,
                "device_name": "/dev/sda1",
                "encrypted": false,
                "iops": 100,
                "kms_key_id": "",
                "tags": {},
                "tags_all": {},
                "throughput": 0,
                "volume_id": "vol-0822da29c4054d6f6",
                "volume_size": 8,
                "volume_type": "gp2"
              }
            ],
            "secondary_private_ips": [],
            "security_groups": [],
            "source_dest_check": true,
            "spot_instance_request_id": "",
            "subnet_id": "subnet-039dd2ffae3a7be77",
            "tags": {
              "Name": "worker-node"
            },
            "tags_all": {
              "Name": "worker-node"
            },
            "tenancy": "default",
            "timeouts": {
              "create": null,
              "delete": null,
              "read": null,
              "update": null
            },
            "user_data": "a6e1c896cc45565f03f0b10821156dd97cb5ffe4",
            "user_data_base64": null,
            "user_data_replace_on_change": false,
            "volume_tags": {
              "Name": "worker-node"
            },
            "vpc_security_group_ids": [
              "sg-047efd29cdfa25da8"
            ]
          },
          "sensitive_attributes": [],
          "private": "eyJlMmJmYjczMC1lY2FhLTExZTYtOGY4OC0zNDM2M2JjN2M0YzAiOnsiY3JlYXRlIjo2MDAwMDAwMDAwMDAsImRlbGV0ZSI6MTIwMDAwMDAwMDAwMCwicmVhZCI6OTAwMDAwMDAwMDAwLCJ1cGRhdGUiOjYwMDAwMDAwMDAwMH0sInNjaGVtYV92ZXJzaW9uIjoiMSJ9",
          "dependencies": [
            "aws_key_pair.bastion_key",
            "module.security_groups.module.worker_sg.aws_security_group.this",
            "module.security_groups.module.worker_sg.aws_security_group.this_name_prefix",
            "module.vpc.module.vpc.aws_subnet.private",
            "module.vpc.module.vpc.aws_vpc.this",
            "module.vpc.module.vpc.aws_vpc_ipv4_cidr_block_association.this",
            "module.workers.module.worker_nodes.aws_iam_instance_profile.this",
            "module.workers.module.worker_nodes.data.aws_ssm_parameter.this",
            "tls_private_key.bastion_key"
          ]
        }
      ]
    },
    {
      "module": "module.workers.module.worker_nodes[2]",
      "mode": "data",
      "type": "aws_partition",
      "name": "current",
      "provider": "provider[\"registry.terraform.io/hashicorp/aws\"]",
      "instances": [
        {
          "schema_version": 0,
          "attributes": {
            "dns_suffix": "amazonaws.com",
            "id": "aws",
            "partition": "aws",
            "reverse_dns_prefix": "com.amazonaws"
          },
          "sensitive_attributes": []
        }
      ]
    },
    {
      "module": "module.workers.module.worker_nodes[2]",
      "mode": "managed",
      "type": "aws_instance",
      "name": "this",
      "provider": "provider[\"registry.terraform.io/hashicorp/aws\"]",
      "instances": [
        {
          "index_key": 0,
          "schema_version": 1,
          "attributes": {
            "ami": "ami-0c55b159cbfafe1f0",
            "arn": "arn:aws:ec2:us-east-2:050752615223:instance/i-04b200961180e207b",
            "associate_public_ip_address": false,
            "availability_zone": "us-east-2a",
            "capacity_reservation_specification": [
              {
                "capacity_reservation_preference": "open",
                "capacity_reservation_target": []
              }
            ],
            "cpu_core_count": 1,
            "cpu_options": [
              {
                "amd_sev_snp": "",
                "core_count": 1,
                "threads_per_core": 2
              }
            ],
            "cpu_threads_per_core": 2,
            "credit_specification": [
              {
                "cpu_credits": "unlimited"
              }
            ],
            "disable_api_stop": false,
            "disable_api_termination": false,
            "ebs_block_device": [],
            "ebs_optimized": false,
            "enable_primary_ipv6": null,
            "enclave_options": [
              {
                "enabled": false
              }
            ],
            "ephemeral_block_device": [],
            "get_password_data": false,
            "hibernation": false,
            "host_id": "",
            "host_resource_group_arn": null,
            "iam_instance_profile": "",
            "id": "i-04b200961180e207b",
            "instance_initiated_shutdown_behavior": "stop",
            "instance_lifecycle": "",
            "instance_market_options": [],
            "instance_state": "running",
            "instance_type": "t3.medium",
            "ipv6_address_count": 0,
            "ipv6_addresses": [],
            "key_name": "bastion-key",
            "launch_template": [],
            "maintenance_options": [
              {
                "auto_recovery": "default"
              }
            ],
            "metadata_options": [
              {
                "http_endpoint": "enabled",
                "http_protocol_ipv6": "disabled",
                "http_put_response_hop_limit": 1,
                "http_tokens": "optional",
                "instance_metadata_tags": "disabled"
              }
            ],
            "monitoring": false,
            "network_interface": [],
            "outpost_arn": "",
            "password_data": "",
            "placement_group": "",
            "placement_partition_number": 0,
            "primary_network_interface_id": "eni-037719a2600eeeee4",
            "private_dns": "ip-10-0-1-106.us-east-2.compute.internal",
            "private_dns_name_options": [
              {
                "enable_resource_name_dns_a_record": false,
                "enable_resource_name_dns_aaaa_record": false,
                "hostname_type": "ip-name"
              }
            ],
            "private_ip": "10.0.1.106",
            "public_dns": "",
            "public_ip": "",
            "root_block_device": [
              {
                "delete_on_termination": true,
                "device_name": "/dev/sda1",
                "encrypted": false,
                "iops": 100,
                "kms_key_id": "",
                "tags": {},
                "tags_all": {},
                "throughput": 0,
                "volume_id": "vol-04b72e36fbe90c65c",
                "volume_size": 8,
                "volume_type": "gp2"
              }
            ],
            "secondary_private_ips": [],
            "security_groups": [],
            "source_dest_check": true,
            "spot_instance_request_id": "",
            "subnet_id": "subnet-039dd2ffae3a7be77",
            "tags": {
              "Name": "worker-node"
            },
            "tags_all": {
              "Name": "worker-node"
            },
            "tenancy": "default",
            "timeouts": {
              "create": null,
              "delete": null,
              "read": null,
              "update": null
            },
            "user_data": "a6e1c896cc45565f03f0b10821156dd97cb5ffe4",
            "user_data_base64": null,
            "user_data_replace_on_change": false,
            "volume_tags": {
              "Name": "worker-node"
            },
            "vpc_security_group_ids": [
              "sg-047efd29cdfa25da8"
            ]
          },
          "sensitive_attributes": [],
          "private": "eyJlMmJmYjczMC1lY2FhLTExZTYtOGY4OC0zNDM2M2JjN2M0YzAiOnsiY3JlYXRlIjo2MDAwMDAwMDAwMDAsImRlbGV0ZSI6MTIwMDAwMDAwMDAwMCwicmVhZCI6OTAwMDAwMDAwMDAwLCJ1cGRhdGUiOjYwMDAwMDAwMDAwMH0sInNjaGVtYV92ZXJzaW9uIjoiMSJ9",
          "dependencies": [
            "aws_key_pair.bastion_key",
            "module.security_groups.module.worker_sg.aws_security_group.this",
            "module.security_groups.module.worker_sg.aws_security_group.this_name_prefix",
            "module.vpc.module.vpc.aws_subnet.private",
            "module.vpc.module.vpc.aws_vpc.this",
            "module.vpc.module.vpc.aws_vpc_ipv4_cidr_block_association.this",
            "module.workers.module.worker_nodes.aws_iam_instance_profile.this",
            "module.workers.module.worker_nodes.data.aws_ssm_parameter.this",
            "tls_private_key.bastion_key"
          ]
        }
      ]
    },
    {
      "module": "module.workers.module.worker_nodes[3]",
      "mode": "data",
      "type": "aws_partition",
      "name": "current",
      "provider": "provider[\"registry.terraform.io/hashicorp/aws\"]",
      "instances": [
        {
          "schema_version": 0,
          "attributes": {
            "dns_suffix": "amazonaws.com",
            "id": "aws",
            "partition": "aws",
            "reverse_dns_prefix": "com.amazonaws"
          },
          "sensitive_attributes": []
        }
      ]
    },
    {
      "module": "module.workers.module.worker_nodes[3]",
      "mode": "managed",
      "type": "aws_instance",
      "name": "this",
      "provider": "provider[\"registry.terraform.io/hashicorp/aws\"]",
      "instances": [
        {
          "index_key": 0,
          "schema_version": 1,
          "attributes": {
            "ami": "ami-0c55b159cbfafe1f0",
            "arn": "arn:aws:ec2:us-east-2:050752615223:instance/i-0064f034f2f92e169",
            "associate_public_ip_address": false,
            "availability_zone": "us-east-2a",
            "capacity_reservation_specification": [
              {
                "capacity_reservation_preference": "open",
                "capacity_reservation_target": []
              }
            ],
            "cpu_core_count": 1,
            "cpu_options": [
              {
                "amd_sev_snp": "",
                "core_count": 1,
                "threads_per_core": 2
              }
            ],
            "cpu_threads_per_core": 2,
            "credit_specification": [
              {
                "cpu_credits": "unlimited"
              }
            ],
            "disable_api_stop": false,
            "disable_api_termination": false,
            "ebs_block_device": [],
            "ebs_optimized": false,
            "enable_primary_ipv6": null,
            "enclave_options": [
              {
                "enabled": false
              }
            ],
            "ephemeral_block_device": [],
            "get_password_data": false,
            "hibernation": false,
            "host_id": "",
            "host_resource_group_arn": null,
            "iam_instance_profile": "",
            "id": "i-0064f034f2f92e169",
            "instance_initiated_shutdown_behavior": "stop",
            "instance_lifecycle": "",
            "instance_market_options": [],
            "instance_state": "running",
            "instance_type": "t3.medium",
            "ipv6_address_count": 0,
            "ipv6_addresses": [],
            "key_name": "bastion-key",
            "launch_template": [],
            "maintenance_options": [
              {
                "auto_recovery": "default"
              }
            ],
            "metadata_options": [
              {
                "http_endpoint": "enabled",
                "http_protocol_ipv6": "disabled",
                "http_put_response_hop_limit": 1,
                "http_tokens": "optional",
                "instance_metadata_tags": "disabled"
              }
            ],
            "monitoring": false,
            "network_interface": [],
            "outpost_arn": "",
            "password_data": "",
            "placement_group": "",
            "placement_partition_number": 0,
            "primary_network_interface_id": "eni-037fbaa984af3de57",
            "private_dns": "ip-10-0-1-211.us-east-2.compute.internal",
            "private_dns_name_options": [
              {
                "enable_resource_name_dns_a_record": false,
                "enable_resource_name_dns_aaaa_record": false,
                "hostname_type": "ip-name"
              }
            ],
            "private_ip": "10.0.1.211",
            "public_dns": "",
            "public_ip": "",
            "root_block_device": [
              {
                "delete_on_termination": true,
                "device_name": "/dev/sda1",
                "encrypted": false,
                "iops": 100,
                "kms_key_id": "",
                "tags": {},
                "tags_all": {},
                "throughput": 0,
                "volume_id": "vol-0fd8273775e887f60",
                "volume_size": 8,
                "volume_type": "gp2"
              }
            ],
            "secondary_private_ips": [],
            "security_groups": [],
            "source_dest_check": true,
            "spot_instance_request_id": "",
            "subnet_id": "subnet-039dd2ffae3a7be77",
            "tags": {
              "Name": "worker-node"
            },
            "tags_all": {
              "Name": "worker-node"
            },
            "tenancy": "default",
            "timeouts": {
              "create": null,
              "delete": null,
              "read": null,
              "update": null
            },
            "user_data": "a6e1c896cc45565f03f0b10821156dd97cb5ffe4",
            "user_data_base64": null,
            "user_data_replace_on_change": false,
            "volume_tags": {
              "Name": "worker-node"
            },
            "vpc_security_group_ids": [
              "sg-047efd29cdfa25da8"
            ]
          },
          "sensitive_attributes": [],
          "private": "eyJlMmJmYjczMC1lY2FhLTExZTYtOGY4OC0zNDM2M2JjN2M0YzAiOnsiY3JlYXRlIjo2MDAwMDAwMDAwMDAsImRlbGV0ZSI6MTIwMDAwMDAwMDAwMCwicmVhZCI6OTAwMDAwMDAwMDAwLCJ1cGRhdGUiOjYwMDAwMDAwMDAwMH0sInNjaGVtYV92ZXJzaW9uIjoiMSJ9",
          "dependencies": [
            "aws_key_pair.bastion_key",
            "module.security_groups.module.worker_sg.aws_security_group.this",
            "module.security_groups.module.worker_sg.aws_security_group.this_name_prefix",
            "module.vpc.module.vpc.aws_subnet.private",
            "module.vpc.module.vpc.aws_vpc.this",
            "module.vpc.module.vpc.aws_vpc_ipv4_cidr_block_association.this",
            "module.workers.module.worker_nodes.aws_iam_instance_profile.this",
            "module.workers.module.worker_nodes.data.aws_ssm_parameter.this",
            "tls_private_key.bastion_key"
          ]
        }
      ]
    },
    {
      "module": "module.workers.module.worker_nodes[4]",
      "mode": "data",
      "type": "aws_partition",
      "name": "current",
      "provider": "provider[\"registry.terraform.io/hashicorp/aws\"]",
      "instances": [
        {
          "schema_version": 0,
          "attributes": {
            "dns_suffix": "amazonaws.com",
            "id": "aws",
            "partition": "aws",
            "reverse_dns_prefix": "com.amazonaws"
          },
          "sensitive_attributes": []
        }
      ]
    },
    {
      "module": "module.workers.module.worker_nodes[4]",
      "mode": "managed",
      "type": "aws_instance",
      "name": "this",
      "provider": "provider[\"registry.terraform.io/hashicorp/aws\"]",
      "instances": [
        {
          "index_key": 0,
          "schema_version": 1,
          "attributes": {
            "ami": "ami-0c55b159cbfafe1f0",
            "arn": "arn:aws:ec2:us-east-2:050752615223:instance/i-0a38f61c57e06f99f",
            "associate_public_ip_address": false,
            "availability_zone": "us-east-2a",
            "capacity_reservation_specification": [
              {
                "capacity_reservation_preference": "open",
                "capacity_reservation_target": []
              }
            ],
            "cpu_core_count": 1,
            "cpu_options": [
              {
                "amd_sev_snp": "",
                "core_count": 1,
                "threads_per_core": 2
              }
            ],
            "cpu_threads_per_core": 2,
            "credit_specification": [
              {
                "cpu_credits": "unlimited"
              }
            ],
            "disable_api_stop": false,
            "disable_api_termination": false,
            "ebs_block_device": [],
            "ebs_optimized": false,
            "enable_primary_ipv6": null,
            "enclave_options": [
              {
                "enabled": false
              }
            ],
            "ephemeral_block_device": [],
            "get_password_data": false,
            "hibernation": false,
            "host_id": "",
            "host_resource_group_arn": null,
            "iam_instance_profile": "",
            "id": "i-0a38f61c57e06f99f",
            "instance_initiated_shutdown_behavior": "stop",
            "instance_lifecycle": "",
            "instance_market_options": [],
            "instance_state": "running",
            "instance_type": "t3.medium",
            "ipv6_address_count": 0,
            "ipv6_addresses": [],
            "key_name": "bastion-key",
            "launch_template": [],
            "maintenance_options": [
              {
                "auto_recovery": "default"
              }
            ],
            "metadata_options": [
              {
                "http_endpoint": "enabled",
                "http_protocol_ipv6": "disabled",
                "http_put_response_hop_limit": 1,
                "http_tokens": "optional",
                "instance_metadata_tags": "disabled"
              }
            ],
            "monitoring": false,
            "network_interface": [],
            "outpost_arn": "",
            "password_data": "",
            "placement_group": "",
            "placement_partition_number": 0,
            "primary_network_interface_id": "eni-06cbe868851a4706b",
            "private_dns": "ip-10-0-1-46.us-east-2.compute.internal",
            "private_dns_name_options": [
              {
                "enable_resource_name_dns_a_record": false,
                "enable_resource_name_dns_aaaa_record": false,
                "hostname_type": "ip-name"
              }
            ],
            "private_ip": "10.0.1.46",
            "public_dns": "",
            "public_ip": "",
            "root_block_device": [
              {
                "delete_on_termination": true,
                "device_name": "/dev/sda1",
                "encrypted": false,
                "iops": 100,
                "kms_key_id": "",
                "tags": {},
                "tags_all": {},
                "throughput": 0,
                "volume_id": "vol-099e2ad8b97a9c941",
                "volume_size": 8,
                "volume_type": "gp2"
              }
            ],
            "secondary_private_ips": [],
            "security_groups": [],
            "source_dest_check": true,
            "spot_instance_request_id": "",
            "subnet_id": "subnet-039dd2ffae3a7be77",
            "tags": {
              "Name": "worker-node"
            },
            "tags_all": {
              "Name": "worker-node"
            },
            "tenancy": "default",
            "timeouts": {
              "create": null,
              "delete": null,
              "read": null,
              "update": null
            },
            "user_data": "a6e1c896cc45565f03f0b10821156dd97cb5ffe4",
            "user_data_base64": null,
            "user_data_replace_on_change": false,
            "volume_tags": {
              "Name": "worker-node"
            },
            "vpc_security_group_ids": [
              "sg-047efd29cdfa25da8"
            ]
          },
          "sensitive_attributes": [],
          "private": "eyJlMmJmYjczMC1lY2FhLTExZTYtOGY4OC0zNDM2M2JjN2M0YzAiOnsiY3JlYXRlIjo2MDAwMDAwMDAwMDAsImRlbGV0ZSI6MTIwMDAwMDAwMDAwMCwicmVhZCI6OTAwMDAwMDAwMDAwLCJ1cGRhdGUiOjYwMDAwMDAwMDAwMH0sInNjaGVtYV92ZXJzaW9uIjoiMSJ9",
          "dependencies": [
            "aws_key_pair.bastion_key",
            "module.security_groups.module.worker_sg.aws_security_group.this",
            "module.security_groups.module.worker_sg.aws_security_group.this_name_prefix",
            "module.vpc.module.vpc.aws_subnet.private",
            "module.vpc.module.vpc.aws_vpc.this",
            "module.vpc.module.vpc.aws_vpc_ipv4_cidr_block_association.this",
            "module.workers.module.worker_nodes.aws_iam_instance_profile.this",
            "module.workers.module.worker_nodes.data.aws_ssm_parameter.this",
            "tls_private_key.bastion_key"
          ]
        }
      ]
    }
  ],
  "check_results": null
}
