{
  "version": 4,
  "terraform_version": "1.5.7",
  "serial": 1314,
  "lineage": "19c0be75-ab07-0077-e8b4-e353cec17311",
  "outputs": {
    "bastion_id": {
      "value": "i-08fc5860234778234",
      "type": "string"
    },
    "bastion_private_ip": {
      "value": "10.0.101.163",
      "type": "string"
    },
    "bastion_private_key_path": {
      "value": "./bastion-key.pem",
      "type": "string",
      "sensitive": true
    },
    "bastion_public_ip": {
      "value": "3.138.119.136",
      "type": "string"
    },
    "bastion_security_group_id": {
      "value": "sg-079927284fa575cd9",
      "type": "string"
    },
    "private_subnets": {
      "value": [
        "subnet-050851e0a1d04fcc2",
        "subnet-08242be3088ccdded"
      ],
      "type": [
        "tuple",
        [
          "string",
          "string"
        ]
      ]
    },
    "public_subnets": {
      "value": [
        "subnet-085af9ef1233f683e",
        "subnet-02cd3b80b0e877e6d"
      ],
      "type": [
        "tuple",
        [
          "string",
          "string"
        ]
      ]
    },
    "vpc_id": {
      "value": "vpc-01ca7c2b17d32932c",
      "type": "string"
    },
    "worker_instance_ids": {
      "value": [
        "i-0c21e6db32b0c8846",
        "i-0c6caea73bb3abe53",
        "i-02c482328f9dd1e3b",
        "i-07d52225c33637da0",
        "i-073be6eae6af63ca8"
      ],
      "type": [
        "tuple",
        [
          "string",
          "string",
          "string",
          "string",
          "string"
        ]
      ]
    },
    "worker_private_ips": {
      "value": [
        "10.0.1.160",
        "10.0.1.27",
        "10.0.1.231",
        "10.0.1.97",
        "10.0.1.13"
      ],
      "type": [
        "tuple",
        [
          "string",
          "string",
          "string",
          "string",
          "string"
        ]
      ]
    },
    "worker_security_group_id": {
      "value": "sg-01d4a79e5efa039dd",
      "type": "string"
    }
  },
  "resources": [
    {
      "mode": "managed",
      "type": "aws_key_pair",
      "name": "bastion_key",
      "provider": "provider[\"registry.terraform.io/hashicorp/aws\"]",
      "instances": [
        {
          "schema_version": 1,
          "attributes": {
            "arn": "arn:aws:ec2:us-east-2:050752615223:key-pair/bastion-key",
            "fingerprint": "e6:e8:b8:09:ba:45:fe:47:a1:cb:ef:b1:6b:68:18:0a",
            "id": "bastion-key",
            "key_name": "bastion-key",
            "key_name_prefix": "",
            "key_pair_id": "key-086c98722f974e73d",
            "key_type": "rsa",
            "public_key": "ssh-rsa AAAAB3NzaC1yc2EAAAADAQABAAABAQDCYvBJsTJX1JrNx1eekzEzNr07s3ZE0UjB+0Bu7bvjJ6ozdROogJ8C+XVdSRAiELd6EstdU+vIN4/ycmpcoesUsoIq5qmZecjyBREdhuShBoprkius/yEKskUOKNw97wZpCekoMvFI0n64ipD3MrsUZcmZq6mnsxbYPRvb4eq3EsC8KmhGKTz0g57wenKdZDU5Y3aCNUiIyRTyCK9b88UlBxh3UYFuqlTdxePgXQsBymF4Cvso0AWr5xeixEWDxW0+I6qKSfE2Xw1vXPRKEG/Quzef3lgRJ8feNG/22UJn8ML8MqXkzoYY/+Rm3OExJhSaZx19Br/8qxLqoLkL9sIt",
            "tags": null,
            "tags_all": {}
          },
          "sensitive_attributes": [],
          "private": "eyJzY2hlbWFfdmVyc2lvbiI6IjEifQ==",
          "dependencies": [
            "tls_private_key.bastion_key"
          ]
        }
      ]
    },
    {
      "mode": "managed",
      "type": "local_file",
      "name": "bastion_private_key",
      "provider": "provider[\"registry.terraform.io/hashicorp/local\"]",
      "instances": [
        {
          "schema_version": 0,
          "attributes": {
            "content": "-----BEGIN RSA PRIVATE KEY-----\nMIIEpAIBAAKCAQEAwmLwSbEyV9SazcdXnpMxMza9O7N2RNFIwftAbu274yeqM3UT\nqICfAvl1XUkQIhC3ehLLXVPryDeP8nJqXKHrFLKCKuapmXnI8gURHYbkoQaKa5Ir\nrP8hCrJFDijcPe8GaQnpKDLxSNJ+uIqQ9zK7FGXJmaupp7MW2D0b2+HqtxLAvCpo\nRik89IOe8HpynWQ1OWN2gjVIiMkU8givW/PFJQcYd1GBbqpU3cXj4F0LAcpheAr7\nKNAFq+cXosRFg8VtPiOqiknxNl8Nb1z0ShBv0Ls3n95YESfH3jRv9tlCZ/DC/DKl\n5M6GGP/kZtzhMSYUmmcdfQa//KsS6qC5C/bCLQIDAQABAoIBAQC2veKdtLraPSHn\nMG8bwc6wEdbmiDk4SvO2gWi6oD5RN5nXVEpNz9UtK619LFHBZKvIVGDg9SMlD68A\nwzVgrkvdIlAi2sQ4Z3hUphTICGdpRkfdBwaOVS8P6jXnMNyUUOBa4RlTVEjnKBQ/\nkuzjp8qeS26yS+JrqH5ifVhyZzmMLqzNaptm8vfj00ctHL5X9DwpWH/dOZbKA9mb\n2QXay73Vr03irlmGbXvA+ckaC1lGFwxMkKA6CsYfgyCWa0SQ8n51GOLe7FRW/wbJ\n1GCSP0OjR2XVMJglYdpiC8FmtGqKHz16xFBKvBWMLnkU2XyEKfERTjfkm6fLN3ay\nb+CJ0NGhAoGBAPS3Kx2/dZ8Tq7S6ZbsK7Jxre4RtBwhXbN1ilLW+a7ZY9yUuGNN1\nOCquBvnyI7iHyvJCt9Eao88EiBRfLmtDOUywtskfcl8pNrP5NuxUv3ssxdX/7Qov\nfmJDPdaQBAz8oC1oB2nl/oNTaHrqP3g4Kf/+9N2tz+xlhHR+voHt6fIZAoGBAMtZ\npK1qUQu/lMS32FiAINif0J0mQZnbfxz2/cwAW6yuULrsECMslB+p9BDG/mSoTykw\nKQ6txBpBsuuj1bIc6shpdiNjgeqIbw7HP0WL9+y7JeM2L2ac3Z1zSA7ioociprmx\n5TVLAMphwKieOSAJDxKP1wOJRwE8GVoZeA6D1xs1AoGBAMyfnN3zCldKC3nDou0T\n5WWmOlIxGIBRGibEF7Ug1NBU89OTCA9JJP4LJqo5XsUeRwTr5OhkbjTchS0Dqbzn\nKTKHUVA7i1cnDybObK6Q7swAVCztIzgxHmzr7PlM0xZI52cQZaKXPopxZBvjY88S\np4v3lKkIfaQd/vOqR4I9fjGBAoGADhvLHCkLNHh3Vuq2fPVu0fjMnYqg9I7RE+5j\nD3ta4PE7MqzcNcSLBmNhRqS3074FuALaZmVR/MxgII8+bVwqQftnMe9efSo4Ilta\nnXWnnuohJ9GDmmf5zEnKTxYUVrHlxW59S6RHisMbfdd0eS+Hty75qQomPgSwcZrg\nxIkLLJ0CgYA6Ly72YbR7fJs+E9D9xpxIlI4KmEwvCsMznG7H6UAkyWp4CHb6sACU\nMUI8wjWnFrvv3DlK+ikUHC+fnsVOT6ETgXeuelFFhvoJe4CYo5Y3JmiWX5XxOR47\nw/fMNDW+mI9BCMRe4kFbkbo3wNmGw0OfIt0KkA7IGUeP5jDehJi/uQ==\n-----END RSA PRIVATE KEY-----\n",
            "content_base64": null,
            "content_base64sha256": "sIEK9tsFyuQTXTSp+joB12N2aId73z6ICj4p8W4/MoI=",
            "content_base64sha512": "89yH1bKsM5ZPgFBF00BO8xjnMpcGiH7uqNlO1WrjEac1X6emYejipxBMjd0g1OqeGgRF5PjbBfSswiLx8ajhyQ==",
            "content_md5": "a6c00f145a52a9c1e0e9a5060713166b",
            "content_sha1": "cf386f857c2b9aa5f1caaa2eb734ed6e4e721f8d",
            "content_sha256": "b0810af6db05cae4135d34a9fa3a01d7637668877bdf3e880a3e29f16e3f3282",
            "content_sha512": "f3dc87d5b2ac33964f805045d3404ef318e7329706887eeea8d94ed56ae311a7355fa7a661e8e2a7104c8ddd20d4ea9e1a0445e4f8db05f4acc222f1f1a8e1c9",
            "directory_permission": "0777",
            "file_permission": "0600",
            "filename": "./bastion-key.pem",
            "id": "cf386f857c2b9aa5f1caaa2eb734ed6e4e721f8d",
            "sensitive_content": null,
            "source": null
          },
          "sensitive_attributes": [
            [
              {
                "type": "get_attr",
                "value": "content"
              }
            ]
          ],
          "dependencies": [
            "tls_private_key.bastion_key"
          ]
        }
      ]
    },
    {
      "mode": "managed",
      "type": "tls_private_key",
      "name": "bastion_key",
      "provider": "provider[\"registry.terraform.io/hashicorp/tls\"]",
      "instances": [
        {
          "schema_version": 1,
          "attributes": {
            "algorithm": "RSA",
            "ecdsa_curve": "P224",
            "id": "8530b8dba0e4c15a6723f4eda8606710f8f725c6",
            "private_key_openssh": "-----BEGIN OPENSSH PRIVATE KEY-----\nb3BlbnNzaC1rZXktdjEAAAAABG5vbmUAAAAEbm9uZQAAAAAAAAABAAABFwAAAAdz\nc2gtcnNhAAAAAwEAAQAAAQEAwmLwSbEyV9SazcdXnpMxMza9O7N2RNFIwftAbu27\n4yeqM3UTqICfAvl1XUkQIhC3ehLLXVPryDeP8nJqXKHrFLKCKuapmXnI8gURHYbk\noQaKa5IrrP8hCrJFDijcPe8GaQnpKDLxSNJ+uIqQ9zK7FGXJmaupp7MW2D0b2+Hq\ntxLAvCpoRik89IOe8HpynWQ1OWN2gjVIiMkU8givW/PFJQcYd1GBbqpU3cXj4F0L\nAcpheAr7KNAFq+cXosRFg8VtPiOqiknxNl8Nb1z0ShBv0Ls3n95YESfH3jRv9tlC\nZ/DC/DKl5M6GGP/kZtzhMSYUmmcdfQa//KsS6qC5C/bCLQAAA7gKbw+lCm8PpQAA\nAAdzc2gtcnNhAAABAQDCYvBJsTJX1JrNx1eekzEzNr07s3ZE0UjB+0Bu7bvjJ6oz\ndROogJ8C+XVdSRAiELd6EstdU+vIN4/ycmpcoesUsoIq5qmZecjyBREdhuShBopr\nkius/yEKskUOKNw97wZpCekoMvFI0n64ipD3MrsUZcmZq6mnsxbYPRvb4eq3EsC8\nKmhGKTz0g57wenKdZDU5Y3aCNUiIyRTyCK9b88UlBxh3UYFuqlTdxePgXQsBymF4\nCvso0AWr5xeixEWDxW0+I6qKSfE2Xw1vXPRKEG/Quzef3lgRJ8feNG/22UJn8ML8\nMqXkzoYY/+Rm3OExJhSaZx19Br/8qxLqoLkL9sItAAAAAwEAAQAAAQEAtr3inbS6\n2j0h5zBvG8HOsBHW5og5OErztoFouqA+UTeZ11RKTc/VLSutfSxRwWSryFRg4PUj\nJQ+vAMM1YK5L3SJQItrEOGd4VKYUyAhnaUZH3QcGjlUvD+o15zDclFDgWuEZU1RI\n5ygUP5Ls46fKnktuskvia6h+Yn1Ycmc5jC6szWqbZvL349NHLRy+V/Q8KVh/3TmW\nygPZm9kF2su91a9N4q5Zhm17wPnJGgtZRhcMTJCgOgrGH4MglmtEkPJ+dRji3uxU\nVv8GydRgkj9Do0dl1TCYJWHaYgvBZrRqih89esRQSrwVjC55FNl8hCnxEU435Jun\nyzd2sm/gidDRoQAAAIA6Ly72YbR7fJs+E9D9xpxIlI4KmEwvCsMznG7H6UAkyWp4\nCHb6sACUMUI8wjWnFrvv3DlK+ikUHC+fnsVOT6ETgXeuelFFhvoJe4CYo5Y3JmiW\nX5XxOR47w/fMNDW+mI9BCMRe4kFbkbo3wNmGw0OfIt0KkA7IGUeP5jDehJi/uQAA\nAIEA9LcrHb91nxOrtLpluwrsnGt7hG0HCFds3WKUtb5rtlj3JS4Y03U4Kq4G+fIj\nuIfK8kK30RqjzwSIFF8ua0M5TLC2yR9yXyk2s/k27FS/eyzF1f/tCi9+YkM91pAE\nDPygLWgHaeX+g1Noeuo/eDgp//703a3P7GWEdH6+ge3p8hkAAACBAMtZpK1qUQu/\nlMS32FiAINif0J0mQZnbfxz2/cwAW6yuULrsECMslB+p9BDG/mSoTykwKQ6txBpB\nsuuj1bIc6shpdiNjgeqIbw7HP0WL9+y7JeM2L2ac3Z1zSA7ioociprmx5TVLAMph\nwKieOSAJDxKP1wOJRwE8GVoZeA6D1xs1AAAAAAEC\n-----END OPENSSH PRIVATE KEY-----\n",
            "private_key_pem": "-----BEGIN RSA PRIVATE KEY-----\nMIIEpAIBAAKCAQEAwmLwSbEyV9SazcdXnpMxMza9O7N2RNFIwftAbu274yeqM3UT\nqICfAvl1XUkQIhC3ehLLXVPryDeP8nJqXKHrFLKCKuapmXnI8gURHYbkoQaKa5Ir\nrP8hCrJFDijcPe8GaQnpKDLxSNJ+uIqQ9zK7FGXJmaupp7MW2D0b2+HqtxLAvCpo\nRik89IOe8HpynWQ1OWN2gjVIiMkU8givW/PFJQcYd1GBbqpU3cXj4F0LAcpheAr7\nKNAFq+cXosRFg8VtPiOqiknxNl8Nb1z0ShBv0Ls3n95YESfH3jRv9tlCZ/DC/DKl\n5M6GGP/kZtzhMSYUmmcdfQa//KsS6qC5C/bCLQIDAQABAoIBAQC2veKdtLraPSHn\nMG8bwc6wEdbmiDk4SvO2gWi6oD5RN5nXVEpNz9UtK619LFHBZKvIVGDg9SMlD68A\nwzVgrkvdIlAi2sQ4Z3hUphTICGdpRkfdBwaOVS8P6jXnMNyUUOBa4RlTVEjnKBQ/\nkuzjp8qeS26yS+JrqH5ifVhyZzmMLqzNaptm8vfj00ctHL5X9DwpWH/dOZbKA9mb\n2QXay73Vr03irlmGbXvA+ckaC1lGFwxMkKA6CsYfgyCWa0SQ8n51GOLe7FRW/wbJ\n1GCSP0OjR2XVMJglYdpiC8FmtGqKHz16xFBKvBWMLnkU2XyEKfERTjfkm6fLN3ay\nb+CJ0NGhAoGBAPS3Kx2/dZ8Tq7S6ZbsK7Jxre4RtBwhXbN1ilLW+a7ZY9yUuGNN1\nOCquBvnyI7iHyvJCt9Eao88EiBRfLmtDOUywtskfcl8pNrP5NuxUv3ssxdX/7Qov\nfmJDPdaQBAz8oC1oB2nl/oNTaHrqP3g4Kf/+9N2tz+xlhHR+voHt6fIZAoGBAMtZ\npK1qUQu/lMS32FiAINif0J0mQZnbfxz2/cwAW6yuULrsECMslB+p9BDG/mSoTykw\nKQ6txBpBsuuj1bIc6shpdiNjgeqIbw7HP0WL9+y7JeM2L2ac3Z1zSA7ioociprmx\n5TVLAMphwKieOSAJDxKP1wOJRwE8GVoZeA6D1xs1AoGBAMyfnN3zCldKC3nDou0T\n5WWmOlIxGIBRGibEF7Ug1NBU89OTCA9JJP4LJqo5XsUeRwTr5OhkbjTchS0Dqbzn\nKTKHUVA7i1cnDybObK6Q7swAVCztIzgxHmzr7PlM0xZI52cQZaKXPopxZBvjY88S\np4v3lKkIfaQd/vOqR4I9fjGBAoGADhvLHCkLNHh3Vuq2fPVu0fjMnYqg9I7RE+5j\nD3ta4PE7MqzcNcSLBmNhRqS3074FuALaZmVR/MxgII8+bVwqQftnMe9efSo4Ilta\nnXWnnuohJ9GDmmf5zEnKTxYUVrHlxW59S6RHisMbfdd0eS+Hty75qQomPgSwcZrg\nxIkLLJ0CgYA6Ly72YbR7fJs+E9D9xpxIlI4KmEwvCsMznG7H6UAkyWp4CHb6sACU\nMUI8wjWnFrvv3DlK+ikUHC+fnsVOT6ETgXeuelFFhvoJe4CYo5Y3JmiWX5XxOR47\nw/fMNDW+mI9BCMRe4kFbkbo3wNmGw0OfIt0KkA7IGUeP5jDehJi/uQ==\n-----END RSA PRIVATE KEY-----\n",
            "private_key_pem_pkcs8": "-----BEGIN PRIVATE KEY-----\nMIIEvgIBADANBgkqhkiG9w0BAQEFAASCBKgwggSkAgEAAoIBAQDCYvBJsTJX1JrN\nx1eekzEzNr07s3ZE0UjB+0Bu7bvjJ6ozdROogJ8C+XVdSRAiELd6EstdU+vIN4/y\ncmpcoesUsoIq5qmZecjyBREdhuShBoprkius/yEKskUOKNw97wZpCekoMvFI0n64\nipD3MrsUZcmZq6mnsxbYPRvb4eq3EsC8KmhGKTz0g57wenKdZDU5Y3aCNUiIyRTy\nCK9b88UlBxh3UYFuqlTdxePgXQsBymF4Cvso0AWr5xeixEWDxW0+I6qKSfE2Xw1v\nXPRKEG/Quzef3lgRJ8feNG/22UJn8ML8MqXkzoYY/+Rm3OExJhSaZx19Br/8qxLq\noLkL9sItAgMBAAECggEBALa94p20uto9IecwbxvBzrAR1uaIOThK87aBaLqgPlE3\nmddUSk3P1S0rrX0sUcFkq8hUYOD1IyUPrwDDNWCuS90iUCLaxDhneFSmFMgIZ2lG\nR90HBo5VLw/qNecw3JRQ4FrhGVNUSOcoFD+S7OOnyp5LbrJL4muofmJ9WHJnOYwu\nrM1qm2by9+PTRy0cvlf0PClYf905lsoD2ZvZBdrLvdWvTeKuWYZte8D5yRoLWUYX\nDEyQoDoKxh+DIJZrRJDyfnUY4t7sVFb/BsnUYJI/Q6NHZdUwmCVh2mILwWa0aoof\nPXrEUEq8FYwueRTZfIQp8RFON+Sbp8s3drJv4InQ0aECgYEA9LcrHb91nxOrtLpl\nuwrsnGt7hG0HCFds3WKUtb5rtlj3JS4Y03U4Kq4G+fIjuIfK8kK30RqjzwSIFF8u\na0M5TLC2yR9yXyk2s/k27FS/eyzF1f/tCi9+YkM91pAEDPygLWgHaeX+g1Noeuo/\neDgp//703a3P7GWEdH6+ge3p8hkCgYEAy1mkrWpRC7+UxLfYWIAg2J/QnSZBmdt/\nHPb9zABbrK5QuuwQIyyUH6n0EMb+ZKhPKTApDq3EGkGy66PVshzqyGl2I2OB6ohv\nDsc/RYv37Lsl4zYvZpzdnXNIDuKihyKmubHlNUsAymHAqJ45IAkPEo/XA4lHATwZ\nWhl4DoPXGzUCgYEAzJ+c3fMKV0oLecOi7RPlZaY6UjEYgFEaJsQXtSDU0FTz05MI\nD0kk/gsmqjlexR5HBOvk6GRuNNyFLQOpvOcpModRUDuLVycPJs5srpDuzABULO0j\nODEebOvs+UzTFkjnZxBlopc+inFkG+NjzxKni/eUqQh9pB3+86pHgj1+MYECgYAO\nG8scKQs0eHdW6rZ89W7R+MydiqD0jtET7mMPe1rg8TsyrNw1xIsGY2FGpLfTvgW4\nAtpmZVH8zGAgjz5tXCpB+2cx7159KjgiW1qddaee6iEn0YOaZ/nMScpPFhRWseXF\nbn1LpEeKwxt913R5L4e3LvmpCiY+BLBxmuDEiQssnQKBgDovLvZhtHt8mz4T0P3G\nnEiUjgqYTC8KwzOcbsfpQCTJangIdvqwAJQxQjzCNacWu+/cOUr6KRQcL5+exU5P\noROBd656UUWG+gl7gJijljcmaJZflfE5HjvD98w0Nb6Yj0EIxF7iQVuRujfA2YbD\nQ58i3QqQDsgZR4/mMN6EmL+5\n-----END PRIVATE KEY-----\n",
            "public_key_fingerprint_md5": "51:8f:d4:54:1a:d4:56:21:c6:ff:25:87:29:74:91:ca",
            "public_key_fingerprint_sha256": "SHA256:BizXDJGoUWue1axxR8m8TF1KeFgTxVBB0/3ylg86bXo",
            "public_key_openssh": "ssh-rsa AAAAB3NzaC1yc2EAAAADAQABAAABAQDCYvBJsTJX1JrNx1eekzEzNr07s3ZE0UjB+0Bu7bvjJ6ozdROogJ8C+XVdSRAiELd6EstdU+vIN4/ycmpcoesUsoIq5qmZecjyBREdhuShBoprkius/yEKskUOKNw97wZpCekoMvFI0n64ipD3MrsUZcmZq6mnsxbYPRvb4eq3EsC8KmhGKTz0g57wenKdZDU5Y3aCNUiIyRTyCK9b88UlBxh3UYFuqlTdxePgXQsBymF4Cvso0AWr5xeixEWDxW0+I6qKSfE2Xw1vXPRKEG/Quzef3lgRJ8feNG/22UJn8ML8MqXkzoYY/+Rm3OExJhSaZx19Br/8qxLqoLkL9sIt\n",
            "public_key_pem": "-----BEGIN PUBLIC KEY-----\nMIIBIjANBgkqhkiG9w0BAQEFAAOCAQ8AMIIBCgKCAQEAwmLwSbEyV9SazcdXnpMx\nMza9O7N2RNFIwftAbu274yeqM3UTqICfAvl1XUkQIhC3ehLLXVPryDeP8nJqXKHr\nFLKCKuapmXnI8gURHYbkoQaKa5IrrP8hCrJFDijcPe8GaQnpKDLxSNJ+uIqQ9zK7\nFGXJmaupp7MW2D0b2+HqtxLAvCpoRik89IOe8HpynWQ1OWN2gjVIiMkU8givW/PF\nJQcYd1GBbqpU3cXj4F0LAcpheAr7KNAFq+cXosRFg8VtPiOqiknxNl8Nb1z0ShBv\n0Ls3n95YESfH3jRv9tlCZ/DC/DKl5M6GGP/kZtzhMSYUmmcdfQa//KsS6qC5C/bC\nLQIDAQAB\n-----END PUBLIC KEY-----\n",
            "rsa_bits": 2048
          },
          "sensitive_attributes": []
        }
      ]
    },
    {
      "module": "module.bastion.module.bastion",
      "mode": "data",
      "type": "aws_partition",
      "name": "current",
      "provider": "provider[\"registry.terraform.io/hashicorp/aws\"]",
      "instances": [
        {
          "schema_version": 0,
          "attributes": {
            "dns_suffix": "amazonaws.com",
            "id": "aws",
            "partition": "aws",
            "reverse_dns_prefix": "com.amazonaws"
          },
          "sensitive_attributes": []
        }
      ]
    },
    {
      "module": "module.bastion.module.bastion",
      "mode": "managed",
      "type": "aws_instance",
      "name": "this",
      "provider": "provider[\"registry.terraform.io/hashicorp/aws\"]",
      "instances": [
        {
          "index_key": 0,
          "schema_version": 1,
          "attributes": {
            "ami": "ami-0cb91c7de36eed2cb",
            "arn": "arn:aws:ec2:us-east-2:050752615223:instance/i-08fc5860234778234",
            "associate_public_ip_address": true,
            "availability_zone": "us-east-2a",
            "capacity_reservation_specification": [
              {
                "capacity_reservation_preference": "open",
                "capacity_reservation_target": []
              }
            ],
            "cpu_core_count": 1,
            "cpu_options": [
              {
                "amd_sev_snp": "",
                "core_count": 1,
                "threads_per_core": 1
              }
            ],
            "cpu_threads_per_core": 1,
            "credit_specification": [
              {
                "cpu_credits": "standard"
              }
            ],
            "disable_api_stop": false,
            "disable_api_termination": false,
            "ebs_block_device": [],
            "ebs_optimized": false,
            "enable_primary_ipv6": null,
            "enclave_options": [
              {
                "enabled": false
              }
            ],
            "ephemeral_block_device": [],
            "get_password_data": false,
            "hibernation": false,
            "host_id": "",
            "host_resource_group_arn": null,
            "iam_instance_profile": "",
            "id": "i-08fc5860234778234",
            "instance_initiated_shutdown_behavior": "stop",
            "instance_lifecycle": "",
            "instance_market_options": [],
            "instance_state": "running",
            "instance_type": "t2.micro",
            "ipv6_address_count": 0,
            "ipv6_addresses": [],
            "key_name": "bastion-key",
            "launch_template": [],
            "maintenance_options": [
              {
                "auto_recovery": "default"
              }
            ],
            "metadata_options": [
              {
                "http_endpoint": "enabled",
                "http_protocol_ipv6": "disabled",
                "http_put_response_hop_limit": 1,
                "http_tokens": "optional",
                "instance_metadata_tags": "disabled"
              }
            ],
            "monitoring": false,
            "network_interface": [],
            "outpost_arn": "",
            "password_data": "",
            "placement_group": "",
            "placement_partition_number": 0,
            "primary_network_interface_id": "eni-0689fcbd450d242e5",
            "private_dns": "ip-10-0-101-163.us-east-2.compute.internal",
            "private_dns_name_options": [
              {
                "enable_resource_name_dns_a_record": false,
                "enable_resource_name_dns_aaaa_record": false,
                "hostname_type": "ip-name"
              }
            ],
            "private_ip": "10.0.101.163",
            "public_dns": "ec2-3-138-119-136.us-east-2.compute.amazonaws.com",
            "public_ip": "3.138.119.136",
            "root_block_device": [
              {
                "delete_on_termination": true,
                "device_name": "/dev/sda1",
                "encrypted": false,
                "iops": 3000,
                "kms_key_id": "",
                "tags": {},
                "tags_all": {},
                "throughput": 125,
                "volume_id": "vol-06c2732c407e05f11",
                "volume_size": 8,
                "volume_type": "gp3"
              }
            ],
            "secondary_private_ips": [],
            "security_groups": [],
            "source_dest_check": true,
            "spot_instance_request_id": "",
            "subnet_id": "subnet-085af9ef1233f683e",
            "tags": {
              "Name": "bastion-host"
            },
            "tags_all": {
              "Name": "bastion-host"
            },
            "tenancy": "default",
            "timeouts": {
              "create": null,
              "delete": null,
              "read": null,
              "update": null
            },
            "user_data": null,
            "user_data_base64": null,
            "user_data_replace_on_change": false,
            "volume_tags": {
              "Name": "bastion-host"
            },
            "vpc_security_group_ids": [
              "sg-079927284fa575cd9"
            ]
          },
          "sensitive_attributes": [],
          "private": "eyJlMmJmYjczMC1lY2FhLTExZTYtOGY4OC0zNDM2M2JjN2M0YzAiOnsiY3JlYXRlIjo2MDAwMDAwMDAwMDAsImRlbGV0ZSI6MTIwMDAwMDAwMDAwMCwicmVhZCI6OTAwMDAwMDAwMDAwLCJ1cGRhdGUiOjYwMDAwMDAwMDAwMH0sInNjaGVtYV92ZXJzaW9uIjoiMSJ9",
          "dependencies": [
            "aws_key_pair.bastion_key",
            "module.bastion.module.bastion.aws_iam_instance_profile.this",
            "module.bastion.module.bastion.data.aws_ssm_parameter.this",
            "module.security_groups.module.bastion_sg.aws_security_group.this",
            "module.security_groups.module.bastion_sg.aws_security_group.this_name_prefix",
            "module.vpc.module.vpc.aws_subnet.public",
            "module.vpc.module.vpc.aws_vpc.this",
            "module.vpc.module.vpc.aws_vpc_ipv4_cidr_block_association.this",
            "tls_private_key.bastion_key"
          ]
        }
      ]
    },
    {
      "module": "module.security_groups",
      "mode": "data",
      "type": "http",
      "name": "my_ip",
      "provider": "provider[\"registry.terraform.io/hashicorp/http\"]",
      "instances": [
        {
          "schema_version": 0,
          "attributes": {
            "body": "208.184.176.210",
            "ca_cert_pem": null,
            "id": "https://ifconfig.me",
            "insecure": null,
            "method": null,
            "request_body": null,
            "request_headers": null,
            "request_timeout_ms": null,
            "response_body": "208.184.176.210",
            "response_body_base64": "MjA4LjE4NC4xNzYuMjEw",
            "response_headers": {
              "Access-Control-Allow-Origin": "*",
              "Alt-Svc": "h3=\":443\"; ma=2592000,h3-29=\":443\"; ma=2592000",
              "Content-Length": "15",
              "Content-Type": "text/plain",
              "Date": "Thu, 13 Feb 2025 18:46:07 GMT",
              "Via": "1.1 google"
            },
            "retry": null,
            "status_code": 200,
            "url": "https://ifconfig.me"
          },
          "sensitive_attributes": []
        }
      ]
    },
    {
      "module": "module.security_groups.module.bastion_sg",
      "mode": "managed",
      "type": "aws_security_group",
      "name": "this_name_prefix",
      "provider": "provider[\"registry.terraform.io/hashicorp/aws\"]",
      "instances": [
        {
          "index_key": 0,
          "schema_version": 1,
          "attributes": {
            "arn": "arn:aws:ec2:us-east-2:050752615223:security-group/sg-079927284fa575cd9",
            "description": "Security Group managed by Terraform",
            "egress": [],
            "id": "sg-079927284fa575cd9",
            "ingress": [],
            "name": "bastion-sg-20250213184623742100000004",
            "name_prefix": "bastion-sg-",
            "owner_id": "050752615223",
            "revoke_rules_on_delete": false,
            "tags": {
              "Name": "bastion-sg"
            },
            "tags_all": {
              "Name": "bastion-sg"
            },
            "timeouts": {
              "create": "10m",
              "delete": "15m"
            },
            "vpc_id": "vpc-01ca7c2b17d32932c"
          },
          "sensitive_attributes": [],
          "private": "eyJlMmJmYjczMC1lY2FhLTExZTYtOGY4OC0zNDM2M2JjN2M0YzAiOnsiY3JlYXRlIjo2MDAwMDAwMDAwMDAsImRlbGV0ZSI6OTAwMDAwMDAwMDAwfSwic2NoZW1hX3ZlcnNpb24iOiIxIn0=",
          "dependencies": [
            "module.vpc.module.vpc.aws_vpc.this"
          ],
          "create_before_destroy": true
        }
      ]
    },
    {
      "module": "module.security_groups.module.bastion_sg",
      "mode": "managed",
      "type": "aws_security_group_rule",
      "name": "egress_with_cidr_blocks",
      "provider": "provider[\"registry.terraform.io/hashicorp/aws\"]",
      "instances": [
        {
          "index_key": 0,
          "schema_version": 2,
          "attributes": {
            "cidr_blocks": [
              "0.0.0.0/0"
            ],
            "description": "Egress Rule",
            "from_port": 0,
            "id": "sgrule-4223479865",
            "ipv6_cidr_blocks": null,
            "prefix_list_ids": null,
            "protocol": "-1",
            "security_group_id": "sg-079927284fa575cd9",
            "security_group_rule_id": "sgr-080bee820974bbac4",
            "self": false,
            "source_security_group_id": null,
            "timeouts": null,
            "to_port": 0,
            "type": "egress"
          },
          "sensitive_attributes": [],
          "private": "eyJlMmJmYjczMC1lY2FhLTExZTYtOGY4OC0zNDM2M2JjN2M0YzAiOnsiY3JlYXRlIjozMDAwMDAwMDAwMDB9LCJzY2hlbWFfdmVyc2lvbiI6IjIifQ==",
          "dependencies": [
            "module.security_groups.module.bastion_sg.aws_security_group.this",
            "module.security_groups.module.bastion_sg.aws_security_group.this_name_prefix",
            "module.vpc.module.vpc.aws_vpc.this"
          ]
        }
      ]
    },
    {
      "module": "module.security_groups.module.bastion_sg",
      "mode": "managed",
      "type": "aws_security_group_rule",
      "name": "ingress_with_cidr_blocks",
      "provider": "provider[\"registry.terraform.io/hashicorp/aws\"]",
      "instances": [
        {
          "index_key": 0,
          "schema_version": 2,
          "attributes": {
            "cidr_blocks": [
              "208.184.176.210/32"
            ],
            "description": "Allow SSH from my IP",
            "from_port": 22,
            "id": "sgrule-103373894",
            "ipv6_cidr_blocks": null,
            "prefix_list_ids": null,
            "protocol": "tcp",
            "security_group_id": "sg-079927284fa575cd9",
            "security_group_rule_id": "sgr-0f1989a0b011aba5a",
            "self": false,
            "source_security_group_id": null,
            "timeouts": null,
            "to_port": 22,
            "type": "ingress"
          },
          "sensitive_attributes": [],
          "private": "eyJlMmJmYjczMC1lY2FhLTExZTYtOGY4OC0zNDM2M2JjN2M0YzAiOnsiY3JlYXRlIjozMDAwMDAwMDAwMDB9LCJzY2hlbWFfdmVyc2lvbiI6IjIifQ==",
          "dependencies": [
            "module.security_groups.data.http.my_ip",
            "module.security_groups.module.bastion_sg.aws_security_group.this",
            "module.security_groups.module.bastion_sg.aws_security_group.this_name_prefix",
            "module.vpc.module.vpc.aws_vpc.this"
          ]
        }
      ]
    },
    {
      "module": "module.security_groups.module.worker_sg",
      "mode": "managed",
      "type": "aws_security_group",
      "name": "this_name_prefix",
      "provider": "provider[\"registry.terraform.io/hashicorp/aws\"]",
      "instances": [
        {
          "index_key": 0,
          "schema_version": 1,
          "attributes": {
            "arn": "arn:aws:ec2:us-east-2:050752615223:security-group/sg-01d4a79e5efa039dd",
            "description": "Security Group managed by Terraform",
            "egress": [],
            "id": "sg-01d4a79e5efa039dd",
            "ingress": [],
            "name": "worker-sg-20250213184623932400000005",
            "name_prefix": "worker-sg-",
            "owner_id": "050752615223",
            "revoke_rules_on_delete": false,
            "tags": {
              "Name": "worker-sg"
            },
            "tags_all": {
              "Name": "worker-sg"
            },
            "timeouts": {
              "create": "10m",
              "delete": "15m"
            },
            "vpc_id": "vpc-01ca7c2b17d32932c"
          },
          "sensitive_attributes": [],
          "private": "eyJlMmJmYjczMC1lY2FhLTExZTYtOGY4OC0zNDM2M2JjN2M0YzAiOnsiY3JlYXRlIjo2MDAwMDAwMDAwMDAsImRlbGV0ZSI6OTAwMDAwMDAwMDAwfSwic2NoZW1hX3ZlcnNpb24iOiIxIn0=",
          "dependencies": [
            "module.vpc.module.vpc.aws_vpc.this"
          ],
          "create_before_destroy": true
        }
      ]
    },
    {
      "module": "module.security_groups.module.worker_sg",
      "mode": "managed",
      "type": "aws_security_group_rule",
      "name": "egress_with_cidr_blocks",
      "provider": "provider[\"registry.terraform.io/hashicorp/aws\"]",
      "instances": [
        {
          "index_key": 0,
          "schema_version": 2,
          "attributes": {
            "cidr_blocks": [
              "0.0.0.0/0"
            ],
            "description": "Egress Rule",
            "from_port": 0,
            "id": "sgrule-3938956168",
            "ipv6_cidr_blocks": null,
            "prefix_list_ids": null,
            "protocol": "-1",
            "security_group_id": "sg-01d4a79e5efa039dd",
            "security_group_rule_id": "sgr-02c88a191f222a3fc",
            "self": false,
            "source_security_group_id": null,
            "timeouts": null,
            "to_port": 0,
            "type": "egress"
          },
          "sensitive_attributes": [],
          "private": "eyJlMmJmYjczMC1lY2FhLTExZTYtOGY4OC0zNDM2M2JjN2M0YzAiOnsiY3JlYXRlIjozMDAwMDAwMDAwMDB9LCJzY2hlbWFfdmVyc2lvbiI6IjIifQ==",
          "dependencies": [
            "module.security_groups.module.worker_sg.aws_security_group.this",
            "module.security_groups.module.worker_sg.aws_security_group.this_name_prefix",
            "module.vpc.module.vpc.aws_vpc.this"
          ]
        }
      ]
    },
    {
      "module": "module.security_groups.module.worker_sg",
      "mode": "managed",
      "type": "aws_security_group_rule",
      "name": "ingress_with_source_security_group_id",
      "provider": "provider[\"registry.terraform.io/hashicorp/aws\"]",
      "instances": [
        {
          "index_key": 0,
          "schema_version": 2,
          "attributes": {
            "cidr_blocks": null,
            "description": "Ingress Rule",
            "from_port": 22,
            "id": "sgrule-2053862127",
            "ipv6_cidr_blocks": null,
            "prefix_list_ids": [],
            "protocol": "tcp",
            "security_group_id": "sg-01d4a79e5efa039dd",
            "security_group_rule_id": "sgr-0c4511a6ab6abff8a",
            "self": false,
            "source_security_group_id": "sg-079927284fa575cd9",
            "timeouts": null,
            "to_port": 22,
            "type": "ingress"
          },
          "sensitive_attributes": [],
          "private": "eyJlMmJmYjczMC1lY2FhLTExZTYtOGY4OC0zNDM2M2JjN2M0YzAiOnsiY3JlYXRlIjozMDAwMDAwMDAwMDB9LCJzY2hlbWFfdmVyc2lvbiI6IjIifQ==",
          "dependencies": [
            "module.security_groups.module.bastion_sg.aws_security_group.this",
            "module.security_groups.module.bastion_sg.aws_security_group.this_name_prefix",
            "module.security_groups.module.worker_sg.aws_security_group.this",
            "module.security_groups.module.worker_sg.aws_security_group.this_name_prefix",
            "module.vpc.module.vpc.aws_vpc.this"
          ]
        }
      ]
    },
    {
      "module": "module.vpc.module.vpc",
      "mode": "managed",
      "type": "aws_default_network_acl",
      "name": "this",
      "provider": "provider[\"registry.terraform.io/hashicorp/aws\"]",
      "instances": [
        {
          "index_key": 0,
          "schema_version": 0,
          "attributes": {
            "arn": "arn:aws:ec2:us-east-2:050752615223:network-acl/acl-0e3cb68b3527b8d72",
            "default_network_acl_id": "acl-0e3cb68b3527b8d72",
            "egress": [
              {
                "action": "allow",
                "cidr_block": "",
                "from_port": 0,
                "icmp_code": null,
                "icmp_type": null,
                "ipv6_cidr_block": "::/0",
                "protocol": "-1",
                "rule_no": 101,
                "to_port": 0
              },
              {
                "action": "allow",
                "cidr_block": "0.0.0.0/0",
                "from_port": 0,
                "icmp_code": null,
                "icmp_type": null,
                "ipv6_cidr_block": "",
                "protocol": "-1",
                "rule_no": 100,
                "to_port": 0
              }
            ],
            "id": "acl-0e3cb68b3527b8d72",
            "ingress": [
              {
                "action": "allow",
                "cidr_block": "",
                "from_port": 0,
                "icmp_code": null,
                "icmp_type": null,
                "ipv6_cidr_block": "::/0",
                "protocol": "-1",
                "rule_no": 101,
                "to_port": 0
              },
              {
                "action": "allow",
                "cidr_block": "0.0.0.0/0",
                "from_port": 0,
                "icmp_code": null,
                "icmp_type": null,
                "ipv6_cidr_block": "",
                "protocol": "-1",
                "rule_no": 100,
                "to_port": 0
              }
            ],
            "owner_id": "050752615223",
            "subnet_ids": [
              "subnet-02cd3b80b0e877e6d",
              "subnet-050851e0a1d04fcc2",
              "subnet-08242be3088ccdded",
              "subnet-085af9ef1233f683e"
            ],
            "tags": {
              "Name": "console-scale-testing-vpc"
            },
            "tags_all": {
              "Name": "console-scale-testing-vpc"
            },
            "vpc_id": "vpc-01ca7c2b17d32932c"
          },
          "sensitive_attributes": [],
          "private": "bnVsbA==",
          "dependencies": [
            "module.vpc.module.vpc.aws_vpc.this"
          ]
        }
      ]
    },
    {
      "module": "module.vpc.module.vpc",
      "mode": "managed",
      "type": "aws_default_route_table",
      "name": "default",
      "provider": "provider[\"registry.terraform.io/hashicorp/aws\"]",
      "instances": [
        {
          "index_key": 0,
          "schema_version": 0,
          "attributes": {
            "arn": "arn:aws:ec2:us-east-2:050752615223:route-table/rtb-07312f879c69afbc3",
            "default_route_table_id": "rtb-07312f879c69afbc3",
            "id": "rtb-07312f879c69afbc3",
            "owner_id": "050752615223",
            "propagating_vgws": null,
            "route": [],
            "tags": {
              "Name": "console-scale-testing-vpc"
            },
            "tags_all": {
              "Name": "console-scale-testing-vpc"
            },
            "timeouts": {
              "create": "5m",
              "update": "5m"
            },
            "vpc_id": "vpc-01ca7c2b17d32932c"
          },
          "sensitive_attributes": [],
          "private": "eyJlMmJmYjczMC1lY2FhLTExZTYtOGY4OC0zNDM2M2JjN2M0YzAiOnsiY3JlYXRlIjozMDAwMDAwMDAwMDAsInVwZGF0ZSI6MzAwMDAwMDAwMDAwfX0=",
          "dependencies": [
            "module.vpc.module.vpc.aws_vpc.this"
          ]
        }
      ]
    },
    {
      "module": "module.vpc.module.vpc",
      "mode": "managed",
      "type": "aws_default_security_group",
      "name": "this",
      "provider": "provider[\"registry.terraform.io/hashicorp/aws\"]",
      "instances": [
        {
          "index_key": 0,
          "schema_version": 1,
          "attributes": {
            "arn": "arn:aws:ec2:us-east-2:050752615223:security-group/sg-079069d534d83325c",
            "description": "default VPC security group",
            "egress": [],
            "id": "sg-079069d534d83325c",
            "ingress": [],
            "name": "default",
            "name_prefix": "",
            "owner_id": "050752615223",
            "revoke_rules_on_delete": false,
            "tags": {
              "Name": "console-scale-testing-vpc"
            },
            "tags_all": {
              "Name": "console-scale-testing-vpc"
            },
            "vpc_id": "vpc-01ca7c2b17d32932c"
          },
          "sensitive_attributes": [],
          "private": "eyJzY2hlbWFfdmVyc2lvbiI6IjEifQ==",
          "dependencies": [
            "module.vpc.module.vpc.aws_vpc.this"
          ]
        }
      ]
    },
    {
      "module": "module.vpc.module.vpc",
      "mode": "managed",
      "type": "aws_eip",
      "name": "nat",
      "provider": "provider[\"registry.terraform.io/hashicorp/aws\"]",
      "instances": [
        {
          "index_key": 0,
          "schema_version": 0,
          "attributes": {
            "address": null,
            "allocation_id": "eipalloc-070427ed282a48078",
            "arn": "arn:aws:ec2:us-east-2:050752615223:elastic-ip/eipalloc-070427ed282a48078",
            "associate_with_private_ip": null,
            "association_id": "",
            "carrier_ip": "",
            "customer_owned_ip": "",
            "customer_owned_ipv4_pool": "",
            "domain": "vpc",
            "id": "eipalloc-070427ed282a48078",
            "instance": "",
            "ipam_pool_id": null,
            "network_border_group": "us-east-2",
            "network_interface": "",
            "private_dns": null,
            "private_ip": "",
            "ptr_record": "",
            "public_dns": "ec2-3-129-196-54.us-east-2.compute.amazonaws.com",
            "public_ip": "3.129.196.54",
            "public_ipv4_pool": "amazon",
            "tags": {
              "Name": "console-scale-testing-vpc"
            },
            "tags_all": {
              "Name": "console-scale-testing-vpc"
            },
            "timeouts": null,
            "vpc": true
          },
          "sensitive_attributes": [],
          "private": "eyJlMmJmYjczMC1lY2FhLTExZTYtOGY4OC0zNDM2M2JjN2M0YzAiOnsiZGVsZXRlIjoxODAwMDAwMDAwMDAsInJlYWQiOjkwMDAwMDAwMDAwMCwidXBkYXRlIjozMDAwMDAwMDAwMDB9fQ==",
          "dependencies": [
            "module.vpc.module.vpc.aws_internet_gateway.this",
            "module.vpc.module.vpc.aws_vpc.this",
            "module.vpc.module.vpc.aws_vpc_ipv4_cidr_block_association.this"
          ]
        },
        {
          "index_key": 1,
          "schema_version": 0,
          "attributes": {
            "address": null,
            "allocation_id": "eipalloc-0da6772ee3b157dd6",
            "arn": "arn:aws:ec2:us-east-2:050752615223:elastic-ip/eipalloc-0da6772ee3b157dd6",
            "associate_with_private_ip": null,
            "association_id": "",
            "carrier_ip": "",
            "customer_owned_ip": "",
            "customer_owned_ipv4_pool": "",
            "domain": "vpc",
            "id": "eipalloc-0da6772ee3b157dd6",
            "instance": "",
            "ipam_pool_id": null,
            "network_border_group": "us-east-2",
            "network_interface": "",
            "private_dns": null,
            "private_ip": "",
            "ptr_record": "",
            "public_dns": "ec2-3-128-75-235.us-east-2.compute.amazonaws.com",
            "public_ip": "3.128.75.235",
            "public_ipv4_pool": "amazon",
            "tags": {
              "Name": "console-scale-testing-vpc"
            },
            "tags_all": {
              "Name": "console-scale-testing-vpc"
            },
            "timeouts": null,
            "vpc": true
          },
          "sensitive_attributes": [],
          "private": "eyJlMmJmYjczMC1lY2FhLTExZTYtOGY4OC0zNDM2M2JjN2M0YzAiOnsiZGVsZXRlIjoxODAwMDAwMDAwMDAsInJlYWQiOjkwMDAwMDAwMDAwMCwidXBkYXRlIjozMDAwMDAwMDAwMDB9fQ==",
          "dependencies": [
            "module.vpc.module.vpc.aws_internet_gateway.this",
            "module.vpc.module.vpc.aws_vpc.this",
            "module.vpc.module.vpc.aws_vpc_ipv4_cidr_block_association.this"
          ]
        }
      ]
    },
    {
      "module": "module.vpc.module.vpc",
      "mode": "managed",
      "type": "aws_internet_gateway",
      "name": "this",
      "provider": "provider[\"registry.terraform.io/hashicorp/aws\"]",
      "instances": [
        {
          "index_key": 0,
          "schema_version": 0,
          "attributes": {
            "arn": "arn:aws:ec2:us-east-2:050752615223:internet-gateway/igw-0ae4d9ee1d289f5e2",
            "id": "igw-0ae4d9ee1d289f5e2",
            "owner_id": "050752615223",
            "tags": {
              "Name": "console-scale-testing-vpc"
            },
            "tags_all": {
              "Name": "console-scale-testing-vpc"
            },
            "timeouts": null,
            "vpc_id": "vpc-01ca7c2b17d32932c"
          },
          "sensitive_attributes": [],
          "private": "eyJlMmJmYjczMC1lY2FhLTExZTYtOGY4OC0zNDM2M2JjN2M0YzAiOnsiY3JlYXRlIjoxMjAwMDAwMDAwMDAwLCJkZWxldGUiOjEyMDAwMDAwMDAwMDAsInVwZGF0ZSI6MTIwMDAwMDAwMDAwMH19",
          "dependencies": [
            "module.vpc.module.vpc.aws_vpc.this",
            "module.vpc.module.vpc.aws_vpc_ipv4_cidr_block_association.this"
          ]
        }
      ]
    },
    {
      "module": "module.vpc.module.vpc",
      "mode": "managed",
      "type": "aws_nat_gateway",
      "name": "this",
      "provider": "provider[\"registry.terraform.io/hashicorp/aws\"]",
      "instances": [
        {
          "index_key": 0,
          "schema_version": 0,
          "attributes": {
            "allocation_id": "eipalloc-070427ed282a48078",
            "association_id": "eipassoc-08bb462edec020eab",
            "connectivity_type": "public",
            "id": "nat-023619e11e496f4a5",
            "network_interface_id": "eni-082c81d4731189720",
            "private_ip": "10.0.101.19",
            "public_ip": "3.129.196.54",
            "secondary_allocation_ids": null,
            "secondary_private_ip_address_count": 0,
            "secondary_private_ip_addresses": [],
            "subnet_id": "subnet-085af9ef1233f683e",
            "tags": {
              "Name": "console-scale-testing-vpc"
            },
            "tags_all": {
              "Name": "console-scale-testing-vpc"
            },
            "timeouts": null
          },
          "sensitive_attributes": [],
          "private": "eyJlMmJmYjczMC1lY2FhLTExZTYtOGY4OC0zNDM2M2JjN2M0YzAiOnsiY3JlYXRlIjo2MDAwMDAwMDAwMDAsImRlbGV0ZSI6MTgwMDAwMDAwMDAwMCwidXBkYXRlIjo2MDAwMDAwMDAwMDB9fQ==",
          "dependencies": [
            "module.vpc.module.vpc.aws_eip.nat",
            "module.vpc.module.vpc.aws_internet_gateway.this",
            "module.vpc.module.vpc.aws_subnet.public",
            "module.vpc.module.vpc.aws_vpc.this",
            "module.vpc.module.vpc.aws_vpc_ipv4_cidr_block_association.this"
          ]
        },
        {
          "index_key": 1,
          "schema_version": 0,
          "attributes": {
            "allocation_id": "eipalloc-0da6772ee3b157dd6",
            "association_id": "eipassoc-0d4c19eb98cf8e324",
            "connectivity_type": "public",
            "id": "nat-0e836a3b2ee0d6b49",
            "network_interface_id": "eni-0bdbbf468d4bea904",
            "private_ip": "10.0.102.63",
            "public_ip": "3.128.75.235",
            "secondary_allocation_ids": null,
            "secondary_private_ip_address_count": 0,
            "secondary_private_ip_addresses": [],
            "subnet_id": "subnet-02cd3b80b0e877e6d",
            "tags": {
              "Name": "console-scale-testing-vpc"
            },
            "tags_all": {
              "Name": "console-scale-testing-vpc"
            },
            "timeouts": null
          },
          "sensitive_attributes": [],
          "private": "eyJlMmJmYjczMC1lY2FhLTExZTYtOGY4OC0zNDM2M2JjN2M0YzAiOnsiY3JlYXRlIjo2MDAwMDAwMDAwMDAsImRlbGV0ZSI6MTgwMDAwMDAwMDAwMCwidXBkYXRlIjo2MDAwMDAwMDAwMDB9fQ==",
          "dependencies": [
            "module.vpc.module.vpc.aws_eip.nat",
            "module.vpc.module.vpc.aws_internet_gateway.this",
            "module.vpc.module.vpc.aws_subnet.public",
            "module.vpc.module.vpc.aws_vpc.this",
            "module.vpc.module.vpc.aws_vpc_ipv4_cidr_block_association.this"
          ]
        }
      ]
    },
    {
      "module": "module.vpc.module.vpc",
      "mode": "managed",
      "type": "aws_route",
      "name": "private_nat_gateway",
      "provider": "provider[\"registry.terraform.io/hashicorp/aws\"]",
      "instances": [
        {
          "index_key": 0,
          "schema_version": 0,
          "attributes": {
            "carrier_gateway_id": "",
            "core_network_arn": "",
            "destination_cidr_block": "0.0.0.0/0",
            "destination_ipv6_cidr_block": "",
            "destination_prefix_list_id": "",
            "egress_only_gateway_id": "",
            "gateway_id": "",
            "id": "r-rtb-080e54163e471cefa1080289494",
            "instance_id": "",
            "instance_owner_id": "",
            "local_gateway_id": "",
            "nat_gateway_id": "nat-023619e11e496f4a5",
            "network_interface_id": "",
            "origin": "CreateRoute",
            "route_table_id": "rtb-080e54163e471cefa",
            "state": "active",
            "timeouts": {
              "create": "5m",
              "delete": null,
              "update": null
            },
            "transit_gateway_id": "",
            "vpc_endpoint_id": "",
            "vpc_peering_connection_id": ""
          },
          "sensitive_attributes": [],
          "private": "eyJlMmJmYjczMC1lY2FhLTExZTYtOGY4OC0zNDM2M2JjN2M0YzAiOnsiY3JlYXRlIjozMDAwMDAwMDAwMDAsImRlbGV0ZSI6MzAwMDAwMDAwMDAwLCJ1cGRhdGUiOjEyMDAwMDAwMDAwMH19",
          "dependencies": [
            "module.vpc.module.vpc.aws_eip.nat",
            "module.vpc.module.vpc.aws_internet_gateway.this",
            "module.vpc.module.vpc.aws_nat_gateway.this",
            "module.vpc.module.vpc.aws_route_table.private",
            "module.vpc.module.vpc.aws_subnet.public",
            "module.vpc.module.vpc.aws_vpc.this",
            "module.vpc.module.vpc.aws_vpc_ipv4_cidr_block_association.this"
          ]
        },
        {
          "index_key": 1,
          "schema_version": 0,
          "attributes": {
            "carrier_gateway_id": "",
            "core_network_arn": "",
            "destination_cidr_block": "0.0.0.0/0",
            "destination_ipv6_cidr_block": "",
            "destination_prefix_list_id": "",
            "egress_only_gateway_id": "",
            "gateway_id": "",
            "id": "r-rtb-0236978bd1ab68c011080289494",
            "instance_id": "",
            "instance_owner_id": "",
            "local_gateway_id": "",
            "nat_gateway_id": "nat-0e836a3b2ee0d6b49",
            "network_interface_id": "",
            "origin": "CreateRoute",
            "route_table_id": "rtb-0236978bd1ab68c01",
            "state": "active",
            "timeouts": {
              "create": "5m",
              "delete": null,
              "update": null
            },
            "transit_gateway_id": "",
            "vpc_endpoint_id": "",
            "vpc_peering_connection_id": ""
          },
          "sensitive_attributes": [],
          "private": "eyJlMmJmYjczMC1lY2FhLTExZTYtOGY4OC0zNDM2M2JjN2M0YzAiOnsiY3JlYXRlIjozMDAwMDAwMDAwMDAsImRlbGV0ZSI6MzAwMDAwMDAwMDAwLCJ1cGRhdGUiOjEyMDAwMDAwMDAwMH19",
          "dependencies": [
            "module.vpc.module.vpc.aws_eip.nat",
            "module.vpc.module.vpc.aws_internet_gateway.this",
            "module.vpc.module.vpc.aws_nat_gateway.this",
            "module.vpc.module.vpc.aws_route_table.private",
            "module.vpc.module.vpc.aws_subnet.public",
            "module.vpc.module.vpc.aws_vpc.this",
            "module.vpc.module.vpc.aws_vpc_ipv4_cidr_block_association.this"
          ]
        }
      ]
    },
    {
      "module": "module.vpc.module.vpc",
      "mode": "managed",
      "type": "aws_route",
      "name": "public_internet_gateway",
      "provider": "provider[\"registry.terraform.io/hashicorp/aws\"]",
      "instances": [
        {
          "index_key": 0,
          "schema_version": 0,
          "attributes": {
            "carrier_gateway_id": "",
            "core_network_arn": "",
            "destination_cidr_block": "0.0.0.0/0",
            "destination_ipv6_cidr_block": "",
            "destination_prefix_list_id": "",
            "egress_only_gateway_id": "",
            "gateway_id": "igw-0ae4d9ee1d289f5e2",
            "id": "r-rtb-00b8ca0cd9cf55aef1080289494",
            "instance_id": "",
            "instance_owner_id": "",
            "local_gateway_id": "",
            "nat_gateway_id": "",
            "network_interface_id": "",
            "origin": "CreateRoute",
            "route_table_id": "rtb-00b8ca0cd9cf55aef",
            "state": "active",
            "timeouts": {
              "create": "5m",
              "delete": null,
              "update": null
            },
            "transit_gateway_id": "",
            "vpc_endpoint_id": "",
            "vpc_peering_connection_id": ""
          },
          "sensitive_attributes": [],
          "private": "eyJlMmJmYjczMC1lY2FhLTExZTYtOGY4OC0zNDM2M2JjN2M0YzAiOnsiY3JlYXRlIjozMDAwMDAwMDAwMDAsImRlbGV0ZSI6MzAwMDAwMDAwMDAwLCJ1cGRhdGUiOjEyMDAwMDAwMDAwMH19",
          "dependencies": [
            "module.vpc.module.vpc.aws_internet_gateway.this",
            "module.vpc.module.vpc.aws_route_table.public",
            "module.vpc.module.vpc.aws_vpc.this",
            "module.vpc.module.vpc.aws_vpc_ipv4_cidr_block_association.this"
          ]
        }
      ]
    },
    {
      "module": "module.vpc.module.vpc",
      "mode": "managed",
      "type": "aws_route_table",
      "name": "private",
      "provider": "provider[\"registry.terraform.io/hashicorp/aws\"]",
      "instances": [
        {
          "index_key": 0,
          "schema_version": 0,
          "attributes": {
            "arn": "arn:aws:ec2:us-east-2:050752615223:route-table/rtb-080e54163e471cefa",
            "id": "rtb-080e54163e471cefa",
            "owner_id": "050752615223",
            "propagating_vgws": [],
            "route": [],
            "tags": {
              "Name": "console-scale-testing-vpc"
            },
            "tags_all": {
              "Name": "console-scale-testing-vpc"
            },
            "timeouts": null,
            "vpc_id": "vpc-01ca7c2b17d32932c"
          },
          "sensitive_attributes": [],
          "private": "eyJlMmJmYjczMC1lY2FhLTExZTYtOGY4OC0zNDM2M2JjN2M0YzAiOnsiY3JlYXRlIjozMDAwMDAwMDAwMDAsImRlbGV0ZSI6MzAwMDAwMDAwMDAwLCJ1cGRhdGUiOjEyMDAwMDAwMDAwMH19",
          "dependencies": [
            "module.vpc.module.vpc.aws_vpc.this",
            "module.vpc.module.vpc.aws_vpc_ipv4_cidr_block_association.this"
          ]
        },
        {
          "index_key": 1,
          "schema_version": 0,
          "attributes": {
            "arn": "arn:aws:ec2:us-east-2:050752615223:route-table/rtb-0236978bd1ab68c01",
            "id": "rtb-0236978bd1ab68c01",
            "owner_id": "050752615223",
            "propagating_vgws": [],
            "route": [],
            "tags": {
              "Name": "console-scale-testing-vpc"
            },
            "tags_all": {
              "Name": "console-scale-testing-vpc"
            },
            "timeouts": null,
            "vpc_id": "vpc-01ca7c2b17d32932c"
          },
          "sensitive_attributes": [],
          "private": "eyJlMmJmYjczMC1lY2FhLTExZTYtOGY4OC0zNDM2M2JjN2M0YzAiOnsiY3JlYXRlIjozMDAwMDAwMDAwMDAsImRlbGV0ZSI6MzAwMDAwMDAwMDAwLCJ1cGRhdGUiOjEyMDAwMDAwMDAwMH19",
          "dependencies": [
            "module.vpc.module.vpc.aws_vpc.this",
            "module.vpc.module.vpc.aws_vpc_ipv4_cidr_block_association.this"
          ]
        }
      ]
    },
    {
      "module": "module.vpc.module.vpc",
      "mode": "managed",
      "type": "aws_route_table",
      "name": "public",
      "provider": "provider[\"registry.terraform.io/hashicorp/aws\"]",
      "instances": [
        {
          "index_key": 0,
          "schema_version": 0,
          "attributes": {
            "arn": "arn:aws:ec2:us-east-2:050752615223:route-table/rtb-00b8ca0cd9cf55aef",
            "id": "rtb-00b8ca0cd9cf55aef",
            "owner_id": "050752615223",
            "propagating_vgws": [],
            "route": [],
            "tags": {
              "Name": "console-scale-testing-vpc"
            },
            "tags_all": {
              "Name": "console-scale-testing-vpc"
            },
            "timeouts": null,
            "vpc_id": "vpc-01ca7c2b17d32932c"
          },
          "sensitive_attributes": [],
          "private": "eyJlMmJmYjczMC1lY2FhLTExZTYtOGY4OC0zNDM2M2JjN2M0YzAiOnsiY3JlYXRlIjozMDAwMDAwMDAwMDAsImRlbGV0ZSI6MzAwMDAwMDAwMDAwLCJ1cGRhdGUiOjEyMDAwMDAwMDAwMH19",
          "dependencies": [
            "module.vpc.module.vpc.aws_vpc.this",
            "module.vpc.module.vpc.aws_vpc_ipv4_cidr_block_association.this"
          ]
        }
      ]
    },
    {
      "module": "module.vpc.module.vpc",
      "mode": "managed",
      "type": "aws_route_table_association",
      "name": "private",
      "provider": "provider[\"registry.terraform.io/hashicorp/aws\"]",
      "instances": [
        {
          "index_key": 0,
          "schema_version": 0,
          "attributes": {
            "gateway_id": "",
            "id": "rtbassoc-0ef70ef4727c5ea5b",
            "route_table_id": "rtb-080e54163e471cefa",
            "subnet_id": "subnet-050851e0a1d04fcc2",
            "timeouts": null
          },
          "sensitive_attributes": [],
          "private": "eyJlMmJmYjczMC1lY2FhLTExZTYtOGY4OC0zNDM2M2JjN2M0YzAiOnsiY3JlYXRlIjozMDAwMDAwMDAwMDAsImRlbGV0ZSI6MzAwMDAwMDAwMDAwLCJ1cGRhdGUiOjEyMDAwMDAwMDAwMH19",
          "dependencies": [
            "module.vpc.module.vpc.aws_route_table.private",
            "module.vpc.module.vpc.aws_subnet.private",
            "module.vpc.module.vpc.aws_vpc.this",
            "module.vpc.module.vpc.aws_vpc_ipv4_cidr_block_association.this"
          ]
        },
        {
          "index_key": 1,
          "schema_version": 0,
          "attributes": {
            "gateway_id": "",
            "id": "rtbassoc-0b405f708010ff8e0",
            "route_table_id": "rtb-0236978bd1ab68c01",
            "subnet_id": "subnet-08242be3088ccdded",
            "timeouts": null
          },
          "sensitive_attributes": [],
          "private": "eyJlMmJmYjczMC1lY2FhLTExZTYtOGY4OC0zNDM2M2JjN2M0YzAiOnsiY3JlYXRlIjozMDAwMDAwMDAwMDAsImRlbGV0ZSI6MzAwMDAwMDAwMDAwLCJ1cGRhdGUiOjEyMDAwMDAwMDAwMH19",
          "dependencies": [
            "module.vpc.module.vpc.aws_route_table.private",
            "module.vpc.module.vpc.aws_subnet.private",
            "module.vpc.module.vpc.aws_vpc.this",
            "module.vpc.module.vpc.aws_vpc_ipv4_cidr_block_association.this"
          ]
        }
      ]
    },
    {
      "module": "module.vpc.module.vpc",
      "mode": "managed",
      "type": "aws_route_table_association",
      "name": "public",
      "provider": "provider[\"registry.terraform.io/hashicorp/aws\"]",
      "instances": [
        {
          "index_key": 0,
          "schema_version": 0,
          "attributes": {
            "gateway_id": "",
            "id": "rtbassoc-0ea071669af6e4422",
            "route_table_id": "rtb-00b8ca0cd9cf55aef",
            "subnet_id": "subnet-085af9ef1233f683e",
            "timeouts": null
          },
          "sensitive_attributes": [],
          "private": "eyJlMmJmYjczMC1lY2FhLTExZTYtOGY4OC0zNDM2M2JjN2M0YzAiOnsiY3JlYXRlIjozMDAwMDAwMDAwMDAsImRlbGV0ZSI6MzAwMDAwMDAwMDAwLCJ1cGRhdGUiOjEyMDAwMDAwMDAwMH19",
          "dependencies": [
            "module.vpc.module.vpc.aws_route_table.public",
            "module.vpc.module.vpc.aws_subnet.public",
            "module.vpc.module.vpc.aws_vpc.this",
            "module.vpc.module.vpc.aws_vpc_ipv4_cidr_block_association.this"
          ]
        },
        {
          "index_key": 1,
          "schema_version": 0,
          "attributes": {
            "gateway_id": "",
            "id": "rtbassoc-0733e30c6c9683ae0",
            "route_table_id": "rtb-00b8ca0cd9cf55aef",
            "subnet_id": "subnet-02cd3b80b0e877e6d",
            "timeouts": null
          },
          "sensitive_attributes": [],
          "private": "eyJlMmJmYjczMC1lY2FhLTExZTYtOGY4OC0zNDM2M2JjN2M0YzAiOnsiY3JlYXRlIjozMDAwMDAwMDAwMDAsImRlbGV0ZSI6MzAwMDAwMDAwMDAwLCJ1cGRhdGUiOjEyMDAwMDAwMDAwMH19",
          "dependencies": [
            "module.vpc.module.vpc.aws_route_table.public",
            "module.vpc.module.vpc.aws_subnet.public",
            "module.vpc.module.vpc.aws_vpc.this",
            "module.vpc.module.vpc.aws_vpc_ipv4_cidr_block_association.this"
          ]
        }
      ]
    },
    {
      "module": "module.vpc.module.vpc",
      "mode": "managed",
      "type": "aws_subnet",
      "name": "private",
      "provider": "provider[\"registry.terraform.io/hashicorp/aws\"]",
      "instances": [
        {
          "index_key": 0,
          "schema_version": 1,
          "attributes": {
            "arn": "arn:aws:ec2:us-east-2:050752615223:subnet/subnet-050851e0a1d04fcc2",
            "assign_ipv6_address_on_creation": false,
            "availability_zone": "us-east-2a",
            "availability_zone_id": "use2-az1",
            "cidr_block": "10.0.1.0/24",
            "customer_owned_ipv4_pool": "",
            "enable_dns64": false,
            "enable_lni_at_device_index": 0,
            "enable_resource_name_dns_a_record_on_launch": false,
            "enable_resource_name_dns_aaaa_record_on_launch": false,
            "id": "subnet-050851e0a1d04fcc2",
            "ipv6_cidr_block": "",
            "ipv6_cidr_block_association_id": "",
            "ipv6_native": false,
            "map_customer_owned_ip_on_launch": false,
            "map_public_ip_on_launch": false,
            "outpost_arn": "",
            "owner_id": "050752615223",
            "private_dns_hostname_type_on_launch": "ip-name",
            "tags": {
              "Name": "console-scale-testing-vpc"
            },
            "tags_all": {
              "Name": "console-scale-testing-vpc"
            },
            "timeouts": null,
            "vpc_id": "vpc-01ca7c2b17d32932c"
          },
          "sensitive_attributes": [],
          "private": "eyJlMmJmYjczMC1lY2FhLTExZTYtOGY4OC0zNDM2M2JjN2M0YzAiOnsiY3JlYXRlIjo2MDAwMDAwMDAwMDAsImRlbGV0ZSI6MTIwMDAwMDAwMDAwMH0sInNjaGVtYV92ZXJzaW9uIjoiMSJ9",
          "dependencies": [
            "module.vpc.module.vpc.aws_vpc.this",
            "module.vpc.module.vpc.aws_vpc_ipv4_cidr_block_association.this"
          ]
        },
        {
          "index_key": 1,
          "schema_version": 1,
          "attributes": {
            "arn": "arn:aws:ec2:us-east-2:050752615223:subnet/subnet-08242be3088ccdded",
            "assign_ipv6_address_on_creation": false,
            "availability_zone": "us-east-2b",
            "availability_zone_id": "use2-az2",
            "cidr_block": "10.0.2.0/24",
            "customer_owned_ipv4_pool": "",
            "enable_dns64": false,
            "enable_lni_at_device_index": 0,
            "enable_resource_name_dns_a_record_on_launch": false,
            "enable_resource_name_dns_aaaa_record_on_launch": false,
            "id": "subnet-08242be3088ccdded",
            "ipv6_cidr_block": "",
            "ipv6_cidr_block_association_id": "",
            "ipv6_native": false,
            "map_customer_owned_ip_on_launch": false,
            "map_public_ip_on_launch": false,
            "outpost_arn": "",
            "owner_id": "050752615223",
            "private_dns_hostname_type_on_launch": "ip-name",
            "tags": {
              "Name": "console-scale-testing-vpc"
            },
            "tags_all": {
              "Name": "console-scale-testing-vpc"
            },
            "timeouts": null,
            "vpc_id": "vpc-01ca7c2b17d32932c"
          },
          "sensitive_attributes": [],
          "private": "eyJlMmJmYjczMC1lY2FhLTExZTYtOGY4OC0zNDM2M2JjN2M0YzAiOnsiY3JlYXRlIjo2MDAwMDAwMDAwMDAsImRlbGV0ZSI6MTIwMDAwMDAwMDAwMH0sInNjaGVtYV92ZXJzaW9uIjoiMSJ9",
          "dependencies": [
            "module.vpc.module.vpc.aws_vpc.this",
            "module.vpc.module.vpc.aws_vpc_ipv4_cidr_block_association.this"
          ]
        }
      ]
    },
    {
      "module": "module.vpc.module.vpc",
      "mode": "managed",
      "type": "aws_subnet",
      "name": "public",
      "provider": "provider[\"registry.terraform.io/hashicorp/aws\"]",
      "instances": [
        {
          "index_key": 0,
          "schema_version": 1,
          "attributes": {
            "arn": "arn:aws:ec2:us-east-2:050752615223:subnet/subnet-085af9ef1233f683e",
            "assign_ipv6_address_on_creation": false,
            "availability_zone": "us-east-2a",
            "availability_zone_id": "use2-az1",
            "cidr_block": "10.0.101.0/24",
            "customer_owned_ipv4_pool": "",
            "enable_dns64": false,
            "enable_lni_at_device_index": 0,
            "enable_resource_name_dns_a_record_on_launch": false,
            "enable_resource_name_dns_aaaa_record_on_launch": false,
            "id": "subnet-085af9ef1233f683e",
            "ipv6_cidr_block": "",
            "ipv6_cidr_block_association_id": "",
            "ipv6_native": false,
            "map_customer_owned_ip_on_launch": false,
            "map_public_ip_on_launch": false,
            "outpost_arn": "",
            "owner_id": "050752615223",
            "private_dns_hostname_type_on_launch": "ip-name",
            "tags": {
              "Name": "console-scale-testing-vpc"
            },
            "tags_all": {
              "Name": "console-scale-testing-vpc"
            },
            "timeouts": null,
            "vpc_id": "vpc-01ca7c2b17d32932c"
          },
          "sensitive_attributes": [],
          "private": "eyJlMmJmYjczMC1lY2FhLTExZTYtOGY4OC0zNDM2M2JjN2M0YzAiOnsiY3JlYXRlIjo2MDAwMDAwMDAwMDAsImRlbGV0ZSI6MTIwMDAwMDAwMDAwMH0sInNjaGVtYV92ZXJzaW9uIjoiMSJ9",
          "dependencies": [
            "module.vpc.module.vpc.aws_vpc.this",
            "module.vpc.module.vpc.aws_vpc_ipv4_cidr_block_association.this"
          ]
        },
        {
          "index_key": 1,
          "schema_version": 1,
          "attributes": {
            "arn": "arn:aws:ec2:us-east-2:050752615223:subnet/subnet-02cd3b80b0e877e6d",
            "assign_ipv6_address_on_creation": false,
            "availability_zone": "us-east-2b",
            "availability_zone_id": "use2-az2",
            "cidr_block": "10.0.102.0/24",
            "customer_owned_ipv4_pool": "",
            "enable_dns64": false,
            "enable_lni_at_device_index": 0,
            "enable_resource_name_dns_a_record_on_launch": false,
            "enable_resource_name_dns_aaaa_record_on_launch": false,
            "id": "subnet-02cd3b80b0e877e6d",
            "ipv6_cidr_block": "",
            "ipv6_cidr_block_association_id": "",
            "ipv6_native": false,
            "map_customer_owned_ip_on_launch": false,
            "map_public_ip_on_launch": false,
            "outpost_arn": "",
            "owner_id": "050752615223",
            "private_dns_hostname_type_on_launch": "ip-name",
            "tags": {
              "Name": "console-scale-testing-vpc"
            },
            "tags_all": {
              "Name": "console-scale-testing-vpc"
            },
            "timeouts": null,
            "vpc_id": "vpc-01ca7c2b17d32932c"
          },
          "sensitive_attributes": [],
          "private": "eyJlMmJmYjczMC1lY2FhLTExZTYtOGY4OC0zNDM2M2JjN2M0YzAiOnsiY3JlYXRlIjo2MDAwMDAwMDAwMDAsImRlbGV0ZSI6MTIwMDAwMDAwMDAwMH0sInNjaGVtYV92ZXJzaW9uIjoiMSJ9",
          "dependencies": [
            "module.vpc.module.vpc.aws_vpc.this",
            "module.vpc.module.vpc.aws_vpc_ipv4_cidr_block_association.this"
          ]
        }
      ]
    },
    {
      "module": "module.vpc.module.vpc",
      "mode": "managed",
      "type": "aws_vpc",
      "name": "this",
      "provider": "provider[\"registry.terraform.io/hashicorp/aws\"]",
      "instances": [
        {
          "index_key": 0,
          "schema_version": 1,
          "attributes": {
            "arn": "arn:aws:ec2:us-east-2:050752615223:vpc/vpc-01ca7c2b17d32932c",
            "assign_generated_ipv6_cidr_block": false,
            "cidr_block": "10.0.0.0/16",
            "default_network_acl_id": "acl-0e3cb68b3527b8d72",
            "default_route_table_id": "rtb-07312f879c69afbc3",
            "default_security_group_id": "sg-079069d534d83325c",
            "dhcp_options_id": "dopt-0343c400d033b7204",
            "enable_dns_hostnames": true,
            "enable_dns_support": true,
            "enable_network_address_usage_metrics": false,
            "id": "vpc-01ca7c2b17d32932c",
            "instance_tenancy": "default",
            "ipv4_ipam_pool_id": null,
            "ipv4_netmask_length": null,
            "ipv6_association_id": "",
            "ipv6_cidr_block": "",
            "ipv6_cidr_block_network_border_group": "",
            "ipv6_ipam_pool_id": "",
            "ipv6_netmask_length": 0,
            "main_route_table_id": "rtb-07312f879c69afbc3",
            "owner_id": "050752615223",
            "tags": {
              "Name": "console-scale-testing-vpc"
            },
            "tags_all": {
              "Name": "console-scale-testing-vpc"
            }
          },
          "sensitive_attributes": [],
          "private": "eyJzY2hlbWFfdmVyc2lvbiI6IjEifQ==",
          "create_before_destroy": true
        }
      ]
    },
    {
      "module": "module.workers.module.worker_nodes[0]",
      "mode": "data",
      "type": "aws_partition",
      "name": "current",
      "provider": "provider[\"registry.terraform.io/hashicorp/aws\"]",
      "instances": [
        {
          "schema_version": 0,
          "attributes": {
            "dns_suffix": "amazonaws.com",
            "id": "aws",
            "partition": "aws",
            "reverse_dns_prefix": "com.amazonaws"
          },
          "sensitive_attributes": []
        }
      ]
    },
    {
      "module": "module.workers.module.worker_nodes[0]",
      "mode": "managed",
      "type": "aws_instance",
      "name": "this",
      "provider": "provider[\"registry.terraform.io/hashicorp/aws\"]",
      "instances": [
        {
          "index_key": 0,
          "schema_version": 1,
          "attributes": {
            "ami": "ami-0cb91c7de36eed2cb",
            "arn": "arn:aws:ec2:us-east-2:050752615223:instance/i-0c21e6db32b0c8846",
            "associate_public_ip_address": false,
            "availability_zone": "us-east-2a",
            "capacity_reservation_specification": [
              {
                "capacity_reservation_preference": "open",
                "capacity_reservation_target": []
              }
            ],
            "cpu_core_count": 1,
            "cpu_options": [
              {
                "amd_sev_snp": "",
                "core_count": 1,
                "threads_per_core": 2
              }
            ],
            "cpu_threads_per_core": 2,
            "credit_specification": [
              {
                "cpu_credits": "unlimited"
              }
            ],
            "disable_api_stop": false,
            "disable_api_termination": false,
            "ebs_block_device": [],
            "ebs_optimized": false,
            "enable_primary_ipv6": null,
            "enclave_options": [
              {
                "enabled": false
              }
            ],
            "ephemeral_block_device": [],
            "get_password_data": false,
            "hibernation": false,
            "host_id": "",
            "host_resource_group_arn": null,
            "iam_instance_profile": "",
            "id": "i-0c21e6db32b0c8846",
            "instance_initiated_shutdown_behavior": "stop",
            "instance_lifecycle": "",
            "instance_market_options": [],
            "instance_state": "running",
            "instance_type": "t3.medium",
            "ipv6_address_count": 0,
            "ipv6_addresses": [],
            "key_name": "bastion-key",
            "launch_template": [],
            "maintenance_options": [
              {
                "auto_recovery": "default"
              }
            ],
            "metadata_options": [
              {
                "http_endpoint": "enabled",
                "http_protocol_ipv6": "disabled",
                "http_put_response_hop_limit": 1,
                "http_tokens": "optional",
                "instance_metadata_tags": "disabled"
              }
            ],
            "monitoring": false,
            "network_interface": [],
            "outpost_arn": "",
            "password_data": "",
            "placement_group": "",
            "placement_partition_number": 0,
            "primary_network_interface_id": "eni-01f2f728da7f5d78e",
            "private_dns": "ip-10-0-1-160.us-east-2.compute.internal",
            "private_dns_name_options": [
              {
                "enable_resource_name_dns_a_record": false,
                "enable_resource_name_dns_aaaa_record": false,
                "hostname_type": "ip-name"
              }
            ],
            "private_ip": "10.0.1.160",
            "public_dns": "",
            "public_ip": "",
            "root_block_device": [
              {
                "delete_on_termination": true,
                "device_name": "/dev/sda1",
                "encrypted": false,
                "iops": 3000,
                "kms_key_id": "",
                "tags": {},
                "tags_all": {},
                "throughput": 125,
                "volume_id": "vol-0125c7b92aac4afe3",
                "volume_size": 8,
                "volume_type": "gp3"
              }
            ],
            "secondary_private_ips": [],
            "security_groups": [],
            "source_dest_check": true,
            "spot_instance_request_id": "",
            "subnet_id": "subnet-050851e0a1d04fcc2",
            "tags": {
              "Name": "worker-node"
            },
            "tags_all": {
              "Name": "worker-node"
            },
            "tenancy": "default",
            "timeouts": {
              "create": null,
              "delete": null,
              "read": null,
              "update": null
            },
            "user_data": "a8abe2a5968a8be8be9914e93af1bb2decaa7733",
            "user_data_base64": null,
            "user_data_replace_on_change": false,
            "volume_tags": {
              "Name": "worker-node"
            },
            "vpc_security_group_ids": [
              "sg-01d4a79e5efa039dd"
            ]
          },
          "sensitive_attributes": [
            [
              {
                "type": "get_attr",
                "value": "user_data"
              }
            ]
          ],
          "private": "eyJlMmJmYjczMC1lY2FhLTExZTYtOGY4OC0zNDM2M2JjN2M0YzAiOnsiY3JlYXRlIjo2MDAwMDAwMDAwMDAsImRlbGV0ZSI6MTIwMDAwMDAwMDAwMCwicmVhZCI6OTAwMDAwMDAwMDAwLCJ1cGRhdGUiOjYwMDAwMDAwMDAwMH0sInNjaGVtYV92ZXJzaW9uIjoiMSJ9",
          "dependencies": [
            "aws_key_pair.bastion_key",
            "module.security_groups.module.worker_sg.aws_security_group.this",
            "module.security_groups.module.worker_sg.aws_security_group.this_name_prefix",
            "module.vpc.module.vpc.aws_subnet.private",
            "module.vpc.module.vpc.aws_vpc.this",
            "module.vpc.module.vpc.aws_vpc_ipv4_cidr_block_association.this",
            "module.workers.module.worker_nodes.aws_iam_instance_profile.this",
            "module.workers.module.worker_nodes.data.aws_ssm_parameter.this",
            "tls_private_key.bastion_key"
          ]
        }
      ]
    },
    {
      "module": "module.workers.module.worker_nodes[1]",
      "mode": "data",
      "type": "aws_partition",
      "name": "current",
      "provider": "provider[\"registry.terraform.io/hashicorp/aws\"]",
      "instances": [
        {
          "schema_version": 0,
          "attributes": {
            "dns_suffix": "amazonaws.com",
            "id": "aws",
            "partition": "aws",
            "reverse_dns_prefix": "com.amazonaws"
          },
          "sensitive_attributes": []
        }
      ]
    },
    {
      "module": "module.workers.module.worker_nodes[1]",
      "mode": "managed",
      "type": "aws_instance",
      "name": "this",
      "provider": "provider[\"registry.terraform.io/hashicorp/aws\"]",
      "instances": [
        {
          "index_key": 0,
          "schema_version": 1,
          "attributes": {
            "ami": "ami-0cb91c7de36eed2cb",
            "arn": "arn:aws:ec2:us-east-2:050752615223:instance/i-0c6caea73bb3abe53",
            "associate_public_ip_address": false,
            "availability_zone": "us-east-2a",
            "capacity_reservation_specification": [
              {
                "capacity_reservation_preference": "open",
                "capacity_reservation_target": []
              }
            ],
            "cpu_core_count": 1,
            "cpu_options": [
              {
                "amd_sev_snp": "",
                "core_count": 1,
                "threads_per_core": 2
              }
            ],
            "cpu_threads_per_core": 2,
            "credit_specification": [
              {
                "cpu_credits": "unlimited"
              }
            ],
            "disable_api_stop": false,
            "disable_api_termination": false,
            "ebs_block_device": [],
            "ebs_optimized": false,
            "enable_primary_ipv6": null,
            "enclave_options": [
              {
                "enabled": false
              }
            ],
            "ephemeral_block_device": [],
            "get_password_data": false,
            "hibernation": false,
            "host_id": "",
            "host_resource_group_arn": null,
            "iam_instance_profile": "",
            "id": "i-0c6caea73bb3abe53",
            "instance_initiated_shutdown_behavior": "stop",
            "instance_lifecycle": "",
            "instance_market_options": [],
            "instance_state": "running",
            "instance_type": "t3.medium",
            "ipv6_address_count": 0,
            "ipv6_addresses": [],
            "key_name": "bastion-key",
            "launch_template": [],
            "maintenance_options": [
              {
                "auto_recovery": "default"
              }
            ],
            "metadata_options": [
              {
                "http_endpoint": "enabled",
                "http_protocol_ipv6": "disabled",
                "http_put_response_hop_limit": 1,
                "http_tokens": "optional",
                "instance_metadata_tags": "disabled"
              }
            ],
            "monitoring": false,
            "network_interface": [],
            "outpost_arn": "",
            "password_data": "",
            "placement_group": "",
            "placement_partition_number": 0,
            "primary_network_interface_id": "eni-0dd5ba2061e44423a",
            "private_dns": "ip-10-0-1-27.us-east-2.compute.internal",
            "private_dns_name_options": [
              {
                "enable_resource_name_dns_a_record": false,
                "enable_resource_name_dns_aaaa_record": false,
                "hostname_type": "ip-name"
              }
            ],
            "private_ip": "10.0.1.27",
            "public_dns": "",
            "public_ip": "",
            "root_block_device": [
              {
                "delete_on_termination": true,
                "device_name": "/dev/sda1",
                "encrypted": false,
                "iops": 3000,
                "kms_key_id": "",
                "tags": {},
                "tags_all": {},
                "throughput": 125,
                "volume_id": "vol-039131f5b7e316c98",
                "volume_size": 8,
                "volume_type": "gp3"
              }
            ],
            "secondary_private_ips": [],
            "security_groups": [],
            "source_dest_check": true,
            "spot_instance_request_id": "",
            "subnet_id": "subnet-050851e0a1d04fcc2",
            "tags": {
              "Name": "worker-node"
            },
            "tags_all": {
              "Name": "worker-node"
            },
            "tenancy": "default",
            "timeouts": {
              "create": null,
              "delete": null,
              "read": null,
              "update": null
            },
            "user_data": "a8abe2a5968a8be8be9914e93af1bb2decaa7733",
            "user_data_base64": null,
            "user_data_replace_on_change": false,
            "volume_tags": {
              "Name": "worker-node"
            },
            "vpc_security_group_ids": [
              "sg-01d4a79e5efa039dd"
            ]
          },
          "sensitive_attributes": [
            [
              {
                "type": "get_attr",
                "value": "user_data"
              }
            ]
          ],
          "private": "eyJlMmJmYjczMC1lY2FhLTExZTYtOGY4OC0zNDM2M2JjN2M0YzAiOnsiY3JlYXRlIjo2MDAwMDAwMDAwMDAsImRlbGV0ZSI6MTIwMDAwMDAwMDAwMCwicmVhZCI6OTAwMDAwMDAwMDAwLCJ1cGRhdGUiOjYwMDAwMDAwMDAwMH0sInNjaGVtYV92ZXJzaW9uIjoiMSJ9",
          "dependencies": [
            "aws_key_pair.bastion_key",
            "module.security_groups.module.worker_sg.aws_security_group.this",
            "module.security_groups.module.worker_sg.aws_security_group.this_name_prefix",
            "module.vpc.module.vpc.aws_subnet.private",
            "module.vpc.module.vpc.aws_vpc.this",
            "module.vpc.module.vpc.aws_vpc_ipv4_cidr_block_association.this",
            "module.workers.module.worker_nodes.aws_iam_instance_profile.this",
            "module.workers.module.worker_nodes.data.aws_ssm_parameter.this",
            "tls_private_key.bastion_key"
          ]
        }
      ]
    },
    {
      "module": "module.workers.module.worker_nodes[2]",
      "mode": "data",
      "type": "aws_partition",
      "name": "current",
      "provider": "provider[\"registry.terraform.io/hashicorp/aws\"]",
      "instances": [
        {
          "schema_version": 0,
          "attributes": {
            "dns_suffix": "amazonaws.com",
            "id": "aws",
            "partition": "aws",
            "reverse_dns_prefix": "com.amazonaws"
          },
          "sensitive_attributes": []
        }
      ]
    },
    {
      "module": "module.workers.module.worker_nodes[2]",
      "mode": "managed",
      "type": "aws_instance",
      "name": "this",
      "provider": "provider[\"registry.terraform.io/hashicorp/aws\"]",
      "instances": [
        {
          "index_key": 0,
          "schema_version": 1,
          "attributes": {
            "ami": "ami-0cb91c7de36eed2cb",
            "arn": "arn:aws:ec2:us-east-2:050752615223:instance/i-02c482328f9dd1e3b",
            "associate_public_ip_address": false,
            "availability_zone": "us-east-2a",
            "capacity_reservation_specification": [
              {
                "capacity_reservation_preference": "open",
                "capacity_reservation_target": []
              }
            ],
            "cpu_core_count": 1,
            "cpu_options": [
              {
                "amd_sev_snp": "",
                "core_count": 1,
                "threads_per_core": 2
              }
            ],
            "cpu_threads_per_core": 2,
            "credit_specification": [
              {
                "cpu_credits": "unlimited"
              }
            ],
            "disable_api_stop": false,
            "disable_api_termination": false,
            "ebs_block_device": [],
            "ebs_optimized": false,
            "enable_primary_ipv6": null,
            "enclave_options": [
              {
                "enabled": false
              }
            ],
            "ephemeral_block_device": [],
            "get_password_data": false,
            "hibernation": false,
            "host_id": "",
            "host_resource_group_arn": null,
            "iam_instance_profile": "",
            "id": "i-02c482328f9dd1e3b",
            "instance_initiated_shutdown_behavior": "stop",
            "instance_lifecycle": "",
            "instance_market_options": [],
            "instance_state": "running",
            "instance_type": "t3.medium",
            "ipv6_address_count": 0,
            "ipv6_addresses": [],
            "key_name": "bastion-key",
            "launch_template": [],
            "maintenance_options": [
              {
                "auto_recovery": "default"
              }
            ],
            "metadata_options": [
              {
                "http_endpoint": "enabled",
                "http_protocol_ipv6": "disabled",
                "http_put_response_hop_limit": 1,
                "http_tokens": "optional",
                "instance_metadata_tags": "disabled"
              }
            ],
            "monitoring": false,
            "network_interface": [],
            "outpost_arn": "",
            "password_data": "",
            "placement_group": "",
            "placement_partition_number": 0,
            "primary_network_interface_id": "eni-0371b9ca52e038923",
            "private_dns": "ip-10-0-1-231.us-east-2.compute.internal",
            "private_dns_name_options": [
              {
                "enable_resource_name_dns_a_record": false,
                "enable_resource_name_dns_aaaa_record": false,
                "hostname_type": "ip-name"
              }
            ],
            "private_ip": "10.0.1.231",
            "public_dns": "",
            "public_ip": "",
            "root_block_device": [
              {
                "delete_on_termination": true,
                "device_name": "/dev/sda1",
                "encrypted": false,
                "iops": 3000,
                "kms_key_id": "",
                "tags": {},
                "tags_all": {},
                "throughput": 125,
                "volume_id": "vol-0f81d38a3639b3553",
                "volume_size": 8,
                "volume_type": "gp3"
              }
            ],
            "secondary_private_ips": [],
            "security_groups": [],
            "source_dest_check": true,
            "spot_instance_request_id": "",
            "subnet_id": "subnet-050851e0a1d04fcc2",
            "tags": {
              "Name": "worker-node"
            },
            "tags_all": {
              "Name": "worker-node"
            },
            "tenancy": "default",
            "timeouts": {
              "create": null,
              "delete": null,
              "read": null,
              "update": null
            },
            "user_data": "a8abe2a5968a8be8be9914e93af1bb2decaa7733",
            "user_data_base64": null,
            "user_data_replace_on_change": false,
            "volume_tags": {
              "Name": "worker-node"
            },
            "vpc_security_group_ids": [
              "sg-01d4a79e5efa039dd"
            ]
          },
          "sensitive_attributes": [
            [
              {
                "type": "get_attr",
                "value": "user_data"
              }
            ]
          ],
          "private": "eyJlMmJmYjczMC1lY2FhLTExZTYtOGY4OC0zNDM2M2JjN2M0YzAiOnsiY3JlYXRlIjo2MDAwMDAwMDAwMDAsImRlbGV0ZSI6MTIwMDAwMDAwMDAwMCwicmVhZCI6OTAwMDAwMDAwMDAwLCJ1cGRhdGUiOjYwMDAwMDAwMDAwMH0sInNjaGVtYV92ZXJzaW9uIjoiMSJ9",
          "dependencies": [
            "aws_key_pair.bastion_key",
            "module.security_groups.module.worker_sg.aws_security_group.this",
            "module.security_groups.module.worker_sg.aws_security_group.this_name_prefix",
            "module.vpc.module.vpc.aws_subnet.private",
            "module.vpc.module.vpc.aws_vpc.this",
            "module.vpc.module.vpc.aws_vpc_ipv4_cidr_block_association.this",
            "module.workers.module.worker_nodes.aws_iam_instance_profile.this",
            "module.workers.module.worker_nodes.data.aws_ssm_parameter.this",
            "tls_private_key.bastion_key"
          ]
        }
      ]
    },
    {
      "module": "module.workers.module.worker_nodes[3]",
      "mode": "data",
      "type": "aws_partition",
      "name": "current",
      "provider": "provider[\"registry.terraform.io/hashicorp/aws\"]",
      "instances": [
        {
          "schema_version": 0,
          "attributes": {
            "dns_suffix": "amazonaws.com",
            "id": "aws",
            "partition": "aws",
            "reverse_dns_prefix": "com.amazonaws"
          },
          "sensitive_attributes": []
        }
      ]
    },
    {
      "module": "module.workers.module.worker_nodes[3]",
      "mode": "managed",
      "type": "aws_instance",
      "name": "this",
      "provider": "provider[\"registry.terraform.io/hashicorp/aws\"]",
      "instances": [
        {
          "index_key": 0,
          "schema_version": 1,
          "attributes": {
            "ami": "ami-0cb91c7de36eed2cb",
            "arn": "arn:aws:ec2:us-east-2:050752615223:instance/i-07d52225c33637da0",
            "associate_public_ip_address": false,
            "availability_zone": "us-east-2a",
            "capacity_reservation_specification": [
              {
                "capacity_reservation_preference": "open",
                "capacity_reservation_target": []
              }
            ],
            "cpu_core_count": 1,
            "cpu_options": [
              {
                "amd_sev_snp": "",
                "core_count": 1,
                "threads_per_core": 2
              }
            ],
            "cpu_threads_per_core": 2,
            "credit_specification": [
              {
                "cpu_credits": "unlimited"
              }
            ],
            "disable_api_stop": false,
            "disable_api_termination": false,
            "ebs_block_device": [],
            "ebs_optimized": false,
            "enable_primary_ipv6": null,
            "enclave_options": [
              {
                "enabled": false
              }
            ],
            "ephemeral_block_device": [],
            "get_password_data": false,
            "hibernation": false,
            "host_id": "",
            "host_resource_group_arn": null,
            "iam_instance_profile": "",
            "id": "i-07d52225c33637da0",
            "instance_initiated_shutdown_behavior": "stop",
            "instance_lifecycle": "",
            "instance_market_options": [],
            "instance_state": "running",
            "instance_type": "t3.medium",
            "ipv6_address_count": 0,
            "ipv6_addresses": [],
            "key_name": "bastion-key",
            "launch_template": [],
            "maintenance_options": [
              {
                "auto_recovery": "default"
              }
            ],
            "metadata_options": [
              {
                "http_endpoint": "enabled",
                "http_protocol_ipv6": "disabled",
                "http_put_response_hop_limit": 1,
                "http_tokens": "optional",
                "instance_metadata_tags": "disabled"
              }
            ],
            "monitoring": false,
            "network_interface": [],
            "outpost_arn": "",
            "password_data": "",
            "placement_group": "",
            "placement_partition_number": 0,
            "primary_network_interface_id": "eni-09cae51d19d5bd572",
            "private_dns": "ip-10-0-1-97.us-east-2.compute.internal",
            "private_dns_name_options": [
              {
                "enable_resource_name_dns_a_record": false,
                "enable_resource_name_dns_aaaa_record": false,
                "hostname_type": "ip-name"
              }
            ],
            "private_ip": "10.0.1.97",
            "public_dns": "",
            "public_ip": "",
            "root_block_device": [
              {
                "delete_on_termination": true,
                "device_name": "/dev/sda1",
                "encrypted": false,
                "iops": 3000,
                "kms_key_id": "",
                "tags": {},
                "tags_all": {},
                "throughput": 125,
                "volume_id": "vol-0adb15e9ede7b5e31",
                "volume_size": 8,
                "volume_type": "gp3"
              }
            ],
            "secondary_private_ips": [],
            "security_groups": [],
            "source_dest_check": true,
            "spot_instance_request_id": "",
            "subnet_id": "subnet-050851e0a1d04fcc2",
            "tags": {
              "Name": "worker-node"
            },
            "tags_all": {
              "Name": "worker-node"
            },
            "tenancy": "default",
            "timeouts": {
              "create": null,
              "delete": null,
              "read": null,
              "update": null
            },
            "user_data": "a8abe2a5968a8be8be9914e93af1bb2decaa7733",
            "user_data_base64": null,
            "user_data_replace_on_change": false,
            "volume_tags": {
              "Name": "worker-node"
            },
            "vpc_security_group_ids": [
              "sg-01d4a79e5efa039dd"
            ]
          },
          "sensitive_attributes": [
            [
              {
                "type": "get_attr",
                "value": "user_data"
              }
            ]
          ],
          "private": "eyJlMmJmYjczMC1lY2FhLTExZTYtOGY4OC0zNDM2M2JjN2M0YzAiOnsiY3JlYXRlIjo2MDAwMDAwMDAwMDAsImRlbGV0ZSI6MTIwMDAwMDAwMDAwMCwicmVhZCI6OTAwMDAwMDAwMDAwLCJ1cGRhdGUiOjYwMDAwMDAwMDAwMH0sInNjaGVtYV92ZXJzaW9uIjoiMSJ9",
          "dependencies": [
            "aws_key_pair.bastion_key",
            "module.security_groups.module.worker_sg.aws_security_group.this",
            "module.security_groups.module.worker_sg.aws_security_group.this_name_prefix",
            "module.vpc.module.vpc.aws_subnet.private",
            "module.vpc.module.vpc.aws_vpc.this",
            "module.vpc.module.vpc.aws_vpc_ipv4_cidr_block_association.this",
            "module.workers.module.worker_nodes.aws_iam_instance_profile.this",
            "module.workers.module.worker_nodes.data.aws_ssm_parameter.this",
            "tls_private_key.bastion_key"
          ]
        }
      ]
    },
    {
      "module": "module.workers.module.worker_nodes[4]",
      "mode": "data",
      "type": "aws_partition",
      "name": "current",
      "provider": "provider[\"registry.terraform.io/hashicorp/aws\"]",
      "instances": [
        {
          "schema_version": 0,
          "attributes": {
            "dns_suffix": "amazonaws.com",
            "id": "aws",
            "partition": "aws",
            "reverse_dns_prefix": "com.amazonaws"
          },
          "sensitive_attributes": []
        }
      ]
    },
    {
      "module": "module.workers.module.worker_nodes[4]",
      "mode": "managed",
      "type": "aws_instance",
      "name": "this",
      "provider": "provider[\"registry.terraform.io/hashicorp/aws\"]",
      "instances": [
        {
          "index_key": 0,
          "schema_version": 1,
          "attributes": {
            "ami": "ami-0cb91c7de36eed2cb",
            "arn": "arn:aws:ec2:us-east-2:050752615223:instance/i-073be6eae6af63ca8",
            "associate_public_ip_address": false,
            "availability_zone": "us-east-2a",
            "capacity_reservation_specification": [
              {
                "capacity_reservation_preference": "open",
                "capacity_reservation_target": []
              }
            ],
            "cpu_core_count": 1,
            "cpu_options": [
              {
                "amd_sev_snp": "",
                "core_count": 1,
                "threads_per_core": 2
              }
            ],
            "cpu_threads_per_core": 2,
            "credit_specification": [
              {
                "cpu_credits": "unlimited"
              }
            ],
            "disable_api_stop": false,
            "disable_api_termination": false,
            "ebs_block_device": [],
            "ebs_optimized": false,
            "enable_primary_ipv6": null,
            "enclave_options": [
              {
                "enabled": false
              }
            ],
            "ephemeral_block_device": [],
            "get_password_data": false,
            "hibernation": false,
            "host_id": "",
            "host_resource_group_arn": null,
            "iam_instance_profile": "",
            "id": "i-073be6eae6af63ca8",
            "instance_initiated_shutdown_behavior": "stop",
            "instance_lifecycle": "",
            "instance_market_options": [],
            "instance_state": "running",
            "instance_type": "t3.medium",
            "ipv6_address_count": 0,
            "ipv6_addresses": [],
            "key_name": "bastion-key",
            "launch_template": [],
            "maintenance_options": [
              {
                "auto_recovery": "default"
              }
            ],
            "metadata_options": [
              {
                "http_endpoint": "enabled",
                "http_protocol_ipv6": "disabled",
                "http_put_response_hop_limit": 1,
                "http_tokens": "optional",
                "instance_metadata_tags": "disabled"
              }
            ],
            "monitoring": false,
            "network_interface": [],
            "outpost_arn": "",
            "password_data": "",
            "placement_group": "",
            "placement_partition_number": 0,
            "primary_network_interface_id": "eni-0b1d01fd7fdebd024",
            "private_dns": "ip-10-0-1-13.us-east-2.compute.internal",
            "private_dns_name_options": [
              {
                "enable_resource_name_dns_a_record": false,
                "enable_resource_name_dns_aaaa_record": false,
                "hostname_type": "ip-name"
              }
            ],
            "private_ip": "10.0.1.13",
            "public_dns": "",
            "public_ip": "",
            "root_block_device": [
              {
                "delete_on_termination": true,
                "device_name": "/dev/sda1",
                "encrypted": false,
                "iops": 3000,
                "kms_key_id": "",
                "tags": {},
                "tags_all": {},
                "throughput": 125,
                "volume_id": "vol-0ff400ef25d9aec75",
                "volume_size": 8,
                "volume_type": "gp3"
              }
            ],
            "secondary_private_ips": [],
            "security_groups": [],
            "source_dest_check": true,
            "spot_instance_request_id": "",
            "subnet_id": "subnet-050851e0a1d04fcc2",
            "tags": {
              "Name": "worker-node"
            },
            "tags_all": {
              "Name": "worker-node"
            },
            "tenancy": "default",
            "timeouts": {
              "create": null,
              "delete": null,
              "read": null,
              "update": null
            },
            "user_data": "a8abe2a5968a8be8be9914e93af1bb2decaa7733",
            "user_data_base64": null,
            "user_data_replace_on_change": false,
            "volume_tags": {
              "Name": "worker-node"
            },
            "vpc_security_group_ids": [
              "sg-01d4a79e5efa039dd"
            ]
          },
          "sensitive_attributes": [
            [
              {
                "type": "get_attr",
                "value": "user_data"
              }
            ]
          ],
          "private": "eyJlMmJmYjczMC1lY2FhLTExZTYtOGY4OC0zNDM2M2JjN2M0YzAiOnsiY3JlYXRlIjo2MDAwMDAwMDAwMDAsImRlbGV0ZSI6MTIwMDAwMDAwMDAwMCwicmVhZCI6OTAwMDAwMDAwMDAwLCJ1cGRhdGUiOjYwMDAwMDAwMDAwMH0sInNjaGVtYV92ZXJzaW9uIjoiMSJ9",
          "dependencies": [
            "aws_key_pair.bastion_key",
            "module.security_groups.module.worker_sg.aws_security_group.this",
            "module.security_groups.module.worker_sg.aws_security_group.this_name_prefix",
            "module.vpc.module.vpc.aws_subnet.private",
            "module.vpc.module.vpc.aws_vpc.this",
            "module.vpc.module.vpc.aws_vpc_ipv4_cidr_block_association.this",
            "module.workers.module.worker_nodes.aws_iam_instance_profile.this",
            "module.workers.module.worker_nodes.data.aws_ssm_parameter.this",
            "tls_private_key.bastion_key"
          ]
        }
      ]
    }
  ],
  "check_results": null
}
