{
  "version": 4,
  "terraform_version": "1.5.7",
  "serial": 106,
  "lineage": "19c0be75-ab07-0077-e8b4-e353cec17311",
  "outputs": {
    "bastion_id": {
      "value": "i-00ac44e6406a09960",
      "type": "string"
    },
    "bastion_private_ip": {
      "value": "10.0.101.48",
      "type": "string"
    },
    "bastion_private_key_path": {
      "value": "./bastion-key.pem",
      "type": "string",
      "sensitive": true
    },
    "bastion_public_ip": {
      "value": "3.17.166.77",
      "type": "string"
    },
    "bastion_security_group_id": {
      "value": "sg-04bfc5885c6a20fd5",
      "type": "string"
    },
    "private_subnets": {
      "value": [
        "subnet-072b761f57ec8eaec",
        "subnet-01d592a160a15f146"
      ],
      "type": [
        "tuple",
        [
          "string",
          "string"
        ]
      ]
    },
    "public_subnets": {
      "value": [
        "subnet-0a1d6bc3881341616",
        "subnet-041a2f53dda5d371e"
      ],
      "type": [
        "tuple",
        [
          "string",
          "string"
        ]
      ]
    },
    "vpc_id": {
      "value": "vpc-0b313c32fbfbc0e54",
      "type": "string"
    },
    "worker_instance_ids": {
      "value": [
        "i-073b2f0656bfcc77c",
        "i-0744787ceca9976c0",
        "i-04487b32279370454",
        "i-09080ed3a944b3a92",
        "i-0ed2392eb641c6d79"
      ],
      "type": [
        "tuple",
        [
          "string",
          "string",
          "string",
          "string",
          "string"
        ]
      ]
    },
    "worker_private_ips": {
      "value": [
        "10.0.1.105",
        "10.0.1.52",
        "10.0.1.243",
        "10.0.1.241",
        "10.0.1.179"
      ],
      "type": [
        "tuple",
        [
          "string",
          "string",
          "string",
          "string",
          "string"
        ]
      ]
    },
    "worker_security_group_id": {
      "value": "sg-0166da0db90f3aa8c",
      "type": "string"
    }
  },
  "resources": [
    {
      "mode": "managed",
      "type": "aws_key_pair",
      "name": "bastion_key",
      "provider": "provider[\"registry.terraform.io/hashicorp/aws\"]",
      "instances": [
        {
          "schema_version": 1,
          "attributes": {
            "arn": "arn:aws:ec2:us-east-2:050752615223:key-pair/bastion-key",
            "fingerprint": "a9:16:63:41:03:04:1f:91:93:4b:d7:6d:5c:8d:a5:59",
            "id": "bastion-key",
            "key_name": "bastion-key",
            "key_name_prefix": "",
            "key_pair_id": "key-00759adb6a1757264",
            "key_type": "rsa",
            "public_key": "ssh-rsa AAAAB3NzaC1yc2EAAAADAQABAAABAQC1dt5awtO1NI2wqZV7YDcH4PdV7e4q081xFqW/VfT+LslQu3YWeKvf2poIfIOpdKXmPOylhjLcMLwkHxDRCDPnsrlB8GEHXhEj/e4XB1SUxdEV2fSDH3ruY4PG8C/FhwnpSBGxODOzgMQwlUc8TdwPpTXWIxaQpMRDvU0gGAnbATsd3s9ZX6Gsscv0+Vp8UKZOcaZ65JOydYkuWbs45NDW+X3pRaQhFiSxQZ6dZ0TI+wBEw9zPA2/wxPQdnDNZG6vfsEQ2NURdQmlrqEUdRSLqxlcME0QeErqNX/110PYwayyGcrdTd75OSadya2y1Z3X+95vODYDpHxDDdRQBfhGz",
            "tags": null,
            "tags_all": {}
          },
          "sensitive_attributes": [],
          "private": "eyJzY2hlbWFfdmVyc2lvbiI6IjEifQ==",
          "dependencies": [
            "tls_private_key.bastion_key"
          ]
        }
      ]
    },
    {
      "mode": "managed",
      "type": "local_file",
      "name": "bastion_private_key",
      "provider": "provider[\"registry.terraform.io/hashicorp/local\"]",
      "instances": [
        {
          "schema_version": 0,
          "attributes": {
            "content": "-----BEGIN RSA PRIVATE KEY-----\nMIIEpAIBAAKCAQEAtXbeWsLTtTSNsKmVe2A3B+D3Ve3uKtPNcRalv1X0/i7JULt2\nFnir39qaCHyDqXSl5jzspYYy3DC8JB8Q0Qgz57K5QfBhB14RI/3uFwdUlMXRFdn0\ngx967mODxvAvxYcJ6UgRsTgzs4DEMJVHPE3cD6U11iMWkKTEQ71NIBgJ2wE7Hd7P\nWV+hrLHL9PlafFCmTnGmeuSTsnWJLlm7OOTQ1vl96UWkIRYksUGenWdEyPsARMPc\nzwNv8MT0HZwzWRur37BENjVEXUJpa6hFHUUi6sZXDBNEHhK6jV/9ddD2MGsshnK3\nU3e+TkmncmtstWd1/vebzg2A6R8Qw3UUAX4RswIDAQABAoIBADf3qorJriwkQlMr\naqw7t51ZeE9ra9qPqrxnZMWHiGFhIrwgpUI3A6OuM3XMmXsJPCWvwrkmk8cvzMdD\nQZeG9SNQDy1UK0jvbU/xgJ5fp2mfPWaE65IJgovF653O9Jzykk796F8FW4TQgTIO\nyILD7MxygxFBjzMbbmEKIKB2aYu+5zOnAYcBQQSZIk3/8wg1bt/7FCtrfs9i5KO0\nqyf9RUz22ICpwRq6EWBLrK7eliYLp4t6lrQIgaphVT82Cq/UN54Jej/ypKNGRTpW\nN8C1GSowyNmE/UJwMVjawg5Uyx/lRswlhuTQtKMdH+/Vdx1EfIUyqYteQUsh7yzr\nc5dFVVECgYEAycGhyq9X7BRdrsCd44XDmVNegIzzxwGplvFstZJriZQ89FV6CU1L\nJKAJ7ES9C5UQukjmzilcZIA9TfEARAwHEwSXUEgjv5Su63CqIM1qiLCsVanpegH0\n4ISfwjSOWLwkiH1APBIEYK5zQr/bGbh16uJjMTqu/vd4xXa5dbKmPfsCgYEA5kCW\neDu1AX+7IiRon5P/cOP/4fMPw0tqidtwRb132y+vsGbx5PZ7BMyl4im2QUzrJwdS\n4OSOuAQQ2uRqD5LNmnyGndB/KnT5kQvh4oSBM3VjPA6dDrlZKkeehJ9wnySBhlfx\n3RBkHHbx4EJITF4aSi58ZNNHpr5t0QUXTq+XxakCgYEAkupwkXKLuLq/2WAj2Slv\n3LfLyhpZ7iF0yBi3y6R6sG2E0Xto6Vsii+IKN8V6T/PVgYFSqO+PexOzEI2dXu/P\nOvcN5IUTmw9/LK0XBdnvaOgWJi8beB/ynIeW+klhGpaul8F1RAjurSR7hDDHMHyV\nSVxfVNrh0YKNrGUe+ekEi38CgYB6hgAL9um45Hl2D53E3QJe1lTBrY/Dwovs0+KI\nmev/rP52hjFOP4Ly6NuU39FmKkIvwIvvtG/lp/Q4JrfxlZLnFECmFd61fw2Wi5Yl\n7ZC7C0pFGRmmTicOgpHtzNInPUvXa1D+68v6AalwRpUmXiTrOJVlKbDFICxbv7PJ\nYVMIEQKBgQCyM2e34D+S+jDQNSwhcUDchm5/eTYNW14XSE0Z8MBYJD/XxT0j5l2I\nvQwPtzgThm9aMWgxKnRBRtDp6CjHD2+pMIVHQTyVMOPrtjflVQ8gSvxYvaiqNFjE\njaiXW+T2oMkuyOUT9fULQbu5YLkqWO6TwgsfTItQ6yXQrvgQD+EWWA==\n-----END RSA PRIVATE KEY-----\n",
            "content_base64": null,
            "content_base64sha256": "pqHYaxkXujpn65nbkP1K10s2VhGTcvUCrTt2KwSR0Lo=",
            "content_base64sha512": "VrT9WsP9sDANB3I2YsZM1U0xGFjD2i8j72DvKLtvMiYTXgYLxvukwQYBSmzoByDrBheV7gpHgcSey3mCDm991Q==",
            "content_md5": "23eafb7641f163bc6571c02de165798f",
            "content_sha1": "1ef6f67079bdc02a6b94124e2cd21c0bd9291702",
            "content_sha256": "a6a1d86b1917ba3a67eb99db90fd4ad74b3656119372f502ad3b762b0491d0ba",
            "content_sha512": "56b4fd5ac3fdb0300d07723662c64cd54d311858c3da2f23ef60ef28bb6f3226135e060bc6fba4c106014a6ce80720eb061795ee0a4781c49ecb79820e6f7dd5",
            "directory_permission": "0777",
            "file_permission": "0600",
            "filename": "./bastion-key.pem",
            "id": "1ef6f67079bdc02a6b94124e2cd21c0bd9291702",
            "sensitive_content": null,
            "source": null
          },
          "sensitive_attributes": [
            [
              {
                "type": "get_attr",
                "value": "content"
              }
            ]
          ],
          "dependencies": [
            "tls_private_key.bastion_key"
          ]
        }
      ]
    },
    {
      "mode": "managed",
      "type": "tls_private_key",
      "name": "bastion_key",
      "provider": "provider[\"registry.terraform.io/hashicorp/tls\"]",
      "instances": [
        {
          "schema_version": 1,
          "attributes": {
            "algorithm": "RSA",
            "ecdsa_curve": "P224",
            "id": "b3bb4b1b15a7fb2075a7c720512a4bc066ed1717",
            "private_key_openssh": "-----BEGIN OPENSSH PRIVATE KEY-----\nb3BlbnNzaC1rZXktdjEAAAAABG5vbmUAAAAEbm9uZQAAAAAAAAABAAABFwAAAAdz\nc2gtcnNhAAAAAwEAAQAAAQEAtXbeWsLTtTSNsKmVe2A3B+D3Ve3uKtPNcRalv1X0\n/i7JULt2Fnir39qaCHyDqXSl5jzspYYy3DC8JB8Q0Qgz57K5QfBhB14RI/3uFwdU\nlMXRFdn0gx967mODxvAvxYcJ6UgRsTgzs4DEMJVHPE3cD6U11iMWkKTEQ71NIBgJ\n2wE7Hd7PWV+hrLHL9PlafFCmTnGmeuSTsnWJLlm7OOTQ1vl96UWkIRYksUGenWdE\nyPsARMPczwNv8MT0HZwzWRur37BENjVEXUJpa6hFHUUi6sZXDBNEHhK6jV/9ddD2\nMGsshnK3U3e+TkmncmtstWd1/vebzg2A6R8Qw3UUAX4RswAAA7jxPxpZ8T8aWQAA\nAAdzc2gtcnNhAAABAQC1dt5awtO1NI2wqZV7YDcH4PdV7e4q081xFqW/VfT+LslQ\nu3YWeKvf2poIfIOpdKXmPOylhjLcMLwkHxDRCDPnsrlB8GEHXhEj/e4XB1SUxdEV\n2fSDH3ruY4PG8C/FhwnpSBGxODOzgMQwlUc8TdwPpTXWIxaQpMRDvU0gGAnbATsd\n3s9ZX6Gsscv0+Vp8UKZOcaZ65JOydYkuWbs45NDW+X3pRaQhFiSxQZ6dZ0TI+wBE\nw9zPA2/wxPQdnDNZG6vfsEQ2NURdQmlrqEUdRSLqxlcME0QeErqNX/110PYwayyG\ncrdTd75OSadya2y1Z3X+95vODYDpHxDDdRQBfhGzAAAAAwEAAQAAAQA396qKya4s\nJEJTK2qsO7edWXhPa2vaj6q8Z2TFh4hhYSK8IKVCNwOjrjN1zJl7CTwlr8K5JpPH\nL8zHQ0GXhvUjUA8tVCtI721P8YCeX6dpnz1mhOuSCYKLxeudzvSc8pJO/ehfBVuE\n0IEyDsiCw+zMcoMRQY8zG25hCiCgdmmLvuczpwGHAUEEmSJN//MINW7f+xQra37P\nYuSjtKsn/UVM9tiAqcEauhFgS6yu3pYmC6eLepa0CIGqYVU/Ngqv1DeeCXo/8qSj\nRkU6VjfAtRkqMMjZhP1CcDFY2sIOVMsf5UbMJYbk0LSjHR/v1XcdRHyFMqmLXkFL\nIe8s63OXRVVRAAAAgQCyM2e34D+S+jDQNSwhcUDchm5/eTYNW14XSE0Z8MBYJD/X\nxT0j5l2IvQwPtzgThm9aMWgxKnRBRtDp6CjHD2+pMIVHQTyVMOPrtjflVQ8gSvxY\nvaiqNFjEjaiXW+T2oMkuyOUT9fULQbu5YLkqWO6TwgsfTItQ6yXQrvgQD+EWWAAA\nAIEAycGhyq9X7BRdrsCd44XDmVNegIzzxwGplvFstZJriZQ89FV6CU1LJKAJ7ES9\nC5UQukjmzilcZIA9TfEARAwHEwSXUEgjv5Su63CqIM1qiLCsVanpegH04ISfwjSO\nWLwkiH1APBIEYK5zQr/bGbh16uJjMTqu/vd4xXa5dbKmPfsAAACBAOZAlng7tQF/\nuyIkaJ+T/3Dj/+HzD8NLaonbcEW9d9svr7Bm8eT2ewTMpeIptkFM6ycHUuDkjrgE\nENrkag+SzZp8hp3Qfyp0+ZEL4eKEgTN1YzwOnQ65WSpHnoSfcJ8kgYZX8d0QZBx2\n8eBCSExeGkoufGTTR6a+bdEFF06vl8WpAAAAAAEC\n-----END OPENSSH PRIVATE KEY-----\n",
            "private_key_pem": "-----BEGIN RSA PRIVATE KEY-----\nMIIEpAIBAAKCAQEAtXbeWsLTtTSNsKmVe2A3B+D3Ve3uKtPNcRalv1X0/i7JULt2\nFnir39qaCHyDqXSl5jzspYYy3DC8JB8Q0Qgz57K5QfBhB14RI/3uFwdUlMXRFdn0\ngx967mODxvAvxYcJ6UgRsTgzs4DEMJVHPE3cD6U11iMWkKTEQ71NIBgJ2wE7Hd7P\nWV+hrLHL9PlafFCmTnGmeuSTsnWJLlm7OOTQ1vl96UWkIRYksUGenWdEyPsARMPc\nzwNv8MT0HZwzWRur37BENjVEXUJpa6hFHUUi6sZXDBNEHhK6jV/9ddD2MGsshnK3\nU3e+TkmncmtstWd1/vebzg2A6R8Qw3UUAX4RswIDAQABAoIBADf3qorJriwkQlMr\naqw7t51ZeE9ra9qPqrxnZMWHiGFhIrwgpUI3A6OuM3XMmXsJPCWvwrkmk8cvzMdD\nQZeG9SNQDy1UK0jvbU/xgJ5fp2mfPWaE65IJgovF653O9Jzykk796F8FW4TQgTIO\nyILD7MxygxFBjzMbbmEKIKB2aYu+5zOnAYcBQQSZIk3/8wg1bt/7FCtrfs9i5KO0\nqyf9RUz22ICpwRq6EWBLrK7eliYLp4t6lrQIgaphVT82Cq/UN54Jej/ypKNGRTpW\nN8C1GSowyNmE/UJwMVjawg5Uyx/lRswlhuTQtKMdH+/Vdx1EfIUyqYteQUsh7yzr\nc5dFVVECgYEAycGhyq9X7BRdrsCd44XDmVNegIzzxwGplvFstZJriZQ89FV6CU1L\nJKAJ7ES9C5UQukjmzilcZIA9TfEARAwHEwSXUEgjv5Su63CqIM1qiLCsVanpegH0\n4ISfwjSOWLwkiH1APBIEYK5zQr/bGbh16uJjMTqu/vd4xXa5dbKmPfsCgYEA5kCW\neDu1AX+7IiRon5P/cOP/4fMPw0tqidtwRb132y+vsGbx5PZ7BMyl4im2QUzrJwdS\n4OSOuAQQ2uRqD5LNmnyGndB/KnT5kQvh4oSBM3VjPA6dDrlZKkeehJ9wnySBhlfx\n3RBkHHbx4EJITF4aSi58ZNNHpr5t0QUXTq+XxakCgYEAkupwkXKLuLq/2WAj2Slv\n3LfLyhpZ7iF0yBi3y6R6sG2E0Xto6Vsii+IKN8V6T/PVgYFSqO+PexOzEI2dXu/P\nOvcN5IUTmw9/LK0XBdnvaOgWJi8beB/ynIeW+klhGpaul8F1RAjurSR7hDDHMHyV\nSVxfVNrh0YKNrGUe+ekEi38CgYB6hgAL9um45Hl2D53E3QJe1lTBrY/Dwovs0+KI\nmev/rP52hjFOP4Ly6NuU39FmKkIvwIvvtG/lp/Q4JrfxlZLnFECmFd61fw2Wi5Yl\n7ZC7C0pFGRmmTicOgpHtzNInPUvXa1D+68v6AalwRpUmXiTrOJVlKbDFICxbv7PJ\nYVMIEQKBgQCyM2e34D+S+jDQNSwhcUDchm5/eTYNW14XSE0Z8MBYJD/XxT0j5l2I\nvQwPtzgThm9aMWgxKnRBRtDp6CjHD2+pMIVHQTyVMOPrtjflVQ8gSvxYvaiqNFjE\njaiXW+T2oMkuyOUT9fULQbu5YLkqWO6TwgsfTItQ6yXQrvgQD+EWWA==\n-----END RSA PRIVATE KEY-----\n",
            "private_key_pem_pkcs8": "-----BEGIN PRIVATE KEY-----\nMIIEvgIBADANBgkqhkiG9w0BAQEFAASCBKgwggSkAgEAAoIBAQC1dt5awtO1NI2w\nqZV7YDcH4PdV7e4q081xFqW/VfT+LslQu3YWeKvf2poIfIOpdKXmPOylhjLcMLwk\nHxDRCDPnsrlB8GEHXhEj/e4XB1SUxdEV2fSDH3ruY4PG8C/FhwnpSBGxODOzgMQw\nlUc8TdwPpTXWIxaQpMRDvU0gGAnbATsd3s9ZX6Gsscv0+Vp8UKZOcaZ65JOydYku\nWbs45NDW+X3pRaQhFiSxQZ6dZ0TI+wBEw9zPA2/wxPQdnDNZG6vfsEQ2NURdQmlr\nqEUdRSLqxlcME0QeErqNX/110PYwayyGcrdTd75OSadya2y1Z3X+95vODYDpHxDD\ndRQBfhGzAgMBAAECggEAN/eqismuLCRCUytqrDu3nVl4T2tr2o+qvGdkxYeIYWEi\nvCClQjcDo64zdcyZewk8Ja/CuSaTxy/Mx0NBl4b1I1APLVQrSO9tT/GAnl+naZ89\nZoTrkgmCi8Xrnc70nPKSTv3oXwVbhNCBMg7IgsPszHKDEUGPMxtuYQogoHZpi77n\nM6cBhwFBBJkiTf/zCDVu3/sUK2t+z2Lko7SrJ/1FTPbYgKnBGroRYEusrt6WJgun\ni3qWtAiBqmFVPzYKr9Q3ngl6P/Kko0ZFOlY3wLUZKjDI2YT9QnAxWNrCDlTLH+VG\nzCWG5NC0ox0f79V3HUR8hTKpi15BSyHvLOtzl0VVUQKBgQDJwaHKr1fsFF2uwJ3j\nhcOZU16AjPPHAamW8Wy1kmuJlDz0VXoJTUskoAnsRL0LlRC6SObOKVxkgD1N8QBE\nDAcTBJdQSCO/lK7rcKogzWqIsKxVqel6AfTghJ/CNI5YvCSIfUA8EgRgrnNCv9sZ\nuHXq4mMxOq7+93jFdrl1sqY9+wKBgQDmQJZ4O7UBf7siJGifk/9w4//h8w/DS2qJ\n23BFvXfbL6+wZvHk9nsEzKXiKbZBTOsnB1Lg5I64BBDa5GoPks2afIad0H8qdPmR\nC+HihIEzdWM8Dp0OuVkqR56En3CfJIGGV/HdEGQcdvHgQkhMXhpKLnxk00emvm3R\nBRdOr5fFqQKBgQCS6nCRcou4ur/ZYCPZKW/ct8vKGlnuIXTIGLfLpHqwbYTRe2jp\nWyKL4go3xXpP89WBgVKo7497E7MQjZ1e78869w3khRObD38srRcF2e9o6BYmLxt4\nH/Kch5b6SWEalq6XwXVECO6tJHuEMMcwfJVJXF9U2uHRgo2sZR756QSLfwKBgHqG\nAAv26bjkeXYPncTdAl7WVMGtj8PCi+zT4oiZ6/+s/naGMU4/gvLo25Tf0WYqQi/A\ni++0b+Wn9Dgmt/GVkucUQKYV3rV/DZaLliXtkLsLSkUZGaZOJw6Cke3M0ic9S9dr\nUP7ry/oBqXBGlSZeJOs4lWUpsMUgLFu/s8lhUwgRAoGBALIzZ7fgP5L6MNA1LCFx\nQNyGbn95Ng1bXhdITRnwwFgkP9fFPSPmXYi9DA+3OBOGb1oxaDEqdEFG0OnoKMcP\nb6kwhUdBPJUw4+u2N+VVDyBK/Fi9qKo0WMSNqJdb5PagyS7I5RP19QtBu7lguSpY\n7pPCCx9Mi1DrJdCu+BAP4RZY\n-----END PRIVATE KEY-----\n",
            "public_key_fingerprint_md5": "e1:c4:f1:7b:97:ea:76:06:65:cc:e2:ca:be:58:6d:ba",
            "public_key_fingerprint_sha256": "SHA256:zhr9TmCqDwI49B+LwyZh+ye3YavjR5mbzeXxNOZLz0w",
            "public_key_openssh": "ssh-rsa AAAAB3NzaC1yc2EAAAADAQABAAABAQC1dt5awtO1NI2wqZV7YDcH4PdV7e4q081xFqW/VfT+LslQu3YWeKvf2poIfIOpdKXmPOylhjLcMLwkHxDRCDPnsrlB8GEHXhEj/e4XB1SUxdEV2fSDH3ruY4PG8C/FhwnpSBGxODOzgMQwlUc8TdwPpTXWIxaQpMRDvU0gGAnbATsd3s9ZX6Gsscv0+Vp8UKZOcaZ65JOydYkuWbs45NDW+X3pRaQhFiSxQZ6dZ0TI+wBEw9zPA2/wxPQdnDNZG6vfsEQ2NURdQmlrqEUdRSLqxlcME0QeErqNX/110PYwayyGcrdTd75OSadya2y1Z3X+95vODYDpHxDDdRQBfhGz\n",
            "public_key_pem": "-----BEGIN PUBLIC KEY-----\nMIIBIjANBgkqhkiG9w0BAQEFAAOCAQ8AMIIBCgKCAQEAtXbeWsLTtTSNsKmVe2A3\nB+D3Ve3uKtPNcRalv1X0/i7JULt2Fnir39qaCHyDqXSl5jzspYYy3DC8JB8Q0Qgz\n57K5QfBhB14RI/3uFwdUlMXRFdn0gx967mODxvAvxYcJ6UgRsTgzs4DEMJVHPE3c\nD6U11iMWkKTEQ71NIBgJ2wE7Hd7PWV+hrLHL9PlafFCmTnGmeuSTsnWJLlm7OOTQ\n1vl96UWkIRYksUGenWdEyPsARMPczwNv8MT0HZwzWRur37BENjVEXUJpa6hFHUUi\n6sZXDBNEHhK6jV/9ddD2MGsshnK3U3e+TkmncmtstWd1/vebzg2A6R8Qw3UUAX4R\nswIDAQAB\n-----END PUBLIC KEY-----\n",
            "rsa_bits": 2048
          },
          "sensitive_attributes": []
        }
      ]
    },
    {
      "module": "module.bastion.module.bastion",
      "mode": "data",
      "type": "aws_partition",
      "name": "current",
      "provider": "provider[\"registry.terraform.io/hashicorp/aws\"]",
      "instances": [
        {
          "schema_version": 0,
          "attributes": {
            "dns_suffix": "amazonaws.com",
            "id": "aws",
            "partition": "aws",
            "reverse_dns_prefix": "com.amazonaws"
          },
          "sensitive_attributes": []
        }
      ]
    },
    {
      "module": "module.bastion.module.bastion",
      "mode": "managed",
      "type": "aws_instance",
      "name": "this",
      "provider": "provider[\"registry.terraform.io/hashicorp/aws\"]",
      "instances": [
        {
          "index_key": 0,
          "schema_version": 1,
          "attributes": {
            "ami": "ami-0c55b159cbfafe1f0",
            "arn": "arn:aws:ec2:us-east-2:050752615223:instance/i-00ac44e6406a09960",
            "associate_public_ip_address": true,
            "availability_zone": "us-east-2a",
            "capacity_reservation_specification": [
              {
                "capacity_reservation_preference": "open",
                "capacity_reservation_target": []
              }
            ],
            "cpu_core_count": 1,
            "cpu_options": [
              {
                "amd_sev_snp": "",
                "core_count": 1,
                "threads_per_core": 1
              }
            ],
            "cpu_threads_per_core": 1,
            "credit_specification": [
              {
                "cpu_credits": "standard"
              }
            ],
            "disable_api_stop": false,
            "disable_api_termination": false,
            "ebs_block_device": [],
            "ebs_optimized": false,
            "enable_primary_ipv6": null,
            "enclave_options": [
              {
                "enabled": false
              }
            ],
            "ephemeral_block_device": [],
            "get_password_data": false,
            "hibernation": false,
            "host_id": "",
            "host_resource_group_arn": null,
            "iam_instance_profile": "",
            "id": "i-00ac44e6406a09960",
            "instance_initiated_shutdown_behavior": "stop",
            "instance_lifecycle": "",
            "instance_market_options": [],
            "instance_state": "running",
            "instance_type": "t2.micro",
            "ipv6_address_count": 0,
            "ipv6_addresses": [],
            "key_name": "bastion-key",
            "launch_template": [],
            "maintenance_options": [
              {
                "auto_recovery": "default"
              }
            ],
            "metadata_options": [
              {
                "http_endpoint": "enabled",
                "http_protocol_ipv6": "disabled",
                "http_put_response_hop_limit": 1,
                "http_tokens": "optional",
                "instance_metadata_tags": "disabled"
              }
            ],
            "monitoring": false,
            "network_interface": [],
            "outpost_arn": "",
            "password_data": "",
            "placement_group": "",
            "placement_partition_number": 0,
            "primary_network_interface_id": "eni-050e711b5677802ce",
            "private_dns": "ip-10-0-101-48.us-east-2.compute.internal",
            "private_dns_name_options": [
              {
                "enable_resource_name_dns_a_record": false,
                "enable_resource_name_dns_aaaa_record": false,
                "hostname_type": "ip-name"
              }
            ],
            "private_ip": "10.0.101.48",
            "public_dns": "ec2-3-17-166-77.us-east-2.compute.amazonaws.com",
            "public_ip": "3.17.166.77",
            "root_block_device": [
              {
                "delete_on_termination": true,
                "device_name": "/dev/sda1",
                "encrypted": false,
                "iops": 100,
                "kms_key_id": "",
                "tags": {},
                "tags_all": {},
                "throughput": 0,
                "volume_id": "vol-04732b3d140481210",
                "volume_size": 8,
                "volume_type": "gp2"
              }
            ],
            "secondary_private_ips": [],
            "security_groups": [],
            "source_dest_check": true,
            "spot_instance_request_id": "",
            "subnet_id": "subnet-0a1d6bc3881341616",
            "tags": {
              "Name": "bastion-host"
            },
            "tags_all": {
              "Name": "bastion-host"
            },
            "tenancy": "default",
            "timeouts": {
              "create": null,
              "delete": null,
              "read": null,
              "update": null
            },
            "user_data": null,
            "user_data_base64": null,
            "user_data_replace_on_change": false,
            "volume_tags": {
              "Name": "bastion-host"
            },
            "vpc_security_group_ids": [
              "sg-04bfc5885c6a20fd5"
            ]
          },
          "sensitive_attributes": [],
          "private": "eyJlMmJmYjczMC1lY2FhLTExZTYtOGY4OC0zNDM2M2JjN2M0YzAiOnsiY3JlYXRlIjo2MDAwMDAwMDAwMDAsImRlbGV0ZSI6MTIwMDAwMDAwMDAwMCwicmVhZCI6OTAwMDAwMDAwMDAwLCJ1cGRhdGUiOjYwMDAwMDAwMDAwMH0sInNjaGVtYV92ZXJzaW9uIjoiMSJ9",
          "dependencies": [
            "aws_key_pair.bastion_key",
            "module.bastion.module.bastion.aws_iam_instance_profile.this",
            "module.bastion.module.bastion.data.aws_ssm_parameter.this",
            "module.security_groups.module.bastion_sg.aws_security_group.this",
            "module.security_groups.module.bastion_sg.aws_security_group.this_name_prefix",
            "module.vpc.module.vpc.aws_subnet.public",
            "module.vpc.module.vpc.aws_vpc.this",
            "module.vpc.module.vpc.aws_vpc_ipv4_cidr_block_association.this",
            "tls_private_key.bastion_key"
          ]
        }
      ]
    },
    {
      "module": "module.security_groups",
      "mode": "data",
      "type": "http",
      "name": "my_ip",
      "provider": "provider[\"registry.terraform.io/hashicorp/http\"]",
      "instances": [
        {
          "schema_version": 0,
          "attributes": {
            "body": "208.184.176.210",
            "ca_cert_pem": null,
            "id": "https://ifconfig.me",
            "insecure": null,
            "method": null,
            "request_body": null,
            "request_headers": null,
            "request_timeout_ms": null,
            "response_body": "208.184.176.210",
            "response_body_base64": "MjA4LjE4NC4xNzYuMjEw",
            "response_headers": {
              "Access-Control-Allow-Origin": "*",
              "Alt-Svc": "h3=\":443\"; ma=2592000,h3-29=\":443\"; ma=2592000",
              "Content-Length": "15",
              "Content-Type": "text/plain",
              "Date": "Wed, 12 Feb 2025 17:22:06 GMT",
              "Via": "1.1 google"
            },
            "retry": null,
            "status_code": 200,
            "url": "https://ifconfig.me"
          },
          "sensitive_attributes": []
        }
      ]
    },
    {
      "module": "module.security_groups.module.bastion_sg",
      "mode": "managed",
      "type": "aws_security_group",
      "name": "this_name_prefix",
      "provider": "provider[\"registry.terraform.io/hashicorp/aws\"]",
      "instances": [
        {
          "index_key": 0,
          "schema_version": 1,
          "attributes": {
            "arn": "arn:aws:ec2:us-east-2:050752615223:security-group/sg-04bfc5885c6a20fd5",
            "description": "Security Group managed by Terraform",
            "egress": [],
            "id": "sg-04bfc5885c6a20fd5",
            "ingress": [],
            "name": "bastion-sg-20250212172224585200000004",
            "name_prefix": "bastion-sg-",
            "owner_id": "050752615223",
            "revoke_rules_on_delete": false,
            "tags": {
              "Name": "bastion-sg"
            },
            "tags_all": {
              "Name": "bastion-sg"
            },
            "timeouts": {
              "create": "10m",
              "delete": "15m"
            },
            "vpc_id": "vpc-0b313c32fbfbc0e54"
          },
          "sensitive_attributes": [],
          "private": "eyJlMmJmYjczMC1lY2FhLTExZTYtOGY4OC0zNDM2M2JjN2M0YzAiOnsiY3JlYXRlIjo2MDAwMDAwMDAwMDAsImRlbGV0ZSI6OTAwMDAwMDAwMDAwfSwic2NoZW1hX3ZlcnNpb24iOiIxIn0=",
          "dependencies": [
            "module.vpc.module.vpc.aws_vpc.this"
          ],
          "create_before_destroy": true
        }
      ]
    },
    {
      "module": "module.security_groups.module.bastion_sg",
      "mode": "managed",
      "type": "aws_security_group_rule",
      "name": "egress_with_cidr_blocks",
      "provider": "provider[\"registry.terraform.io/hashicorp/aws\"]",
      "instances": [
        {
          "index_key": 0,
          "schema_version": 2,
          "attributes": {
            "cidr_blocks": [
              "0.0.0.0/0"
            ],
            "description": "Egress Rule",
            "from_port": 0,
            "id": "sgrule-1564768766",
            "ipv6_cidr_blocks": null,
            "prefix_list_ids": null,
            "protocol": "-1",
            "security_group_id": "sg-04bfc5885c6a20fd5",
            "security_group_rule_id": "sgr-08b2189c19648f2f6",
            "self": false,
            "source_security_group_id": null,
            "timeouts": null,
            "to_port": 0,
            "type": "egress"
          },
          "sensitive_attributes": [],
          "private": "eyJlMmJmYjczMC1lY2FhLTExZTYtOGY4OC0zNDM2M2JjN2M0YzAiOnsiY3JlYXRlIjozMDAwMDAwMDAwMDB9LCJzY2hlbWFfdmVyc2lvbiI6IjIifQ==",
          "dependencies": [
            "module.security_groups.module.bastion_sg.aws_security_group.this",
            "module.security_groups.module.bastion_sg.aws_security_group.this_name_prefix",
            "module.vpc.module.vpc.aws_vpc.this"
          ]
        }
      ]
    },
    {
      "module": "module.security_groups.module.bastion_sg",
      "mode": "managed",
      "type": "aws_security_group_rule",
      "name": "ingress_with_cidr_blocks",
      "provider": "provider[\"registry.terraform.io/hashicorp/aws\"]",
      "instances": [
        {
          "index_key": 0,
          "schema_version": 2,
          "attributes": {
            "cidr_blocks": [
              "208.184.176.210/32"
            ],
            "description": "Allow SSH from my IP",
            "from_port": 22,
            "id": "sgrule-3121125313",
            "ipv6_cidr_blocks": null,
            "prefix_list_ids": null,
            "protocol": "tcp",
            "security_group_id": "sg-04bfc5885c6a20fd5",
            "security_group_rule_id": "sgr-0f019d4f1d4c3fad9",
            "self": false,
            "source_security_group_id": null,
            "timeouts": null,
            "to_port": 22,
            "type": "ingress"
          },
          "sensitive_attributes": [],
          "private": "eyJlMmJmYjczMC1lY2FhLTExZTYtOGY4OC0zNDM2M2JjN2M0YzAiOnsiY3JlYXRlIjozMDAwMDAwMDAwMDB9LCJzY2hlbWFfdmVyc2lvbiI6IjIifQ==",
          "dependencies": [
            "module.security_groups.data.http.my_ip",
            "module.security_groups.module.bastion_sg.aws_security_group.this",
            "module.security_groups.module.bastion_sg.aws_security_group.this_name_prefix",
            "module.vpc.module.vpc.aws_vpc.this"
          ]
        }
      ]
    },
    {
      "module": "module.security_groups.module.worker_sg",
      "mode": "managed",
      "type": "aws_security_group",
      "name": "this_name_prefix",
      "provider": "provider[\"registry.terraform.io/hashicorp/aws\"]",
      "instances": [
        {
          "index_key": 0,
          "schema_version": 1,
          "attributes": {
            "arn": "arn:aws:ec2:us-east-2:050752615223:security-group/sg-0166da0db90f3aa8c",
            "description": "Security Group managed by Terraform",
            "egress": [],
            "id": "sg-0166da0db90f3aa8c",
            "ingress": [],
            "name": "worker-sg-20250212172224796300000005",
            "name_prefix": "worker-sg-",
            "owner_id": "050752615223",
            "revoke_rules_on_delete": false,
            "tags": {
              "Name": "worker-sg"
            },
            "tags_all": {
              "Name": "worker-sg"
            },
            "timeouts": {
              "create": "10m",
              "delete": "15m"
            },
            "vpc_id": "vpc-0b313c32fbfbc0e54"
          },
          "sensitive_attributes": [],
          "private": "eyJlMmJmYjczMC1lY2FhLTExZTYtOGY4OC0zNDM2M2JjN2M0YzAiOnsiY3JlYXRlIjo2MDAwMDAwMDAwMDAsImRlbGV0ZSI6OTAwMDAwMDAwMDAwfSwic2NoZW1hX3ZlcnNpb24iOiIxIn0=",
          "dependencies": [
            "module.vpc.module.vpc.aws_vpc.this"
          ],
          "create_before_destroy": true
        }
      ]
    },
    {
      "module": "module.security_groups.module.worker_sg",
      "mode": "managed",
      "type": "aws_security_group_rule",
      "name": "egress_with_cidr_blocks",
      "provider": "provider[\"registry.terraform.io/hashicorp/aws\"]",
      "instances": [
        {
          "index_key": 0,
          "schema_version": 2,
          "attributes": {
            "cidr_blocks": [
              "0.0.0.0/0"
            ],
            "description": "Egress Rule",
            "from_port": 0,
            "id": "sgrule-2274122120",
            "ipv6_cidr_blocks": null,
            "prefix_list_ids": null,
            "protocol": "-1",
            "security_group_id": "sg-0166da0db90f3aa8c",
            "security_group_rule_id": "sgr-07b94035f546fedc8",
            "self": false,
            "source_security_group_id": null,
            "timeouts": null,
            "to_port": 0,
            "type": "egress"
          },
          "sensitive_attributes": [],
          "private": "eyJlMmJmYjczMC1lY2FhLTExZTYtOGY4OC0zNDM2M2JjN2M0YzAiOnsiY3JlYXRlIjozMDAwMDAwMDAwMDB9LCJzY2hlbWFfdmVyc2lvbiI6IjIifQ==",
          "dependencies": [
            "module.security_groups.module.worker_sg.aws_security_group.this",
            "module.security_groups.module.worker_sg.aws_security_group.this_name_prefix",
            "module.vpc.module.vpc.aws_vpc.this"
          ]
        }
      ]
    },
    {
      "module": "module.security_groups.module.worker_sg",
      "mode": "managed",
      "type": "aws_security_group_rule",
      "name": "ingress_with_source_security_group_id",
      "provider": "provider[\"registry.terraform.io/hashicorp/aws\"]",
      "instances": [
        {
          "index_key": 0,
          "schema_version": 2,
          "attributes": {
            "cidr_blocks": null,
            "description": "Ingress Rule",
            "from_port": 22,
            "id": "sgrule-1290720796",
            "ipv6_cidr_blocks": null,
            "prefix_list_ids": [],
            "protocol": "tcp",
            "security_group_id": "sg-0166da0db90f3aa8c",
            "security_group_rule_id": "sgr-05c0a62f94b57a971",
            "self": false,
            "source_security_group_id": "sg-04bfc5885c6a20fd5",
            "timeouts": null,
            "to_port": 22,
            "type": "ingress"
          },
          "sensitive_attributes": [],
          "private": "eyJlMmJmYjczMC1lY2FhLTExZTYtOGY4OC0zNDM2M2JjN2M0YzAiOnsiY3JlYXRlIjozMDAwMDAwMDAwMDB9LCJzY2hlbWFfdmVyc2lvbiI6IjIifQ==",
          "dependencies": [
            "module.security_groups.module.bastion_sg.aws_security_group.this",
            "module.security_groups.module.bastion_sg.aws_security_group.this_name_prefix",
            "module.security_groups.module.worker_sg.aws_security_group.this",
            "module.security_groups.module.worker_sg.aws_security_group.this_name_prefix",
            "module.vpc.module.vpc.aws_vpc.this"
          ]
        }
      ]
    },
    {
      "module": "module.vpc.module.vpc",
      "mode": "managed",
      "type": "aws_default_network_acl",
      "name": "this",
      "provider": "provider[\"registry.terraform.io/hashicorp/aws\"]",
      "instances": [
        {
          "index_key": 0,
          "schema_version": 0,
          "attributes": {
            "arn": "arn:aws:ec2:us-east-2:050752615223:network-acl/acl-0ffd071fc868863db",
            "default_network_acl_id": "acl-0ffd071fc868863db",
            "egress": [
              {
                "action": "allow",
                "cidr_block": "",
                "from_port": 0,
                "icmp_code": null,
                "icmp_type": null,
                "ipv6_cidr_block": "::/0",
                "protocol": "-1",
                "rule_no": 101,
                "to_port": 0
              },
              {
                "action": "allow",
                "cidr_block": "0.0.0.0/0",
                "from_port": 0,
                "icmp_code": null,
                "icmp_type": null,
                "ipv6_cidr_block": "",
                "protocol": "-1",
                "rule_no": 100,
                "to_port": 0
              }
            ],
            "id": "acl-0ffd071fc868863db",
            "ingress": [
              {
                "action": "allow",
                "cidr_block": "",
                "from_port": 0,
                "icmp_code": null,
                "icmp_type": null,
                "ipv6_cidr_block": "::/0",
                "protocol": "-1",
                "rule_no": 101,
                "to_port": 0
              },
              {
                "action": "allow",
                "cidr_block": "0.0.0.0/0",
                "from_port": 0,
                "icmp_code": null,
                "icmp_type": null,
                "ipv6_cidr_block": "",
                "protocol": "-1",
                "rule_no": 100,
                "to_port": 0
              }
            ],
            "owner_id": "050752615223",
            "subnet_ids": [
              "subnet-01d592a160a15f146",
              "subnet-072b761f57ec8eaec",
              "subnet-0a1d6bc3881341616"
            ],
            "tags": {
              "Name": "console-scale-testing-vpc"
            },
            "tags_all": {
              "Name": "console-scale-testing-vpc"
            },
            "vpc_id": "vpc-0b313c32fbfbc0e54"
          },
          "sensitive_attributes": [],
          "private": "bnVsbA==",
          "dependencies": [
            "module.vpc.module.vpc.aws_vpc.this"
          ]
        }
      ]
    },
    {
      "module": "module.vpc.module.vpc",
      "mode": "managed",
      "type": "aws_default_route_table",
      "name": "default",
      "provider": "provider[\"registry.terraform.io/hashicorp/aws\"]",
      "instances": [
        {
          "index_key": 0,
          "schema_version": 0,
          "attributes": {
            "arn": "arn:aws:ec2:us-east-2:050752615223:route-table/rtb-0056cb54ba87533e4",
            "default_route_table_id": "rtb-0056cb54ba87533e4",
            "id": "rtb-0056cb54ba87533e4",
            "owner_id": "050752615223",
            "propagating_vgws": null,
            "route": [],
            "tags": {
              "Name": "console-scale-testing-vpc"
            },
            "tags_all": {
              "Name": "console-scale-testing-vpc"
            },
            "timeouts": {
              "create": "5m",
              "update": "5m"
            },
            "vpc_id": "vpc-0b313c32fbfbc0e54"
          },
          "sensitive_attributes": [],
          "private": "eyJlMmJmYjczMC1lY2FhLTExZTYtOGY4OC0zNDM2M2JjN2M0YzAiOnsiY3JlYXRlIjozMDAwMDAwMDAwMDAsInVwZGF0ZSI6MzAwMDAwMDAwMDAwfX0=",
          "dependencies": [
            "module.vpc.module.vpc.aws_vpc.this"
          ]
        }
      ]
    },
    {
      "module": "module.vpc.module.vpc",
      "mode": "managed",
      "type": "aws_default_security_group",
      "name": "this",
      "provider": "provider[\"registry.terraform.io/hashicorp/aws\"]",
      "instances": [
        {
          "index_key": 0,
          "schema_version": 1,
          "attributes": {
            "arn": "arn:aws:ec2:us-east-2:050752615223:security-group/sg-0d2c74559ddafc2da",
            "description": "default VPC security group",
            "egress": [],
            "id": "sg-0d2c74559ddafc2da",
            "ingress": [],
            "name": "default",
            "name_prefix": "",
            "owner_id": "050752615223",
            "revoke_rules_on_delete": false,
            "tags": {
              "Name": "console-scale-testing-vpc"
            },
            "tags_all": {
              "Name": "console-scale-testing-vpc"
            },
            "vpc_id": "vpc-0b313c32fbfbc0e54"
          },
          "sensitive_attributes": [],
          "private": "eyJzY2hlbWFfdmVyc2lvbiI6IjEifQ==",
          "dependencies": [
            "module.vpc.module.vpc.aws_vpc.this"
          ]
        }
      ]
    },
    {
      "module": "module.vpc.module.vpc",
      "mode": "managed",
      "type": "aws_internet_gateway",
      "name": "this",
      "provider": "provider[\"registry.terraform.io/hashicorp/aws\"]",
      "instances": [
        {
          "index_key": 0,
          "schema_version": 0,
          "attributes": {
            "arn": "arn:aws:ec2:us-east-2:050752615223:internet-gateway/igw-05427cdea587e5a37",
            "id": "igw-05427cdea587e5a37",
            "owner_id": "050752615223",
            "tags": {
              "Name": "console-scale-testing-vpc"
            },
            "tags_all": {
              "Name": "console-scale-testing-vpc"
            },
            "timeouts": null,
            "vpc_id": "vpc-0b313c32fbfbc0e54"
          },
          "sensitive_attributes": [],
          "private": "eyJlMmJmYjczMC1lY2FhLTExZTYtOGY4OC0zNDM2M2JjN2M0YzAiOnsiY3JlYXRlIjoxMjAwMDAwMDAwMDAwLCJkZWxldGUiOjEyMDAwMDAwMDAwMDAsInVwZGF0ZSI6MTIwMDAwMDAwMDAwMH19",
          "dependencies": [
            "module.vpc.module.vpc.aws_vpc.this",
            "module.vpc.module.vpc.aws_vpc_ipv4_cidr_block_association.this"
          ]
        }
      ]
    },
    {
      "module": "module.vpc.module.vpc",
      "mode": "managed",
      "type": "aws_route",
      "name": "public_internet_gateway",
      "provider": "provider[\"registry.terraform.io/hashicorp/aws\"]",
      "instances": [
        {
          "index_key": 0,
          "schema_version": 0,
          "attributes": {
            "carrier_gateway_id": "",
            "core_network_arn": "",
            "destination_cidr_block": "0.0.0.0/0",
            "destination_ipv6_cidr_block": "",
            "destination_prefix_list_id": "",
            "egress_only_gateway_id": "",
            "gateway_id": "igw-05427cdea587e5a37",
            "id": "r-rtb-0dd34c7d08a5d748d1080289494",
            "instance_id": "",
            "instance_owner_id": "",
            "local_gateway_id": "",
            "nat_gateway_id": "",
            "network_interface_id": "",
            "origin": "CreateRoute",
            "route_table_id": "rtb-0dd34c7d08a5d748d",
            "state": "active",
            "timeouts": {
              "create": "5m",
              "delete": null,
              "update": null
            },
            "transit_gateway_id": "",
            "vpc_endpoint_id": "",
            "vpc_peering_connection_id": ""
          },
          "sensitive_attributes": [],
          "private": "eyJlMmJmYjczMC1lY2FhLTExZTYtOGY4OC0zNDM2M2JjN2M0YzAiOnsiY3JlYXRlIjozMDAwMDAwMDAwMDAsImRlbGV0ZSI6MzAwMDAwMDAwMDAwLCJ1cGRhdGUiOjEyMDAwMDAwMDAwMH19",
          "dependencies": [
            "module.vpc.module.vpc.aws_internet_gateway.this",
            "module.vpc.module.vpc.aws_route_table.public",
            "module.vpc.module.vpc.aws_vpc.this",
            "module.vpc.module.vpc.aws_vpc_ipv4_cidr_block_association.this"
          ]
        }
      ]
    },
    {
      "module": "module.vpc.module.vpc",
      "mode": "managed",
      "type": "aws_route_table",
      "name": "private",
      "provider": "provider[\"registry.terraform.io/hashicorp/aws\"]",
      "instances": [
        {
          "index_key": 0,
          "schema_version": 0,
          "attributes": {
            "arn": "arn:aws:ec2:us-east-2:050752615223:route-table/rtb-082b689469cc13b59",
            "id": "rtb-082b689469cc13b59",
            "owner_id": "050752615223",
            "propagating_vgws": [],
            "route": [],
            "tags": {
              "Name": "console-scale-testing-vpc"
            },
            "tags_all": {
              "Name": "console-scale-testing-vpc"
            },
            "timeouts": null,
            "vpc_id": "vpc-0b313c32fbfbc0e54"
          },
          "sensitive_attributes": [],
          "private": "eyJlMmJmYjczMC1lY2FhLTExZTYtOGY4OC0zNDM2M2JjN2M0YzAiOnsiY3JlYXRlIjozMDAwMDAwMDAwMDAsImRlbGV0ZSI6MzAwMDAwMDAwMDAwLCJ1cGRhdGUiOjEyMDAwMDAwMDAwMH19",
          "dependencies": [
            "module.vpc.module.vpc.aws_vpc.this",
            "module.vpc.module.vpc.aws_vpc_ipv4_cidr_block_association.this"
          ]
        },
        {
          "index_key": 1,
          "schema_version": 0,
          "attributes": {
            "arn": "arn:aws:ec2:us-east-2:050752615223:route-table/rtb-0d969755ddfe371bf",
            "id": "rtb-0d969755ddfe371bf",
            "owner_id": "050752615223",
            "propagating_vgws": [],
            "route": [],
            "tags": {
              "Name": "console-scale-testing-vpc"
            },
            "tags_all": {
              "Name": "console-scale-testing-vpc"
            },
            "timeouts": null,
            "vpc_id": "vpc-0b313c32fbfbc0e54"
          },
          "sensitive_attributes": [],
          "private": "eyJlMmJmYjczMC1lY2FhLTExZTYtOGY4OC0zNDM2M2JjN2M0YzAiOnsiY3JlYXRlIjozMDAwMDAwMDAwMDAsImRlbGV0ZSI6MzAwMDAwMDAwMDAwLCJ1cGRhdGUiOjEyMDAwMDAwMDAwMH19",
          "dependencies": [
            "module.vpc.module.vpc.aws_vpc.this",
            "module.vpc.module.vpc.aws_vpc_ipv4_cidr_block_association.this"
          ]
        }
      ]
    },
    {
      "module": "module.vpc.module.vpc",
      "mode": "managed",
      "type": "aws_route_table",
      "name": "public",
      "provider": "provider[\"registry.terraform.io/hashicorp/aws\"]",
      "instances": [
        {
          "index_key": 0,
          "schema_version": 0,
          "attributes": {
            "arn": "arn:aws:ec2:us-east-2:050752615223:route-table/rtb-0dd34c7d08a5d748d",
            "id": "rtb-0dd34c7d08a5d748d",
            "owner_id": "050752615223",
            "propagating_vgws": [],
            "route": [],
            "tags": {
              "Name": "console-scale-testing-vpc"
            },
            "tags_all": {
              "Name": "console-scale-testing-vpc"
            },
            "timeouts": null,
            "vpc_id": "vpc-0b313c32fbfbc0e54"
          },
          "sensitive_attributes": [],
          "private": "eyJlMmJmYjczMC1lY2FhLTExZTYtOGY4OC0zNDM2M2JjN2M0YzAiOnsiY3JlYXRlIjozMDAwMDAwMDAwMDAsImRlbGV0ZSI6MzAwMDAwMDAwMDAwLCJ1cGRhdGUiOjEyMDAwMDAwMDAwMH19",
          "dependencies": [
            "module.vpc.module.vpc.aws_vpc.this",
            "module.vpc.module.vpc.aws_vpc_ipv4_cidr_block_association.this"
          ]
        }
      ]
    },
    {
      "module": "module.vpc.module.vpc",
      "mode": "managed",
      "type": "aws_route_table_association",
      "name": "private",
      "provider": "provider[\"registry.terraform.io/hashicorp/aws\"]",
      "instances": [
        {
          "index_key": 0,
          "schema_version": 0,
          "attributes": {
            "gateway_id": "",
            "id": "rtbassoc-0c9e1db9684846e4a",
            "route_table_id": "rtb-082b689469cc13b59",
            "subnet_id": "subnet-072b761f57ec8eaec",
            "timeouts": null
          },
          "sensitive_attributes": [],
          "private": "eyJlMmJmYjczMC1lY2FhLTExZTYtOGY4OC0zNDM2M2JjN2M0YzAiOnsiY3JlYXRlIjozMDAwMDAwMDAwMDAsImRlbGV0ZSI6MzAwMDAwMDAwMDAwLCJ1cGRhdGUiOjEyMDAwMDAwMDAwMH19",
          "dependencies": [
            "module.vpc.module.vpc.aws_route_table.private",
            "module.vpc.module.vpc.aws_subnet.private",
            "module.vpc.module.vpc.aws_vpc.this",
            "module.vpc.module.vpc.aws_vpc_ipv4_cidr_block_association.this"
          ]
        },
        {
          "index_key": 1,
          "schema_version": 0,
          "attributes": {
            "gateway_id": "",
            "id": "rtbassoc-005a6a03c94e0c2ad",
            "route_table_id": "rtb-0d969755ddfe371bf",
            "subnet_id": "subnet-01d592a160a15f146",
            "timeouts": null
          },
          "sensitive_attributes": [],
          "private": "eyJlMmJmYjczMC1lY2FhLTExZTYtOGY4OC0zNDM2M2JjN2M0YzAiOnsiY3JlYXRlIjozMDAwMDAwMDAwMDAsImRlbGV0ZSI6MzAwMDAwMDAwMDAwLCJ1cGRhdGUiOjEyMDAwMDAwMDAwMH19",
          "dependencies": [
            "module.vpc.module.vpc.aws_route_table.private",
            "module.vpc.module.vpc.aws_subnet.private",
            "module.vpc.module.vpc.aws_vpc.this",
            "module.vpc.module.vpc.aws_vpc_ipv4_cidr_block_association.this"
          ]
        }
      ]
    },
    {
      "module": "module.vpc.module.vpc",
      "mode": "managed",
      "type": "aws_route_table_association",
      "name": "public",
      "provider": "provider[\"registry.terraform.io/hashicorp/aws\"]",
      "instances": [
        {
          "index_key": 0,
          "schema_version": 0,
          "attributes": {
            "gateway_id": "",
            "id": "rtbassoc-08887b5895a73708c",
            "route_table_id": "rtb-0dd34c7d08a5d748d",
            "subnet_id": "subnet-0a1d6bc3881341616",
            "timeouts": null
          },
          "sensitive_attributes": [],
          "private": "eyJlMmJmYjczMC1lY2FhLTExZTYtOGY4OC0zNDM2M2JjN2M0YzAiOnsiY3JlYXRlIjozMDAwMDAwMDAwMDAsImRlbGV0ZSI6MzAwMDAwMDAwMDAwLCJ1cGRhdGUiOjEyMDAwMDAwMDAwMH19",
          "dependencies": [
            "module.vpc.module.vpc.aws_route_table.public",
            "module.vpc.module.vpc.aws_subnet.public",
            "module.vpc.module.vpc.aws_vpc.this",
            "module.vpc.module.vpc.aws_vpc_ipv4_cidr_block_association.this"
          ]
        },
        {
          "index_key": 1,
          "schema_version": 0,
          "attributes": {
            "gateway_id": "",
            "id": "rtbassoc-09b4d7d5e2cc29a9d",
            "route_table_id": "rtb-0dd34c7d08a5d748d",
            "subnet_id": "subnet-041a2f53dda5d371e",
            "timeouts": null
          },
          "sensitive_attributes": [],
          "private": "eyJlMmJmYjczMC1lY2FhLTExZTYtOGY4OC0zNDM2M2JjN2M0YzAiOnsiY3JlYXRlIjozMDAwMDAwMDAwMDAsImRlbGV0ZSI6MzAwMDAwMDAwMDAwLCJ1cGRhdGUiOjEyMDAwMDAwMDAwMH19",
          "dependencies": [
            "module.vpc.module.vpc.aws_route_table.public",
            "module.vpc.module.vpc.aws_subnet.public",
            "module.vpc.module.vpc.aws_vpc.this",
            "module.vpc.module.vpc.aws_vpc_ipv4_cidr_block_association.this"
          ]
        }
      ]
    },
    {
      "module": "module.vpc.module.vpc",
      "mode": "managed",
      "type": "aws_subnet",
      "name": "private",
      "provider": "provider[\"registry.terraform.io/hashicorp/aws\"]",
      "instances": [
        {
          "index_key": 0,
          "schema_version": 1,
          "attributes": {
            "arn": "arn:aws:ec2:us-east-2:050752615223:subnet/subnet-072b761f57ec8eaec",
            "assign_ipv6_address_on_creation": false,
            "availability_zone": "us-east-2a",
            "availability_zone_id": "use2-az1",
            "cidr_block": "10.0.1.0/24",
            "customer_owned_ipv4_pool": "",
            "enable_dns64": false,
            "enable_lni_at_device_index": 0,
            "enable_resource_name_dns_a_record_on_launch": false,
            "enable_resource_name_dns_aaaa_record_on_launch": false,
            "id": "subnet-072b761f57ec8eaec",
            "ipv6_cidr_block": "",
            "ipv6_cidr_block_association_id": "",
            "ipv6_native": false,
            "map_customer_owned_ip_on_launch": false,
            "map_public_ip_on_launch": false,
            "outpost_arn": "",
            "owner_id": "050752615223",
            "private_dns_hostname_type_on_launch": "ip-name",
            "tags": {
              "Name": "console-scale-testing-vpc"
            },
            "tags_all": {
              "Name": "console-scale-testing-vpc"
            },
            "timeouts": null,
            "vpc_id": "vpc-0b313c32fbfbc0e54"
          },
          "sensitive_attributes": [],
          "private": "eyJlMmJmYjczMC1lY2FhLTExZTYtOGY4OC0zNDM2M2JjN2M0YzAiOnsiY3JlYXRlIjo2MDAwMDAwMDAwMDAsImRlbGV0ZSI6MTIwMDAwMDAwMDAwMH0sInNjaGVtYV92ZXJzaW9uIjoiMSJ9",
          "dependencies": [
            "module.vpc.module.vpc.aws_vpc.this",
            "module.vpc.module.vpc.aws_vpc_ipv4_cidr_block_association.this"
          ]
        },
        {
          "index_key": 1,
          "schema_version": 1,
          "attributes": {
            "arn": "arn:aws:ec2:us-east-2:050752615223:subnet/subnet-01d592a160a15f146",
            "assign_ipv6_address_on_creation": false,
            "availability_zone": "us-east-2b",
            "availability_zone_id": "use2-az2",
            "cidr_block": "10.0.2.0/24",
            "customer_owned_ipv4_pool": "",
            "enable_dns64": false,
            "enable_lni_at_device_index": 0,
            "enable_resource_name_dns_a_record_on_launch": false,
            "enable_resource_name_dns_aaaa_record_on_launch": false,
            "id": "subnet-01d592a160a15f146",
            "ipv6_cidr_block": "",
            "ipv6_cidr_block_association_id": "",
            "ipv6_native": false,
            "map_customer_owned_ip_on_launch": false,
            "map_public_ip_on_launch": false,
            "outpost_arn": "",
            "owner_id": "050752615223",
            "private_dns_hostname_type_on_launch": "ip-name",
            "tags": {
              "Name": "console-scale-testing-vpc"
            },
            "tags_all": {
              "Name": "console-scale-testing-vpc"
            },
            "timeouts": null,
            "vpc_id": "vpc-0b313c32fbfbc0e54"
          },
          "sensitive_attributes": [],
          "private": "eyJlMmJmYjczMC1lY2FhLTExZTYtOGY4OC0zNDM2M2JjN2M0YzAiOnsiY3JlYXRlIjo2MDAwMDAwMDAwMDAsImRlbGV0ZSI6MTIwMDAwMDAwMDAwMH0sInNjaGVtYV92ZXJzaW9uIjoiMSJ9",
          "dependencies": [
            "module.vpc.module.vpc.aws_vpc.this",
            "module.vpc.module.vpc.aws_vpc_ipv4_cidr_block_association.this"
          ]
        }
      ]
    },
    {
      "module": "module.vpc.module.vpc",
      "mode": "managed",
      "type": "aws_subnet",
      "name": "public",
      "provider": "provider[\"registry.terraform.io/hashicorp/aws\"]",
      "instances": [
        {
          "index_key": 0,
          "schema_version": 1,
          "attributes": {
            "arn": "arn:aws:ec2:us-east-2:050752615223:subnet/subnet-0a1d6bc3881341616",
            "assign_ipv6_address_on_creation": false,
            "availability_zone": "us-east-2a",
            "availability_zone_id": "use2-az1",
            "cidr_block": "10.0.101.0/24",
            "customer_owned_ipv4_pool": "",
            "enable_dns64": false,
            "enable_lni_at_device_index": 0,
            "enable_resource_name_dns_a_record_on_launch": false,
            "enable_resource_name_dns_aaaa_record_on_launch": false,
            "id": "subnet-0a1d6bc3881341616",
            "ipv6_cidr_block": "",
            "ipv6_cidr_block_association_id": "",
            "ipv6_native": false,
            "map_customer_owned_ip_on_launch": false,
            "map_public_ip_on_launch": false,
            "outpost_arn": "",
            "owner_id": "050752615223",
            "private_dns_hostname_type_on_launch": "ip-name",
            "tags": {
              "Name": "console-scale-testing-vpc"
            },
            "tags_all": {
              "Name": "console-scale-testing-vpc"
            },
            "timeouts": null,
            "vpc_id": "vpc-0b313c32fbfbc0e54"
          },
          "sensitive_attributes": [],
          "private": "eyJlMmJmYjczMC1lY2FhLTExZTYtOGY4OC0zNDM2M2JjN2M0YzAiOnsiY3JlYXRlIjo2MDAwMDAwMDAwMDAsImRlbGV0ZSI6MTIwMDAwMDAwMDAwMH0sInNjaGVtYV92ZXJzaW9uIjoiMSJ9",
          "dependencies": [
            "module.vpc.module.vpc.aws_vpc.this",
            "module.vpc.module.vpc.aws_vpc_ipv4_cidr_block_association.this"
          ]
        },
        {
          "index_key": 1,
          "schema_version": 1,
          "attributes": {
            "arn": "arn:aws:ec2:us-east-2:050752615223:subnet/subnet-041a2f53dda5d371e",
            "assign_ipv6_address_on_creation": false,
            "availability_zone": "us-east-2b",
            "availability_zone_id": "use2-az2",
            "cidr_block": "10.0.102.0/24",
            "customer_owned_ipv4_pool": "",
            "enable_dns64": false,
            "enable_lni_at_device_index": 0,
            "enable_resource_name_dns_a_record_on_launch": false,
            "enable_resource_name_dns_aaaa_record_on_launch": false,
            "id": "subnet-041a2f53dda5d371e",
            "ipv6_cidr_block": "",
            "ipv6_cidr_block_association_id": "",
            "ipv6_native": false,
            "map_customer_owned_ip_on_launch": false,
            "map_public_ip_on_launch": false,
            "outpost_arn": "",
            "owner_id": "050752615223",
            "private_dns_hostname_type_on_launch": "ip-name",
            "tags": {
              "Name": "console-scale-testing-vpc"
            },
            "tags_all": {
              "Name": "console-scale-testing-vpc"
            },
            "timeouts": null,
            "vpc_id": "vpc-0b313c32fbfbc0e54"
          },
          "sensitive_attributes": [],
          "private": "eyJlMmJmYjczMC1lY2FhLTExZTYtOGY4OC0zNDM2M2JjN2M0YzAiOnsiY3JlYXRlIjo2MDAwMDAwMDAwMDAsImRlbGV0ZSI6MTIwMDAwMDAwMDAwMH0sInNjaGVtYV92ZXJzaW9uIjoiMSJ9",
          "dependencies": [
            "module.vpc.module.vpc.aws_vpc.this",
            "module.vpc.module.vpc.aws_vpc_ipv4_cidr_block_association.this"
          ]
        }
      ]
    },
    {
      "module": "module.vpc.module.vpc",
      "mode": "managed",
      "type": "aws_vpc",
      "name": "this",
      "provider": "provider[\"registry.terraform.io/hashicorp/aws\"]",
      "instances": [
        {
          "index_key": 0,
          "schema_version": 1,
          "attributes": {
            "arn": "arn:aws:ec2:us-east-2:050752615223:vpc/vpc-0b313c32fbfbc0e54",
            "assign_generated_ipv6_cidr_block": false,
            "cidr_block": "10.0.0.0/16",
            "default_network_acl_id": "acl-0ffd071fc868863db",
            "default_route_table_id": "rtb-0056cb54ba87533e4",
            "default_security_group_id": "sg-0d2c74559ddafc2da",
            "dhcp_options_id": "dopt-0343c400d033b7204",
            "enable_dns_hostnames": true,
            "enable_dns_support": true,
            "enable_network_address_usage_metrics": false,
            "id": "vpc-0b313c32fbfbc0e54",
            "instance_tenancy": "default",
            "ipv4_ipam_pool_id": null,
            "ipv4_netmask_length": null,
            "ipv6_association_id": "",
            "ipv6_cidr_block": "",
            "ipv6_cidr_block_network_border_group": "",
            "ipv6_ipam_pool_id": "",
            "ipv6_netmask_length": 0,
            "main_route_table_id": "rtb-0056cb54ba87533e4",
            "owner_id": "050752615223",
            "tags": {
              "Name": "console-scale-testing-vpc"
            },
            "tags_all": {
              "Name": "console-scale-testing-vpc"
            }
          },
          "sensitive_attributes": [],
          "private": "eyJzY2hlbWFfdmVyc2lvbiI6IjEifQ==",
          "create_before_destroy": true
        }
      ]
    },
    {
      "module": "module.workers.module.worker_nodes[0]",
      "mode": "data",
      "type": "aws_partition",
      "name": "current",
      "provider": "provider[\"registry.terraform.io/hashicorp/aws\"]",
      "instances": [
        {
          "schema_version": 0,
          "attributes": {
            "dns_suffix": "amazonaws.com",
            "id": "aws",
            "partition": "aws",
            "reverse_dns_prefix": "com.amazonaws"
          },
          "sensitive_attributes": []
        }
      ]
    },
    {
      "module": "module.workers.module.worker_nodes[0]",
      "mode": "managed",
      "type": "aws_instance",
      "name": "this",
      "provider": "provider[\"registry.terraform.io/hashicorp/aws\"]",
      "instances": [
        {
          "index_key": 0,
          "schema_version": 1,
          "attributes": {
            "ami": "ami-0c55b159cbfafe1f0",
            "arn": "arn:aws:ec2:us-east-2:050752615223:instance/i-073b2f0656bfcc77c",
            "associate_public_ip_address": false,
            "availability_zone": "us-east-2a",
            "capacity_reservation_specification": [
              {
                "capacity_reservation_preference": "open",
                "capacity_reservation_target": []
              }
            ],
            "cpu_core_count": 1,
            "cpu_options": [
              {
                "amd_sev_snp": "",
                "core_count": 1,
                "threads_per_core": 1
              }
            ],
            "cpu_threads_per_core": 1,
            "credit_specification": [
              {
                "cpu_credits": "standard"
              }
            ],
            "disable_api_stop": false,
            "disable_api_termination": false,
            "ebs_block_device": [],
            "ebs_optimized": false,
            "enable_primary_ipv6": null,
            "enclave_options": [
              {
                "enabled": false
              }
            ],
            "ephemeral_block_device": [],
            "get_password_data": false,
            "hibernation": false,
            "host_id": "",
            "host_resource_group_arn": null,
            "iam_instance_profile": "",
            "id": "i-073b2f0656bfcc77c",
            "instance_initiated_shutdown_behavior": "stop",
            "instance_lifecycle": "",
            "instance_market_options": [],
            "instance_state": "running",
            "instance_type": "t2.nano",
            "ipv6_address_count": 0,
            "ipv6_addresses": [],
            "key_name": "bastion-key",
            "launch_template": [],
            "maintenance_options": [
              {
                "auto_recovery": "default"
              }
            ],
            "metadata_options": [
              {
                "http_endpoint": "enabled",
                "http_protocol_ipv6": "disabled",
                "http_put_response_hop_limit": 1,
                "http_tokens": "optional",
                "instance_metadata_tags": "disabled"
              }
            ],
            "monitoring": false,
            "network_interface": [],
            "outpost_arn": "",
            "password_data": "",
            "placement_group": "",
            "placement_partition_number": 0,
            "primary_network_interface_id": "eni-08324971010dcf659",
            "private_dns": "ip-10-0-1-105.us-east-2.compute.internal",
            "private_dns_name_options": [
              {
                "enable_resource_name_dns_a_record": false,
                "enable_resource_name_dns_aaaa_record": false,
                "hostname_type": "ip-name"
              }
            ],
            "private_ip": "10.0.1.105",
            "public_dns": "",
            "public_ip": "",
            "root_block_device": [
              {
                "delete_on_termination": true,
                "device_name": "/dev/sda1",
                "encrypted": false,
                "iops": 100,
                "kms_key_id": "",
                "tags": {},
                "tags_all": {},
                "throughput": 0,
                "volume_id": "vol-09327ae85c050cbbc",
                "volume_size": 8,
                "volume_type": "gp2"
              }
            ],
            "secondary_private_ips": [],
            "security_groups": [],
            "source_dest_check": true,
            "spot_instance_request_id": "",
            "subnet_id": "subnet-072b761f57ec8eaec",
            "tags": {
              "Name": "worker-node"
            },
            "tags_all": {
              "Name": "worker-node"
            },
            "tenancy": "default",
            "timeouts": {
              "create": null,
              "delete": null,
              "read": null,
              "update": null
            },
            "user_data": "05abdff8024885f98f6fb5fe673783f0eab62c3e",
            "user_data_base64": null,
            "user_data_replace_on_change": false,
            "volume_tags": {
              "Name": "worker-node"
            },
            "vpc_security_group_ids": [
              "sg-0166da0db90f3aa8c"
            ]
          },
          "sensitive_attributes": [],
          "private": "eyJlMmJmYjczMC1lY2FhLTExZTYtOGY4OC0zNDM2M2JjN2M0YzAiOnsiY3JlYXRlIjo2MDAwMDAwMDAwMDAsImRlbGV0ZSI6MTIwMDAwMDAwMDAwMCwicmVhZCI6OTAwMDAwMDAwMDAwLCJ1cGRhdGUiOjYwMDAwMDAwMDAwMH0sInNjaGVtYV92ZXJzaW9uIjoiMSJ9",
          "dependencies": [
            "aws_key_pair.bastion_key",
            "module.security_groups.module.worker_sg.aws_security_group.this",
            "module.security_groups.module.worker_sg.aws_security_group.this_name_prefix",
            "module.vpc.module.vpc.aws_subnet.private",
            "module.vpc.module.vpc.aws_vpc.this",
            "module.vpc.module.vpc.aws_vpc_ipv4_cidr_block_association.this",
            "module.workers.module.worker_nodes.aws_iam_instance_profile.this",
            "module.workers.module.worker_nodes.data.aws_ssm_parameter.this",
            "tls_private_key.bastion_key"
          ]
        }
      ]
    },
    {
      "module": "module.workers.module.worker_nodes[1]",
      "mode": "data",
      "type": "aws_partition",
      "name": "current",
      "provider": "provider[\"registry.terraform.io/hashicorp/aws\"]",
      "instances": [
        {
          "schema_version": 0,
          "attributes": {
            "dns_suffix": "amazonaws.com",
            "id": "aws",
            "partition": "aws",
            "reverse_dns_prefix": "com.amazonaws"
          },
          "sensitive_attributes": []
        }
      ]
    },
    {
      "module": "module.workers.module.worker_nodes[1]",
      "mode": "managed",
      "type": "aws_instance",
      "name": "this",
      "provider": "provider[\"registry.terraform.io/hashicorp/aws\"]",
      "instances": [
        {
          "index_key": 0,
          "schema_version": 1,
          "attributes": {
            "ami": "ami-0c55b159cbfafe1f0",
            "arn": "arn:aws:ec2:us-east-2:050752615223:instance/i-0744787ceca9976c0",
            "associate_public_ip_address": false,
            "availability_zone": "us-east-2a",
            "capacity_reservation_specification": [
              {
                "capacity_reservation_preference": "open",
                "capacity_reservation_target": []
              }
            ],
            "cpu_core_count": 1,
            "cpu_options": [
              {
                "amd_sev_snp": "",
                "core_count": 1,
                "threads_per_core": 1
              }
            ],
            "cpu_threads_per_core": 1,
            "credit_specification": [
              {
                "cpu_credits": "standard"
              }
            ],
            "disable_api_stop": false,
            "disable_api_termination": false,
            "ebs_block_device": [],
            "ebs_optimized": false,
            "enable_primary_ipv6": null,
            "enclave_options": [
              {
                "enabled": false
              }
            ],
            "ephemeral_block_device": [],
            "get_password_data": false,
            "hibernation": false,
            "host_id": "",
            "host_resource_group_arn": null,
            "iam_instance_profile": "",
            "id": "i-0744787ceca9976c0",
            "instance_initiated_shutdown_behavior": "stop",
            "instance_lifecycle": "",
            "instance_market_options": [],
            "instance_state": "running",
            "instance_type": "t2.nano",
            "ipv6_address_count": 0,
            "ipv6_addresses": [],
            "key_name": "bastion-key",
            "launch_template": [],
            "maintenance_options": [
              {
                "auto_recovery": "default"
              }
            ],
            "metadata_options": [
              {
                "http_endpoint": "enabled",
                "http_protocol_ipv6": "disabled",
                "http_put_response_hop_limit": 1,
                "http_tokens": "optional",
                "instance_metadata_tags": "disabled"
              }
            ],
            "monitoring": false,
            "network_interface": [],
            "outpost_arn": "",
            "password_data": "",
            "placement_group": "",
            "placement_partition_number": 0,
            "primary_network_interface_id": "eni-0262d6c88f678c177",
            "private_dns": "ip-10-0-1-52.us-east-2.compute.internal",
            "private_dns_name_options": [
              {
                "enable_resource_name_dns_a_record": false,
                "enable_resource_name_dns_aaaa_record": false,
                "hostname_type": "ip-name"
              }
            ],
            "private_ip": "10.0.1.52",
            "public_dns": "",
            "public_ip": "",
            "root_block_device": [
              {
                "delete_on_termination": true,
                "device_name": "/dev/sda1",
                "encrypted": false,
                "iops": 100,
                "kms_key_id": "",
                "tags": {},
                "tags_all": {},
                "throughput": 0,
                "volume_id": "vol-0d0bae3c2a7c7d829",
                "volume_size": 8,
                "volume_type": "gp2"
              }
            ],
            "secondary_private_ips": [],
            "security_groups": [],
            "source_dest_check": true,
            "spot_instance_request_id": "",
            "subnet_id": "subnet-072b761f57ec8eaec",
            "tags": {
              "Name": "worker-node"
            },
            "tags_all": {
              "Name": "worker-node"
            },
            "tenancy": "default",
            "timeouts": {
              "create": null,
              "delete": null,
              "read": null,
              "update": null
            },
            "user_data": "05abdff8024885f98f6fb5fe673783f0eab62c3e",
            "user_data_base64": null,
            "user_data_replace_on_change": false,
            "volume_tags": {
              "Name": "worker-node"
            },
            "vpc_security_group_ids": [
              "sg-0166da0db90f3aa8c"
            ]
          },
          "sensitive_attributes": [],
          "private": "eyJlMmJmYjczMC1lY2FhLTExZTYtOGY4OC0zNDM2M2JjN2M0YzAiOnsiY3JlYXRlIjo2MDAwMDAwMDAwMDAsImRlbGV0ZSI6MTIwMDAwMDAwMDAwMCwicmVhZCI6OTAwMDAwMDAwMDAwLCJ1cGRhdGUiOjYwMDAwMDAwMDAwMH0sInNjaGVtYV92ZXJzaW9uIjoiMSJ9",
          "dependencies": [
            "aws_key_pair.bastion_key",
            "module.security_groups.module.worker_sg.aws_security_group.this",
            "module.security_groups.module.worker_sg.aws_security_group.this_name_prefix",
            "module.vpc.module.vpc.aws_subnet.private",
            "module.vpc.module.vpc.aws_vpc.this",
            "module.vpc.module.vpc.aws_vpc_ipv4_cidr_block_association.this",
            "module.workers.module.worker_nodes.aws_iam_instance_profile.this",
            "module.workers.module.worker_nodes.data.aws_ssm_parameter.this",
            "tls_private_key.bastion_key"
          ]
        }
      ]
    },
    {
      "module": "module.workers.module.worker_nodes[2]",
      "mode": "data",
      "type": "aws_partition",
      "name": "current",
      "provider": "provider[\"registry.terraform.io/hashicorp/aws\"]",
      "instances": [
        {
          "schema_version": 0,
          "attributes": {
            "dns_suffix": "amazonaws.com",
            "id": "aws",
            "partition": "aws",
            "reverse_dns_prefix": "com.amazonaws"
          },
          "sensitive_attributes": []
        }
      ]
    },
    {
      "module": "module.workers.module.worker_nodes[2]",
      "mode": "managed",
      "type": "aws_instance",
      "name": "this",
      "provider": "provider[\"registry.terraform.io/hashicorp/aws\"]",
      "instances": [
        {
          "index_key": 0,
          "schema_version": 1,
          "attributes": {
            "ami": "ami-0c55b159cbfafe1f0",
            "arn": "arn:aws:ec2:us-east-2:050752615223:instance/i-04487b32279370454",
            "associate_public_ip_address": false,
            "availability_zone": "us-east-2a",
            "capacity_reservation_specification": [
              {
                "capacity_reservation_preference": "open",
                "capacity_reservation_target": []
              }
            ],
            "cpu_core_count": 1,
            "cpu_options": [
              {
                "amd_sev_snp": "",
                "core_count": 1,
                "threads_per_core": 1
              }
            ],
            "cpu_threads_per_core": 1,
            "credit_specification": [
              {
                "cpu_credits": "standard"
              }
            ],
            "disable_api_stop": false,
            "disable_api_termination": false,
            "ebs_block_device": [],
            "ebs_optimized": false,
            "enable_primary_ipv6": null,
            "enclave_options": [
              {
                "enabled": false
              }
            ],
            "ephemeral_block_device": [],
            "get_password_data": false,
            "hibernation": false,
            "host_id": "",
            "host_resource_group_arn": null,
            "iam_instance_profile": "",
            "id": "i-04487b32279370454",
            "instance_initiated_shutdown_behavior": "stop",
            "instance_lifecycle": "",
            "instance_market_options": [],
            "instance_state": "running",
            "instance_type": "t2.nano",
            "ipv6_address_count": 0,
            "ipv6_addresses": [],
            "key_name": "bastion-key",
            "launch_template": [],
            "maintenance_options": [
              {
                "auto_recovery": "default"
              }
            ],
            "metadata_options": [
              {
                "http_endpoint": "enabled",
                "http_protocol_ipv6": "disabled",
                "http_put_response_hop_limit": 1,
                "http_tokens": "optional",
                "instance_metadata_tags": "disabled"
              }
            ],
            "monitoring": false,
            "network_interface": [],
            "outpost_arn": "",
            "password_data": "",
            "placement_group": "",
            "placement_partition_number": 0,
            "primary_network_interface_id": "eni-0590771dee929266d",
            "private_dns": "ip-10-0-1-243.us-east-2.compute.internal",
            "private_dns_name_options": [
              {
                "enable_resource_name_dns_a_record": false,
                "enable_resource_name_dns_aaaa_record": false,
                "hostname_type": "ip-name"
              }
            ],
            "private_ip": "10.0.1.243",
            "public_dns": "",
            "public_ip": "",
            "root_block_device": [
              {
                "delete_on_termination": true,
                "device_name": "/dev/sda1",
                "encrypted": false,
                "iops": 100,
                "kms_key_id": "",
                "tags": {},
                "tags_all": {},
                "throughput": 0,
                "volume_id": "vol-080644e61f3c11255",
                "volume_size": 8,
                "volume_type": "gp2"
              }
            ],
            "secondary_private_ips": [],
            "security_groups": [],
            "source_dest_check": true,
            "spot_instance_request_id": "",
            "subnet_id": "subnet-072b761f57ec8eaec",
            "tags": {
              "Name": "worker-node"
            },
            "tags_all": {
              "Name": "worker-node"
            },
            "tenancy": "default",
            "timeouts": {
              "create": null,
              "delete": null,
              "read": null,
              "update": null
            },
            "user_data": "05abdff8024885f98f6fb5fe673783f0eab62c3e",
            "user_data_base64": null,
            "user_data_replace_on_change": false,
            "volume_tags": {
              "Name": "worker-node"
            },
            "vpc_security_group_ids": [
              "sg-0166da0db90f3aa8c"
            ]
          },
          "sensitive_attributes": [],
          "private": "eyJlMmJmYjczMC1lY2FhLTExZTYtOGY4OC0zNDM2M2JjN2M0YzAiOnsiY3JlYXRlIjo2MDAwMDAwMDAwMDAsImRlbGV0ZSI6MTIwMDAwMDAwMDAwMCwicmVhZCI6OTAwMDAwMDAwMDAwLCJ1cGRhdGUiOjYwMDAwMDAwMDAwMH0sInNjaGVtYV92ZXJzaW9uIjoiMSJ9",
          "dependencies": [
            "aws_key_pair.bastion_key",
            "module.security_groups.module.worker_sg.aws_security_group.this",
            "module.security_groups.module.worker_sg.aws_security_group.this_name_prefix",
            "module.vpc.module.vpc.aws_subnet.private",
            "module.vpc.module.vpc.aws_vpc.this",
            "module.vpc.module.vpc.aws_vpc_ipv4_cidr_block_association.this",
            "module.workers.module.worker_nodes.aws_iam_instance_profile.this",
            "module.workers.module.worker_nodes.data.aws_ssm_parameter.this",
            "tls_private_key.bastion_key"
          ]
        }
      ]
    },
    {
      "module": "module.workers.module.worker_nodes[3]",
      "mode": "data",
      "type": "aws_partition",
      "name": "current",
      "provider": "provider[\"registry.terraform.io/hashicorp/aws\"]",
      "instances": [
        {
          "schema_version": 0,
          "attributes": {
            "dns_suffix": "amazonaws.com",
            "id": "aws",
            "partition": "aws",
            "reverse_dns_prefix": "com.amazonaws"
          },
          "sensitive_attributes": []
        }
      ]
    },
    {
      "module": "module.workers.module.worker_nodes[3]",
      "mode": "managed",
      "type": "aws_instance",
      "name": "this",
      "provider": "provider[\"registry.terraform.io/hashicorp/aws\"]",
      "instances": [
        {
          "index_key": 0,
          "schema_version": 1,
          "attributes": {
            "ami": "ami-0c55b159cbfafe1f0",
            "arn": "arn:aws:ec2:us-east-2:050752615223:instance/i-09080ed3a944b3a92",
            "associate_public_ip_address": false,
            "availability_zone": "us-east-2a",
            "capacity_reservation_specification": [
              {
                "capacity_reservation_preference": "open",
                "capacity_reservation_target": []
              }
            ],
            "cpu_core_count": 1,
            "cpu_options": [
              {
                "amd_sev_snp": "",
                "core_count": 1,
                "threads_per_core": 1
              }
            ],
            "cpu_threads_per_core": 1,
            "credit_specification": [
              {
                "cpu_credits": "standard"
              }
            ],
            "disable_api_stop": false,
            "disable_api_termination": false,
            "ebs_block_device": [],
            "ebs_optimized": false,
            "enable_primary_ipv6": null,
            "enclave_options": [
              {
                "enabled": false
              }
            ],
            "ephemeral_block_device": [],
            "get_password_data": false,
            "hibernation": false,
            "host_id": "",
            "host_resource_group_arn": null,
            "iam_instance_profile": "",
            "id": "i-09080ed3a944b3a92",
            "instance_initiated_shutdown_behavior": "stop",
            "instance_lifecycle": "",
            "instance_market_options": [],
            "instance_state": "running",
            "instance_type": "t2.nano",
            "ipv6_address_count": 0,
            "ipv6_addresses": [],
            "key_name": "bastion-key",
            "launch_template": [],
            "maintenance_options": [
              {
                "auto_recovery": "default"
              }
            ],
            "metadata_options": [
              {
                "http_endpoint": "enabled",
                "http_protocol_ipv6": "disabled",
                "http_put_response_hop_limit": 1,
                "http_tokens": "optional",
                "instance_metadata_tags": "disabled"
              }
            ],
            "monitoring": false,
            "network_interface": [],
            "outpost_arn": "",
            "password_data": "",
            "placement_group": "",
            "placement_partition_number": 0,
            "primary_network_interface_id": "eni-0ae048316c6a41423",
            "private_dns": "ip-10-0-1-241.us-east-2.compute.internal",
            "private_dns_name_options": [
              {
                "enable_resource_name_dns_a_record": false,
                "enable_resource_name_dns_aaaa_record": false,
                "hostname_type": "ip-name"
              }
            ],
            "private_ip": "10.0.1.241",
            "public_dns": "",
            "public_ip": "",
            "root_block_device": [
              {
                "delete_on_termination": true,
                "device_name": "/dev/sda1",
                "encrypted": false,
                "iops": 100,
                "kms_key_id": "",
                "tags": {},
                "tags_all": {},
                "throughput": 0,
                "volume_id": "vol-09d10e399935d908e",
                "volume_size": 8,
                "volume_type": "gp2"
              }
            ],
            "secondary_private_ips": [],
            "security_groups": [],
            "source_dest_check": true,
            "spot_instance_request_id": "",
            "subnet_id": "subnet-072b761f57ec8eaec",
            "tags": {
              "Name": "worker-node"
            },
            "tags_all": {
              "Name": "worker-node"
            },
            "tenancy": "default",
            "timeouts": {
              "create": null,
              "delete": null,
              "read": null,
              "update": null
            },
            "user_data": "05abdff8024885f98f6fb5fe673783f0eab62c3e",
            "user_data_base64": null,
            "user_data_replace_on_change": false,
            "volume_tags": {
              "Name": "worker-node"
            },
            "vpc_security_group_ids": [
              "sg-0166da0db90f3aa8c"
            ]
          },
          "sensitive_attributes": [],
          "private": "eyJlMmJmYjczMC1lY2FhLTExZTYtOGY4OC0zNDM2M2JjN2M0YzAiOnsiY3JlYXRlIjo2MDAwMDAwMDAwMDAsImRlbGV0ZSI6MTIwMDAwMDAwMDAwMCwicmVhZCI6OTAwMDAwMDAwMDAwLCJ1cGRhdGUiOjYwMDAwMDAwMDAwMH0sInNjaGVtYV92ZXJzaW9uIjoiMSJ9",
          "dependencies": [
            "aws_key_pair.bastion_key",
            "module.security_groups.module.worker_sg.aws_security_group.this",
            "module.security_groups.module.worker_sg.aws_security_group.this_name_prefix",
            "module.vpc.module.vpc.aws_subnet.private",
            "module.vpc.module.vpc.aws_vpc.this",
            "module.vpc.module.vpc.aws_vpc_ipv4_cidr_block_association.this",
            "module.workers.module.worker_nodes.aws_iam_instance_profile.this",
            "module.workers.module.worker_nodes.data.aws_ssm_parameter.this",
            "tls_private_key.bastion_key"
          ]
        }
      ]
    },
    {
      "module": "module.workers.module.worker_nodes[4]",
      "mode": "data",
      "type": "aws_partition",
      "name": "current",
      "provider": "provider[\"registry.terraform.io/hashicorp/aws\"]",
      "instances": [
        {
          "schema_version": 0,
          "attributes": {
            "dns_suffix": "amazonaws.com",
            "id": "aws",
            "partition": "aws",
            "reverse_dns_prefix": "com.amazonaws"
          },
          "sensitive_attributes": []
        }
      ]
    },
    {
      "module": "module.workers.module.worker_nodes[4]",
      "mode": "managed",
      "type": "aws_instance",
      "name": "this",
      "provider": "provider[\"registry.terraform.io/hashicorp/aws\"]",
      "instances": [
        {
          "index_key": 0,
          "schema_version": 1,
          "attributes": {
            "ami": "ami-0c55b159cbfafe1f0",
            "arn": "arn:aws:ec2:us-east-2:050752615223:instance/i-0ed2392eb641c6d79",
            "associate_public_ip_address": false,
            "availability_zone": "us-east-2a",
            "capacity_reservation_specification": [
              {
                "capacity_reservation_preference": "open",
                "capacity_reservation_target": []
              }
            ],
            "cpu_core_count": 1,
            "cpu_options": [
              {
                "amd_sev_snp": "",
                "core_count": 1,
                "threads_per_core": 1
              }
            ],
            "cpu_threads_per_core": 1,
            "credit_specification": [
              {
                "cpu_credits": "standard"
              }
            ],
            "disable_api_stop": false,
            "disable_api_termination": false,
            "ebs_block_device": [],
            "ebs_optimized": false,
            "enable_primary_ipv6": null,
            "enclave_options": [
              {
                "enabled": false
              }
            ],
            "ephemeral_block_device": [],
            "get_password_data": false,
            "hibernation": false,
            "host_id": "",
            "host_resource_group_arn": null,
            "iam_instance_profile": "",
            "id": "i-0ed2392eb641c6d79",
            "instance_initiated_shutdown_behavior": "stop",
            "instance_lifecycle": "",
            "instance_market_options": [],
            "instance_state": "running",
            "instance_type": "t2.nano",
            "ipv6_address_count": 0,
            "ipv6_addresses": [],
            "key_name": "bastion-key",
            "launch_template": [],
            "maintenance_options": [
              {
                "auto_recovery": "default"
              }
            ],
            "metadata_options": [
              {
                "http_endpoint": "enabled",
                "http_protocol_ipv6": "disabled",
                "http_put_response_hop_limit": 1,
                "http_tokens": "optional",
                "instance_metadata_tags": "disabled"
              }
            ],
            "monitoring": false,
            "network_interface": [],
            "outpost_arn": "",
            "password_data": "",
            "placement_group": "",
            "placement_partition_number": 0,
            "primary_network_interface_id": "eni-0f4a501322dca4c3b",
            "private_dns": "ip-10-0-1-179.us-east-2.compute.internal",
            "private_dns_name_options": [
              {
                "enable_resource_name_dns_a_record": false,
                "enable_resource_name_dns_aaaa_record": false,
                "hostname_type": "ip-name"
              }
            ],
            "private_ip": "10.0.1.179",
            "public_dns": "",
            "public_ip": "",
            "root_block_device": [
              {
                "delete_on_termination": true,
                "device_name": "/dev/sda1",
                "encrypted": false,
                "iops": 100,
                "kms_key_id": "",
                "tags": {},
                "tags_all": {},
                "throughput": 0,
                "volume_id": "vol-04f450dcb83033822",
                "volume_size": 8,
                "volume_type": "gp2"
              }
            ],
            "secondary_private_ips": [],
            "security_groups": [],
            "source_dest_check": true,
            "spot_instance_request_id": "",
            "subnet_id": "subnet-072b761f57ec8eaec",
            "tags": {
              "Name": "worker-node"
            },
            "tags_all": {
              "Name": "worker-node"
            },
            "tenancy": "default",
            "timeouts": {
              "create": null,
              "delete": null,
              "read": null,
              "update": null
            },
            "user_data": "05abdff8024885f98f6fb5fe673783f0eab62c3e",
            "user_data_base64": null,
            "user_data_replace_on_change": false,
            "volume_tags": {
              "Name": "worker-node"
            },
            "vpc_security_group_ids": [
              "sg-0166da0db90f3aa8c"
            ]
          },
          "sensitive_attributes": [],
          "private": "eyJlMmJmYjczMC1lY2FhLTExZTYtOGY4OC0zNDM2M2JjN2M0YzAiOnsiY3JlYXRlIjo2MDAwMDAwMDAwMDAsImRlbGV0ZSI6MTIwMDAwMDAwMDAwMCwicmVhZCI6OTAwMDAwMDAwMDAwLCJ1cGRhdGUiOjYwMDAwMDAwMDAwMH0sInNjaGVtYV92ZXJzaW9uIjoiMSJ9",
          "dependencies": [
            "aws_key_pair.bastion_key",
            "module.security_groups.module.worker_sg.aws_security_group.this",
            "module.security_groups.module.worker_sg.aws_security_group.this_name_prefix",
            "module.vpc.module.vpc.aws_subnet.private",
            "module.vpc.module.vpc.aws_vpc.this",
            "module.vpc.module.vpc.aws_vpc_ipv4_cidr_block_association.this",
            "module.workers.module.worker_nodes.aws_iam_instance_profile.this",
            "module.workers.module.worker_nodes.data.aws_ssm_parameter.this",
            "tls_private_key.bastion_key"
          ]
        }
      ]
    }
  ],
  "check_results": null
}
