{
  "version": 4,
  "terraform_version": "1.5.7",
  "serial": 732,
  "lineage": "19c0be75-ab07-0077-e8b4-e353cec17311",
  "outputs": {
    "bastion_id": {
      "value": "i-03d112faca6bad593",
      "type": "string"
    },
    "bastion_private_ip": {
      "value": "10.0.101.88",
      "type": "string"
    },
    "bastion_private_key_path": {
      "value": "./bastion-key.pem",
      "type": "string",
      "sensitive": true
    },
    "bastion_public_ip": {
      "value": "3.145.66.152",
      "type": "string"
    },
    "bastion_security_group_id": {
      "value": "sg-0c46cc632c50ad3c5",
      "type": "string"
    },
    "private_subnets": {
      "value": [
        "subnet-0910197f03da5d026",
        "subnet-05b73b7390c028a71"
      ],
      "type": [
        "tuple",
        [
          "string",
          "string"
        ]
      ]
    },
    "public_subnets": {
      "value": [
        "subnet-0998629a64b783b7a",
        "subnet-0836850d9747a0076"
      ],
      "type": [
        "tuple",
        [
          "string",
          "string"
        ]
      ]
    },
    "vpc_id": {
      "value": "vpc-0afdd8dfc70927270",
      "type": "string"
    },
    "worker_instance_ids": {
      "value": [
        "i-09665adf850cb57a7",
        "i-0271d050c71fb69d6",
        "i-0b836511c83459a5b",
        "i-03f72780c54194355",
        "i-0ec11f3cc3e750011"
      ],
      "type": [
        "tuple",
        [
          "string",
          "string",
          "string",
          "string",
          "string"
        ]
      ]
    },
    "worker_private_ips": {
      "value": [
        "10.0.1.34",
        "10.0.1.227",
        "10.0.1.135",
        "10.0.1.181",
        "10.0.1.129"
      ],
      "type": [
        "tuple",
        [
          "string",
          "string",
          "string",
          "string",
          "string"
        ]
      ]
    },
    "worker_security_group_id": {
      "value": "sg-0d586a9428512de7f",
      "type": "string"
    }
  },
  "resources": [
    {
      "mode": "managed",
      "type": "aws_key_pair",
      "name": "bastion_key",
      "provider": "provider[\"registry.terraform.io/hashicorp/aws\"]",
      "instances": [
        {
          "schema_version": 1,
          "attributes": {
            "arn": "arn:aws:ec2:us-east-2:050752615223:key-pair/bastion-key",
            "fingerprint": "23:af:f0:47:7b:07:a6:38:a6:d6:f1:12:1e:b2:18:3f",
            "id": "bastion-key",
            "key_name": "bastion-key",
            "key_name_prefix": "",
            "key_pair_id": "key-0602242bdf676e2b4",
            "key_type": "rsa",
            "public_key": "ssh-rsa AAAAB3NzaC1yc2EAAAADAQABAAABAQDUQH+KuvqdfNgP9wFzjXYlipgGQ8zwjtkS+SmiST0hA3FoKmAd4uZ3Mt2yk/Wjguh9X1MH4CQp84vQLTkJ4KiGZFyaAbtsfeGST5/3h6HhP+8F/AupgLA0LJDjA4AWWCKbxusDXz9X766SmnDz3pWGx5FSkq0smB75XskSQPOUOBRnJWoedu2HFYYE5wt/vo+2oO4bTfBP/JeivM+iVbw6ZRDgbmzHEvCfl83zPQ35r5NJFxFopvn0dPONnKrZn/03yb5dt0ZanOOyebq6kNS1yZSQIizExbCF+6++sqjPueNLa660nSaORPLW8HdKDfsm9Htn3c54PGyeRknkKKBr",
            "tags": null,
            "tags_all": {}
          },
          "sensitive_attributes": [],
          "private": "eyJzY2hlbWFfdmVyc2lvbiI6IjEifQ==",
          "dependencies": [
            "tls_private_key.bastion_key"
          ]
        }
      ]
    },
    {
      "mode": "managed",
      "type": "local_file",
      "name": "bastion_private_key",
      "provider": "provider[\"registry.terraform.io/hashicorp/local\"]",
      "instances": [
        {
          "schema_version": 0,
          "attributes": {
            "content": "-----BEGIN RSA PRIVATE KEY-----\nMIIEpAIBAAKCAQEA1EB/irr6nXzYD/cBc412JYqYBkPM8I7ZEvkpokk9IQNxaCpg\nHeLmdzLdspP1o4LofV9TB+AkKfOL0C05CeCohmRcmgG7bH3hkk+f94eh4T/vBfwL\nqYCwNCyQ4wOAFlgim8brA18/V++ukppw896VhseRUpKtLJge+V7JEkDzlDgUZyVq\nHnbthxWGBOcLf76PtqDuG03wT/yXorzPolW8OmUQ4G5sxxLwn5fN8z0N+a+TSRcR\naKb59HTzjZyq2Z/9N8m+XbdGWpzjsnm6upDUtcmUkCIsxMWwhfuvvrKoz7njS2uu\ntJ0mjkTy1vB3Sg37JvR7Z93OeDxsnkZJ5CigawIDAQABAoIBAQCX6m4fIoMb025l\nxtowFZD5f8Adw8tcZjGyZcnJ0PfCuE8kSigvW+aubCbHmSUYWisDCQZJvcDEkf+B\nCc0oZ7bXMeAhjpnSJiscaIdLSLWxnev7cZH7SRNU1I0DHs8/rudebbpp2HNjAjcF\n0SqFMcv+ArrdygPOxjZtL81klj6A13Dt2btdkUScrFg0WI5ysnUkzKxmaUDuptVW\nR/XY+CcxAGG2s1xS2IRxwTCtsg0QmdQASPD4cEll8OLmRg2pK6XlLU+VoMXB+y03\n0bPnh7313FpST2GvNdEUA3jfzj8C8bdTwqfkzaS53QFH12+NHe4A4gvlx4MfC6uv\nOpupui8RAoGBAOTcWFElp1wPijogqADHTN+R66BgYuXqMoGv1fHfTwDXI8SyivbS\naXg0nwZ0iPUmrDA1lbwLxxE7QdbpLszfFMcnnBndL0yWR3YRxahDj5VRKdggKaai\ns3UiLI6ZNcA+v0NSya+rLOG3biquusYCCCIIG2Nx2s9RJs/qz6sDm2GjAoGBAO1r\n838AEOOs3BdvS+awHyt+rYlPdbBziG5HkzHpvhiGwla721soYRAOVhuCjXbAaKka\nJb4TafGbcBGbLF7nDCsrt1x03yt0TyU7jA2RcCCN5ezltv/8wTvrkc2OY1AzJdkA\nKK+5cuyCse/QGSRA9URrB850EyKoJaXlzBqM2AKZAoGAVDjar5JB0tlNLzMRYKf3\nnFcg9XZDLwVO7Pb+rvJVKqQB38Ms7MRmV/xVgZSlSkKfH2a44ekbqzW5dxN9S5vV\nE615/vKtE2xChCrqKJAkaPjjg0viyBYcIMEg0KGFbGgrDuWKn4FJFQ/iFQcUaQYa\nZBvDqIcf1SeyNtXc8rxzFC0CgYAbXp10X4qS5IN+xBrI3jbJqdHRiXJ0w+zPYbrr\nPxnl8+sFWqSf7pi55B0zEKrELMwj6lq9fblx28xgizXjPtldRK3fn612cfMJxMKR\ncdmuNw1xcM3W1slj4fUt8CMsxKixSl5mW4ePEkX28lNjpYVgvMHqn+Dw1td4N3R+\n/wuLyQKBgQDMjlIfh6yG3geCjy7ixmrr9OWbKlSmjf+0jybdHW0De+aZqK0vWyAT\nHVl95prnCStUeIeVNDKN+K/81UGeWDK62htu7amw11ZpeVbWzc7MEwwmnA6Yo5BJ\njVJKrTpDSDiaJhoH+BRKROmDZzDddNB+KBngGxY+AkVy8KDzn9Dtwg==\n-----END RSA PRIVATE KEY-----\n",
            "content_base64": null,
            "content_base64sha256": "SfcK4QUA7mHPgq/VYBa14t8EYXJEM9OwOO2abNF+lAA=",
            "content_base64sha512": "L47ypJNPZ4UXfVdEG5n9h75O0buJ4kB68WxIMSeV6CoIZ562BTFAZOIoR2s9Dh31xp9X1USE1zsicDXXf5yYNw==",
            "content_md5": "7ef66f6cbdcc82d5f1c90ece513060c5",
            "content_sha1": "8dc44e16b53a12782321903792264be521376a97",
            "content_sha256": "49f70ae10500ee61cf82afd56016b5e2df0461724433d3b038ed9a6cd17e9400",
            "content_sha512": "2f8ef2a4934f6785177d57441b99fd87be4ed1bb89e2407af16c48312795e82a08679eb605314064e228476b3d0e1df5c69f57d54484d73b227035d77f9c9837",
            "directory_permission": "0777",
            "file_permission": "0600",
            "filename": "./bastion-key.pem",
            "id": "8dc44e16b53a12782321903792264be521376a97",
            "sensitive_content": null,
            "source": null
          },
          "sensitive_attributes": [
            [
              {
                "type": "get_attr",
                "value": "content"
              }
            ]
          ],
          "dependencies": [
            "tls_private_key.bastion_key"
          ]
        }
      ]
    },
    {
      "mode": "managed",
      "type": "tls_private_key",
      "name": "bastion_key",
      "provider": "provider[\"registry.terraform.io/hashicorp/tls\"]",
      "instances": [
        {
          "schema_version": 1,
          "attributes": {
            "algorithm": "RSA",
            "ecdsa_curve": "P224",
            "id": "74140c9245ebe6c829bbdc791289bc62389cb37f",
            "private_key_openssh": "-----BEGIN OPENSSH PRIVATE KEY-----\nb3BlbnNzaC1rZXktdjEAAAAABG5vbmUAAAAEbm9uZQAAAAAAAAABAAABFwAAAAdz\nc2gtcnNhAAAAAwEAAQAAAQEA1EB/irr6nXzYD/cBc412JYqYBkPM8I7ZEvkpokk9\nIQNxaCpgHeLmdzLdspP1o4LofV9TB+AkKfOL0C05CeCohmRcmgG7bH3hkk+f94eh\n4T/vBfwLqYCwNCyQ4wOAFlgim8brA18/V++ukppw896VhseRUpKtLJge+V7JEkDz\nlDgUZyVqHnbthxWGBOcLf76PtqDuG03wT/yXorzPolW8OmUQ4G5sxxLwn5fN8z0N\n+a+TSRcRaKb59HTzjZyq2Z/9N8m+XbdGWpzjsnm6upDUtcmUkCIsxMWwhfuvvrKo\nz7njS2uutJ0mjkTy1vB3Sg37JvR7Z93OeDxsnkZJ5CigawAAA7iq5DWequQ1ngAA\nAAdzc2gtcnNhAAABAQDUQH+KuvqdfNgP9wFzjXYlipgGQ8zwjtkS+SmiST0hA3Fo\nKmAd4uZ3Mt2yk/Wjguh9X1MH4CQp84vQLTkJ4KiGZFyaAbtsfeGST5/3h6HhP+8F\n/AupgLA0LJDjA4AWWCKbxusDXz9X766SmnDz3pWGx5FSkq0smB75XskSQPOUOBRn\nJWoedu2HFYYE5wt/vo+2oO4bTfBP/JeivM+iVbw6ZRDgbmzHEvCfl83zPQ35r5NJ\nFxFopvn0dPONnKrZn/03yb5dt0ZanOOyebq6kNS1yZSQIizExbCF+6++sqjPueNL\na660nSaORPLW8HdKDfsm9Htn3c54PGyeRknkKKBrAAAAAwEAAQAAAQEAl+puHyKD\nG9NuZcbaMBWQ+X/AHcPLXGYxsmXJydD3wrhPJEooL1vmrmwmx5klGForAwkGSb3A\nxJH/gQnNKGe21zHgIY6Z0iYrHGiHS0i1sZ3r+3GR+0kTVNSNAx7PP67nXm26adhz\nYwI3BdEqhTHL/gK63coDzsY2bS/NZJY+gNdw7dm7XZFEnKxYNFiOcrJ1JMysZmlA\n7qbVVkf12PgnMQBhtrNcUtiEccEwrbINEJnUAEjw+HBJZfDi5kYNqSul5S1PlaDF\nwfstN9Gz54e99dxaUk9hrzXRFAN4384/AvG3U8Kn5M2kud0BR9dvjR3uAOIL5ceD\nHwurrzqbqbovEQAAAIEAzI5SH4esht4Hgo8u4sZq6/TlmypUpo3/tI8m3R1tA3vm\nmaitL1sgEx1Zfeaa5wkrVHiHlTQyjfiv/NVBnlgyutobbu2psNdWaXlW1s3OzBMM\nJpwOmKOQSY1SSq06Q0g4miYaB/gUSkTpg2cw3XTQfigZ4BsWPgJFcvCg85/Q7cIA\nAACBAOTcWFElp1wPijogqADHTN+R66BgYuXqMoGv1fHfTwDXI8SyivbSaXg0nwZ0\niPUmrDA1lbwLxxE7QdbpLszfFMcnnBndL0yWR3YRxahDj5VRKdggKaais3UiLI6Z\nNcA+v0NSya+rLOG3biquusYCCCIIG2Nx2s9RJs/qz6sDm2GjAAAAgQDta/N/ABDj\nrNwXb0vmsB8rfq2JT3Wwc4huR5Mx6b4YhsJWu9tbKGEQDlYbgo12wGipGiW+E2nx\nm3ARmyxe5wwrK7dcdN8rdE8lO4wNkXAgjeXs5bb//ME765HNjmNQMyXZACivuXLs\ngrHv0BkkQPVEawfOdBMiqCWl5cwajNgCmQAAAAAB\n-----END OPENSSH PRIVATE KEY-----\n",
            "private_key_pem": "-----BEGIN RSA PRIVATE KEY-----\nMIIEpAIBAAKCAQEA1EB/irr6nXzYD/cBc412JYqYBkPM8I7ZEvkpokk9IQNxaCpg\nHeLmdzLdspP1o4LofV9TB+AkKfOL0C05CeCohmRcmgG7bH3hkk+f94eh4T/vBfwL\nqYCwNCyQ4wOAFlgim8brA18/V++ukppw896VhseRUpKtLJge+V7JEkDzlDgUZyVq\nHnbthxWGBOcLf76PtqDuG03wT/yXorzPolW8OmUQ4G5sxxLwn5fN8z0N+a+TSRcR\naKb59HTzjZyq2Z/9N8m+XbdGWpzjsnm6upDUtcmUkCIsxMWwhfuvvrKoz7njS2uu\ntJ0mjkTy1vB3Sg37JvR7Z93OeDxsnkZJ5CigawIDAQABAoIBAQCX6m4fIoMb025l\nxtowFZD5f8Adw8tcZjGyZcnJ0PfCuE8kSigvW+aubCbHmSUYWisDCQZJvcDEkf+B\nCc0oZ7bXMeAhjpnSJiscaIdLSLWxnev7cZH7SRNU1I0DHs8/rudebbpp2HNjAjcF\n0SqFMcv+ArrdygPOxjZtL81klj6A13Dt2btdkUScrFg0WI5ysnUkzKxmaUDuptVW\nR/XY+CcxAGG2s1xS2IRxwTCtsg0QmdQASPD4cEll8OLmRg2pK6XlLU+VoMXB+y03\n0bPnh7313FpST2GvNdEUA3jfzj8C8bdTwqfkzaS53QFH12+NHe4A4gvlx4MfC6uv\nOpupui8RAoGBAOTcWFElp1wPijogqADHTN+R66BgYuXqMoGv1fHfTwDXI8SyivbS\naXg0nwZ0iPUmrDA1lbwLxxE7QdbpLszfFMcnnBndL0yWR3YRxahDj5VRKdggKaai\ns3UiLI6ZNcA+v0NSya+rLOG3biquusYCCCIIG2Nx2s9RJs/qz6sDm2GjAoGBAO1r\n838AEOOs3BdvS+awHyt+rYlPdbBziG5HkzHpvhiGwla721soYRAOVhuCjXbAaKka\nJb4TafGbcBGbLF7nDCsrt1x03yt0TyU7jA2RcCCN5ezltv/8wTvrkc2OY1AzJdkA\nKK+5cuyCse/QGSRA9URrB850EyKoJaXlzBqM2AKZAoGAVDjar5JB0tlNLzMRYKf3\nnFcg9XZDLwVO7Pb+rvJVKqQB38Ms7MRmV/xVgZSlSkKfH2a44ekbqzW5dxN9S5vV\nE615/vKtE2xChCrqKJAkaPjjg0viyBYcIMEg0KGFbGgrDuWKn4FJFQ/iFQcUaQYa\nZBvDqIcf1SeyNtXc8rxzFC0CgYAbXp10X4qS5IN+xBrI3jbJqdHRiXJ0w+zPYbrr\nPxnl8+sFWqSf7pi55B0zEKrELMwj6lq9fblx28xgizXjPtldRK3fn612cfMJxMKR\ncdmuNw1xcM3W1slj4fUt8CMsxKixSl5mW4ePEkX28lNjpYVgvMHqn+Dw1td4N3R+\n/wuLyQKBgQDMjlIfh6yG3geCjy7ixmrr9OWbKlSmjf+0jybdHW0De+aZqK0vWyAT\nHVl95prnCStUeIeVNDKN+K/81UGeWDK62htu7amw11ZpeVbWzc7MEwwmnA6Yo5BJ\njVJKrTpDSDiaJhoH+BRKROmDZzDddNB+KBngGxY+AkVy8KDzn9Dtwg==\n-----END RSA PRIVATE KEY-----\n",
            "private_key_pem_pkcs8": "-----BEGIN PRIVATE KEY-----\nMIIEvgIBADANBgkqhkiG9w0BAQEFAASCBKgwggSkAgEAAoIBAQDUQH+KuvqdfNgP\n9wFzjXYlipgGQ8zwjtkS+SmiST0hA3FoKmAd4uZ3Mt2yk/Wjguh9X1MH4CQp84vQ\nLTkJ4KiGZFyaAbtsfeGST5/3h6HhP+8F/AupgLA0LJDjA4AWWCKbxusDXz9X766S\nmnDz3pWGx5FSkq0smB75XskSQPOUOBRnJWoedu2HFYYE5wt/vo+2oO4bTfBP/Jei\nvM+iVbw6ZRDgbmzHEvCfl83zPQ35r5NJFxFopvn0dPONnKrZn/03yb5dt0ZanOOy\nebq6kNS1yZSQIizExbCF+6++sqjPueNLa660nSaORPLW8HdKDfsm9Htn3c54PGye\nRknkKKBrAgMBAAECggEBAJfqbh8igxvTbmXG2jAVkPl/wB3Dy1xmMbJlycnQ98K4\nTyRKKC9b5q5sJseZJRhaKwMJBkm9wMSR/4EJzShnttcx4CGOmdImKxxoh0tItbGd\n6/txkftJE1TUjQMezz+u515tumnYc2MCNwXRKoUxy/4Cut3KA87GNm0vzWSWPoDX\ncO3Zu12RRJysWDRYjnKydSTMrGZpQO6m1VZH9dj4JzEAYbazXFLYhHHBMK2yDRCZ\n1ABI8PhwSWXw4uZGDakrpeUtT5WgxcH7LTfRs+eHvfXcWlJPYa810RQDeN/OPwLx\nt1PCp+TNpLndAUfXb40d7gDiC+XHgx8Lq686m6m6LxECgYEA5NxYUSWnXA+KOiCo\nAMdM35HroGBi5eoyga/V8d9PANcjxLKK9tJpeDSfBnSI9SasMDWVvAvHETtB1uku\nzN8UxyecGd0vTJZHdhHFqEOPlVEp2CAppqKzdSIsjpk1wD6/Q1LJr6ss4bduKq66\nxgIIIggbY3Haz1Emz+rPqwObYaMCgYEA7WvzfwAQ46zcF29L5rAfK36tiU91sHOI\nbkeTMem+GIbCVrvbWyhhEA5WG4KNdsBoqRolvhNp8ZtwEZssXucMKyu3XHTfK3RP\nJTuMDZFwII3l7OW2//zBO+uRzY5jUDMl2QAor7ly7IKx79AZJED1RGsHznQTIqgl\npeXMGozYApkCgYBUONqvkkHS2U0vMxFgp/ecVyD1dkMvBU7s9v6u8lUqpAHfwyzs\nxGZX/FWBlKVKQp8fZrjh6RurNbl3E31Lm9UTrXn+8q0TbEKEKuookCRo+OODS+LI\nFhwgwSDQoYVsaCsO5YqfgUkVD+IVBxRpBhpkG8Oohx/VJ7I21dzyvHMULQKBgBte\nnXRfipLkg37EGsjeNsmp0dGJcnTD7M9huus/GeXz6wVapJ/umLnkHTMQqsQszCPq\nWr19uXHbzGCLNeM+2V1Erd+frXZx8wnEwpFx2a43DXFwzdbWyWPh9S3wIyzEqLFK\nXmZbh48SRfbyU2OlhWC8weqf4PDW13g3dH7/C4vJAoGBAMyOUh+HrIbeB4KPLuLG\nauv05ZsqVKaN/7SPJt0dbQN75pmorS9bIBMdWX3mmucJK1R4h5U0Mo34r/zVQZ5Y\nMrraG27tqbDXVml5VtbNzswTDCacDpijkEmNUkqtOkNIOJomGgf4FEpE6YNnMN10\n0H4oGeAbFj4CRXLwoPOf0O3C\n-----END PRIVATE KEY-----\n",
            "public_key_fingerprint_md5": "89:a9:f6:e0:ae:46:60:28:5b:e1:c8:f5:cd:d4:3c:7e",
            "public_key_fingerprint_sha256": "SHA256:RBGSpit6HY66gZFh964JzugYqtDtH2Mbv/ApyjrsUu4",
            "public_key_openssh": "ssh-rsa AAAAB3NzaC1yc2EAAAADAQABAAABAQDUQH+KuvqdfNgP9wFzjXYlipgGQ8zwjtkS+SmiST0hA3FoKmAd4uZ3Mt2yk/Wjguh9X1MH4CQp84vQLTkJ4KiGZFyaAbtsfeGST5/3h6HhP+8F/AupgLA0LJDjA4AWWCKbxusDXz9X766SmnDz3pWGx5FSkq0smB75XskSQPOUOBRnJWoedu2HFYYE5wt/vo+2oO4bTfBP/JeivM+iVbw6ZRDgbmzHEvCfl83zPQ35r5NJFxFopvn0dPONnKrZn/03yb5dt0ZanOOyebq6kNS1yZSQIizExbCF+6++sqjPueNLa660nSaORPLW8HdKDfsm9Htn3c54PGyeRknkKKBr\n",
            "public_key_pem": "-----BEGIN PUBLIC KEY-----\nMIIBIjANBgkqhkiG9w0BAQEFAAOCAQ8AMIIBCgKCAQEA1EB/irr6nXzYD/cBc412\nJYqYBkPM8I7ZEvkpokk9IQNxaCpgHeLmdzLdspP1o4LofV9TB+AkKfOL0C05CeCo\nhmRcmgG7bH3hkk+f94eh4T/vBfwLqYCwNCyQ4wOAFlgim8brA18/V++ukppw896V\nhseRUpKtLJge+V7JEkDzlDgUZyVqHnbthxWGBOcLf76PtqDuG03wT/yXorzPolW8\nOmUQ4G5sxxLwn5fN8z0N+a+TSRcRaKb59HTzjZyq2Z/9N8m+XbdGWpzjsnm6upDU\ntcmUkCIsxMWwhfuvvrKoz7njS2uutJ0mjkTy1vB3Sg37JvR7Z93OeDxsnkZJ5Cig\nawIDAQAB\n-----END PUBLIC KEY-----\n",
            "rsa_bits": 2048
          },
          "sensitive_attributes": []
        }
      ]
    },
    {
      "module": "module.bastion.module.bastion",
      "mode": "data",
      "type": "aws_partition",
      "name": "current",
      "provider": "provider[\"registry.terraform.io/hashicorp/aws\"]",
      "instances": [
        {
          "schema_version": 0,
          "attributes": {
            "dns_suffix": "amazonaws.com",
            "id": "aws",
            "partition": "aws",
            "reverse_dns_prefix": "com.amazonaws"
          },
          "sensitive_attributes": []
        }
      ]
    },
    {
      "module": "module.bastion.module.bastion",
      "mode": "managed",
      "type": "aws_instance",
      "name": "this",
      "provider": "provider[\"registry.terraform.io/hashicorp/aws\"]",
      "instances": [
        {
          "index_key": 0,
          "schema_version": 1,
          "attributes": {
            "ami": "ami-0c55b159cbfafe1f0",
            "arn": "arn:aws:ec2:us-east-2:050752615223:instance/i-03d112faca6bad593",
            "associate_public_ip_address": true,
            "availability_zone": "us-east-2a",
            "capacity_reservation_specification": [
              {
                "capacity_reservation_preference": "open",
                "capacity_reservation_target": []
              }
            ],
            "cpu_core_count": 1,
            "cpu_options": [
              {
                "amd_sev_snp": "",
                "core_count": 1,
                "threads_per_core": 1
              }
            ],
            "cpu_threads_per_core": 1,
            "credit_specification": [
              {
                "cpu_credits": "standard"
              }
            ],
            "disable_api_stop": false,
            "disable_api_termination": false,
            "ebs_block_device": [],
            "ebs_optimized": false,
            "enable_primary_ipv6": null,
            "enclave_options": [
              {
                "enabled": false
              }
            ],
            "ephemeral_block_device": [],
            "get_password_data": false,
            "hibernation": false,
            "host_id": "",
            "host_resource_group_arn": null,
            "iam_instance_profile": "",
            "id": "i-03d112faca6bad593",
            "instance_initiated_shutdown_behavior": "stop",
            "instance_lifecycle": "",
            "instance_market_options": [],
            "instance_state": "running",
            "instance_type": "t2.micro",
            "ipv6_address_count": 0,
            "ipv6_addresses": [],
            "key_name": "bastion-key",
            "launch_template": [],
            "maintenance_options": [
              {
                "auto_recovery": "default"
              }
            ],
            "metadata_options": [
              {
                "http_endpoint": "enabled",
                "http_protocol_ipv6": "disabled",
                "http_put_response_hop_limit": 1,
                "http_tokens": "optional",
                "instance_metadata_tags": "disabled"
              }
            ],
            "monitoring": false,
            "network_interface": [],
            "outpost_arn": "",
            "password_data": "",
            "placement_group": "",
            "placement_partition_number": 0,
            "primary_network_interface_id": "eni-05a6cdac8cc2139a6",
            "private_dns": "ip-10-0-101-88.us-east-2.compute.internal",
            "private_dns_name_options": [
              {
                "enable_resource_name_dns_a_record": false,
                "enable_resource_name_dns_aaaa_record": false,
                "hostname_type": "ip-name"
              }
            ],
            "private_ip": "10.0.101.88",
            "public_dns": "ec2-3-145-66-152.us-east-2.compute.amazonaws.com",
            "public_ip": "3.145.66.152",
            "root_block_device": [
              {
                "delete_on_termination": true,
                "device_name": "/dev/sda1",
                "encrypted": false,
                "iops": 100,
                "kms_key_id": "",
                "tags": {},
                "tags_all": {},
                "throughput": 0,
                "volume_id": "vol-0343510136b2dd2e0",
                "volume_size": 8,
                "volume_type": "gp2"
              }
            ],
            "secondary_private_ips": [],
            "security_groups": [],
            "source_dest_check": true,
            "spot_instance_request_id": "",
            "subnet_id": "subnet-0998629a64b783b7a",
            "tags": {
              "Name": "bastion-host"
            },
            "tags_all": {
              "Name": "bastion-host"
            },
            "tenancy": "default",
            "timeouts": {
              "create": null,
              "delete": null,
              "read": null,
              "update": null
            },
            "user_data": null,
            "user_data_base64": null,
            "user_data_replace_on_change": false,
            "volume_tags": {
              "Name": "bastion-host"
            },
            "vpc_security_group_ids": [
              "sg-0c46cc632c50ad3c5"
            ]
          },
          "sensitive_attributes": [],
          "private": "eyJlMmJmYjczMC1lY2FhLTExZTYtOGY4OC0zNDM2M2JjN2M0YzAiOnsiY3JlYXRlIjo2MDAwMDAwMDAwMDAsImRlbGV0ZSI6MTIwMDAwMDAwMDAwMCwicmVhZCI6OTAwMDAwMDAwMDAwLCJ1cGRhdGUiOjYwMDAwMDAwMDAwMH0sInNjaGVtYV92ZXJzaW9uIjoiMSJ9",
          "dependencies": [
            "aws_key_pair.bastion_key",
            "module.bastion.module.bastion.aws_iam_instance_profile.this",
            "module.bastion.module.bastion.data.aws_ssm_parameter.this",
            "module.security_groups.module.bastion_sg.aws_security_group.this",
            "module.security_groups.module.bastion_sg.aws_security_group.this_name_prefix",
            "module.vpc.module.vpc.aws_subnet.public",
            "module.vpc.module.vpc.aws_vpc.this",
            "module.vpc.module.vpc.aws_vpc_ipv4_cidr_block_association.this",
            "tls_private_key.bastion_key"
          ]
        }
      ]
    },
    {
      "module": "module.security_groups",
      "mode": "data",
      "type": "http",
      "name": "my_ip",
      "provider": "provider[\"registry.terraform.io/hashicorp/http\"]",
      "instances": [
        {
          "schema_version": 0,
          "attributes": {
            "body": "208.184.176.210",
            "ca_cert_pem": null,
            "id": "https://ifconfig.me",
            "insecure": null,
            "method": null,
            "request_body": null,
            "request_headers": null,
            "request_timeout_ms": null,
            "response_body": "208.184.176.210",
            "response_body_base64": "MjA4LjE4NC4xNzYuMjEw",
            "response_headers": {
              "Access-Control-Allow-Origin": "*",
              "Alt-Svc": "h3=\":443\"; ma=2592000,h3-29=\":443\"; ma=2592000",
              "Content-Length": "15",
              "Content-Type": "text/plain",
              "Date": "Wed, 12 Feb 2025 20:27:31 GMT",
              "Via": "1.1 google"
            },
            "retry": null,
            "status_code": 200,
            "url": "https://ifconfig.me"
          },
          "sensitive_attributes": []
        }
      ]
    },
    {
      "module": "module.security_groups.module.bastion_sg",
      "mode": "managed",
      "type": "aws_security_group",
      "name": "this_name_prefix",
      "provider": "provider[\"registry.terraform.io/hashicorp/aws\"]",
      "instances": [
        {
          "index_key": 0,
          "schema_version": 1,
          "attributes": {
            "arn": "arn:aws:ec2:us-east-2:050752615223:security-group/sg-0c46cc632c50ad3c5",
            "description": "Security Group managed by Terraform",
            "egress": [],
            "id": "sg-0c46cc632c50ad3c5",
            "ingress": [],
            "name": "bastion-sg-20250212202751783100000004",
            "name_prefix": "bastion-sg-",
            "owner_id": "050752615223",
            "revoke_rules_on_delete": false,
            "tags": {
              "Name": "bastion-sg"
            },
            "tags_all": {
              "Name": "bastion-sg"
            },
            "timeouts": {
              "create": "10m",
              "delete": "15m"
            },
            "vpc_id": "vpc-0afdd8dfc70927270"
          },
          "sensitive_attributes": [],
          "private": "eyJlMmJmYjczMC1lY2FhLTExZTYtOGY4OC0zNDM2M2JjN2M0YzAiOnsiY3JlYXRlIjo2MDAwMDAwMDAwMDAsImRlbGV0ZSI6OTAwMDAwMDAwMDAwfSwic2NoZW1hX3ZlcnNpb24iOiIxIn0=",
          "dependencies": [
            "module.vpc.module.vpc.aws_vpc.this"
          ],
          "create_before_destroy": true
        }
      ]
    },
    {
      "module": "module.security_groups.module.bastion_sg",
      "mode": "managed",
      "type": "aws_security_group_rule",
      "name": "egress_with_cidr_blocks",
      "provider": "provider[\"registry.terraform.io/hashicorp/aws\"]",
      "instances": [
        {
          "index_key": 0,
          "schema_version": 2,
          "attributes": {
            "cidr_blocks": [
              "0.0.0.0/0"
            ],
            "description": "Egress Rule",
            "from_port": 0,
            "id": "sgrule-4269420688",
            "ipv6_cidr_blocks": null,
            "prefix_list_ids": null,
            "protocol": "-1",
            "security_group_id": "sg-0c46cc632c50ad3c5",
            "security_group_rule_id": "sgr-0f91279e937c41073",
            "self": false,
            "source_security_group_id": null,
            "timeouts": null,
            "to_port": 0,
            "type": "egress"
          },
          "sensitive_attributes": [],
          "private": "eyJlMmJmYjczMC1lY2FhLTExZTYtOGY4OC0zNDM2M2JjN2M0YzAiOnsiY3JlYXRlIjozMDAwMDAwMDAwMDB9LCJzY2hlbWFfdmVyc2lvbiI6IjIifQ==",
          "dependencies": [
            "module.security_groups.module.bastion_sg.aws_security_group.this",
            "module.security_groups.module.bastion_sg.aws_security_group.this_name_prefix",
            "module.vpc.module.vpc.aws_vpc.this"
          ]
        }
      ]
    },
    {
      "module": "module.security_groups.module.bastion_sg",
      "mode": "managed",
      "type": "aws_security_group_rule",
      "name": "ingress_with_cidr_blocks",
      "provider": "provider[\"registry.terraform.io/hashicorp/aws\"]",
      "instances": [
        {
          "index_key": 0,
          "schema_version": 2,
          "attributes": {
            "cidr_blocks": [
              "208.184.176.210/32"
            ],
            "description": "Allow SSH from my IP",
            "from_port": 22,
            "id": "sgrule-1752091448",
            "ipv6_cidr_blocks": null,
            "prefix_list_ids": null,
            "protocol": "tcp",
            "security_group_id": "sg-0c46cc632c50ad3c5",
            "security_group_rule_id": "sgr-00980e663ed6af24f",
            "self": false,
            "source_security_group_id": null,
            "timeouts": null,
            "to_port": 22,
            "type": "ingress"
          },
          "sensitive_attributes": [],
          "private": "eyJlMmJmYjczMC1lY2FhLTExZTYtOGY4OC0zNDM2M2JjN2M0YzAiOnsiY3JlYXRlIjozMDAwMDAwMDAwMDB9LCJzY2hlbWFfdmVyc2lvbiI6IjIifQ==",
          "dependencies": [
            "module.security_groups.data.http.my_ip",
            "module.security_groups.module.bastion_sg.aws_security_group.this",
            "module.security_groups.module.bastion_sg.aws_security_group.this_name_prefix",
            "module.vpc.module.vpc.aws_vpc.this"
          ]
        }
      ]
    },
    {
      "module": "module.security_groups.module.worker_sg",
      "mode": "managed",
      "type": "aws_security_group",
      "name": "this_name_prefix",
      "provider": "provider[\"registry.terraform.io/hashicorp/aws\"]",
      "instances": [
        {
          "index_key": 0,
          "schema_version": 1,
          "attributes": {
            "arn": "arn:aws:ec2:us-east-2:050752615223:security-group/sg-0d586a9428512de7f",
            "description": "Security Group managed by Terraform",
            "egress": [],
            "id": "sg-0d586a9428512de7f",
            "ingress": [],
            "name": "worker-sg-20250212202751961100000005",
            "name_prefix": "worker-sg-",
            "owner_id": "050752615223",
            "revoke_rules_on_delete": false,
            "tags": {
              "Name": "worker-sg"
            },
            "tags_all": {
              "Name": "worker-sg"
            },
            "timeouts": {
              "create": "10m",
              "delete": "15m"
            },
            "vpc_id": "vpc-0afdd8dfc70927270"
          },
          "sensitive_attributes": [],
          "private": "eyJlMmJmYjczMC1lY2FhLTExZTYtOGY4OC0zNDM2M2JjN2M0YzAiOnsiY3JlYXRlIjo2MDAwMDAwMDAwMDAsImRlbGV0ZSI6OTAwMDAwMDAwMDAwfSwic2NoZW1hX3ZlcnNpb24iOiIxIn0=",
          "dependencies": [
            "module.vpc.module.vpc.aws_vpc.this"
          ],
          "create_before_destroy": true
        }
      ]
    },
    {
      "module": "module.security_groups.module.worker_sg",
      "mode": "managed",
      "type": "aws_security_group_rule",
      "name": "egress_with_cidr_blocks",
      "provider": "provider[\"registry.terraform.io/hashicorp/aws\"]",
      "instances": [
        {
          "index_key": 0,
          "schema_version": 2,
          "attributes": {
            "cidr_blocks": [
              "0.0.0.0/0"
            ],
            "description": "Egress Rule",
            "from_port": 0,
            "id": "sgrule-4241316722",
            "ipv6_cidr_blocks": null,
            "prefix_list_ids": null,
            "protocol": "-1",
            "security_group_id": "sg-0d586a9428512de7f",
            "security_group_rule_id": "sgr-0485d943445b380e8",
            "self": false,
            "source_security_group_id": null,
            "timeouts": null,
            "to_port": 0,
            "type": "egress"
          },
          "sensitive_attributes": [],
          "private": "eyJlMmJmYjczMC1lY2FhLTExZTYtOGY4OC0zNDM2M2JjN2M0YzAiOnsiY3JlYXRlIjozMDAwMDAwMDAwMDB9LCJzY2hlbWFfdmVyc2lvbiI6IjIifQ==",
          "dependencies": [
            "module.security_groups.module.worker_sg.aws_security_group.this",
            "module.security_groups.module.worker_sg.aws_security_group.this_name_prefix",
            "module.vpc.module.vpc.aws_vpc.this"
          ]
        }
      ]
    },
    {
      "module": "module.security_groups.module.worker_sg",
      "mode": "managed",
      "type": "aws_security_group_rule",
      "name": "ingress_with_source_security_group_id",
      "provider": "provider[\"registry.terraform.io/hashicorp/aws\"]",
      "instances": [
        {
          "index_key": 0,
          "schema_version": 2,
          "attributes": {
            "cidr_blocks": null,
            "description": "Ingress Rule",
            "from_port": 22,
            "id": "sgrule-711385492",
            "ipv6_cidr_blocks": null,
            "prefix_list_ids": [],
            "protocol": "tcp",
            "security_group_id": "sg-0d586a9428512de7f",
            "security_group_rule_id": "sgr-0b794e003ad611fe0",
            "self": false,
            "source_security_group_id": "sg-0c46cc632c50ad3c5",
            "timeouts": null,
            "to_port": 22,
            "type": "ingress"
          },
          "sensitive_attributes": [],
          "private": "eyJlMmJmYjczMC1lY2FhLTExZTYtOGY4OC0zNDM2M2JjN2M0YzAiOnsiY3JlYXRlIjozMDAwMDAwMDAwMDB9LCJzY2hlbWFfdmVyc2lvbiI6IjIifQ==",
          "dependencies": [
            "module.security_groups.module.bastion_sg.aws_security_group.this",
            "module.security_groups.module.bastion_sg.aws_security_group.this_name_prefix",
            "module.security_groups.module.worker_sg.aws_security_group.this",
            "module.security_groups.module.worker_sg.aws_security_group.this_name_prefix",
            "module.vpc.module.vpc.aws_vpc.this"
          ]
        }
      ]
    },
    {
      "module": "module.vpc.module.vpc",
      "mode": "managed",
      "type": "aws_default_network_acl",
      "name": "this",
      "provider": "provider[\"registry.terraform.io/hashicorp/aws\"]",
      "instances": [
        {
          "index_key": 0,
          "schema_version": 0,
          "attributes": {
            "arn": "arn:aws:ec2:us-east-2:050752615223:network-acl/acl-0216af3663cc061f5",
            "default_network_acl_id": "acl-0216af3663cc061f5",
            "egress": [
              {
                "action": "allow",
                "cidr_block": "",
                "from_port": 0,
                "icmp_code": null,
                "icmp_type": null,
                "ipv6_cidr_block": "::/0",
                "protocol": "-1",
                "rule_no": 101,
                "to_port": 0
              },
              {
                "action": "allow",
                "cidr_block": "0.0.0.0/0",
                "from_port": 0,
                "icmp_code": null,
                "icmp_type": null,
                "ipv6_cidr_block": "",
                "protocol": "-1",
                "rule_no": 100,
                "to_port": 0
              }
            ],
            "id": "acl-0216af3663cc061f5",
            "ingress": [
              {
                "action": "allow",
                "cidr_block": "",
                "from_port": 0,
                "icmp_code": null,
                "icmp_type": null,
                "ipv6_cidr_block": "::/0",
                "protocol": "-1",
                "rule_no": 101,
                "to_port": 0
              },
              {
                "action": "allow",
                "cidr_block": "0.0.0.0/0",
                "from_port": 0,
                "icmp_code": null,
                "icmp_type": null,
                "ipv6_cidr_block": "",
                "protocol": "-1",
                "rule_no": 100,
                "to_port": 0
              }
            ],
            "owner_id": "050752615223",
            "subnet_ids": [
              "subnet-05b73b7390c028a71",
              "subnet-0836850d9747a0076",
              "subnet-0910197f03da5d026"
            ],
            "tags": {
              "Name": "console-scale-testing-vpc"
            },
            "tags_all": {
              "Name": "console-scale-testing-vpc"
            },
            "vpc_id": "vpc-0afdd8dfc70927270"
          },
          "sensitive_attributes": [],
          "private": "bnVsbA==",
          "dependencies": [
            "module.vpc.module.vpc.aws_vpc.this"
          ]
        }
      ]
    },
    {
      "module": "module.vpc.module.vpc",
      "mode": "managed",
      "type": "aws_default_route_table",
      "name": "default",
      "provider": "provider[\"registry.terraform.io/hashicorp/aws\"]",
      "instances": [
        {
          "index_key": 0,
          "schema_version": 0,
          "attributes": {
            "arn": "arn:aws:ec2:us-east-2:050752615223:route-table/rtb-0b62741fac6afec82",
            "default_route_table_id": "rtb-0b62741fac6afec82",
            "id": "rtb-0b62741fac6afec82",
            "owner_id": "050752615223",
            "propagating_vgws": null,
            "route": [],
            "tags": {
              "Name": "console-scale-testing-vpc"
            },
            "tags_all": {
              "Name": "console-scale-testing-vpc"
            },
            "timeouts": {
              "create": "5m",
              "update": "5m"
            },
            "vpc_id": "vpc-0afdd8dfc70927270"
          },
          "sensitive_attributes": [],
          "private": "eyJlMmJmYjczMC1lY2FhLTExZTYtOGY4OC0zNDM2M2JjN2M0YzAiOnsiY3JlYXRlIjozMDAwMDAwMDAwMDAsInVwZGF0ZSI6MzAwMDAwMDAwMDAwfX0=",
          "dependencies": [
            "module.vpc.module.vpc.aws_vpc.this"
          ]
        }
      ]
    },
    {
      "module": "module.vpc.module.vpc",
      "mode": "managed",
      "type": "aws_default_security_group",
      "name": "this",
      "provider": "provider[\"registry.terraform.io/hashicorp/aws\"]",
      "instances": [
        {
          "index_key": 0,
          "schema_version": 1,
          "attributes": {
            "arn": "arn:aws:ec2:us-east-2:050752615223:security-group/sg-09213724a5fcbff72",
            "description": "default VPC security group",
            "egress": [],
            "id": "sg-09213724a5fcbff72",
            "ingress": [],
            "name": "default",
            "name_prefix": "",
            "owner_id": "050752615223",
            "revoke_rules_on_delete": false,
            "tags": {
              "Name": "console-scale-testing-vpc"
            },
            "tags_all": {
              "Name": "console-scale-testing-vpc"
            },
            "vpc_id": "vpc-0afdd8dfc70927270"
          },
          "sensitive_attributes": [],
          "private": "eyJzY2hlbWFfdmVyc2lvbiI6IjEifQ==",
          "dependencies": [
            "module.vpc.module.vpc.aws_vpc.this"
          ]
        }
      ]
    },
    {
      "module": "module.vpc.module.vpc",
      "mode": "managed",
      "type": "aws_eip",
      "name": "nat",
      "provider": "provider[\"registry.terraform.io/hashicorp/aws\"]",
      "instances": [
        {
          "index_key": 0,
          "schema_version": 0,
          "attributes": {
            "address": null,
            "allocation_id": "eipalloc-0867bde3bbc8449dc",
            "arn": "arn:aws:ec2:us-east-2:050752615223:elastic-ip/eipalloc-0867bde3bbc8449dc",
            "associate_with_private_ip": null,
            "association_id": "",
            "carrier_ip": "",
            "customer_owned_ip": "",
            "customer_owned_ipv4_pool": "",
            "domain": "vpc",
            "id": "eipalloc-0867bde3bbc8449dc",
            "instance": "",
            "ipam_pool_id": null,
            "network_border_group": "us-east-2",
            "network_interface": "",
            "private_dns": null,
            "private_ip": "",
            "ptr_record": "",
            "public_dns": "ec2-3-139-173-121.us-east-2.compute.amazonaws.com",
            "public_ip": "3.139.173.121",
            "public_ipv4_pool": "amazon",
            "tags": {
              "Name": "console-scale-testing-vpc"
            },
            "tags_all": {
              "Name": "console-scale-testing-vpc"
            },
            "timeouts": null,
            "vpc": true
          },
          "sensitive_attributes": [],
          "private": "eyJlMmJmYjczMC1lY2FhLTExZTYtOGY4OC0zNDM2M2JjN2M0YzAiOnsiZGVsZXRlIjoxODAwMDAwMDAwMDAsInJlYWQiOjkwMDAwMDAwMDAwMCwidXBkYXRlIjozMDAwMDAwMDAwMDB9fQ==",
          "dependencies": [
            "module.vpc.module.vpc.aws_internet_gateway.this",
            "module.vpc.module.vpc.aws_vpc.this",
            "module.vpc.module.vpc.aws_vpc_ipv4_cidr_block_association.this"
          ]
        },
        {
          "index_key": 1,
          "schema_version": 0,
          "attributes": {
            "address": null,
            "allocation_id": "eipalloc-055dad431cd2c986b",
            "arn": "arn:aws:ec2:us-east-2:050752615223:elastic-ip/eipalloc-055dad431cd2c986b",
            "associate_with_private_ip": null,
            "association_id": "",
            "carrier_ip": "",
            "customer_owned_ip": "",
            "customer_owned_ipv4_pool": "",
            "domain": "vpc",
            "id": "eipalloc-055dad431cd2c986b",
            "instance": "",
            "ipam_pool_id": null,
            "network_border_group": "us-east-2",
            "network_interface": "",
            "private_dns": null,
            "private_ip": "",
            "ptr_record": "",
            "public_dns": "ec2-18-220-20-35.us-east-2.compute.amazonaws.com",
            "public_ip": "18.220.20.35",
            "public_ipv4_pool": "amazon",
            "tags": {
              "Name": "console-scale-testing-vpc"
            },
            "tags_all": {
              "Name": "console-scale-testing-vpc"
            },
            "timeouts": null,
            "vpc": true
          },
          "sensitive_attributes": [],
          "private": "eyJlMmJmYjczMC1lY2FhLTExZTYtOGY4OC0zNDM2M2JjN2M0YzAiOnsiZGVsZXRlIjoxODAwMDAwMDAwMDAsInJlYWQiOjkwMDAwMDAwMDAwMCwidXBkYXRlIjozMDAwMDAwMDAwMDB9fQ==",
          "dependencies": [
            "module.vpc.module.vpc.aws_internet_gateway.this",
            "module.vpc.module.vpc.aws_vpc.this",
            "module.vpc.module.vpc.aws_vpc_ipv4_cidr_block_association.this"
          ]
        }
      ]
    },
    {
      "module": "module.vpc.module.vpc",
      "mode": "managed",
      "type": "aws_internet_gateway",
      "name": "this",
      "provider": "provider[\"registry.terraform.io/hashicorp/aws\"]",
      "instances": [
        {
          "index_key": 0,
          "schema_version": 0,
          "attributes": {
            "arn": "arn:aws:ec2:us-east-2:050752615223:internet-gateway/igw-0ecee660ac6dce591",
            "id": "igw-0ecee660ac6dce591",
            "owner_id": "050752615223",
            "tags": {
              "Name": "console-scale-testing-vpc"
            },
            "tags_all": {
              "Name": "console-scale-testing-vpc"
            },
            "timeouts": null,
            "vpc_id": "vpc-0afdd8dfc70927270"
          },
          "sensitive_attributes": [],
          "private": "eyJlMmJmYjczMC1lY2FhLTExZTYtOGY4OC0zNDM2M2JjN2M0YzAiOnsiY3JlYXRlIjoxMjAwMDAwMDAwMDAwLCJkZWxldGUiOjEyMDAwMDAwMDAwMDAsInVwZGF0ZSI6MTIwMDAwMDAwMDAwMH19",
          "dependencies": [
            "module.vpc.module.vpc.aws_vpc.this",
            "module.vpc.module.vpc.aws_vpc_ipv4_cidr_block_association.this"
          ]
        }
      ]
    },
    {
      "module": "module.vpc.module.vpc",
      "mode": "managed",
      "type": "aws_nat_gateway",
      "name": "this",
      "provider": "provider[\"registry.terraform.io/hashicorp/aws\"]",
      "instances": [
        {
          "index_key": 0,
          "schema_version": 0,
          "attributes": {
            "allocation_id": "eipalloc-0867bde3bbc8449dc",
            "association_id": "eipassoc-065c3e5dacbf03f03",
            "connectivity_type": "public",
            "id": "nat-0a614aa082ba8ce56",
            "network_interface_id": "eni-07ef8c6bfb6bef148",
            "private_ip": "10.0.101.220",
            "public_ip": "3.139.173.121",
            "secondary_allocation_ids": null,
            "secondary_private_ip_address_count": 0,
            "secondary_private_ip_addresses": [],
            "subnet_id": "subnet-0998629a64b783b7a",
            "tags": {
              "Name": "console-scale-testing-vpc"
            },
            "tags_all": {
              "Name": "console-scale-testing-vpc"
            },
            "timeouts": null
          },
          "sensitive_attributes": [],
          "private": "eyJlMmJmYjczMC1lY2FhLTExZTYtOGY4OC0zNDM2M2JjN2M0YzAiOnsiY3JlYXRlIjo2MDAwMDAwMDAwMDAsImRlbGV0ZSI6MTgwMDAwMDAwMDAwMCwidXBkYXRlIjo2MDAwMDAwMDAwMDB9fQ==",
          "dependencies": [
            "module.vpc.module.vpc.aws_eip.nat",
            "module.vpc.module.vpc.aws_internet_gateway.this",
            "module.vpc.module.vpc.aws_subnet.public",
            "module.vpc.module.vpc.aws_vpc.this",
            "module.vpc.module.vpc.aws_vpc_ipv4_cidr_block_association.this"
          ]
        },
        {
          "index_key": 1,
          "schema_version": 0,
          "attributes": {
            "allocation_id": "eipalloc-055dad431cd2c986b",
            "association_id": "eipassoc-09d09d72aaf95c887",
            "connectivity_type": "public",
            "id": "nat-09b321fdaa21a01f8",
            "network_interface_id": "eni-0f222a3ee32be8eb1",
            "private_ip": "10.0.102.33",
            "public_ip": "18.220.20.35",
            "secondary_allocation_ids": null,
            "secondary_private_ip_address_count": 0,
            "secondary_private_ip_addresses": [],
            "subnet_id": "subnet-0836850d9747a0076",
            "tags": {
              "Name": "console-scale-testing-vpc"
            },
            "tags_all": {
              "Name": "console-scale-testing-vpc"
            },
            "timeouts": null
          },
          "sensitive_attributes": [],
          "private": "eyJlMmJmYjczMC1lY2FhLTExZTYtOGY4OC0zNDM2M2JjN2M0YzAiOnsiY3JlYXRlIjo2MDAwMDAwMDAwMDAsImRlbGV0ZSI6MTgwMDAwMDAwMDAwMCwidXBkYXRlIjo2MDAwMDAwMDAwMDB9fQ==",
          "dependencies": [
            "module.vpc.module.vpc.aws_eip.nat",
            "module.vpc.module.vpc.aws_internet_gateway.this",
            "module.vpc.module.vpc.aws_subnet.public",
            "module.vpc.module.vpc.aws_vpc.this",
            "module.vpc.module.vpc.aws_vpc_ipv4_cidr_block_association.this"
          ]
        }
      ]
    },
    {
      "module": "module.vpc.module.vpc",
      "mode": "managed",
      "type": "aws_route",
      "name": "private_nat_gateway",
      "provider": "provider[\"registry.terraform.io/hashicorp/aws\"]",
      "instances": [
        {
          "index_key": 0,
          "schema_version": 0,
          "attributes": {
            "carrier_gateway_id": "",
            "core_network_arn": "",
            "destination_cidr_block": "0.0.0.0/0",
            "destination_ipv6_cidr_block": "",
            "destination_prefix_list_id": "",
            "egress_only_gateway_id": "",
            "gateway_id": "",
            "id": "r-rtb-006178a51a42b01a41080289494",
            "instance_id": "",
            "instance_owner_id": "",
            "local_gateway_id": "",
            "nat_gateway_id": "nat-0a614aa082ba8ce56",
            "network_interface_id": "",
            "origin": "CreateRoute",
            "route_table_id": "rtb-006178a51a42b01a4",
            "state": "active",
            "timeouts": {
              "create": "5m",
              "delete": null,
              "update": null
            },
            "transit_gateway_id": "",
            "vpc_endpoint_id": "",
            "vpc_peering_connection_id": ""
          },
          "sensitive_attributes": [],
          "private": "eyJlMmJmYjczMC1lY2FhLTExZTYtOGY4OC0zNDM2M2JjN2M0YzAiOnsiY3JlYXRlIjozMDAwMDAwMDAwMDAsImRlbGV0ZSI6MzAwMDAwMDAwMDAwLCJ1cGRhdGUiOjEyMDAwMDAwMDAwMH19",
          "dependencies": [
            "module.vpc.module.vpc.aws_eip.nat",
            "module.vpc.module.vpc.aws_internet_gateway.this",
            "module.vpc.module.vpc.aws_nat_gateway.this",
            "module.vpc.module.vpc.aws_route_table.private",
            "module.vpc.module.vpc.aws_subnet.public",
            "module.vpc.module.vpc.aws_vpc.this",
            "module.vpc.module.vpc.aws_vpc_ipv4_cidr_block_association.this"
          ]
        },
        {
          "index_key": 1,
          "schema_version": 0,
          "attributes": {
            "carrier_gateway_id": "",
            "core_network_arn": "",
            "destination_cidr_block": "0.0.0.0/0",
            "destination_ipv6_cidr_block": "",
            "destination_prefix_list_id": "",
            "egress_only_gateway_id": "",
            "gateway_id": "",
            "id": "r-rtb-0cac1abad61654a9c1080289494",
            "instance_id": "",
            "instance_owner_id": "",
            "local_gateway_id": "",
            "nat_gateway_id": "nat-09b321fdaa21a01f8",
            "network_interface_id": "",
            "origin": "CreateRoute",
            "route_table_id": "rtb-0cac1abad61654a9c",
            "state": "active",
            "timeouts": {
              "create": "5m",
              "delete": null,
              "update": null
            },
            "transit_gateway_id": "",
            "vpc_endpoint_id": "",
            "vpc_peering_connection_id": ""
          },
          "sensitive_attributes": [],
          "private": "eyJlMmJmYjczMC1lY2FhLTExZTYtOGY4OC0zNDM2M2JjN2M0YzAiOnsiY3JlYXRlIjozMDAwMDAwMDAwMDAsImRlbGV0ZSI6MzAwMDAwMDAwMDAwLCJ1cGRhdGUiOjEyMDAwMDAwMDAwMH19",
          "dependencies": [
            "module.vpc.module.vpc.aws_eip.nat",
            "module.vpc.module.vpc.aws_internet_gateway.this",
            "module.vpc.module.vpc.aws_nat_gateway.this",
            "module.vpc.module.vpc.aws_route_table.private",
            "module.vpc.module.vpc.aws_subnet.public",
            "module.vpc.module.vpc.aws_vpc.this",
            "module.vpc.module.vpc.aws_vpc_ipv4_cidr_block_association.this"
          ]
        }
      ]
    },
    {
      "module": "module.vpc.module.vpc",
      "mode": "managed",
      "type": "aws_route",
      "name": "public_internet_gateway",
      "provider": "provider[\"registry.terraform.io/hashicorp/aws\"]",
      "instances": [
        {
          "index_key": 0,
          "schema_version": 0,
          "attributes": {
            "carrier_gateway_id": "",
            "core_network_arn": "",
            "destination_cidr_block": "0.0.0.0/0",
            "destination_ipv6_cidr_block": "",
            "destination_prefix_list_id": "",
            "egress_only_gateway_id": "",
            "gateway_id": "igw-0ecee660ac6dce591",
            "id": "r-rtb-01802fc9167f43f6a1080289494",
            "instance_id": "",
            "instance_owner_id": "",
            "local_gateway_id": "",
            "nat_gateway_id": "",
            "network_interface_id": "",
            "origin": "CreateRoute",
            "route_table_id": "rtb-01802fc9167f43f6a",
            "state": "active",
            "timeouts": {
              "create": "5m",
              "delete": null,
              "update": null
            },
            "transit_gateway_id": "",
            "vpc_endpoint_id": "",
            "vpc_peering_connection_id": ""
          },
          "sensitive_attributes": [],
          "private": "eyJlMmJmYjczMC1lY2FhLTExZTYtOGY4OC0zNDM2M2JjN2M0YzAiOnsiY3JlYXRlIjozMDAwMDAwMDAwMDAsImRlbGV0ZSI6MzAwMDAwMDAwMDAwLCJ1cGRhdGUiOjEyMDAwMDAwMDAwMH19",
          "dependencies": [
            "module.vpc.module.vpc.aws_internet_gateway.this",
            "module.vpc.module.vpc.aws_route_table.public",
            "module.vpc.module.vpc.aws_vpc.this",
            "module.vpc.module.vpc.aws_vpc_ipv4_cidr_block_association.this"
          ]
        }
      ]
    },
    {
      "module": "module.vpc.module.vpc",
      "mode": "managed",
      "type": "aws_route_table",
      "name": "private",
      "provider": "provider[\"registry.terraform.io/hashicorp/aws\"]",
      "instances": [
        {
          "index_key": 0,
          "schema_version": 0,
          "attributes": {
            "arn": "arn:aws:ec2:us-east-2:050752615223:route-table/rtb-006178a51a42b01a4",
            "id": "rtb-006178a51a42b01a4",
            "owner_id": "050752615223",
            "propagating_vgws": [],
            "route": [],
            "tags": {
              "Name": "console-scale-testing-vpc"
            },
            "tags_all": {
              "Name": "console-scale-testing-vpc"
            },
            "timeouts": null,
            "vpc_id": "vpc-0afdd8dfc70927270"
          },
          "sensitive_attributes": [],
          "private": "eyJlMmJmYjczMC1lY2FhLTExZTYtOGY4OC0zNDM2M2JjN2M0YzAiOnsiY3JlYXRlIjozMDAwMDAwMDAwMDAsImRlbGV0ZSI6MzAwMDAwMDAwMDAwLCJ1cGRhdGUiOjEyMDAwMDAwMDAwMH19",
          "dependencies": [
            "module.vpc.module.vpc.aws_vpc.this",
            "module.vpc.module.vpc.aws_vpc_ipv4_cidr_block_association.this"
          ]
        },
        {
          "index_key": 1,
          "schema_version": 0,
          "attributes": {
            "arn": "arn:aws:ec2:us-east-2:050752615223:route-table/rtb-0cac1abad61654a9c",
            "id": "rtb-0cac1abad61654a9c",
            "owner_id": "050752615223",
            "propagating_vgws": [],
            "route": [],
            "tags": {
              "Name": "console-scale-testing-vpc"
            },
            "tags_all": {
              "Name": "console-scale-testing-vpc"
            },
            "timeouts": null,
            "vpc_id": "vpc-0afdd8dfc70927270"
          },
          "sensitive_attributes": [],
          "private": "eyJlMmJmYjczMC1lY2FhLTExZTYtOGY4OC0zNDM2M2JjN2M0YzAiOnsiY3JlYXRlIjozMDAwMDAwMDAwMDAsImRlbGV0ZSI6MzAwMDAwMDAwMDAwLCJ1cGRhdGUiOjEyMDAwMDAwMDAwMH19",
          "dependencies": [
            "module.vpc.module.vpc.aws_vpc.this",
            "module.vpc.module.vpc.aws_vpc_ipv4_cidr_block_association.this"
          ]
        }
      ]
    },
    {
      "module": "module.vpc.module.vpc",
      "mode": "managed",
      "type": "aws_route_table",
      "name": "public",
      "provider": "provider[\"registry.terraform.io/hashicorp/aws\"]",
      "instances": [
        {
          "index_key": 0,
          "schema_version": 0,
          "attributes": {
            "arn": "arn:aws:ec2:us-east-2:050752615223:route-table/rtb-01802fc9167f43f6a",
            "id": "rtb-01802fc9167f43f6a",
            "owner_id": "050752615223",
            "propagating_vgws": [],
            "route": [],
            "tags": {
              "Name": "console-scale-testing-vpc"
            },
            "tags_all": {
              "Name": "console-scale-testing-vpc"
            },
            "timeouts": null,
            "vpc_id": "vpc-0afdd8dfc70927270"
          },
          "sensitive_attributes": [],
          "private": "eyJlMmJmYjczMC1lY2FhLTExZTYtOGY4OC0zNDM2M2JjN2M0YzAiOnsiY3JlYXRlIjozMDAwMDAwMDAwMDAsImRlbGV0ZSI6MzAwMDAwMDAwMDAwLCJ1cGRhdGUiOjEyMDAwMDAwMDAwMH19",
          "dependencies": [
            "module.vpc.module.vpc.aws_vpc.this",
            "module.vpc.module.vpc.aws_vpc_ipv4_cidr_block_association.this"
          ]
        }
      ]
    },
    {
      "module": "module.vpc.module.vpc",
      "mode": "managed",
      "type": "aws_route_table_association",
      "name": "private",
      "provider": "provider[\"registry.terraform.io/hashicorp/aws\"]",
      "instances": [
        {
          "index_key": 0,
          "schema_version": 0,
          "attributes": {
            "gateway_id": "",
            "id": "rtbassoc-0913691af63f7e6b7",
            "route_table_id": "rtb-006178a51a42b01a4",
            "subnet_id": "subnet-0910197f03da5d026",
            "timeouts": null
          },
          "sensitive_attributes": [],
          "private": "eyJlMmJmYjczMC1lY2FhLTExZTYtOGY4OC0zNDM2M2JjN2M0YzAiOnsiY3JlYXRlIjozMDAwMDAwMDAwMDAsImRlbGV0ZSI6MzAwMDAwMDAwMDAwLCJ1cGRhdGUiOjEyMDAwMDAwMDAwMH19",
          "dependencies": [
            "module.vpc.module.vpc.aws_route_table.private",
            "module.vpc.module.vpc.aws_subnet.private",
            "module.vpc.module.vpc.aws_vpc.this",
            "module.vpc.module.vpc.aws_vpc_ipv4_cidr_block_association.this"
          ]
        },
        {
          "index_key": 1,
          "schema_version": 0,
          "attributes": {
            "gateway_id": "",
            "id": "rtbassoc-03809d8a657a52b72",
            "route_table_id": "rtb-0cac1abad61654a9c",
            "subnet_id": "subnet-05b73b7390c028a71",
            "timeouts": null
          },
          "sensitive_attributes": [],
          "private": "eyJlMmJmYjczMC1lY2FhLTExZTYtOGY4OC0zNDM2M2JjN2M0YzAiOnsiY3JlYXRlIjozMDAwMDAwMDAwMDAsImRlbGV0ZSI6MzAwMDAwMDAwMDAwLCJ1cGRhdGUiOjEyMDAwMDAwMDAwMH19",
          "dependencies": [
            "module.vpc.module.vpc.aws_route_table.private",
            "module.vpc.module.vpc.aws_subnet.private",
            "module.vpc.module.vpc.aws_vpc.this",
            "module.vpc.module.vpc.aws_vpc_ipv4_cidr_block_association.this"
          ]
        }
      ]
    },
    {
      "module": "module.vpc.module.vpc",
      "mode": "managed",
      "type": "aws_route_table_association",
      "name": "public",
      "provider": "provider[\"registry.terraform.io/hashicorp/aws\"]",
      "instances": [
        {
          "index_key": 0,
          "schema_version": 0,
          "attributes": {
            "gateway_id": "",
            "id": "rtbassoc-0245e7a65c9c7ab57",
            "route_table_id": "rtb-01802fc9167f43f6a",
            "subnet_id": "subnet-0998629a64b783b7a",
            "timeouts": null
          },
          "sensitive_attributes": [],
          "private": "eyJlMmJmYjczMC1lY2FhLTExZTYtOGY4OC0zNDM2M2JjN2M0YzAiOnsiY3JlYXRlIjozMDAwMDAwMDAwMDAsImRlbGV0ZSI6MzAwMDAwMDAwMDAwLCJ1cGRhdGUiOjEyMDAwMDAwMDAwMH19",
          "dependencies": [
            "module.vpc.module.vpc.aws_route_table.public",
            "module.vpc.module.vpc.aws_subnet.public",
            "module.vpc.module.vpc.aws_vpc.this",
            "module.vpc.module.vpc.aws_vpc_ipv4_cidr_block_association.this"
          ]
        },
        {
          "index_key": 1,
          "schema_version": 0,
          "attributes": {
            "gateway_id": "",
            "id": "rtbassoc-0267ffc89ca580d25",
            "route_table_id": "rtb-01802fc9167f43f6a",
            "subnet_id": "subnet-0836850d9747a0076",
            "timeouts": null
          },
          "sensitive_attributes": [],
          "private": "eyJlMmJmYjczMC1lY2FhLTExZTYtOGY4OC0zNDM2M2JjN2M0YzAiOnsiY3JlYXRlIjozMDAwMDAwMDAwMDAsImRlbGV0ZSI6MzAwMDAwMDAwMDAwLCJ1cGRhdGUiOjEyMDAwMDAwMDAwMH19",
          "dependencies": [
            "module.vpc.module.vpc.aws_route_table.public",
            "module.vpc.module.vpc.aws_subnet.public",
            "module.vpc.module.vpc.aws_vpc.this",
            "module.vpc.module.vpc.aws_vpc_ipv4_cidr_block_association.this"
          ]
        }
      ]
    },
    {
      "module": "module.vpc.module.vpc",
      "mode": "managed",
      "type": "aws_subnet",
      "name": "private",
      "provider": "provider[\"registry.terraform.io/hashicorp/aws\"]",
      "instances": [
        {
          "index_key": 0,
          "schema_version": 1,
          "attributes": {
            "arn": "arn:aws:ec2:us-east-2:050752615223:subnet/subnet-0910197f03da5d026",
            "assign_ipv6_address_on_creation": false,
            "availability_zone": "us-east-2a",
            "availability_zone_id": "use2-az1",
            "cidr_block": "10.0.1.0/24",
            "customer_owned_ipv4_pool": "",
            "enable_dns64": false,
            "enable_lni_at_device_index": 0,
            "enable_resource_name_dns_a_record_on_launch": false,
            "enable_resource_name_dns_aaaa_record_on_launch": false,
            "id": "subnet-0910197f03da5d026",
            "ipv6_cidr_block": "",
            "ipv6_cidr_block_association_id": "",
            "ipv6_native": false,
            "map_customer_owned_ip_on_launch": false,
            "map_public_ip_on_launch": false,
            "outpost_arn": "",
            "owner_id": "050752615223",
            "private_dns_hostname_type_on_launch": "ip-name",
            "tags": {
              "Name": "console-scale-testing-vpc"
            },
            "tags_all": {
              "Name": "console-scale-testing-vpc"
            },
            "timeouts": null,
            "vpc_id": "vpc-0afdd8dfc70927270"
          },
          "sensitive_attributes": [],
          "private": "eyJlMmJmYjczMC1lY2FhLTExZTYtOGY4OC0zNDM2M2JjN2M0YzAiOnsiY3JlYXRlIjo2MDAwMDAwMDAwMDAsImRlbGV0ZSI6MTIwMDAwMDAwMDAwMH0sInNjaGVtYV92ZXJzaW9uIjoiMSJ9",
          "dependencies": [
            "module.vpc.module.vpc.aws_vpc.this",
            "module.vpc.module.vpc.aws_vpc_ipv4_cidr_block_association.this"
          ]
        },
        {
          "index_key": 1,
          "schema_version": 1,
          "attributes": {
            "arn": "arn:aws:ec2:us-east-2:050752615223:subnet/subnet-05b73b7390c028a71",
            "assign_ipv6_address_on_creation": false,
            "availability_zone": "us-east-2b",
            "availability_zone_id": "use2-az2",
            "cidr_block": "10.0.2.0/24",
            "customer_owned_ipv4_pool": "",
            "enable_dns64": false,
            "enable_lni_at_device_index": 0,
            "enable_resource_name_dns_a_record_on_launch": false,
            "enable_resource_name_dns_aaaa_record_on_launch": false,
            "id": "subnet-05b73b7390c028a71",
            "ipv6_cidr_block": "",
            "ipv6_cidr_block_association_id": "",
            "ipv6_native": false,
            "map_customer_owned_ip_on_launch": false,
            "map_public_ip_on_launch": false,
            "outpost_arn": "",
            "owner_id": "050752615223",
            "private_dns_hostname_type_on_launch": "ip-name",
            "tags": {
              "Name": "console-scale-testing-vpc"
            },
            "tags_all": {
              "Name": "console-scale-testing-vpc"
            },
            "timeouts": null,
            "vpc_id": "vpc-0afdd8dfc70927270"
          },
          "sensitive_attributes": [],
          "private": "eyJlMmJmYjczMC1lY2FhLTExZTYtOGY4OC0zNDM2M2JjN2M0YzAiOnsiY3JlYXRlIjo2MDAwMDAwMDAwMDAsImRlbGV0ZSI6MTIwMDAwMDAwMDAwMH0sInNjaGVtYV92ZXJzaW9uIjoiMSJ9",
          "dependencies": [
            "module.vpc.module.vpc.aws_vpc.this",
            "module.vpc.module.vpc.aws_vpc_ipv4_cidr_block_association.this"
          ]
        }
      ]
    },
    {
      "module": "module.vpc.module.vpc",
      "mode": "managed",
      "type": "aws_subnet",
      "name": "public",
      "provider": "provider[\"registry.terraform.io/hashicorp/aws\"]",
      "instances": [
        {
          "index_key": 0,
          "schema_version": 1,
          "attributes": {
            "arn": "arn:aws:ec2:us-east-2:050752615223:subnet/subnet-0998629a64b783b7a",
            "assign_ipv6_address_on_creation": false,
            "availability_zone": "us-east-2a",
            "availability_zone_id": "use2-az1",
            "cidr_block": "10.0.101.0/24",
            "customer_owned_ipv4_pool": "",
            "enable_dns64": false,
            "enable_lni_at_device_index": 0,
            "enable_resource_name_dns_a_record_on_launch": false,
            "enable_resource_name_dns_aaaa_record_on_launch": false,
            "id": "subnet-0998629a64b783b7a",
            "ipv6_cidr_block": "",
            "ipv6_cidr_block_association_id": "",
            "ipv6_native": false,
            "map_customer_owned_ip_on_launch": false,
            "map_public_ip_on_launch": false,
            "outpost_arn": "",
            "owner_id": "050752615223",
            "private_dns_hostname_type_on_launch": "ip-name",
            "tags": {
              "Name": "console-scale-testing-vpc"
            },
            "tags_all": {
              "Name": "console-scale-testing-vpc"
            },
            "timeouts": null,
            "vpc_id": "vpc-0afdd8dfc70927270"
          },
          "sensitive_attributes": [],
          "private": "eyJlMmJmYjczMC1lY2FhLTExZTYtOGY4OC0zNDM2M2JjN2M0YzAiOnsiY3JlYXRlIjo2MDAwMDAwMDAwMDAsImRlbGV0ZSI6MTIwMDAwMDAwMDAwMH0sInNjaGVtYV92ZXJzaW9uIjoiMSJ9",
          "dependencies": [
            "module.vpc.module.vpc.aws_vpc.this",
            "module.vpc.module.vpc.aws_vpc_ipv4_cidr_block_association.this"
          ]
        },
        {
          "index_key": 1,
          "schema_version": 1,
          "attributes": {
            "arn": "arn:aws:ec2:us-east-2:050752615223:subnet/subnet-0836850d9747a0076",
            "assign_ipv6_address_on_creation": false,
            "availability_zone": "us-east-2b",
            "availability_zone_id": "use2-az2",
            "cidr_block": "10.0.102.0/24",
            "customer_owned_ipv4_pool": "",
            "enable_dns64": false,
            "enable_lni_at_device_index": 0,
            "enable_resource_name_dns_a_record_on_launch": false,
            "enable_resource_name_dns_aaaa_record_on_launch": false,
            "id": "subnet-0836850d9747a0076",
            "ipv6_cidr_block": "",
            "ipv6_cidr_block_association_id": "",
            "ipv6_native": false,
            "map_customer_owned_ip_on_launch": false,
            "map_public_ip_on_launch": false,
            "outpost_arn": "",
            "owner_id": "050752615223",
            "private_dns_hostname_type_on_launch": "ip-name",
            "tags": {
              "Name": "console-scale-testing-vpc"
            },
            "tags_all": {
              "Name": "console-scale-testing-vpc"
            },
            "timeouts": null,
            "vpc_id": "vpc-0afdd8dfc70927270"
          },
          "sensitive_attributes": [],
          "private": "eyJlMmJmYjczMC1lY2FhLTExZTYtOGY4OC0zNDM2M2JjN2M0YzAiOnsiY3JlYXRlIjo2MDAwMDAwMDAwMDAsImRlbGV0ZSI6MTIwMDAwMDAwMDAwMH0sInNjaGVtYV92ZXJzaW9uIjoiMSJ9",
          "dependencies": [
            "module.vpc.module.vpc.aws_vpc.this",
            "module.vpc.module.vpc.aws_vpc_ipv4_cidr_block_association.this"
          ]
        }
      ]
    },
    {
      "module": "module.vpc.module.vpc",
      "mode": "managed",
      "type": "aws_vpc",
      "name": "this",
      "provider": "provider[\"registry.terraform.io/hashicorp/aws\"]",
      "instances": [
        {
          "index_key": 0,
          "schema_version": 1,
          "attributes": {
            "arn": "arn:aws:ec2:us-east-2:050752615223:vpc/vpc-0afdd8dfc70927270",
            "assign_generated_ipv6_cidr_block": false,
            "cidr_block": "10.0.0.0/16",
            "default_network_acl_id": "acl-0216af3663cc061f5",
            "default_route_table_id": "rtb-0b62741fac6afec82",
            "default_security_group_id": "sg-09213724a5fcbff72",
            "dhcp_options_id": "dopt-0343c400d033b7204",
            "enable_dns_hostnames": true,
            "enable_dns_support": true,
            "enable_network_address_usage_metrics": false,
            "id": "vpc-0afdd8dfc70927270",
            "instance_tenancy": "default",
            "ipv4_ipam_pool_id": null,
            "ipv4_netmask_length": null,
            "ipv6_association_id": "",
            "ipv6_cidr_block": "",
            "ipv6_cidr_block_network_border_group": "",
            "ipv6_ipam_pool_id": "",
            "ipv6_netmask_length": 0,
            "main_route_table_id": "rtb-0b62741fac6afec82",
            "owner_id": "050752615223",
            "tags": {
              "Name": "console-scale-testing-vpc"
            },
            "tags_all": {
              "Name": "console-scale-testing-vpc"
            }
          },
          "sensitive_attributes": [],
          "private": "eyJzY2hlbWFfdmVyc2lvbiI6IjEifQ==",
          "create_before_destroy": true
        }
      ]
    },
    {
      "module": "module.workers.module.worker_nodes[0]",
      "mode": "data",
      "type": "aws_partition",
      "name": "current",
      "provider": "provider[\"registry.terraform.io/hashicorp/aws\"]",
      "instances": [
        {
          "schema_version": 0,
          "attributes": {
            "dns_suffix": "amazonaws.com",
            "id": "aws",
            "partition": "aws",
            "reverse_dns_prefix": "com.amazonaws"
          },
          "sensitive_attributes": []
        }
      ]
    },
    {
      "module": "module.workers.module.worker_nodes[0]",
      "mode": "managed",
      "type": "aws_instance",
      "name": "this",
      "provider": "provider[\"registry.terraform.io/hashicorp/aws\"]",
      "instances": [
        {
          "index_key": 0,
          "schema_version": 1,
          "attributes": {
            "ami": "ami-0c55b159cbfafe1f0",
            "arn": "arn:aws:ec2:us-east-2:050752615223:instance/i-09665adf850cb57a7",
            "associate_public_ip_address": false,
            "availability_zone": "us-east-2a",
            "capacity_reservation_specification": [
              {
                "capacity_reservation_preference": "open",
                "capacity_reservation_target": []
              }
            ],
            "cpu_core_count": 1,
            "cpu_options": [
              {
                "amd_sev_snp": "",
                "core_count": 1,
                "threads_per_core": 1
              }
            ],
            "cpu_threads_per_core": 1,
            "credit_specification": [
              {
                "cpu_credits": "standard"
              }
            ],
            "disable_api_stop": false,
            "disable_api_termination": false,
            "ebs_block_device": [],
            "ebs_optimized": false,
            "enable_primary_ipv6": null,
            "enclave_options": [
              {
                "enabled": false
              }
            ],
            "ephemeral_block_device": [],
            "get_password_data": false,
            "hibernation": false,
            "host_id": "",
            "host_resource_group_arn": null,
            "iam_instance_profile": "",
            "id": "i-09665adf850cb57a7",
            "instance_initiated_shutdown_behavior": "stop",
            "instance_lifecycle": "",
            "instance_market_options": [],
            "instance_state": "running",
            "instance_type": "t2.nano",
            "ipv6_address_count": 0,
            "ipv6_addresses": [],
            "key_name": "bastion-key",
            "launch_template": [],
            "maintenance_options": [
              {
                "auto_recovery": "default"
              }
            ],
            "metadata_options": [
              {
                "http_endpoint": "enabled",
                "http_protocol_ipv6": "disabled",
                "http_put_response_hop_limit": 1,
                "http_tokens": "optional",
                "instance_metadata_tags": "disabled"
              }
            ],
            "monitoring": false,
            "network_interface": [],
            "outpost_arn": "",
            "password_data": "",
            "placement_group": "",
            "placement_partition_number": 0,
            "primary_network_interface_id": "eni-019580349589e9d56",
            "private_dns": "ip-10-0-1-34.us-east-2.compute.internal",
            "private_dns_name_options": [
              {
                "enable_resource_name_dns_a_record": false,
                "enable_resource_name_dns_aaaa_record": false,
                "hostname_type": "ip-name"
              }
            ],
            "private_ip": "10.0.1.34",
            "public_dns": "",
            "public_ip": "",
            "root_block_device": [
              {
                "delete_on_termination": true,
                "device_name": "/dev/sda1",
                "encrypted": false,
                "iops": 100,
                "kms_key_id": "",
                "tags": {},
                "tags_all": {},
                "throughput": 0,
                "volume_id": "vol-0e5bf3ac04e934029",
                "volume_size": 8,
                "volume_type": "gp2"
              }
            ],
            "secondary_private_ips": [],
            "security_groups": [],
            "source_dest_check": true,
            "spot_instance_request_id": "",
            "subnet_id": "subnet-0910197f03da5d026",
            "tags": {
              "Name": "worker-node"
            },
            "tags_all": {
              "Name": "worker-node"
            },
            "tenancy": "default",
            "timeouts": {
              "create": null,
              "delete": null,
              "read": null,
              "update": null
            },
            "user_data": "a6e1c896cc45565f03f0b10821156dd97cb5ffe4",
            "user_data_base64": null,
            "user_data_replace_on_change": false,
            "volume_tags": {
              "Name": "worker-node"
            },
            "vpc_security_group_ids": [
              "sg-0d586a9428512de7f"
            ]
          },
          "sensitive_attributes": [],
          "private": "eyJlMmJmYjczMC1lY2FhLTExZTYtOGY4OC0zNDM2M2JjN2M0YzAiOnsiY3JlYXRlIjo2MDAwMDAwMDAwMDAsImRlbGV0ZSI6MTIwMDAwMDAwMDAwMCwicmVhZCI6OTAwMDAwMDAwMDAwLCJ1cGRhdGUiOjYwMDAwMDAwMDAwMH0sInNjaGVtYV92ZXJzaW9uIjoiMSJ9",
          "dependencies": [
            "aws_key_pair.bastion_key",
            "module.security_groups.module.worker_sg.aws_security_group.this",
            "module.security_groups.module.worker_sg.aws_security_group.this_name_prefix",
            "module.vpc.module.vpc.aws_subnet.private",
            "module.vpc.module.vpc.aws_vpc.this",
            "module.vpc.module.vpc.aws_vpc_ipv4_cidr_block_association.this",
            "module.workers.module.worker_nodes.aws_iam_instance_profile.this",
            "module.workers.module.worker_nodes.data.aws_ssm_parameter.this",
            "tls_private_key.bastion_key"
          ]
        }
      ]
    },
    {
      "module": "module.workers.module.worker_nodes[1]",
      "mode": "data",
      "type": "aws_partition",
      "name": "current",
      "provider": "provider[\"registry.terraform.io/hashicorp/aws\"]",
      "instances": [
        {
          "schema_version": 0,
          "attributes": {
            "dns_suffix": "amazonaws.com",
            "id": "aws",
            "partition": "aws",
            "reverse_dns_prefix": "com.amazonaws"
          },
          "sensitive_attributes": []
        }
      ]
    },
    {
      "module": "module.workers.module.worker_nodes[1]",
      "mode": "managed",
      "type": "aws_instance",
      "name": "this",
      "provider": "provider[\"registry.terraform.io/hashicorp/aws\"]",
      "instances": [
        {
          "index_key": 0,
          "schema_version": 1,
          "attributes": {
            "ami": "ami-0c55b159cbfafe1f0",
            "arn": "arn:aws:ec2:us-east-2:050752615223:instance/i-0271d050c71fb69d6",
            "associate_public_ip_address": false,
            "availability_zone": "us-east-2a",
            "capacity_reservation_specification": [
              {
                "capacity_reservation_preference": "open",
                "capacity_reservation_target": []
              }
            ],
            "cpu_core_count": 1,
            "cpu_options": [
              {
                "amd_sev_snp": "",
                "core_count": 1,
                "threads_per_core": 1
              }
            ],
            "cpu_threads_per_core": 1,
            "credit_specification": [
              {
                "cpu_credits": "standard"
              }
            ],
            "disable_api_stop": false,
            "disable_api_termination": false,
            "ebs_block_device": [],
            "ebs_optimized": false,
            "enable_primary_ipv6": null,
            "enclave_options": [
              {
                "enabled": false
              }
            ],
            "ephemeral_block_device": [],
            "get_password_data": false,
            "hibernation": false,
            "host_id": "",
            "host_resource_group_arn": null,
            "iam_instance_profile": "",
            "id": "i-0271d050c71fb69d6",
            "instance_initiated_shutdown_behavior": "stop",
            "instance_lifecycle": "",
            "instance_market_options": [],
            "instance_state": "running",
            "instance_type": "t2.nano",
            "ipv6_address_count": 0,
            "ipv6_addresses": [],
            "key_name": "bastion-key",
            "launch_template": [],
            "maintenance_options": [
              {
                "auto_recovery": "default"
              }
            ],
            "metadata_options": [
              {
                "http_endpoint": "enabled",
                "http_protocol_ipv6": "disabled",
                "http_put_response_hop_limit": 1,
                "http_tokens": "optional",
                "instance_metadata_tags": "disabled"
              }
            ],
            "monitoring": false,
            "network_interface": [],
            "outpost_arn": "",
            "password_data": "",
            "placement_group": "",
            "placement_partition_number": 0,
            "primary_network_interface_id": "eni-0bebff1b3c9e08298",
            "private_dns": "ip-10-0-1-227.us-east-2.compute.internal",
            "private_dns_name_options": [
              {
                "enable_resource_name_dns_a_record": false,
                "enable_resource_name_dns_aaaa_record": false,
                "hostname_type": "ip-name"
              }
            ],
            "private_ip": "10.0.1.227",
            "public_dns": "",
            "public_ip": "",
            "root_block_device": [
              {
                "delete_on_termination": true,
                "device_name": "/dev/sda1",
                "encrypted": false,
                "iops": 100,
                "kms_key_id": "",
                "tags": {},
                "tags_all": {},
                "throughput": 0,
                "volume_id": "vol-0ed4881e025f36f3f",
                "volume_size": 8,
                "volume_type": "gp2"
              }
            ],
            "secondary_private_ips": [],
            "security_groups": [],
            "source_dest_check": true,
            "spot_instance_request_id": "",
            "subnet_id": "subnet-0910197f03da5d026",
            "tags": {
              "Name": "worker-node"
            },
            "tags_all": {
              "Name": "worker-node"
            },
            "tenancy": "default",
            "timeouts": {
              "create": null,
              "delete": null,
              "read": null,
              "update": null
            },
            "user_data": "a6e1c896cc45565f03f0b10821156dd97cb5ffe4",
            "user_data_base64": null,
            "user_data_replace_on_change": false,
            "volume_tags": {
              "Name": "worker-node"
            },
            "vpc_security_group_ids": [
              "sg-0d586a9428512de7f"
            ]
          },
          "sensitive_attributes": [],
          "private": "eyJlMmJmYjczMC1lY2FhLTExZTYtOGY4OC0zNDM2M2JjN2M0YzAiOnsiY3JlYXRlIjo2MDAwMDAwMDAwMDAsImRlbGV0ZSI6MTIwMDAwMDAwMDAwMCwicmVhZCI6OTAwMDAwMDAwMDAwLCJ1cGRhdGUiOjYwMDAwMDAwMDAwMH0sInNjaGVtYV92ZXJzaW9uIjoiMSJ9",
          "dependencies": [
            "aws_key_pair.bastion_key",
            "module.security_groups.module.worker_sg.aws_security_group.this",
            "module.security_groups.module.worker_sg.aws_security_group.this_name_prefix",
            "module.vpc.module.vpc.aws_subnet.private",
            "module.vpc.module.vpc.aws_vpc.this",
            "module.vpc.module.vpc.aws_vpc_ipv4_cidr_block_association.this",
            "module.workers.module.worker_nodes.aws_iam_instance_profile.this",
            "module.workers.module.worker_nodes.data.aws_ssm_parameter.this",
            "tls_private_key.bastion_key"
          ]
        }
      ]
    },
    {
      "module": "module.workers.module.worker_nodes[2]",
      "mode": "data",
      "type": "aws_partition",
      "name": "current",
      "provider": "provider[\"registry.terraform.io/hashicorp/aws\"]",
      "instances": [
        {
          "schema_version": 0,
          "attributes": {
            "dns_suffix": "amazonaws.com",
            "id": "aws",
            "partition": "aws",
            "reverse_dns_prefix": "com.amazonaws"
          },
          "sensitive_attributes": []
        }
      ]
    },
    {
      "module": "module.workers.module.worker_nodes[2]",
      "mode": "managed",
      "type": "aws_instance",
      "name": "this",
      "provider": "provider[\"registry.terraform.io/hashicorp/aws\"]",
      "instances": [
        {
          "index_key": 0,
          "schema_version": 1,
          "attributes": {
            "ami": "ami-0c55b159cbfafe1f0",
            "arn": "arn:aws:ec2:us-east-2:050752615223:instance/i-0b836511c83459a5b",
            "associate_public_ip_address": false,
            "availability_zone": "us-east-2a",
            "capacity_reservation_specification": [
              {
                "capacity_reservation_preference": "open",
                "capacity_reservation_target": []
              }
            ],
            "cpu_core_count": 1,
            "cpu_options": [
              {
                "amd_sev_snp": "",
                "core_count": 1,
                "threads_per_core": 1
              }
            ],
            "cpu_threads_per_core": 1,
            "credit_specification": [
              {
                "cpu_credits": "standard"
              }
            ],
            "disable_api_stop": false,
            "disable_api_termination": false,
            "ebs_block_device": [],
            "ebs_optimized": false,
            "enable_primary_ipv6": null,
            "enclave_options": [
              {
                "enabled": false
              }
            ],
            "ephemeral_block_device": [],
            "get_password_data": false,
            "hibernation": false,
            "host_id": "",
            "host_resource_group_arn": null,
            "iam_instance_profile": "",
            "id": "i-0b836511c83459a5b",
            "instance_initiated_shutdown_behavior": "stop",
            "instance_lifecycle": "",
            "instance_market_options": [],
            "instance_state": "running",
            "instance_type": "t2.nano",
            "ipv6_address_count": 0,
            "ipv6_addresses": [],
            "key_name": "bastion-key",
            "launch_template": [],
            "maintenance_options": [
              {
                "auto_recovery": "default"
              }
            ],
            "metadata_options": [
              {
                "http_endpoint": "enabled",
                "http_protocol_ipv6": "disabled",
                "http_put_response_hop_limit": 1,
                "http_tokens": "optional",
                "instance_metadata_tags": "disabled"
              }
            ],
            "monitoring": false,
            "network_interface": [],
            "outpost_arn": "",
            "password_data": "",
            "placement_group": "",
            "placement_partition_number": 0,
            "primary_network_interface_id": "eni-02b07413047dc3570",
            "private_dns": "ip-10-0-1-135.us-east-2.compute.internal",
            "private_dns_name_options": [
              {
                "enable_resource_name_dns_a_record": false,
                "enable_resource_name_dns_aaaa_record": false,
                "hostname_type": "ip-name"
              }
            ],
            "private_ip": "10.0.1.135",
            "public_dns": "",
            "public_ip": "",
            "root_block_device": [
              {
                "delete_on_termination": true,
                "device_name": "/dev/sda1",
                "encrypted": false,
                "iops": 100,
                "kms_key_id": "",
                "tags": {},
                "tags_all": {},
                "throughput": 0,
                "volume_id": "vol-0b192baf538ec822d",
                "volume_size": 8,
                "volume_type": "gp2"
              }
            ],
            "secondary_private_ips": [],
            "security_groups": [],
            "source_dest_check": true,
            "spot_instance_request_id": "",
            "subnet_id": "subnet-0910197f03da5d026",
            "tags": {
              "Name": "worker-node"
            },
            "tags_all": {
              "Name": "worker-node"
            },
            "tenancy": "default",
            "timeouts": {
              "create": null,
              "delete": null,
              "read": null,
              "update": null
            },
            "user_data": "a6e1c896cc45565f03f0b10821156dd97cb5ffe4",
            "user_data_base64": null,
            "user_data_replace_on_change": false,
            "volume_tags": {
              "Name": "worker-node"
            },
            "vpc_security_group_ids": [
              "sg-0d586a9428512de7f"
            ]
          },
          "sensitive_attributes": [],
          "private": "eyJlMmJmYjczMC1lY2FhLTExZTYtOGY4OC0zNDM2M2JjN2M0YzAiOnsiY3JlYXRlIjo2MDAwMDAwMDAwMDAsImRlbGV0ZSI6MTIwMDAwMDAwMDAwMCwicmVhZCI6OTAwMDAwMDAwMDAwLCJ1cGRhdGUiOjYwMDAwMDAwMDAwMH0sInNjaGVtYV92ZXJzaW9uIjoiMSJ9",
          "dependencies": [
            "aws_key_pair.bastion_key",
            "module.security_groups.module.worker_sg.aws_security_group.this",
            "module.security_groups.module.worker_sg.aws_security_group.this_name_prefix",
            "module.vpc.module.vpc.aws_subnet.private",
            "module.vpc.module.vpc.aws_vpc.this",
            "module.vpc.module.vpc.aws_vpc_ipv4_cidr_block_association.this",
            "module.workers.module.worker_nodes.aws_iam_instance_profile.this",
            "module.workers.module.worker_nodes.data.aws_ssm_parameter.this",
            "tls_private_key.bastion_key"
          ]
        }
      ]
    },
    {
      "module": "module.workers.module.worker_nodes[3]",
      "mode": "data",
      "type": "aws_partition",
      "name": "current",
      "provider": "provider[\"registry.terraform.io/hashicorp/aws\"]",
      "instances": [
        {
          "schema_version": 0,
          "attributes": {
            "dns_suffix": "amazonaws.com",
            "id": "aws",
            "partition": "aws",
            "reverse_dns_prefix": "com.amazonaws"
          },
          "sensitive_attributes": []
        }
      ]
    },
    {
      "module": "module.workers.module.worker_nodes[3]",
      "mode": "managed",
      "type": "aws_instance",
      "name": "this",
      "provider": "provider[\"registry.terraform.io/hashicorp/aws\"]",
      "instances": [
        {
          "index_key": 0,
          "schema_version": 1,
          "attributes": {
            "ami": "ami-0c55b159cbfafe1f0",
            "arn": "arn:aws:ec2:us-east-2:050752615223:instance/i-03f72780c54194355",
            "associate_public_ip_address": false,
            "availability_zone": "us-east-2a",
            "capacity_reservation_specification": [
              {
                "capacity_reservation_preference": "open",
                "capacity_reservation_target": []
              }
            ],
            "cpu_core_count": 1,
            "cpu_options": [
              {
                "amd_sev_snp": "",
                "core_count": 1,
                "threads_per_core": 1
              }
            ],
            "cpu_threads_per_core": 1,
            "credit_specification": [
              {
                "cpu_credits": "standard"
              }
            ],
            "disable_api_stop": false,
            "disable_api_termination": false,
            "ebs_block_device": [],
            "ebs_optimized": false,
            "enable_primary_ipv6": null,
            "enclave_options": [
              {
                "enabled": false
              }
            ],
            "ephemeral_block_device": [],
            "get_password_data": false,
            "hibernation": false,
            "host_id": "",
            "host_resource_group_arn": null,
            "iam_instance_profile": "",
            "id": "i-03f72780c54194355",
            "instance_initiated_shutdown_behavior": "stop",
            "instance_lifecycle": "",
            "instance_market_options": [],
            "instance_state": "running",
            "instance_type": "t2.nano",
            "ipv6_address_count": 0,
            "ipv6_addresses": [],
            "key_name": "bastion-key",
            "launch_template": [],
            "maintenance_options": [
              {
                "auto_recovery": "default"
              }
            ],
            "metadata_options": [
              {
                "http_endpoint": "enabled",
                "http_protocol_ipv6": "disabled",
                "http_put_response_hop_limit": 1,
                "http_tokens": "optional",
                "instance_metadata_tags": "disabled"
              }
            ],
            "monitoring": false,
            "network_interface": [],
            "outpost_arn": "",
            "password_data": "",
            "placement_group": "",
            "placement_partition_number": 0,
            "primary_network_interface_id": "eni-0ac2530e5d605a142",
            "private_dns": "ip-10-0-1-181.us-east-2.compute.internal",
            "private_dns_name_options": [
              {
                "enable_resource_name_dns_a_record": false,
                "enable_resource_name_dns_aaaa_record": false,
                "hostname_type": "ip-name"
              }
            ],
            "private_ip": "10.0.1.181",
            "public_dns": "",
            "public_ip": "",
            "root_block_device": [
              {
                "delete_on_termination": true,
                "device_name": "/dev/sda1",
                "encrypted": false,
                "iops": 100,
                "kms_key_id": "",
                "tags": {},
                "tags_all": {},
                "throughput": 0,
                "volume_id": "vol-046280e579c891283",
                "volume_size": 8,
                "volume_type": "gp2"
              }
            ],
            "secondary_private_ips": [],
            "security_groups": [],
            "source_dest_check": true,
            "spot_instance_request_id": "",
            "subnet_id": "subnet-0910197f03da5d026",
            "tags": {
              "Name": "worker-node"
            },
            "tags_all": {
              "Name": "worker-node"
            },
            "tenancy": "default",
            "timeouts": {
              "create": null,
              "delete": null,
              "read": null,
              "update": null
            },
            "user_data": "a6e1c896cc45565f03f0b10821156dd97cb5ffe4",
            "user_data_base64": null,
            "user_data_replace_on_change": false,
            "volume_tags": {
              "Name": "worker-node"
            },
            "vpc_security_group_ids": [
              "sg-0d586a9428512de7f"
            ]
          },
          "sensitive_attributes": [],
          "private": "eyJlMmJmYjczMC1lY2FhLTExZTYtOGY4OC0zNDM2M2JjN2M0YzAiOnsiY3JlYXRlIjo2MDAwMDAwMDAwMDAsImRlbGV0ZSI6MTIwMDAwMDAwMDAwMCwicmVhZCI6OTAwMDAwMDAwMDAwLCJ1cGRhdGUiOjYwMDAwMDAwMDAwMH0sInNjaGVtYV92ZXJzaW9uIjoiMSJ9",
          "dependencies": [
            "aws_key_pair.bastion_key",
            "module.security_groups.module.worker_sg.aws_security_group.this",
            "module.security_groups.module.worker_sg.aws_security_group.this_name_prefix",
            "module.vpc.module.vpc.aws_subnet.private",
            "module.vpc.module.vpc.aws_vpc.this",
            "module.vpc.module.vpc.aws_vpc_ipv4_cidr_block_association.this",
            "module.workers.module.worker_nodes.aws_iam_instance_profile.this",
            "module.workers.module.worker_nodes.data.aws_ssm_parameter.this",
            "tls_private_key.bastion_key"
          ]
        }
      ]
    },
    {
      "module": "module.workers.module.worker_nodes[4]",
      "mode": "data",
      "type": "aws_partition",
      "name": "current",
      "provider": "provider[\"registry.terraform.io/hashicorp/aws\"]",
      "instances": [
        {
          "schema_version": 0,
          "attributes": {
            "dns_suffix": "amazonaws.com",
            "id": "aws",
            "partition": "aws",
            "reverse_dns_prefix": "com.amazonaws"
          },
          "sensitive_attributes": []
        }
      ]
    },
    {
      "module": "module.workers.module.worker_nodes[4]",
      "mode": "managed",
      "type": "aws_instance",
      "name": "this",
      "provider": "provider[\"registry.terraform.io/hashicorp/aws\"]",
      "instances": [
        {
          "index_key": 0,
          "schema_version": 1,
          "attributes": {
            "ami": "ami-0c55b159cbfafe1f0",
            "arn": "arn:aws:ec2:us-east-2:050752615223:instance/i-0ec11f3cc3e750011",
            "associate_public_ip_address": false,
            "availability_zone": "us-east-2a",
            "capacity_reservation_specification": [
              {
                "capacity_reservation_preference": "open",
                "capacity_reservation_target": []
              }
            ],
            "cpu_core_count": 1,
            "cpu_options": [
              {
                "amd_sev_snp": "",
                "core_count": 1,
                "threads_per_core": 1
              }
            ],
            "cpu_threads_per_core": 1,
            "credit_specification": [
              {
                "cpu_credits": "standard"
              }
            ],
            "disable_api_stop": false,
            "disable_api_termination": false,
            "ebs_block_device": [],
            "ebs_optimized": false,
            "enable_primary_ipv6": null,
            "enclave_options": [
              {
                "enabled": false
              }
            ],
            "ephemeral_block_device": [],
            "get_password_data": false,
            "hibernation": false,
            "host_id": "",
            "host_resource_group_arn": null,
            "iam_instance_profile": "",
            "id": "i-0ec11f3cc3e750011",
            "instance_initiated_shutdown_behavior": "stop",
            "instance_lifecycle": "",
            "instance_market_options": [],
            "instance_state": "running",
            "instance_type": "t2.nano",
            "ipv6_address_count": 0,
            "ipv6_addresses": [],
            "key_name": "bastion-key",
            "launch_template": [],
            "maintenance_options": [
              {
                "auto_recovery": "default"
              }
            ],
            "metadata_options": [
              {
                "http_endpoint": "enabled",
                "http_protocol_ipv6": "disabled",
                "http_put_response_hop_limit": 1,
                "http_tokens": "optional",
                "instance_metadata_tags": "disabled"
              }
            ],
            "monitoring": false,
            "network_interface": [],
            "outpost_arn": "",
            "password_data": "",
            "placement_group": "",
            "placement_partition_number": 0,
            "primary_network_interface_id": "eni-06b03e9ee1bd1b846",
            "private_dns": "ip-10-0-1-129.us-east-2.compute.internal",
            "private_dns_name_options": [
              {
                "enable_resource_name_dns_a_record": false,
                "enable_resource_name_dns_aaaa_record": false,
                "hostname_type": "ip-name"
              }
            ],
            "private_ip": "10.0.1.129",
            "public_dns": "",
            "public_ip": "",
            "root_block_device": [
              {
                "delete_on_termination": true,
                "device_name": "/dev/sda1",
                "encrypted": false,
                "iops": 100,
                "kms_key_id": "",
                "tags": {},
                "tags_all": {},
                "throughput": 0,
                "volume_id": "vol-08117fff6702aa2df",
                "volume_size": 8,
                "volume_type": "gp2"
              }
            ],
            "secondary_private_ips": [],
            "security_groups": [],
            "source_dest_check": true,
            "spot_instance_request_id": "",
            "subnet_id": "subnet-0910197f03da5d026",
            "tags": {
              "Name": "worker-node"
            },
            "tags_all": {
              "Name": "worker-node"
            },
            "tenancy": "default",
            "timeouts": {
              "create": null,
              "delete": null,
              "read": null,
              "update": null
            },
            "user_data": "a6e1c896cc45565f03f0b10821156dd97cb5ffe4",
            "user_data_base64": null,
            "user_data_replace_on_change": false,
            "volume_tags": {
              "Name": "worker-node"
            },
            "vpc_security_group_ids": [
              "sg-0d586a9428512de7f"
            ]
          },
          "sensitive_attributes": [],
          "private": "eyJlMmJmYjczMC1lY2FhLTExZTYtOGY4OC0zNDM2M2JjN2M0YzAiOnsiY3JlYXRlIjo2MDAwMDAwMDAwMDAsImRlbGV0ZSI6MTIwMDAwMDAwMDAwMCwicmVhZCI6OTAwMDAwMDAwMDAwLCJ1cGRhdGUiOjYwMDAwMDAwMDAwMH0sInNjaGVtYV92ZXJzaW9uIjoiMSJ9",
          "dependencies": [
            "aws_key_pair.bastion_key",
            "module.security_groups.module.worker_sg.aws_security_group.this",
            "module.security_groups.module.worker_sg.aws_security_group.this_name_prefix",
            "module.vpc.module.vpc.aws_subnet.private",
            "module.vpc.module.vpc.aws_vpc.this",
            "module.vpc.module.vpc.aws_vpc_ipv4_cidr_block_association.this",
            "module.workers.module.worker_nodes.aws_iam_instance_profile.this",
            "module.workers.module.worker_nodes.data.aws_ssm_parameter.this",
            "tls_private_key.bastion_key"
          ]
        }
      ]
    }
  ],
  "check_results": null
}
